{
  "version": 4,
  "terraform_version": "1.9.8",
  "serial": 286,
  "lineage": "b118e24c-f6b0-7b83-772a-762436998940",
  "outputs": {},
  "resources": [
    {
      "module": "module.bastion",
      "mode": "data",
      "type": "aws_ami",
      "name": "bastion",
      "provider": "provider[\"registry.terraform.io/hashicorp/aws\"]",
      "instances": [
        {
          "schema_version": 0,
          "attributes": {
            "architecture": "x86_64",
            "arn": "arn:aws:ec2:eu-central-1::image/ami-0a54cf3ee879b0930",
            "block_device_mappings": [
              {
                "device_name": "/dev/sda1",
                "ebs": {
                  "delete_on_termination": "true",
                  "encrypted": "false",
                  "iops": "0",
                  "snapshot_id": "snap-013bc707602792f62",
                  "throughput": "0",
                  "volume_size": "16",
                  "volume_type": "gp2"
                },
                "no_device": "",
                "virtual_name": ""
              },
              {
                "device_name": "/dev/sdb",
                "ebs": {},
                "no_device": "",
                "virtual_name": "ephemeral0"
              },
              {
                "device_name": "/dev/sdc",
                "ebs": {},
                "no_device": "",
                "virtual_name": "ephemeral1"
              }
            ],
            "boot_mode": "uefi-preferred",
            "creation_date": "2025-03-25T19:14:36.000Z",
            "deprecation_time": "",
            "description": "",
            "ena_support": true,
            "executable_users": null,
            "filter": null,
            "hypervisor": "xen",
            "id": "ami-0a54cf3ee879b0930",
            "image_id": "ami-0a54cf3ee879b0930",
            "image_location": "686255952373/test1-bastion-20250325185746",
            "image_owner_alias": "",
            "image_type": "machine",
            "imds_support": "",
            "include_deprecated": false,
            "kernel_id": "",
            "most_recent": true,
            "name": "test1-bastion-20250325185746",
            "name_regex": "^test1-bastion-.*$",
            "owner_id": "686255952373",
            "owners": [
              "self"
            ],
            "platform": "",
            "platform_details": "Linux/UNIX",
            "product_codes": [],
            "public": false,
            "ramdisk_id": "",
            "root_device_name": "/dev/sda1",
            "root_device_type": "ebs",
            "root_snapshot_id": "snap-013bc707602792f62",
            "sriov_net_support": "simple",
            "state": "available",
            "state_reason": {
              "code": "UNSET",
              "message": "UNSET"
            },
            "tags": {
              "Base_AMI_Name": "ubuntu/images/hvm-ssd/ubuntu-jammy-22.04-amd64-server-20250305",
              "Environment": "test1",
              "Name": "test1-bastion-20250325185746",
              "OS_Version": "ubuntu",
              "Packer": "Use-Prism/eliza-infra",
              "Release": "22.04",
              "Role": "bastion"
            },
            "timeouts": null,
            "tpm_support": "",
            "uefi_data": null,
            "usage_operation": "RunInstances",
            "virtualization_type": "hvm"
          },
          "sensitive_attributes": []
        }
      ]
    },
    {
      "module": "module.bastion",
      "mode": "data",
      "type": "template_file",
      "name": "cloud_config_bastion",
      "provider": "provider[\"registry.terraform.io/hashicorp/template\"]",
      "instances": [
        {
          "schema_version": 0,
          "attributes": {
            "filename": null,
            "id": "453d9117922fdda57a0db2a2ade141b839611901c4a3a7cc965ce6257125914f",
            "rendered": "#cloud-config\n\nruncmd:\n  - sudo -u ubuntu /home/ubuntu/ansible-pull.sh",
            "template": "#cloud-config\n\nruncmd:\n  - sudo -u ubuntu /home/ubuntu/ansible-pull.sh",
            "vars": {
              "ENVIRONMENT": "test1",
              "ROLE": "bastion"
            }
          },
          "sensitive_attributes": []
        }
      ]
    },
    {
      "module": "module.bastion",
      "mode": "managed",
      "type": "aws_autoscaling_group",
      "name": "bastion",
      "provider": "provider[\"registry.terraform.io/hashicorp/aws\"]",
      "instances": [
        {
          "schema_version": 1,
          "attributes": {
            "arn": "arn:aws:autoscaling:eu-central-1:686255952373:autoScalingGroup:d1a6cc07-e8b4-4f6f-88e9-5d2e8e83614d:autoScalingGroupName/test1-bastion",
            "availability_zone_distribution": [
              {
                "capacity_distribution_strategy": "balanced-best-effort"
              }
            ],
            "availability_zones": [
              "eu-central-1a",
              "eu-central-1b",
              "eu-central-1c"
            ],
            "capacity_rebalance": false,
            "context": "",
            "default_cooldown": 300,
            "default_instance_warmup": 0,
            "desired_capacity": 1,
            "desired_capacity_type": "",
            "enabled_metrics": [
              "GroupDesiredCapacity",
              "GroupInServiceInstances",
              "GroupMaxSize",
              "GroupMinSize",
              "GroupPendingInstances",
              "GroupStandbyInstances",
              "GroupTerminatingInstances",
              "GroupTotalInstances"
            ],
            "force_delete": false,
            "force_delete_warm_pool": false,
            "health_check_grace_period": 300,
            "health_check_type": "ELB",
            "id": "test1-bastion",
            "ignore_failed_scaling_activities": false,
            "initial_lifecycle_hook": [],
            "instance_maintenance_policy": [],
            "instance_refresh": [],
            "launch_configuration": "",
            "launch_template": [
              {
                "id": "lt-05a6c1d08049426ff",
                "name": "test1-bastion-2025032519232624440000002d",
                "version": "$Latest"
              }
            ],
            "load_balancers": [
              "test1-bastion"
            ],
            "max_instance_lifetime": 0,
            "max_size": 1,
            "metrics_granularity": "1Minute",
            "min_elb_capacity": null,
            "min_size": 1,
            "mixed_instances_policy": [],
            "name": "test1-bastion",
            "name_prefix": "",
            "placement_group": "",
            "predicted_capacity": 0,
            "protect_from_scale_in": false,
            "service_linked_role_arn": "arn:aws:iam::686255952373:role/aws-service-role/autoscaling.amazonaws.com/AWSServiceRoleForAutoScaling",
            "suspended_processes": [],
            "tag": [
              {
                "key": "ConsulServer",
                "propagate_at_launch": true,
                "value": "test1"
              },
              {
                "key": "Environment",
                "propagate_at_launch": true,
                "value": "test1"
              },
              {
                "key": "Name",
                "propagate_at_launch": true,
                "value": "test1-bastion"
              },
              {
                "key": "Role",
                "propagate_at_launch": true,
                "value": "bastion"
              },
              {
                "key": "Terraform",
                "propagate_at_launch": true,
                "value": "Use-Prism/eliza-infra"
              },
              {
                "key": "VaultServer",
                "propagate_at_launch": true,
                "value": "test1"
              }
            ],
            "target_group_arns": [],
            "termination_policies": [
              "OldestInstance"
            ],
            "timeouts": null,
            "traffic_source": [
              {
                "identifier": "test1-bastion",
                "type": "elb"
              }
            ],
            "vpc_zone_identifier": [
              "subnet-0342b782d95110948",
              "subnet-0d10b5de63c6535de",
              "subnet-0e4e9254340aa8c7d"
            ],
            "wait_for_capacity_timeout": "0",
            "wait_for_elb_capacity": null,
            "warm_pool": [],
            "warm_pool_size": 0
          },
          "sensitive_attributes": [],
          "private": "eyJlMmJmYjczMC1lY2FhLTExZTYtOGY4OC0zNDM2M2JjN2M0YzAiOnsiZGVsZXRlIjo2MDAwMDAwMDAwMDAsInVwZGF0ZSI6NjAwMDAwMDAwMDAwfSwic2NoZW1hX3ZlcnNpb24iOiIxIn0=",
          "dependencies": [
            "module.bastion.aws_elb.bastion",
            "module.bastion.aws_launch_template.bastion",
            "module.bastion.aws_security_group.bastion",
            "module.bastion.data.aws_ami.bastion",
            "module.bastion.data.template_file.cloud_config_bastion",
            "module.security.aws_iam_instance_profile.bastion",
            "module.security.aws_iam_role.bastion",
            "module.security.aws_key_pair.env_ssh",
            "module.security.aws_security_group.consul",
            "module.security.aws_security_group.endpoint_sg",
            "module.security.aws_security_group.nomad",
            "module.security.aws_security_group.vault",
            "module.security.data.aws_iam_policy_document.instance_assume_role_policy",
            "module.vpc.data.aws_availability_zones.available",
            "module.vpc.module.vpc.aws_subnet.private",
            "module.vpc.module.vpc.aws_subnet.public",
            "module.vpc.module.vpc.aws_vpc.this",
            "module.vpc.module.vpc.aws_vpc_ipv4_cidr_block_association.this"
          ]
        }
      ]
    },
    {
      "module": "module.bastion",
      "mode": "managed",
      "type": "aws_elb",
      "name": "bastion",
      "provider": "provider[\"registry.terraform.io/hashicorp/aws\"]",
      "instances": [
        {
          "schema_version": 0,
          "attributes": {
            "access_logs": [],
            "arn": "arn:aws:elasticloadbalancing:eu-central-1:686255952373:loadbalancer/test1-bastion",
            "availability_zones": [
              "eu-central-1a",
              "eu-central-1b",
              "eu-central-1c"
            ],
            "connection_draining": false,
            "connection_draining_timeout": 300,
            "cross_zone_load_balancing": true,
            "desync_mitigation_mode": "defensive",
            "dns_name": "test1-bastion-2049714059.eu-central-1.elb.amazonaws.com",
            "health_check": [
              {
                "healthy_threshold": 10,
                "interval": 30,
                "target": "TCP:22",
                "timeout": 5,
                "unhealthy_threshold": 2
              }
            ],
            "id": "test1-bastion",
            "idle_timeout": 60,
            "instances": [
              "i-0dd30e5d4e2e1cb52"
            ],
            "internal": false,
            "listener": [
              {
                "instance_port": 22,
                "instance_protocol": "tcp",
                "lb_port": 22,
                "lb_protocol": "tcp",
                "ssl_certificate_id": ""
              }
            ],
            "name": "test1-bastion",
            "name_prefix": "",
            "security_groups": [
              "sg-0d401e619b851a01b"
            ],
            "source_security_group": "686255952373/test1-bastion",
            "source_security_group_id": "sg-0d401e619b851a01b",
            "subnets": [
              "subnet-007bcfab934725437",
              "subnet-04dc8365965c8f6dc",
              "subnet-0bb2eacb1fb4d3c62"
            ],
            "tags": {},
            "tags_all": {},
            "timeouts": null,
            "zone_id": "Z215JYRZR1TBD5"
          },
          "sensitive_attributes": [],
          "private": "eyJlMmJmYjczMC1lY2FhLTExZTYtOGY4OC0zNDM2M2JjN2M0YzAiOnsiY3JlYXRlIjozMDAwMDAwMDAwMDAsInVwZGF0ZSI6MzAwMDAwMDAwMDAwfX0=",
          "dependencies": [
            "module.bastion.aws_security_group.bastion",
            "module.vpc.data.aws_availability_zones.available",
            "module.vpc.module.vpc.aws_subnet.public",
            "module.vpc.module.vpc.aws_vpc.this",
            "module.vpc.module.vpc.aws_vpc_ipv4_cidr_block_association.this"
          ]
        }
      ]
    },
    {
      "module": "module.bastion",
      "mode": "managed",
      "type": "aws_launch_template",
      "name": "bastion",
      "provider": "provider[\"registry.terraform.io/hashicorp/aws\"]",
      "instances": [
        {
          "schema_version": 0,
          "attributes": {
            "arn": "arn:aws:ec2:eu-central-1:686255952373:launch-template/lt-05a6c1d08049426ff",
            "block_device_mappings": [
              {
                "device_name": "/dev/sda1",
                "ebs": [
                  {
                    "delete_on_termination": "true",
                    "encrypted": "",
                    "iops": 0,
                    "kms_key_id": "",
                    "snapshot_id": "",
                    "throughput": 0,
                    "volume_size": 0,
                    "volume_type": ""
                  }
                ],
                "no_device": "",
                "virtual_name": ""
              }
            ],
            "capacity_reservation_specification": [],
            "cpu_options": [],
            "credit_specification": [],
            "default_version": 1,
            "description": "",
            "disable_api_stop": false,
            "disable_api_termination": false,
            "ebs_optimized": "",
            "elastic_gpu_specifications": [],
            "elastic_inference_accelerator": [],
            "enclave_options": [],
            "hibernation_options": [],
            "iam_instance_profile": [
              {
                "arn": "",
                "name": "test1-bastion"
              }
            ],
            "id": "lt-05a6c1d08049426ff",
            "image_id": "ami-0a54cf3ee879b0930",
            "instance_initiated_shutdown_behavior": "",
            "instance_market_options": [],
            "instance_requirements": [],
            "instance_type": "t2.micro",
            "kernel_id": "",
            "key_name": "test1-prism1-eliza-20250127",
            "latest_version": 1,
            "license_specification": [],
            "maintenance_options": [],
            "metadata_options": [
              {
                "http_endpoint": "enabled",
                "http_protocol_ipv6": "",
                "http_put_response_hop_limit": 2,
                "http_tokens": "",
                "instance_metadata_tags": "enabled"
              }
            ],
            "monitoring": [],
            "name": "test1-bastion-2025032519232624440000002d",
            "name_prefix": "test1-bastion-",
            "network_interfaces": [],
            "placement": [],
            "private_dns_name_options": [],
            "ram_disk_id": "",
            "security_group_names": [],
            "tag_specifications": [],
            "tags": {},
            "tags_all": {},
            "update_default_version": true,
            "user_data": "I2Nsb3VkLWNvbmZpZwoKcnVuY21kOgogIC0gc3VkbyAtdSB1YnVudHUgL2hvbWUvdWJ1bnR1L2Fuc2libGUtcHVsbC5zaA==",
            "vpc_security_group_ids": [
              "sg-06a01942b8cd95177",
              "sg-0b27416ac6b1ca02e",
              "sg-0b9f9807f633ffd0a",
              "sg-0c13822af8f48362c",
              "sg-0d401e619b851a01b"
            ]
          },
          "sensitive_attributes": [],
          "private": "bnVsbA==",
          "dependencies": [
            "module.bastion.aws_security_group.bastion",
            "module.bastion.data.aws_ami.bastion",
            "module.bastion.data.template_file.cloud_config_bastion",
            "module.security.aws_iam_instance_profile.bastion",
            "module.security.aws_iam_role.bastion",
            "module.security.aws_key_pair.env_ssh",
            "module.security.aws_security_group.consul",
            "module.security.aws_security_group.endpoint_sg",
            "module.security.aws_security_group.nomad",
            "module.security.aws_security_group.vault",
            "module.security.data.aws_iam_policy_document.instance_assume_role_policy",
            "module.vpc.module.vpc.aws_vpc.this"
          ]
        }
      ]
    },
    {
      "module": "module.bastion",
      "mode": "managed",
      "type": "aws_route53_record",
      "name": "bastion",
      "provider": "provider[\"registry.terraform.io/hashicorp/aws\"]",
      "instances": [
        {
          "schema_version": 2,
          "attributes": {
            "alias": [],
            "allow_overwrite": null,
            "cidr_routing_policy": [],
            "failover_routing_policy": [],
            "fqdn": "test1-bastion.prism1.click",
            "geolocation_routing_policy": [],
            "geoproximity_routing_policy": [],
            "health_check_id": "",
            "id": "Z00401101Y262GI1S5IJ9_test1-bastion_CNAME",
            "latency_routing_policy": [],
            "multivalue_answer_routing_policy": false,
            "name": "test1-bastion",
            "records": [
              "test1-bastion-2049714059.eu-central-1.elb.amazonaws.com"
            ],
            "set_identifier": "",
            "ttl": 300,
            "type": "CNAME",
            "weighted_routing_policy": [],
            "zone_id": "Z00401101Y262GI1S5IJ9"
          },
          "sensitive_attributes": [],
          "private": "eyJzY2hlbWFfdmVyc2lvbiI6IjIifQ==",
          "dependencies": [
            "module.bastion.aws_elb.bastion",
            "module.bastion.aws_security_group.bastion",
            "module.vpc.data.aws_availability_zones.available",
            "module.vpc.module.vpc.aws_subnet.public",
            "module.vpc.module.vpc.aws_vpc.this",
            "module.vpc.module.vpc.aws_vpc_ipv4_cidr_block_association.this"
          ]
        }
      ]
    },
    {
      "module": "module.bastion",
      "mode": "managed",
      "type": "aws_security_group",
      "name": "bastion",
      "provider": "provider[\"registry.terraform.io/hashicorp/aws\"]",
      "instances": [
        {
          "schema_version": 1,
          "attributes": {
            "arn": "arn:aws:ec2:eu-central-1:686255952373:security-group/sg-0d401e619b851a01b",
            "description": "Allow only inbound ssh traffic",
            "egress": [
              {
                "cidr_blocks": [
                  "0.0.0.0/0"
                ],
                "description": "",
                "from_port": 0,
                "ipv6_cidr_blocks": [
                  "::/0"
                ],
                "prefix_list_ids": [],
                "protocol": "-1",
                "security_groups": [],
                "self": false,
                "to_port": 0
              }
            ],
            "id": "sg-0d401e619b851a01b",
            "ingress": [
              {
                "cidr_blocks": [
                  "0.0.0.0/0"
                ],
                "description": "",
                "from_port": 22,
                "ipv6_cidr_blocks": [],
                "prefix_list_ids": [],
                "protocol": "tcp",
                "security_groups": [],
                "self": false,
                "to_port": 22
              }
            ],
            "name": "test1-bastion",
            "name_prefix": "",
            "owner_id": "686255952373",
            "revoke_rules_on_delete": false,
            "tags": {},
            "tags_all": {},
            "timeouts": null,
            "vpc_id": "vpc-065f7e7917bcc93d2"
          },
          "sensitive_attributes": [],
          "private": "eyJlMmJmYjczMC1lY2FhLTExZTYtOGY4OC0zNDM2M2JjN2M0YzAiOnsiY3JlYXRlIjo2MDAwMDAwMDAwMDAsImRlbGV0ZSI6OTAwMDAwMDAwMDAwfSwic2NoZW1hX3ZlcnNpb24iOiIxIn0=",
          "dependencies": [
            "module.vpc.module.vpc.aws_vpc.this"
          ],
          "create_before_destroy": true
        }
      ]
    },
    {
      "module": "module.ecr.module.ecr_repositories[\"test1-eliza-billing\"]",
      "mode": "data",
      "type": "aws_caller_identity",
      "name": "current",
      "provider": "provider[\"registry.terraform.io/hashicorp/aws\"]",
      "instances": [
        {
          "schema_version": 0,
          "attributes": {
            "account_id": "686255952373",
            "arn": "arn:aws:iam::686255952373:user/conrado",
            "id": "686255952373",
            "user_id": "AIDAZ7SAK2H2RDHYGKR2U"
          },
          "sensitive_attributes": []
        }
      ]
    },
    {
      "module": "module.ecr.module.ecr_repositories[\"test1-eliza-billing\"]",
      "mode": "data",
      "type": "aws_iam_policy_document",
      "name": "repository",
      "provider": "provider[\"registry.terraform.io/hashicorp/aws\"]",
      "instances": [
        {
          "index_key": 0,
          "schema_version": 0,
          "attributes": {
            "id": "696035075",
            "json": "{\n  \"Version\": \"2012-10-17\",\n  \"Statement\": [\n    {\n      \"Sid\": \"PrivateReadOnly\",\n      \"Effect\": \"Allow\",\n      \"Action\": [\n        \"ecr:ListTagsForResource\",\n        \"ecr:ListImages\",\n        \"ecr:GetRepositoryPolicy\",\n        \"ecr:GetLifecyclePolicyPreview\",\n        \"ecr:GetLifecyclePolicy\",\n        \"ecr:GetDownloadUrlForLayer\",\n        \"ecr:GetAuthorizationToken\",\n        \"ecr:DescribeRepositories\",\n        \"ecr:DescribeImages\",\n        \"ecr:DescribeImageScanFindings\",\n        \"ecr:BatchGetImage\",\n        \"ecr:BatchCheckLayerAvailability\"\n      ],\n      \"Principal\": {\n        \"AWS\": \"arn:aws:iam::686255952373:root\"\n      }\n    }\n  ]\n}",
            "minified_json": "{\"Version\":\"2012-10-17\",\"Statement\":[{\"Sid\":\"PrivateReadOnly\",\"Effect\":\"Allow\",\"Action\":[\"ecr:ListTagsForResource\",\"ecr:ListImages\",\"ecr:GetRepositoryPolicy\",\"ecr:GetLifecyclePolicyPreview\",\"ecr:GetLifecyclePolicy\",\"ecr:GetDownloadUrlForLayer\",\"ecr:GetAuthorizationToken\",\"ecr:DescribeRepositories\",\"ecr:DescribeImages\",\"ecr:DescribeImageScanFindings\",\"ecr:BatchGetImage\",\"ecr:BatchCheckLayerAvailability\"],\"Principal\":{\"AWS\":\"arn:aws:iam::686255952373:root\"}}]}",
            "override_json": null,
            "override_policy_documents": null,
            "policy_id": null,
            "source_json": null,
            "source_policy_documents": null,
            "statement": [
              {
                "actions": [
                  "ecr:BatchCheckLayerAvailability",
                  "ecr:BatchGetImage",
                  "ecr:DescribeImageScanFindings",
                  "ecr:DescribeImages",
                  "ecr:DescribeRepositories",
                  "ecr:GetAuthorizationToken",
                  "ecr:GetDownloadUrlForLayer",
                  "ecr:GetLifecyclePolicy",
                  "ecr:GetLifecyclePolicyPreview",
                  "ecr:GetRepositoryPolicy",
                  "ecr:ListImages",
                  "ecr:ListTagsForResource"
                ],
                "condition": [],
                "effect": "Allow",
                "not_actions": [],
                "not_principals": [],
                "not_resources": [],
                "principals": [
                  {
                    "identifiers": [
                      "arn:aws:iam::686255952373:root"
                    ],
                    "type": "AWS"
                  }
                ],
                "resources": [],
                "sid": "PrivateReadOnly"
              }
            ],
            "version": "2012-10-17"
          },
          "sensitive_attributes": []
        }
      ]
    },
    {
      "module": "module.ecr.module.ecr_repositories[\"test1-eliza-billing\"]",
      "mode": "data",
      "type": "aws_partition",
      "name": "current",
      "provider": "provider[\"registry.terraform.io/hashicorp/aws\"]",
      "instances": [
        {
          "schema_version": 0,
          "attributes": {
            "dns_suffix": "amazonaws.com",
            "id": "aws",
            "partition": "aws",
            "reverse_dns_prefix": "com.amazonaws"
          },
          "sensitive_attributes": []
        }
      ]
    },
    {
      "module": "module.ecr.module.ecr_repositories[\"test1-eliza-billing\"]",
      "mode": "managed",
      "type": "aws_ecr_lifecycle_policy",
      "name": "this",
      "provider": "provider[\"registry.terraform.io/hashicorp/aws\"]",
      "instances": [
        {
          "index_key": 0,
          "schema_version": 0,
          "attributes": {
            "id": "test1-eliza-test1-eliza-billing",
            "policy": "{\"rules\":[{\"action\":{\"type\":\"expire\"},\"description\":\"Keep last 30 images\",\"rulePriority\":1,\"selection\":{\"countNumber\":30,\"countType\":\"imageCountMoreThan\",\"tagPrefixList\":[\"githash-\"],\"tagStatus\":\"tagged\"}}]}",
            "registry_id": "686255952373",
            "repository": "test1-eliza-test1-eliza-billing"
          },
          "sensitive_attributes": [],
          "private": "bnVsbA==",
          "dependencies": [
            "module.ecr.module.ecr_repositories.aws_ecr_repository.this"
          ]
        }
      ]
    },
    {
      "module": "module.ecr.module.ecr_repositories[\"test1-eliza-billing\"]",
      "mode": "managed",
      "type": "aws_ecr_repository",
      "name": "this",
      "provider": "provider[\"registry.terraform.io/hashicorp/aws\"]",
      "instances": [
        {
          "index_key": 0,
          "schema_version": 0,
          "attributes": {
            "arn": "arn:aws:ecr:eu-central-1:686255952373:repository/test1-eliza-test1-eliza-billing",
            "encryption_configuration": [
              {
                "encryption_type": "AES256",
                "kms_key": ""
              }
            ],
            "force_delete": true,
            "id": "test1-eliza-test1-eliza-billing",
            "image_scanning_configuration": [
              {
                "scan_on_push": true
              }
            ],
            "image_tag_mutability": "IMMUTABLE",
            "name": "test1-eliza-test1-eliza-billing",
            "registry_id": "686255952373",
            "repository_url": "686255952373.dkr.ecr.eu-central-1.amazonaws.com/test1-eliza-test1-eliza-billing",
            "tags": {
              "Environment": "test1",
              "Provisioner": "terraform",
              "Repository": "https://github.com/Use-Prism/eliza-infra"
            },
            "tags_all": {
              "Environment": "test1",
              "Provisioner": "terraform",
              "Repository": "https://github.com/Use-Prism/eliza-infra"
            },
            "timeouts": null
          },
          "sensitive_attributes": [],
          "private": "eyJlMmJmYjczMC1lY2FhLTExZTYtOGY4OC0zNDM2M2JjN2M0YzAiOnsiZGVsZXRlIjoxMjAwMDAwMDAwMDAwfX0="
        }
      ]
    },
    {
      "module": "module.ecr.module.ecr_repositories[\"test1-eliza-billing\"]",
      "mode": "managed",
      "type": "aws_ecr_repository_policy",
      "name": "this",
      "provider": "provider[\"registry.terraform.io/hashicorp/aws\"]",
      "instances": [
        {
          "index_key": 0,
          "schema_version": 0,
          "attributes": {
            "id": "test1-eliza-test1-eliza-billing",
            "policy": "{\"Statement\":[{\"Action\":[\"ecr:ListTagsForResource\",\"ecr:ListImages\",\"ecr:GetRepositoryPolicy\",\"ecr:GetLifecyclePolicyPreview\",\"ecr:GetLifecyclePolicy\",\"ecr:GetDownloadUrlForLayer\",\"ecr:GetAuthorizationToken\",\"ecr:DescribeRepositories\",\"ecr:DescribeImages\",\"ecr:DescribeImageScanFindings\",\"ecr:BatchGetImage\",\"ecr:BatchCheckLayerAvailability\"],\"Effect\":\"Allow\",\"Principal\":{\"AWS\":\"arn:aws:iam::686255952373:root\"},\"Sid\":\"PrivateReadOnly\"}],\"Version\":\"2012-10-17\"}",
            "registry_id": "686255952373",
            "repository": "test1-eliza-test1-eliza-billing"
          },
          "sensitive_attributes": [],
          "private": "bnVsbA==",
          "dependencies": [
            "module.ecr.module.ecr_repositories.aws_ecr_repository.this",
            "module.ecr.module.ecr_repositories.data.aws_caller_identity.current",
            "module.ecr.module.ecr_repositories.data.aws_iam_policy_document.repository",
            "module.ecr.module.ecr_repositories.data.aws_partition.current"
          ]
        }
      ]
    },
    {
      "module": "module.ecr.module.ecr_repositories[\"test1-eliza-history\"]",
      "mode": "data",
      "type": "aws_caller_identity",
      "name": "current",
      "provider": "provider[\"registry.terraform.io/hashicorp/aws\"]",
      "instances": [
        {
          "schema_version": 0,
          "attributes": {
            "account_id": "686255952373",
            "arn": "arn:aws:iam::686255952373:user/conrado",
            "id": "686255952373",
            "user_id": "AIDAZ7SAK2H2RDHYGKR2U"
          },
          "sensitive_attributes": []
        }
      ]
    },
    {
      "module": "module.ecr.module.ecr_repositories[\"test1-eliza-history\"]",
      "mode": "data",
      "type": "aws_iam_policy_document",
      "name": "repository",
      "provider": "provider[\"registry.terraform.io/hashicorp/aws\"]",
      "instances": [
        {
          "index_key": 0,
          "schema_version": 0,
          "attributes": {
            "id": "696035075",
            "json": "{\n  \"Version\": \"2012-10-17\",\n  \"Statement\": [\n    {\n      \"Sid\": \"PrivateReadOnly\",\n      \"Effect\": \"Allow\",\n      \"Action\": [\n        \"ecr:ListTagsForResource\",\n        \"ecr:ListImages\",\n        \"ecr:GetRepositoryPolicy\",\n        \"ecr:GetLifecyclePolicyPreview\",\n        \"ecr:GetLifecyclePolicy\",\n        \"ecr:GetDownloadUrlForLayer\",\n        \"ecr:GetAuthorizationToken\",\n        \"ecr:DescribeRepositories\",\n        \"ecr:DescribeImages\",\n        \"ecr:DescribeImageScanFindings\",\n        \"ecr:BatchGetImage\",\n        \"ecr:BatchCheckLayerAvailability\"\n      ],\n      \"Principal\": {\n        \"AWS\": \"arn:aws:iam::686255952373:root\"\n      }\n    }\n  ]\n}",
            "minified_json": "{\"Version\":\"2012-10-17\",\"Statement\":[{\"Sid\":\"PrivateReadOnly\",\"Effect\":\"Allow\",\"Action\":[\"ecr:ListTagsForResource\",\"ecr:ListImages\",\"ecr:GetRepositoryPolicy\",\"ecr:GetLifecyclePolicyPreview\",\"ecr:GetLifecyclePolicy\",\"ecr:GetDownloadUrlForLayer\",\"ecr:GetAuthorizationToken\",\"ecr:DescribeRepositories\",\"ecr:DescribeImages\",\"ecr:DescribeImageScanFindings\",\"ecr:BatchGetImage\",\"ecr:BatchCheckLayerAvailability\"],\"Principal\":{\"AWS\":\"arn:aws:iam::686255952373:root\"}}]}",
            "override_json": null,
            "override_policy_documents": null,
            "policy_id": null,
            "source_json": null,
            "source_policy_documents": null,
            "statement": [
              {
                "actions": [
                  "ecr:BatchCheckLayerAvailability",
                  "ecr:BatchGetImage",
                  "ecr:DescribeImageScanFindings",
                  "ecr:DescribeImages",
                  "ecr:DescribeRepositories",
                  "ecr:GetAuthorizationToken",
                  "ecr:GetDownloadUrlForLayer",
                  "ecr:GetLifecyclePolicy",
                  "ecr:GetLifecyclePolicyPreview",
                  "ecr:GetRepositoryPolicy",
                  "ecr:ListImages",
                  "ecr:ListTagsForResource"
                ],
                "condition": [],
                "effect": "Allow",
                "not_actions": [],
                "not_principals": [],
                "not_resources": [],
                "principals": [
                  {
                    "identifiers": [
                      "arn:aws:iam::686255952373:root"
                    ],
                    "type": "AWS"
                  }
                ],
                "resources": [],
                "sid": "PrivateReadOnly"
              }
            ],
            "version": "2012-10-17"
          },
          "sensitive_attributes": []
        }
      ]
    },
    {
      "module": "module.ecr.module.ecr_repositories[\"test1-eliza-history\"]",
      "mode": "data",
      "type": "aws_partition",
      "name": "current",
      "provider": "provider[\"registry.terraform.io/hashicorp/aws\"]",
      "instances": [
        {
          "schema_version": 0,
          "attributes": {
            "dns_suffix": "amazonaws.com",
            "id": "aws",
            "partition": "aws",
            "reverse_dns_prefix": "com.amazonaws"
          },
          "sensitive_attributes": []
        }
      ]
    },
    {
      "module": "module.ecr.module.ecr_repositories[\"test1-eliza-history\"]",
      "mode": "managed",
      "type": "aws_ecr_lifecycle_policy",
      "name": "this",
      "provider": "provider[\"registry.terraform.io/hashicorp/aws\"]",
      "instances": [
        {
          "index_key": 0,
          "schema_version": 0,
          "attributes": {
            "id": "test1-eliza-test1-eliza-history",
            "policy": "{\"rules\":[{\"action\":{\"type\":\"expire\"},\"description\":\"Keep last 30 images\",\"rulePriority\":1,\"selection\":{\"countNumber\":30,\"countType\":\"imageCountMoreThan\",\"tagPrefixList\":[\"githash-\"],\"tagStatus\":\"tagged\"}}]}",
            "registry_id": "686255952373",
            "repository": "test1-eliza-test1-eliza-history"
          },
          "sensitive_attributes": [],
          "private": "bnVsbA==",
          "dependencies": [
            "module.ecr.module.ecr_repositories.aws_ecr_repository.this"
          ]
        }
      ]
    },
    {
      "module": "module.ecr.module.ecr_repositories[\"test1-eliza-history\"]",
      "mode": "managed",
      "type": "aws_ecr_repository",
      "name": "this",
      "provider": "provider[\"registry.terraform.io/hashicorp/aws\"]",
      "instances": [
        {
          "index_key": 0,
          "schema_version": 0,
          "attributes": {
            "arn": "arn:aws:ecr:eu-central-1:686255952373:repository/test1-eliza-test1-eliza-history",
            "encryption_configuration": [
              {
                "encryption_type": "AES256",
                "kms_key": ""
              }
            ],
            "force_delete": true,
            "id": "test1-eliza-test1-eliza-history",
            "image_scanning_configuration": [
              {
                "scan_on_push": true
              }
            ],
            "image_tag_mutability": "IMMUTABLE",
            "name": "test1-eliza-test1-eliza-history",
            "registry_id": "686255952373",
            "repository_url": "686255952373.dkr.ecr.eu-central-1.amazonaws.com/test1-eliza-test1-eliza-history",
            "tags": {
              "Environment": "test1",
              "Provisioner": "terraform",
              "Repository": "https://github.com/Use-Prism/eliza-infra"
            },
            "tags_all": {
              "Environment": "test1",
              "Provisioner": "terraform",
              "Repository": "https://github.com/Use-Prism/eliza-infra"
            },
            "timeouts": null
          },
          "sensitive_attributes": [],
          "private": "eyJlMmJmYjczMC1lY2FhLTExZTYtOGY4OC0zNDM2M2JjN2M0YzAiOnsiZGVsZXRlIjoxMjAwMDAwMDAwMDAwfX0="
        }
      ]
    },
    {
      "module": "module.ecr.module.ecr_repositories[\"test1-eliza-history\"]",
      "mode": "managed",
      "type": "aws_ecr_repository_policy",
      "name": "this",
      "provider": "provider[\"registry.terraform.io/hashicorp/aws\"]",
      "instances": [
        {
          "index_key": 0,
          "schema_version": 0,
          "attributes": {
            "id": "test1-eliza-test1-eliza-history",
            "policy": "{\"Statement\":[{\"Action\":[\"ecr:ListTagsForResource\",\"ecr:ListImages\",\"ecr:GetRepositoryPolicy\",\"ecr:GetLifecyclePolicyPreview\",\"ecr:GetLifecyclePolicy\",\"ecr:GetDownloadUrlForLayer\",\"ecr:GetAuthorizationToken\",\"ecr:DescribeRepositories\",\"ecr:DescribeImages\",\"ecr:DescribeImageScanFindings\",\"ecr:BatchGetImage\",\"ecr:BatchCheckLayerAvailability\"],\"Effect\":\"Allow\",\"Principal\":{\"AWS\":\"arn:aws:iam::686255952373:root\"},\"Sid\":\"PrivateReadOnly\"}],\"Version\":\"2012-10-17\"}",
            "registry_id": "686255952373",
            "repository": "test1-eliza-test1-eliza-history"
          },
          "sensitive_attributes": [],
          "private": "bnVsbA==",
          "dependencies": [
            "module.ecr.module.ecr_repositories.aws_ecr_repository.this",
            "module.ecr.module.ecr_repositories.data.aws_caller_identity.current",
            "module.ecr.module.ecr_repositories.data.aws_iam_policy_document.repository",
            "module.ecr.module.ecr_repositories.data.aws_partition.current"
          ]
        }
      ]
    },
    {
      "module": "module.ecr.module.ecr_repositories[\"test1-eliza-proxy\"]",
      "mode": "data",
      "type": "aws_caller_identity",
      "name": "current",
      "provider": "provider[\"registry.terraform.io/hashicorp/aws\"]",
      "instances": [
        {
          "schema_version": 0,
          "attributes": {
            "account_id": "686255952373",
            "arn": "arn:aws:iam::686255952373:user/conrado",
            "id": "686255952373",
            "user_id": "AIDAZ7SAK2H2RDHYGKR2U"
          },
          "sensitive_attributes": []
        }
      ]
    },
    {
      "module": "module.ecr.module.ecr_repositories[\"test1-eliza-proxy\"]",
      "mode": "data",
      "type": "aws_iam_policy_document",
      "name": "repository",
      "provider": "provider[\"registry.terraform.io/hashicorp/aws\"]",
      "instances": [
        {
          "index_key": 0,
          "schema_version": 0,
          "attributes": {
            "id": "696035075",
            "json": "{\n  \"Version\": \"2012-10-17\",\n  \"Statement\": [\n    {\n      \"Sid\": \"PrivateReadOnly\",\n      \"Effect\": \"Allow\",\n      \"Action\": [\n        \"ecr:ListTagsForResource\",\n        \"ecr:ListImages\",\n        \"ecr:GetRepositoryPolicy\",\n        \"ecr:GetLifecyclePolicyPreview\",\n        \"ecr:GetLifecyclePolicy\",\n        \"ecr:GetDownloadUrlForLayer\",\n        \"ecr:GetAuthorizationToken\",\n        \"ecr:DescribeRepositories\",\n        \"ecr:DescribeImages\",\n        \"ecr:DescribeImageScanFindings\",\n        \"ecr:BatchGetImage\",\n        \"ecr:BatchCheckLayerAvailability\"\n      ],\n      \"Principal\": {\n        \"AWS\": \"arn:aws:iam::686255952373:root\"\n      }\n    }\n  ]\n}",
            "minified_json": "{\"Version\":\"2012-10-17\",\"Statement\":[{\"Sid\":\"PrivateReadOnly\",\"Effect\":\"Allow\",\"Action\":[\"ecr:ListTagsForResource\",\"ecr:ListImages\",\"ecr:GetRepositoryPolicy\",\"ecr:GetLifecyclePolicyPreview\",\"ecr:GetLifecyclePolicy\",\"ecr:GetDownloadUrlForLayer\",\"ecr:GetAuthorizationToken\",\"ecr:DescribeRepositories\",\"ecr:DescribeImages\",\"ecr:DescribeImageScanFindings\",\"ecr:BatchGetImage\",\"ecr:BatchCheckLayerAvailability\"],\"Principal\":{\"AWS\":\"arn:aws:iam::686255952373:root\"}}]}",
            "override_json": null,
            "override_policy_documents": null,
            "policy_id": null,
            "source_json": null,
            "source_policy_documents": null,
            "statement": [
              {
                "actions": [
                  "ecr:BatchCheckLayerAvailability",
                  "ecr:BatchGetImage",
                  "ecr:DescribeImageScanFindings",
                  "ecr:DescribeImages",
                  "ecr:DescribeRepositories",
                  "ecr:GetAuthorizationToken",
                  "ecr:GetDownloadUrlForLayer",
                  "ecr:GetLifecyclePolicy",
                  "ecr:GetLifecyclePolicyPreview",
                  "ecr:GetRepositoryPolicy",
                  "ecr:ListImages",
                  "ecr:ListTagsForResource"
                ],
                "condition": [],
                "effect": "Allow",
                "not_actions": [],
                "not_principals": [],
                "not_resources": [],
                "principals": [
                  {
                    "identifiers": [
                      "arn:aws:iam::686255952373:root"
                    ],
                    "type": "AWS"
                  }
                ],
                "resources": [],
                "sid": "PrivateReadOnly"
              }
            ],
            "version": "2012-10-17"
          },
          "sensitive_attributes": []
        }
      ]
    },
    {
      "module": "module.ecr.module.ecr_repositories[\"test1-eliza-proxy\"]",
      "mode": "data",
      "type": "aws_partition",
      "name": "current",
      "provider": "provider[\"registry.terraform.io/hashicorp/aws\"]",
      "instances": [
        {
          "schema_version": 0,
          "attributes": {
            "dns_suffix": "amazonaws.com",
            "id": "aws",
            "partition": "aws",
            "reverse_dns_prefix": "com.amazonaws"
          },
          "sensitive_attributes": []
        }
      ]
    },
    {
      "module": "module.ecr.module.ecr_repositories[\"test1-eliza-proxy\"]",
      "mode": "managed",
      "type": "aws_ecr_lifecycle_policy",
      "name": "this",
      "provider": "provider[\"registry.terraform.io/hashicorp/aws\"]",
      "instances": [
        {
          "index_key": 0,
          "schema_version": 0,
          "attributes": {
            "id": "test1-eliza-test1-eliza-proxy",
            "policy": "{\"rules\":[{\"action\":{\"type\":\"expire\"},\"description\":\"Keep last 30 images\",\"rulePriority\":1,\"selection\":{\"countNumber\":30,\"countType\":\"imageCountMoreThan\",\"tagPrefixList\":[\"githash-\"],\"tagStatus\":\"tagged\"}}]}",
            "registry_id": "686255952373",
            "repository": "test1-eliza-test1-eliza-proxy"
          },
          "sensitive_attributes": [],
          "private": "bnVsbA==",
          "dependencies": [
            "module.ecr.module.ecr_repositories.aws_ecr_repository.this"
          ]
        }
      ]
    },
    {
      "module": "module.ecr.module.ecr_repositories[\"test1-eliza-proxy\"]",
      "mode": "managed",
      "type": "aws_ecr_repository",
      "name": "this",
      "provider": "provider[\"registry.terraform.io/hashicorp/aws\"]",
      "instances": [
        {
          "index_key": 0,
          "schema_version": 0,
          "attributes": {
            "arn": "arn:aws:ecr:eu-central-1:686255952373:repository/test1-eliza-test1-eliza-proxy",
            "encryption_configuration": [
              {
                "encryption_type": "AES256",
                "kms_key": ""
              }
            ],
            "force_delete": true,
            "id": "test1-eliza-test1-eliza-proxy",
            "image_scanning_configuration": [
              {
                "scan_on_push": true
              }
            ],
            "image_tag_mutability": "IMMUTABLE",
            "name": "test1-eliza-test1-eliza-proxy",
            "registry_id": "686255952373",
            "repository_url": "686255952373.dkr.ecr.eu-central-1.amazonaws.com/test1-eliza-test1-eliza-proxy",
            "tags": {
              "Environment": "test1",
              "Provisioner": "terraform",
              "Repository": "https://github.com/Use-Prism/eliza-infra"
            },
            "tags_all": {
              "Environment": "test1",
              "Provisioner": "terraform",
              "Repository": "https://github.com/Use-Prism/eliza-infra"
            },
            "timeouts": null
          },
          "sensitive_attributes": [],
          "private": "eyJlMmJmYjczMC1lY2FhLTExZTYtOGY4OC0zNDM2M2JjN2M0YzAiOnsiZGVsZXRlIjoxMjAwMDAwMDAwMDAwfX0="
        }
      ]
    },
    {
      "module": "module.ecr.module.ecr_repositories[\"test1-eliza-proxy\"]",
      "mode": "managed",
      "type": "aws_ecr_repository_policy",
      "name": "this",
      "provider": "provider[\"registry.terraform.io/hashicorp/aws\"]",
      "instances": [
        {
          "index_key": 0,
          "schema_version": 0,
          "attributes": {
            "id": "test1-eliza-test1-eliza-proxy",
            "policy": "{\"Statement\":[{\"Action\":[\"ecr:ListTagsForResource\",\"ecr:ListImages\",\"ecr:GetRepositoryPolicy\",\"ecr:GetLifecyclePolicyPreview\",\"ecr:GetLifecyclePolicy\",\"ecr:GetDownloadUrlForLayer\",\"ecr:GetAuthorizationToken\",\"ecr:DescribeRepositories\",\"ecr:DescribeImages\",\"ecr:DescribeImageScanFindings\",\"ecr:BatchGetImage\",\"ecr:BatchCheckLayerAvailability\"],\"Effect\":\"Allow\",\"Principal\":{\"AWS\":\"arn:aws:iam::686255952373:root\"},\"Sid\":\"PrivateReadOnly\"}],\"Version\":\"2012-10-17\"}",
            "registry_id": "686255952373",
            "repository": "test1-eliza-test1-eliza-proxy"
          },
          "sensitive_attributes": [],
          "private": "bnVsbA==",
          "dependencies": [
            "module.ecr.module.ecr_repositories.aws_ecr_repository.this",
            "module.ecr.module.ecr_repositories.data.aws_caller_identity.current",
            "module.ecr.module.ecr_repositories.data.aws_iam_policy_document.repository",
            "module.ecr.module.ecr_repositories.data.aws_partition.current"
          ]
        }
      ]
    },
    {
      "module": "module.ecr.module.ecr_repositories[\"test1-eliza-shop\"]",
      "mode": "data",
      "type": "aws_caller_identity",
      "name": "current",
      "provider": "provider[\"registry.terraform.io/hashicorp/aws\"]",
      "instances": [
        {
          "schema_version": 0,
          "attributes": {
            "account_id": "686255952373",
            "arn": "arn:aws:iam::686255952373:user/conrado",
            "id": "686255952373",
            "user_id": "AIDAZ7SAK2H2RDHYGKR2U"
          },
          "sensitive_attributes": []
        }
      ]
    },
    {
      "module": "module.ecr.module.ecr_repositories[\"test1-eliza-shop\"]",
      "mode": "data",
      "type": "aws_iam_policy_document",
      "name": "repository",
      "provider": "provider[\"registry.terraform.io/hashicorp/aws\"]",
      "instances": [
        {
          "index_key": 0,
          "schema_version": 0,
          "attributes": {
            "id": "696035075",
            "json": "{\n  \"Version\": \"2012-10-17\",\n  \"Statement\": [\n    {\n      \"Sid\": \"PrivateReadOnly\",\n      \"Effect\": \"Allow\",\n      \"Action\": [\n        \"ecr:ListTagsForResource\",\n        \"ecr:ListImages\",\n        \"ecr:GetRepositoryPolicy\",\n        \"ecr:GetLifecyclePolicyPreview\",\n        \"ecr:GetLifecyclePolicy\",\n        \"ecr:GetDownloadUrlForLayer\",\n        \"ecr:GetAuthorizationToken\",\n        \"ecr:DescribeRepositories\",\n        \"ecr:DescribeImages\",\n        \"ecr:DescribeImageScanFindings\",\n        \"ecr:BatchGetImage\",\n        \"ecr:BatchCheckLayerAvailability\"\n      ],\n      \"Principal\": {\n        \"AWS\": \"arn:aws:iam::686255952373:root\"\n      }\n    }\n  ]\n}",
            "minified_json": "{\"Version\":\"2012-10-17\",\"Statement\":[{\"Sid\":\"PrivateReadOnly\",\"Effect\":\"Allow\",\"Action\":[\"ecr:ListTagsForResource\",\"ecr:ListImages\",\"ecr:GetRepositoryPolicy\",\"ecr:GetLifecyclePolicyPreview\",\"ecr:GetLifecyclePolicy\",\"ecr:GetDownloadUrlForLayer\",\"ecr:GetAuthorizationToken\",\"ecr:DescribeRepositories\",\"ecr:DescribeImages\",\"ecr:DescribeImageScanFindings\",\"ecr:BatchGetImage\",\"ecr:BatchCheckLayerAvailability\"],\"Principal\":{\"AWS\":\"arn:aws:iam::686255952373:root\"}}]}",
            "override_json": null,
            "override_policy_documents": null,
            "policy_id": null,
            "source_json": null,
            "source_policy_documents": null,
            "statement": [
              {
                "actions": [
                  "ecr:BatchCheckLayerAvailability",
                  "ecr:BatchGetImage",
                  "ecr:DescribeImageScanFindings",
                  "ecr:DescribeImages",
                  "ecr:DescribeRepositories",
                  "ecr:GetAuthorizationToken",
                  "ecr:GetDownloadUrlForLayer",
                  "ecr:GetLifecyclePolicy",
                  "ecr:GetLifecyclePolicyPreview",
                  "ecr:GetRepositoryPolicy",
                  "ecr:ListImages",
                  "ecr:ListTagsForResource"
                ],
                "condition": [],
                "effect": "Allow",
                "not_actions": [],
                "not_principals": [],
                "not_resources": [],
                "principals": [
                  {
                    "identifiers": [
                      "arn:aws:iam::686255952373:root"
                    ],
                    "type": "AWS"
                  }
                ],
                "resources": [],
                "sid": "PrivateReadOnly"
              }
            ],
            "version": "2012-10-17"
          },
          "sensitive_attributes": []
        }
      ]
    },
    {
      "module": "module.ecr.module.ecr_repositories[\"test1-eliza-shop\"]",
      "mode": "data",
      "type": "aws_partition",
      "name": "current",
      "provider": "provider[\"registry.terraform.io/hashicorp/aws\"]",
      "instances": [
        {
          "schema_version": 0,
          "attributes": {
            "dns_suffix": "amazonaws.com",
            "id": "aws",
            "partition": "aws",
            "reverse_dns_prefix": "com.amazonaws"
          },
          "sensitive_attributes": []
        }
      ]
    },
    {
      "module": "module.ecr.module.ecr_repositories[\"test1-eliza-shop\"]",
      "mode": "managed",
      "type": "aws_ecr_lifecycle_policy",
      "name": "this",
      "provider": "provider[\"registry.terraform.io/hashicorp/aws\"]",
      "instances": [
        {
          "index_key": 0,
          "schema_version": 0,
          "attributes": {
            "id": "test1-eliza-test1-eliza-shop",
            "policy": "{\"rules\":[{\"action\":{\"type\":\"expire\"},\"description\":\"Keep last 30 images\",\"rulePriority\":1,\"selection\":{\"countNumber\":30,\"countType\":\"imageCountMoreThan\",\"tagPrefixList\":[\"githash-\"],\"tagStatus\":\"tagged\"}}]}",
            "registry_id": "686255952373",
            "repository": "test1-eliza-test1-eliza-shop"
          },
          "sensitive_attributes": [],
          "private": "bnVsbA==",
          "dependencies": [
            "module.ecr.module.ecr_repositories.aws_ecr_repository.this"
          ]
        }
      ]
    },
    {
      "module": "module.ecr.module.ecr_repositories[\"test1-eliza-shop\"]",
      "mode": "managed",
      "type": "aws_ecr_repository",
      "name": "this",
      "provider": "provider[\"registry.terraform.io/hashicorp/aws\"]",
      "instances": [
        {
          "index_key": 0,
          "schema_version": 0,
          "attributes": {
            "arn": "arn:aws:ecr:eu-central-1:686255952373:repository/test1-eliza-test1-eliza-shop",
            "encryption_configuration": [
              {
                "encryption_type": "AES256",
                "kms_key": ""
              }
            ],
            "force_delete": true,
            "id": "test1-eliza-test1-eliza-shop",
            "image_scanning_configuration": [
              {
                "scan_on_push": true
              }
            ],
            "image_tag_mutability": "IMMUTABLE",
            "name": "test1-eliza-test1-eliza-shop",
            "registry_id": "686255952373",
            "repository_url": "686255952373.dkr.ecr.eu-central-1.amazonaws.com/test1-eliza-test1-eliza-shop",
            "tags": {
              "Environment": "test1",
              "Provisioner": "terraform",
              "Repository": "https://github.com/Use-Prism/eliza-infra"
            },
            "tags_all": {
              "Environment": "test1",
              "Provisioner": "terraform",
              "Repository": "https://github.com/Use-Prism/eliza-infra"
            },
            "timeouts": null
          },
          "sensitive_attributes": [],
          "private": "eyJlMmJmYjczMC1lY2FhLTExZTYtOGY4OC0zNDM2M2JjN2M0YzAiOnsiZGVsZXRlIjoxMjAwMDAwMDAwMDAwfX0="
        }
      ]
    },
    {
      "module": "module.ecr.module.ecr_repositories[\"test1-eliza-shop\"]",
      "mode": "managed",
      "type": "aws_ecr_repository_policy",
      "name": "this",
      "provider": "provider[\"registry.terraform.io/hashicorp/aws\"]",
      "instances": [
        {
          "index_key": 0,
          "schema_version": 0,
          "attributes": {
            "id": "test1-eliza-test1-eliza-shop",
            "policy": "{\"Statement\":[{\"Action\":[\"ecr:ListTagsForResource\",\"ecr:ListImages\",\"ecr:GetRepositoryPolicy\",\"ecr:GetLifecyclePolicyPreview\",\"ecr:GetLifecyclePolicy\",\"ecr:GetDownloadUrlForLayer\",\"ecr:GetAuthorizationToken\",\"ecr:DescribeRepositories\",\"ecr:DescribeImages\",\"ecr:DescribeImageScanFindings\",\"ecr:BatchGetImage\",\"ecr:BatchCheckLayerAvailability\"],\"Effect\":\"Allow\",\"Principal\":{\"AWS\":\"arn:aws:iam::686255952373:root\"},\"Sid\":\"PrivateReadOnly\"}],\"Version\":\"2012-10-17\"}",
            "registry_id": "686255952373",
            "repository": "test1-eliza-test1-eliza-shop"
          },
          "sensitive_attributes": [],
          "private": "bnVsbA==",
          "dependencies": [
            "module.ecr.module.ecr_repositories.aws_ecr_repository.this",
            "module.ecr.module.ecr_repositories.data.aws_caller_identity.current",
            "module.ecr.module.ecr_repositories.data.aws_iam_policy_document.repository",
            "module.ecr.module.ecr_repositories.data.aws_partition.current"
          ]
        }
      ]
    },
    {
      "module": "module.eliza",
      "mode": "data",
      "type": "aws_ami",
      "name": "eliza",
      "provider": "provider[\"registry.terraform.io/hashicorp/aws\"]",
      "instances": [
        {
          "schema_version": 0,
          "attributes": {
            "architecture": "x86_64",
            "arn": "arn:aws:ec2:eu-central-1::image/ami-09f11ff03e1d8bd5d",
            "block_device_mappings": [
              {
                "device_name": "/dev/sda1",
                "ebs": {
                  "delete_on_termination": "true",
                  "encrypted": "false",
                  "iops": "0",
                  "snapshot_id": "snap-00502b521298d456c",
                  "throughput": "0",
                  "volume_size": "32",
                  "volume_type": "gp2"
                },
                "no_device": "",
                "virtual_name": ""
              },
              {
                "device_name": "/dev/sdb",
                "ebs": {},
                "no_device": "",
                "virtual_name": "ephemeral0"
              },
              {
                "device_name": "/dev/sdc",
                "ebs": {},
                "no_device": "",
                "virtual_name": "ephemeral1"
              }
            ],
            "boot_mode": "uefi-preferred",
            "creation_date": "2025-03-25T19:15:06.000Z",
            "deprecation_time": "",
            "description": "",
            "ena_support": true,
            "executable_users": null,
            "filter": null,
            "hypervisor": "xen",
            "id": "ami-09f11ff03e1d8bd5d",
            "image_id": "ami-09f11ff03e1d8bd5d",
            "image_location": "686255952373/test1-eliza-20250325185749",
            "image_owner_alias": "",
            "image_type": "machine",
            "imds_support": "",
            "include_deprecated": false,
            "kernel_id": "",
            "most_recent": true,
            "name": "test1-eliza-20250325185749",
            "name_regex": "^test1-eliza-.*$",
            "owner_id": "686255952373",
            "owners": [
              "self"
            ],
            "platform": "",
            "platform_details": "Linux/UNIX",
            "product_codes": [],
            "public": false,
            "ramdisk_id": "",
            "root_device_name": "/dev/sda1",
            "root_device_type": "ebs",
            "root_snapshot_id": "snap-00502b521298d456c",
            "sriov_net_support": "simple",
            "state": "available",
            "state_reason": {
              "code": "UNSET",
              "message": "UNSET"
            },
            "tags": {
              "Base_AMI_Name": "ubuntu/images/hvm-ssd/ubuntu-jammy-22.04-amd64-server-20250305",
              "Environment": "test1",
              "Name": "test1-eliza-20250325185749",
              "OS_Version": "ubuntu",
              "Packer": "Use-Prism/eliza-infra",
              "Release": "22.04",
              "Role": "eliza"
            },
            "timeouts": null,
            "tpm_support": "",
            "uefi_data": null,
            "usage_operation": "RunInstances",
            "virtualization_type": "hvm"
          },
          "sensitive_attributes": []
        }
      ]
    },
    {
      "module": "module.eliza",
      "mode": "data",
      "type": "aws_caller_identity",
      "name": "current",
      "provider": "provider[\"registry.terraform.io/hashicorp/aws\"]",
      "instances": [
        {
          "schema_version": 0,
          "attributes": {
            "account_id": "686255952373",
            "arn": "arn:aws:iam::686255952373:user/conrado",
            "id": "686255952373",
            "user_id": "AIDAZ7SAK2H2RDHYGKR2U"
          },
          "sensitive_attributes": []
        }
      ]
    },
    {
      "module": "module.eliza",
      "mode": "data",
      "type": "aws_region",
      "name": "current",
      "provider": "provider[\"registry.terraform.io/hashicorp/aws\"]",
      "instances": [
        {
          "schema_version": 0,
          "attributes": {
            "description": "Europe (Frankfurt)",
            "endpoint": "ec2.eu-central-1.amazonaws.com",
            "id": "eu-central-1",
            "name": "eu-central-1"
          },
          "sensitive_attributes": []
        }
      ]
    },
    {
      "module": "module.eliza",
      "mode": "data",
      "type": "aws_route53_zone",
      "name": "zone",
      "provider": "provider[\"registry.terraform.io/hashicorp/aws\"]",
      "instances": [
        {
          "schema_version": 0,
          "attributes": {
            "arn": "arn:aws:route53:::hostedzone/Z00401101Y262GI1S5IJ9",
            "caller_reference": "RISWorkflow-RD:f94ac020-cd88-40cb-8284-edd24dacc23a",
            "comment": "HostedZone created by Route53 Registrar",
            "id": "Z00401101Y262GI1S5IJ9",
            "linked_service_description": null,
            "linked_service_principal": null,
            "name": "prism1.click",
            "name_servers": [
              "ns-1462.awsdns-54.org",
              "ns-1719.awsdns-22.co.uk",
              "ns-977.awsdns-58.net",
              "ns-343.awsdns-42.com"
            ],
            "primary_name_server": "ns-1462.awsdns-54.org",
            "private_zone": false,
            "resource_record_set_count": 10,
            "tags": {},
            "vpc_id": null,
            "zone_id": "Z00401101Y262GI1S5IJ9"
          },
          "sensitive_attributes": []
        }
      ]
    },
    {
      "module": "module.eliza",
      "mode": "managed",
      "type": "aws_s3_bucket",
      "name": "eliza_agents",
      "provider": "provider[\"registry.terraform.io/hashicorp/aws\"]",
      "instances": [
        {
          "schema_version": 0,
          "attributes": {
            "acceleration_status": "",
            "acl": null,
            "arn": "arn:aws:s3:::686255952373-test1-eliza-agents",
            "bucket": "686255952373-test1-eliza-agents",
            "bucket_domain_name": "686255952373-test1-eliza-agents.s3.amazonaws.com",
            "bucket_prefix": "",
            "bucket_regional_domain_name": "686255952373-test1-eliza-agents.s3.eu-central-1.amazonaws.com",
            "cors_rule": [],
            "force_destroy": false,
            "grant": [
              {
                "id": "b7f490e238410e75994ad930435dfd5eba3890d5e3e6e678abd67957b9aae1a9",
                "permissions": [
                  "FULL_CONTROL"
                ],
                "type": "CanonicalUser",
                "uri": ""
              }
            ],
            "hosted_zone_id": "Z21DNDUVLTQW6Q",
            "id": "686255952373-test1-eliza-agents",
            "lifecycle_rule": [],
            "logging": [],
            "object_lock_configuration": [],
            "object_lock_enabled": false,
            "policy": "",
            "region": "eu-central-1",
            "replication_configuration": [],
            "request_payer": "BucketOwner",
            "server_side_encryption_configuration": [
              {
                "rule": [
                  {
                    "apply_server_side_encryption_by_default": [
                      {
                        "kms_master_key_id": "",
                        "sse_algorithm": "AES256"
                      }
                    ],
                    "bucket_key_enabled": false
                  }
                ]
              }
            ],
            "tags": {},
            "tags_all": {},
            "timeouts": null,
            "versioning": [
              {
                "enabled": false,
                "mfa_delete": false
              }
            ],
            "website": [],
            "website_domain": null,
            "website_endpoint": null
          },
          "sensitive_attributes": [],
          "private": "eyJlMmJmYjczMC1lY2FhLTExZTYtOGY4OC0zNDM2M2JjN2M0YzAiOnsiY3JlYXRlIjoxMjAwMDAwMDAwMDAwLCJkZWxldGUiOjM2MDAwMDAwMDAwMDAsInJlYWQiOjEyMDAwMDAwMDAwMDAsInVwZGF0ZSI6MTIwMDAwMDAwMDAwMH19",
          "dependencies": [
            "module.eliza.data.aws_caller_identity.current"
          ]
        }
      ]
    },
    {
      "module": "module.eliza",
      "mode": "managed",
      "type": "aws_security_group",
      "name": "eliza",
      "provider": "provider[\"registry.terraform.io/hashicorp/aws\"]",
      "instances": [
        {
          "schema_version": 1,
          "attributes": {
            "arn": "arn:aws:ec2:eu-central-1:686255952373:security-group/sg-0449e324800f78b05",
            "description": "Allow inbound eliza traffic and mgmt ssh",
            "egress": [
              {
                "cidr_blocks": [
                  "0.0.0.0/0"
                ],
                "description": "",
                "from_port": 0,
                "ipv6_cidr_blocks": [
                  "::/0"
                ],
                "prefix_list_ids": [],
                "protocol": "-1",
                "security_groups": [],
                "self": false,
                "to_port": 0
              }
            ],
            "id": "sg-0449e324800f78b05",
            "ingress": [
              {
                "cidr_blocks": [
                  "0.0.0.0/0"
                ],
                "description": "",
                "from_port": 3000,
                "ipv6_cidr_blocks": [],
                "prefix_list_ids": [],
                "protocol": "tcp",
                "security_groups": [],
                "self": false,
                "to_port": 3000
              },
              {
                "cidr_blocks": [
                  "0.0.0.0/0"
                ],
                "description": "",
                "from_port": 443,
                "ipv6_cidr_blocks": [],
                "prefix_list_ids": [],
                "protocol": "tcp",
                "security_groups": [],
                "self": false,
                "to_port": 443
              },
              {
                "cidr_blocks": [
                  "0.0.0.0/0"
                ],
                "description": "",
                "from_port": 5173,
                "ipv6_cidr_blocks": [],
                "prefix_list_ids": [],
                "protocol": "tcp",
                "security_groups": [],
                "self": false,
                "to_port": 5173
              },
              {
                "cidr_blocks": [
                  "0.0.0.0/0"
                ],
                "description": "",
                "from_port": 80,
                "ipv6_cidr_blocks": [],
                "prefix_list_ids": [],
                "protocol": "tcp",
                "security_groups": [],
                "self": false,
                "to_port": 80
              },
              {
                "cidr_blocks": [],
                "description": "",
                "from_port": 22,
                "ipv6_cidr_blocks": [],
                "prefix_list_ids": [],
                "protocol": "tcp",
                "security_groups": [
                  "sg-0d401e619b851a01b"
                ],
                "self": false,
                "to_port": 22
              }
            ],
            "name": "test1-eliza",
            "name_prefix": "",
            "owner_id": "686255952373",
            "revoke_rules_on_delete": false,
            "tags": {
              "Name": "test1-eliza"
            },
            "tags_all": {
              "Name": "test1-eliza"
            },
            "timeouts": null,
            "vpc_id": "vpc-065f7e7917bcc93d2"
          },
          "sensitive_attributes": [],
          "private": "eyJlMmJmYjczMC1lY2FhLTExZTYtOGY4OC0zNDM2M2JjN2M0YzAiOnsiY3JlYXRlIjo2MDAwMDAwMDAwMDAsImRlbGV0ZSI6OTAwMDAwMDAwMDAwfSwic2NoZW1hX3ZlcnNpb24iOiIxIn0=",
          "dependencies": [
            "module.bastion.aws_security_group.bastion",
            "module.vpc.module.vpc.aws_vpc.this"
          ],
          "create_before_destroy": true
        }
      ]
    },
    {
      "module": "module.eliza-apigateway",
      "mode": "managed",
      "type": "aws_api_gateway_account",
      "name": "api_gateway_account",
      "provider": "provider[\"registry.terraform.io/hashicorp/aws\"]",
      "instances": [
        {
          "schema_version": 0,
          "attributes": {
            "api_key_version": "4",
            "cloudwatch_role_arn": "arn:aws:iam::686255952373:role/api_gateway_cloudwatch_role_test1",
            "features": [
              "UsagePlans"
            ],
            "id": "api-gateway-account",
            "reset_on_delete": null,
            "throttle_settings": [
              {
                "burst_limit": 483,
                "rate_limit": 966
              }
            ]
          },
          "sensitive_attributes": [],
          "dependencies": [
            "module.eliza-apigateway.aws_iam_role.api_gateway_cloudwatch_role"
          ]
        }
      ]
    },
    {
      "module": "module.eliza-apigateway",
      "mode": "managed",
      "type": "aws_api_gateway_authorizer",
      "name": "eliza_authorizer",
      "provider": "provider[\"registry.terraform.io/hashicorp/aws\"]",
      "instances": [
        {
          "schema_version": 0,
          "attributes": {
            "arn": "arn:aws:apigateway:eu-central-1::/restapis/1b6uubl8je/authorizers/8pmkfp",
            "authorizer_credentials": "",
            "authorizer_result_ttl_in_seconds": 0,
            "authorizer_uri": "arn:aws:apigateway:eu-central-1:lambda:path/2015-03-31/functions/arn:aws:lambda:eu-central-1:686255952373:function:test1-eliza_auth_authorizer/invocations",
            "id": "8pmkfp",
            "identity_source": "method.request.header.cookie",
            "identity_validation_expression": "",
            "name": "eliza-authorizer",
            "provider_arns": [],
            "rest_api_id": "1b6uubl8je",
            "type": "TOKEN"
          },
          "sensitive_attributes": [],
          "private": "bnVsbA==",
          "dependencies": [
            "module.eliza-apigateway.aws_api_gateway_rest_api.gateway",
            "module.eliza-apigateway.module.eliza_auth_authorizer.aws_cloudwatch_log_group.lambda",
            "module.eliza-apigateway.module.eliza_auth_authorizer.aws_iam_role.lambda",
            "module.eliza-apigateway.module.eliza_auth_authorizer.aws_iam_role_policy.additional_inline",
            "module.eliza-apigateway.module.eliza_auth_authorizer.aws_iam_role_policy.additional_json",
            "module.eliza-apigateway.module.eliza_auth_authorizer.aws_iam_role_policy.additional_jsons",
            "module.eliza-apigateway.module.eliza_auth_authorizer.aws_iam_role_policy.async",
            "module.eliza-apigateway.module.eliza_auth_authorizer.aws_iam_role_policy.dead_letter",
            "module.eliza-apigateway.module.eliza_auth_authorizer.aws_iam_role_policy.logs",
            "module.eliza-apigateway.module.eliza_auth_authorizer.aws_iam_role_policy.tracing",
            "module.eliza-apigateway.module.eliza_auth_authorizer.aws_iam_role_policy.vpc",
            "module.eliza-apigateway.module.eliza_auth_authorizer.aws_iam_role_policy_attachment.additional_many",
            "module.eliza-apigateway.module.eliza_auth_authorizer.aws_iam_role_policy_attachment.additional_one",
            "module.eliza-apigateway.module.eliza_auth_authorizer.aws_lambda_function.this",
            "module.eliza-apigateway.module.eliza_auth_authorizer.aws_s3_object.lambda_package",
            "module.eliza-apigateway.module.eliza_auth_authorizer.data.aws_arn.log_group_arn",
            "module.eliza-apigateway.module.eliza_auth_authorizer.data.aws_cloudwatch_log_group.lambda",
            "module.eliza-apigateway.module.eliza_auth_authorizer.data.aws_iam_policy.tracing",
            "module.eliza-apigateway.module.eliza_auth_authorizer.data.aws_iam_policy.vpc",
            "module.eliza-apigateway.module.eliza_auth_authorizer.data.aws_iam_policy_document.additional_inline",
            "module.eliza-apigateway.module.eliza_auth_authorizer.data.aws_iam_policy_document.assume_role",
            "module.eliza-apigateway.module.eliza_auth_authorizer.data.aws_iam_policy_document.async",
            "module.eliza-apigateway.module.eliza_auth_authorizer.data.aws_iam_policy_document.dead_letter",
            "module.eliza-apigateway.module.eliza_auth_authorizer.data.aws_iam_policy_document.logs",
            "module.eliza-apigateway.module.eliza_auth_authorizer.data.aws_partition.current",
            "module.eliza-apigateway.module.eliza_auth_authorizer.data.external.archive_prepare",
            "module.eliza-apigateway.module.eliza_auth_authorizer.local_file.archive_plan",
            "module.eliza-apigateway.module.eliza_auth_authorizer.null_resource.archive"
          ],
          "create_before_destroy": true
        }
      ]
    },
    {
      "module": "module.eliza-apigateway",
      "mode": "managed",
      "type": "aws_api_gateway_deployment",
      "name": "gateway_deployment",
      "provider": "provider[\"registry.terraform.io/hashicorp/aws\"]",
      "instances": [
        {
          "schema_version": 0,
          "attributes": {
            "canary_settings": [],
            "created_date": "2025-03-25T19:23:51Z",
            "description": "",
            "execution_arn": "arn:aws:execute-api:eu-central-1:686255952373:1b6uubl8je/",
            "id": "zypim7",
            "invoke_url": "https://1b6uubl8je.execute-api.eu-central-1.amazonaws.com/",
            "rest_api_id": "1b6uubl8je",
            "stage_description": null,
            "stage_name": null,
            "triggers": {
              "redeployment": "c04da4461c5361f5e43ea8c03c28fb5e42f12933"
            },
            "variables": null
          },
          "sensitive_attributes": [],
          "private": "bnVsbA==",
          "dependencies": [
            "module.eliza-apigateway.aws_api_gateway_authorizer.eliza_authorizer",
            "module.eliza-apigateway.aws_api_gateway_integration.login_integration",
            "module.eliza-apigateway.aws_api_gateway_integration.proxy_integration",
            "module.eliza-apigateway.aws_api_gateway_integration.test_integration",
            "module.eliza-apigateway.aws_api_gateway_method.login_method",
            "module.eliza-apigateway.aws_api_gateway_method.proxy_method",
            "module.eliza-apigateway.aws_api_gateway_method.test_auth_method",
            "module.eliza-apigateway.aws_api_gateway_resource.login_resource",
            "module.eliza-apigateway.aws_api_gateway_resource.proxy_resource",
            "module.eliza-apigateway.aws_api_gateway_resource.testauth_resource",
            "module.eliza-apigateway.aws_api_gateway_rest_api.gateway",
            "module.eliza-apigateway.module.eliza_auth_authorizer.aws_cloudwatch_log_group.lambda",
            "module.eliza-apigateway.module.eliza_auth_authorizer.aws_iam_role.lambda",
            "module.eliza-apigateway.module.eliza_auth_authorizer.aws_iam_role_policy.additional_inline",
            "module.eliza-apigateway.module.eliza_auth_authorizer.aws_iam_role_policy.additional_json",
            "module.eliza-apigateway.module.eliza_auth_authorizer.aws_iam_role_policy.additional_jsons",
            "module.eliza-apigateway.module.eliza_auth_authorizer.aws_iam_role_policy.async",
            "module.eliza-apigateway.module.eliza_auth_authorizer.aws_iam_role_policy.dead_letter",
            "module.eliza-apigateway.module.eliza_auth_authorizer.aws_iam_role_policy.logs",
            "module.eliza-apigateway.module.eliza_auth_authorizer.aws_iam_role_policy.tracing",
            "module.eliza-apigateway.module.eliza_auth_authorizer.aws_iam_role_policy.vpc",
            "module.eliza-apigateway.module.eliza_auth_authorizer.aws_iam_role_policy_attachment.additional_many",
            "module.eliza-apigateway.module.eliza_auth_authorizer.aws_iam_role_policy_attachment.additional_one",
            "module.eliza-apigateway.module.eliza_auth_authorizer.aws_lambda_function.this",
            "module.eliza-apigateway.module.eliza_auth_authorizer.aws_s3_object.lambda_package",
            "module.eliza-apigateway.module.eliza_auth_authorizer.data.aws_arn.log_group_arn",
            "module.eliza-apigateway.module.eliza_auth_authorizer.data.aws_cloudwatch_log_group.lambda",
            "module.eliza-apigateway.module.eliza_auth_authorizer.data.aws_iam_policy.tracing",
            "module.eliza-apigateway.module.eliza_auth_authorizer.data.aws_iam_policy.vpc",
            "module.eliza-apigateway.module.eliza_auth_authorizer.data.aws_iam_policy_document.additional_inline",
            "module.eliza-apigateway.module.eliza_auth_authorizer.data.aws_iam_policy_document.assume_role",
            "module.eliza-apigateway.module.eliza_auth_authorizer.data.aws_iam_policy_document.async",
            "module.eliza-apigateway.module.eliza_auth_authorizer.data.aws_iam_policy_document.dead_letter",
            "module.eliza-apigateway.module.eliza_auth_authorizer.data.aws_iam_policy_document.logs",
            "module.eliza-apigateway.module.eliza_auth_authorizer.data.aws_partition.current",
            "module.eliza-apigateway.module.eliza_auth_authorizer.data.external.archive_prepare",
            "module.eliza-apigateway.module.eliza_auth_authorizer.local_file.archive_plan",
            "module.eliza-apigateway.module.eliza_auth_authorizer.null_resource.archive",
            "module.eliza-apigateway.module.eliza_auth_login.aws_cloudwatch_log_group.lambda",
            "module.eliza-apigateway.module.eliza_auth_login.aws_iam_role.lambda",
            "module.eliza-apigateway.module.eliza_auth_login.aws_iam_role_policy.additional_inline",
            "module.eliza-apigateway.module.eliza_auth_login.aws_iam_role_policy.additional_json",
            "module.eliza-apigateway.module.eliza_auth_login.aws_iam_role_policy.additional_jsons",
            "module.eliza-apigateway.module.eliza_auth_login.aws_iam_role_policy.async",
            "module.eliza-apigateway.module.eliza_auth_login.aws_iam_role_policy.dead_letter",
            "module.eliza-apigateway.module.eliza_auth_login.aws_iam_role_policy.logs",
            "module.eliza-apigateway.module.eliza_auth_login.aws_iam_role_policy.tracing",
            "module.eliza-apigateway.module.eliza_auth_login.aws_iam_role_policy.vpc",
            "module.eliza-apigateway.module.eliza_auth_login.aws_iam_role_policy_attachment.additional_many",
            "module.eliza-apigateway.module.eliza_auth_login.aws_iam_role_policy_attachment.additional_one",
            "module.eliza-apigateway.module.eliza_auth_login.aws_lambda_function.this",
            "module.eliza-apigateway.module.eliza_auth_login.aws_s3_object.lambda_package",
            "module.eliza-apigateway.module.eliza_auth_login.data.aws_arn.log_group_arn",
            "module.eliza-apigateway.module.eliza_auth_login.data.aws_cloudwatch_log_group.lambda",
            "module.eliza-apigateway.module.eliza_auth_login.data.aws_iam_policy.tracing",
            "module.eliza-apigateway.module.eliza_auth_login.data.aws_iam_policy.vpc",
            "module.eliza-apigateway.module.eliza_auth_login.data.aws_iam_policy_document.additional_inline",
            "module.eliza-apigateway.module.eliza_auth_login.data.aws_iam_policy_document.assume_role",
            "module.eliza-apigateway.module.eliza_auth_login.data.aws_iam_policy_document.async",
            "module.eliza-apigateway.module.eliza_auth_login.data.aws_iam_policy_document.dead_letter",
            "module.eliza-apigateway.module.eliza_auth_login.data.aws_iam_policy_document.logs",
            "module.eliza-apigateway.module.eliza_auth_login.data.aws_partition.current",
            "module.eliza-apigateway.module.eliza_auth_login.data.external.archive_prepare",
            "module.eliza-apigateway.module.eliza_auth_login.local_file.archive_plan",
            "module.eliza-apigateway.module.eliza_auth_login.null_resource.archive",
            "module.eliza-apigateway.module.eliza_auth_test.aws_cloudwatch_log_group.lambda",
            "module.eliza-apigateway.module.eliza_auth_test.aws_iam_role.lambda",
            "module.eliza-apigateway.module.eliza_auth_test.aws_iam_role_policy.additional_inline",
            "module.eliza-apigateway.module.eliza_auth_test.aws_iam_role_policy.additional_json",
            "module.eliza-apigateway.module.eliza_auth_test.aws_iam_role_policy.additional_jsons",
            "module.eliza-apigateway.module.eliza_auth_test.aws_iam_role_policy.async",
            "module.eliza-apigateway.module.eliza_auth_test.aws_iam_role_policy.dead_letter",
            "module.eliza-apigateway.module.eliza_auth_test.aws_iam_role_policy.logs",
            "module.eliza-apigateway.module.eliza_auth_test.aws_iam_role_policy.tracing",
            "module.eliza-apigateway.module.eliza_auth_test.aws_iam_role_policy.vpc",
            "module.eliza-apigateway.module.eliza_auth_test.aws_iam_role_policy_attachment.additional_many",
            "module.eliza-apigateway.module.eliza_auth_test.aws_iam_role_policy_attachment.additional_one",
            "module.eliza-apigateway.module.eliza_auth_test.aws_lambda_function.this",
            "module.eliza-apigateway.module.eliza_auth_test.aws_s3_object.lambda_package",
            "module.eliza-apigateway.module.eliza_auth_test.data.aws_arn.log_group_arn",
            "module.eliza-apigateway.module.eliza_auth_test.data.aws_cloudwatch_log_group.lambda",
            "module.eliza-apigateway.module.eliza_auth_test.data.aws_iam_policy.tracing",
            "module.eliza-apigateway.module.eliza_auth_test.data.aws_iam_policy.vpc",
            "module.eliza-apigateway.module.eliza_auth_test.data.aws_iam_policy_document.additional_inline",
            "module.eliza-apigateway.module.eliza_auth_test.data.aws_iam_policy_document.assume_role",
            "module.eliza-apigateway.module.eliza_auth_test.data.aws_iam_policy_document.async",
            "module.eliza-apigateway.module.eliza_auth_test.data.aws_iam_policy_document.dead_letter",
            "module.eliza-apigateway.module.eliza_auth_test.data.aws_iam_policy_document.logs",
            "module.eliza-apigateway.module.eliza_auth_test.data.aws_partition.current",
            "module.eliza-apigateway.module.eliza_auth_test.data.external.archive_prepare",
            "module.eliza-apigateway.module.eliza_auth_test.local_file.archive_plan",
            "module.eliza-apigateway.module.eliza_auth_test.null_resource.archive"
          ],
          "create_before_destroy": true
        }
      ]
    },
    {
      "module": "module.eliza-apigateway",
      "mode": "managed",
      "type": "aws_api_gateway_integration",
      "name": "login_integration",
      "provider": "provider[\"registry.terraform.io/hashicorp/aws\"]",
      "instances": [
        {
          "schema_version": 0,
          "attributes": {
            "cache_key_parameters": [],
            "cache_namespace": "3104b1",
            "connection_id": "",
            "connection_type": "INTERNET",
            "content_handling": "",
            "credentials": "",
            "http_method": "POST",
            "id": "agi-1b6uubl8je-3104b1-POST",
            "integration_http_method": "POST",
            "passthrough_behavior": "WHEN_NO_MATCH",
            "request_parameters": {},
            "request_templates": {},
            "resource_id": "3104b1",
            "rest_api_id": "1b6uubl8je",
            "timeout_milliseconds": 29000,
            "tls_config": [],
            "type": "AWS_PROXY",
            "uri": "arn:aws:apigateway:eu-central-1:lambda:path/2015-03-31/functions/arn:aws:lambda:eu-central-1:686255952373:function:test1-eliza_auth_login/invocations"
          },
          "sensitive_attributes": [],
          "private": "bnVsbA==",
          "dependencies": [
            "module.eliza-apigateway.aws_api_gateway_method.login_method",
            "module.eliza-apigateway.aws_api_gateway_resource.login_resource",
            "module.eliza-apigateway.aws_api_gateway_rest_api.gateway",
            "module.eliza-apigateway.module.eliza_auth_login.aws_cloudwatch_log_group.lambda",
            "module.eliza-apigateway.module.eliza_auth_login.aws_iam_role.lambda",
            "module.eliza-apigateway.module.eliza_auth_login.aws_iam_role_policy.additional_inline",
            "module.eliza-apigateway.module.eliza_auth_login.aws_iam_role_policy.additional_json",
            "module.eliza-apigateway.module.eliza_auth_login.aws_iam_role_policy.additional_jsons",
            "module.eliza-apigateway.module.eliza_auth_login.aws_iam_role_policy.async",
            "module.eliza-apigateway.module.eliza_auth_login.aws_iam_role_policy.dead_letter",
            "module.eliza-apigateway.module.eliza_auth_login.aws_iam_role_policy.logs",
            "module.eliza-apigateway.module.eliza_auth_login.aws_iam_role_policy.tracing",
            "module.eliza-apigateway.module.eliza_auth_login.aws_iam_role_policy.vpc",
            "module.eliza-apigateway.module.eliza_auth_login.aws_iam_role_policy_attachment.additional_many",
            "module.eliza-apigateway.module.eliza_auth_login.aws_iam_role_policy_attachment.additional_one",
            "module.eliza-apigateway.module.eliza_auth_login.aws_lambda_function.this",
            "module.eliza-apigateway.module.eliza_auth_login.aws_s3_object.lambda_package",
            "module.eliza-apigateway.module.eliza_auth_login.data.aws_arn.log_group_arn",
            "module.eliza-apigateway.module.eliza_auth_login.data.aws_cloudwatch_log_group.lambda",
            "module.eliza-apigateway.module.eliza_auth_login.data.aws_iam_policy.tracing",
            "module.eliza-apigateway.module.eliza_auth_login.data.aws_iam_policy.vpc",
            "module.eliza-apigateway.module.eliza_auth_login.data.aws_iam_policy_document.additional_inline",
            "module.eliza-apigateway.module.eliza_auth_login.data.aws_iam_policy_document.assume_role",
            "module.eliza-apigateway.module.eliza_auth_login.data.aws_iam_policy_document.async",
            "module.eliza-apigateway.module.eliza_auth_login.data.aws_iam_policy_document.dead_letter",
            "module.eliza-apigateway.module.eliza_auth_login.data.aws_iam_policy_document.logs",
            "module.eliza-apigateway.module.eliza_auth_login.data.aws_partition.current",
            "module.eliza-apigateway.module.eliza_auth_login.data.external.archive_prepare",
            "module.eliza-apigateway.module.eliza_auth_login.local_file.archive_plan",
            "module.eliza-apigateway.module.eliza_auth_login.null_resource.archive"
          ],
          "create_before_destroy": true
        }
      ]
    },
    {
      "module": "module.eliza-apigateway",
      "mode": "managed",
      "type": "aws_api_gateway_integration",
      "name": "proxy_integration",
      "provider": "provider[\"registry.terraform.io/hashicorp/aws\"]",
      "instances": [
        {
          "schema_version": 0,
          "attributes": {
            "cache_key_parameters": [],
            "cache_namespace": "iohidz",
            "connection_id": "",
            "connection_type": "INTERNET",
            "content_handling": "",
            "credentials": "",
            "http_method": "ANY",
            "id": "agi-1b6uubl8je-iohidz-ANY",
            "integration_http_method": "ANY",
            "passthrough_behavior": "WHEN_NO_MATCH",
            "request_parameters": {
              "integration.request.header.cookie": "method.request.header.cookie",
              "integration.request.path.proxy": "method.request.path.proxy"
            },
            "request_templates": {},
            "resource_id": "iohidz",
            "rest_api_id": "1b6uubl8je",
            "timeout_milliseconds": 29000,
            "tls_config": [],
            "type": "HTTP_PROXY",
            "uri": "https://test1-nginx.prism1.click/{proxy}"
          },
          "sensitive_attributes": [],
          "private": "bnVsbA==",
          "dependencies": [
            "module.eliza-apigateway.aws_api_gateway_authorizer.eliza_authorizer",
            "module.eliza-apigateway.aws_api_gateway_method.proxy_method",
            "module.eliza-apigateway.aws_api_gateway_resource.proxy_resource",
            "module.eliza-apigateway.aws_api_gateway_rest_api.gateway",
            "module.eliza-apigateway.module.eliza_auth_authorizer.aws_cloudwatch_log_group.lambda",
            "module.eliza-apigateway.module.eliza_auth_authorizer.aws_iam_role.lambda",
            "module.eliza-apigateway.module.eliza_auth_authorizer.aws_iam_role_policy.additional_inline",
            "module.eliza-apigateway.module.eliza_auth_authorizer.aws_iam_role_policy.additional_json",
            "module.eliza-apigateway.module.eliza_auth_authorizer.aws_iam_role_policy.additional_jsons",
            "module.eliza-apigateway.module.eliza_auth_authorizer.aws_iam_role_policy.async",
            "module.eliza-apigateway.module.eliza_auth_authorizer.aws_iam_role_policy.dead_letter",
            "module.eliza-apigateway.module.eliza_auth_authorizer.aws_iam_role_policy.logs",
            "module.eliza-apigateway.module.eliza_auth_authorizer.aws_iam_role_policy.tracing",
            "module.eliza-apigateway.module.eliza_auth_authorizer.aws_iam_role_policy.vpc",
            "module.eliza-apigateway.module.eliza_auth_authorizer.aws_iam_role_policy_attachment.additional_many",
            "module.eliza-apigateway.module.eliza_auth_authorizer.aws_iam_role_policy_attachment.additional_one",
            "module.eliza-apigateway.module.eliza_auth_authorizer.aws_lambda_function.this",
            "module.eliza-apigateway.module.eliza_auth_authorizer.aws_s3_object.lambda_package",
            "module.eliza-apigateway.module.eliza_auth_authorizer.data.aws_arn.log_group_arn",
            "module.eliza-apigateway.module.eliza_auth_authorizer.data.aws_cloudwatch_log_group.lambda",
            "module.eliza-apigateway.module.eliza_auth_authorizer.data.aws_iam_policy.tracing",
            "module.eliza-apigateway.module.eliza_auth_authorizer.data.aws_iam_policy.vpc",
            "module.eliza-apigateway.module.eliza_auth_authorizer.data.aws_iam_policy_document.additional_inline",
            "module.eliza-apigateway.module.eliza_auth_authorizer.data.aws_iam_policy_document.assume_role",
            "module.eliza-apigateway.module.eliza_auth_authorizer.data.aws_iam_policy_document.async",
            "module.eliza-apigateway.module.eliza_auth_authorizer.data.aws_iam_policy_document.dead_letter",
            "module.eliza-apigateway.module.eliza_auth_authorizer.data.aws_iam_policy_document.logs",
            "module.eliza-apigateway.module.eliza_auth_authorizer.data.aws_partition.current",
            "module.eliza-apigateway.module.eliza_auth_authorizer.data.external.archive_prepare",
            "module.eliza-apigateway.module.eliza_auth_authorizer.local_file.archive_plan",
            "module.eliza-apigateway.module.eliza_auth_authorizer.null_resource.archive"
          ],
          "create_before_destroy": true
        }
      ]
    },
    {
      "module": "module.eliza-apigateway",
      "mode": "managed",
      "type": "aws_api_gateway_integration",
      "name": "test_integration",
      "provider": "provider[\"registry.terraform.io/hashicorp/aws\"]",
      "instances": [
        {
          "schema_version": 0,
          "attributes": {
            "cache_key_parameters": [],
            "cache_namespace": "f6h2rp",
            "connection_id": "",
            "connection_type": "INTERNET",
            "content_handling": "",
            "credentials": "",
            "http_method": "GET",
            "id": "agi-1b6uubl8je-f6h2rp-GET",
            "integration_http_method": "POST",
            "passthrough_behavior": "WHEN_NO_MATCH",
            "request_parameters": {},
            "request_templates": {},
            "resource_id": "f6h2rp",
            "rest_api_id": "1b6uubl8je",
            "timeout_milliseconds": 29000,
            "tls_config": [],
            "type": "AWS_PROXY",
            "uri": "arn:aws:apigateway:eu-central-1:lambda:path/2015-03-31/functions/arn:aws:lambda:eu-central-1:686255952373:function:test1-eliza_auth_test/invocations"
          },
          "sensitive_attributes": [],
          "private": "bnVsbA==",
          "dependencies": [
            "module.eliza-apigateway.aws_api_gateway_authorizer.eliza_authorizer",
            "module.eliza-apigateway.aws_api_gateway_method.test_auth_method",
            "module.eliza-apigateway.aws_api_gateway_resource.testauth_resource",
            "module.eliza-apigateway.aws_api_gateway_rest_api.gateway",
            "module.eliza-apigateway.module.eliza_auth_authorizer.aws_cloudwatch_log_group.lambda",
            "module.eliza-apigateway.module.eliza_auth_authorizer.aws_iam_role.lambda",
            "module.eliza-apigateway.module.eliza_auth_authorizer.aws_iam_role_policy.additional_inline",
            "module.eliza-apigateway.module.eliza_auth_authorizer.aws_iam_role_policy.additional_json",
            "module.eliza-apigateway.module.eliza_auth_authorizer.aws_iam_role_policy.additional_jsons",
            "module.eliza-apigateway.module.eliza_auth_authorizer.aws_iam_role_policy.async",
            "module.eliza-apigateway.module.eliza_auth_authorizer.aws_iam_role_policy.dead_letter",
            "module.eliza-apigateway.module.eliza_auth_authorizer.aws_iam_role_policy.logs",
            "module.eliza-apigateway.module.eliza_auth_authorizer.aws_iam_role_policy.tracing",
            "module.eliza-apigateway.module.eliza_auth_authorizer.aws_iam_role_policy.vpc",
            "module.eliza-apigateway.module.eliza_auth_authorizer.aws_iam_role_policy_attachment.additional_many",
            "module.eliza-apigateway.module.eliza_auth_authorizer.aws_iam_role_policy_attachment.additional_one",
            "module.eliza-apigateway.module.eliza_auth_authorizer.aws_lambda_function.this",
            "module.eliza-apigateway.module.eliza_auth_authorizer.aws_s3_object.lambda_package",
            "module.eliza-apigateway.module.eliza_auth_authorizer.data.aws_arn.log_group_arn",
            "module.eliza-apigateway.module.eliza_auth_authorizer.data.aws_cloudwatch_log_group.lambda",
            "module.eliza-apigateway.module.eliza_auth_authorizer.data.aws_iam_policy.tracing",
            "module.eliza-apigateway.module.eliza_auth_authorizer.data.aws_iam_policy.vpc",
            "module.eliza-apigateway.module.eliza_auth_authorizer.data.aws_iam_policy_document.additional_inline",
            "module.eliza-apigateway.module.eliza_auth_authorizer.data.aws_iam_policy_document.assume_role",
            "module.eliza-apigateway.module.eliza_auth_authorizer.data.aws_iam_policy_document.async",
            "module.eliza-apigateway.module.eliza_auth_authorizer.data.aws_iam_policy_document.dead_letter",
            "module.eliza-apigateway.module.eliza_auth_authorizer.data.aws_iam_policy_document.logs",
            "module.eliza-apigateway.module.eliza_auth_authorizer.data.aws_partition.current",
            "module.eliza-apigateway.module.eliza_auth_authorizer.data.external.archive_prepare",
            "module.eliza-apigateway.module.eliza_auth_authorizer.local_file.archive_plan",
            "module.eliza-apigateway.module.eliza_auth_authorizer.null_resource.archive",
            "module.eliza-apigateway.module.eliza_auth_test.aws_cloudwatch_log_group.lambda",
            "module.eliza-apigateway.module.eliza_auth_test.aws_iam_role.lambda",
            "module.eliza-apigateway.module.eliza_auth_test.aws_iam_role_policy.additional_inline",
            "module.eliza-apigateway.module.eliza_auth_test.aws_iam_role_policy.additional_json",
            "module.eliza-apigateway.module.eliza_auth_test.aws_iam_role_policy.additional_jsons",
            "module.eliza-apigateway.module.eliza_auth_test.aws_iam_role_policy.async",
            "module.eliza-apigateway.module.eliza_auth_test.aws_iam_role_policy.dead_letter",
            "module.eliza-apigateway.module.eliza_auth_test.aws_iam_role_policy.logs",
            "module.eliza-apigateway.module.eliza_auth_test.aws_iam_role_policy.tracing",
            "module.eliza-apigateway.module.eliza_auth_test.aws_iam_role_policy.vpc",
            "module.eliza-apigateway.module.eliza_auth_test.aws_iam_role_policy_attachment.additional_many",
            "module.eliza-apigateway.module.eliza_auth_test.aws_iam_role_policy_attachment.additional_one",
            "module.eliza-apigateway.module.eliza_auth_test.aws_lambda_function.this",
            "module.eliza-apigateway.module.eliza_auth_test.aws_s3_object.lambda_package",
            "module.eliza-apigateway.module.eliza_auth_test.data.aws_arn.log_group_arn",
            "module.eliza-apigateway.module.eliza_auth_test.data.aws_cloudwatch_log_group.lambda",
            "module.eliza-apigateway.module.eliza_auth_test.data.aws_iam_policy.tracing",
            "module.eliza-apigateway.module.eliza_auth_test.data.aws_iam_policy.vpc",
            "module.eliza-apigateway.module.eliza_auth_test.data.aws_iam_policy_document.additional_inline",
            "module.eliza-apigateway.module.eliza_auth_test.data.aws_iam_policy_document.assume_role",
            "module.eliza-apigateway.module.eliza_auth_test.data.aws_iam_policy_document.async",
            "module.eliza-apigateway.module.eliza_auth_test.data.aws_iam_policy_document.dead_letter",
            "module.eliza-apigateway.module.eliza_auth_test.data.aws_iam_policy_document.logs",
            "module.eliza-apigateway.module.eliza_auth_test.data.aws_partition.current",
            "module.eliza-apigateway.module.eliza_auth_test.data.external.archive_prepare",
            "module.eliza-apigateway.module.eliza_auth_test.local_file.archive_plan",
            "module.eliza-apigateway.module.eliza_auth_test.null_resource.archive"
          ],
          "create_before_destroy": true
        }
      ]
    },
    {
      "module": "module.eliza-apigateway",
      "mode": "managed",
      "type": "aws_api_gateway_method",
      "name": "login_method",
      "provider": "provider[\"registry.terraform.io/hashicorp/aws\"]",
      "instances": [
        {
          "schema_version": 0,
          "attributes": {
            "api_key_required": false,
            "authorization": "NONE",
            "authorization_scopes": [],
            "authorizer_id": "",
            "http_method": "POST",
            "id": "agm-1b6uubl8je-3104b1-POST",
            "operation_name": "",
            "request_models": {},
            "request_parameters": {},
            "request_validator_id": "",
            "resource_id": "3104b1",
            "rest_api_id": "1b6uubl8je"
          },
          "sensitive_attributes": [],
          "private": "bnVsbA==",
          "dependencies": [
            "module.eliza-apigateway.aws_api_gateway_resource.login_resource",
            "module.eliza-apigateway.aws_api_gateway_rest_api.gateway"
          ],
          "create_before_destroy": true
        }
      ]
    },
    {
      "module": "module.eliza-apigateway",
      "mode": "managed",
      "type": "aws_api_gateway_method",
      "name": "proxy_method",
      "provider": "provider[\"registry.terraform.io/hashicorp/aws\"]",
      "instances": [
        {
          "schema_version": 0,
          "attributes": {
            "api_key_required": false,
            "authorization": "CUSTOM",
            "authorization_scopes": [],
            "authorizer_id": "8pmkfp",
            "http_method": "ANY",
            "id": "agm-1b6uubl8je-iohidz-ANY",
            "operation_name": "",
            "request_models": {},
            "request_parameters": {
              "method.request.header.cookie": false,
              "method.request.path.proxy": true
            },
            "request_validator_id": "",
            "resource_id": "iohidz",
            "rest_api_id": "1b6uubl8je"
          },
          "sensitive_attributes": [],
          "private": "bnVsbA==",
          "dependencies": [
            "module.eliza-apigateway.aws_api_gateway_authorizer.eliza_authorizer",
            "module.eliza-apigateway.aws_api_gateway_resource.proxy_resource",
            "module.eliza-apigateway.aws_api_gateway_rest_api.gateway",
            "module.eliza-apigateway.module.eliza_auth_authorizer.aws_cloudwatch_log_group.lambda",
            "module.eliza-apigateway.module.eliza_auth_authorizer.aws_iam_role.lambda",
            "module.eliza-apigateway.module.eliza_auth_authorizer.aws_iam_role_policy.additional_inline",
            "module.eliza-apigateway.module.eliza_auth_authorizer.aws_iam_role_policy.additional_json",
            "module.eliza-apigateway.module.eliza_auth_authorizer.aws_iam_role_policy.additional_jsons",
            "module.eliza-apigateway.module.eliza_auth_authorizer.aws_iam_role_policy.async",
            "module.eliza-apigateway.module.eliza_auth_authorizer.aws_iam_role_policy.dead_letter",
            "module.eliza-apigateway.module.eliza_auth_authorizer.aws_iam_role_policy.logs",
            "module.eliza-apigateway.module.eliza_auth_authorizer.aws_iam_role_policy.tracing",
            "module.eliza-apigateway.module.eliza_auth_authorizer.aws_iam_role_policy.vpc",
            "module.eliza-apigateway.module.eliza_auth_authorizer.aws_iam_role_policy_attachment.additional_many",
            "module.eliza-apigateway.module.eliza_auth_authorizer.aws_iam_role_policy_attachment.additional_one",
            "module.eliza-apigateway.module.eliza_auth_authorizer.aws_lambda_function.this",
            "module.eliza-apigateway.module.eliza_auth_authorizer.aws_s3_object.lambda_package",
            "module.eliza-apigateway.module.eliza_auth_authorizer.data.aws_arn.log_group_arn",
            "module.eliza-apigateway.module.eliza_auth_authorizer.data.aws_cloudwatch_log_group.lambda",
            "module.eliza-apigateway.module.eliza_auth_authorizer.data.aws_iam_policy.tracing",
            "module.eliza-apigateway.module.eliza_auth_authorizer.data.aws_iam_policy.vpc",
            "module.eliza-apigateway.module.eliza_auth_authorizer.data.aws_iam_policy_document.additional_inline",
            "module.eliza-apigateway.module.eliza_auth_authorizer.data.aws_iam_policy_document.assume_role",
            "module.eliza-apigateway.module.eliza_auth_authorizer.data.aws_iam_policy_document.async",
            "module.eliza-apigateway.module.eliza_auth_authorizer.data.aws_iam_policy_document.dead_letter",
            "module.eliza-apigateway.module.eliza_auth_authorizer.data.aws_iam_policy_document.logs",
            "module.eliza-apigateway.module.eliza_auth_authorizer.data.aws_partition.current",
            "module.eliza-apigateway.module.eliza_auth_authorizer.data.external.archive_prepare",
            "module.eliza-apigateway.module.eliza_auth_authorizer.local_file.archive_plan",
            "module.eliza-apigateway.module.eliza_auth_authorizer.null_resource.archive"
          ],
          "create_before_destroy": true
        }
      ]
    },
    {
      "module": "module.eliza-apigateway",
      "mode": "managed",
      "type": "aws_api_gateway_method",
      "name": "test_auth_method",
      "provider": "provider[\"registry.terraform.io/hashicorp/aws\"]",
      "instances": [
        {
          "schema_version": 0,
          "attributes": {
            "api_key_required": false,
            "authorization": "CUSTOM",
            "authorization_scopes": [],
            "authorizer_id": "8pmkfp",
            "http_method": "GET",
            "id": "agm-1b6uubl8je-f6h2rp-GET",
            "operation_name": "",
            "request_models": {},
            "request_parameters": {},
            "request_validator_id": "",
            "resource_id": "f6h2rp",
            "rest_api_id": "1b6uubl8je"
          },
          "sensitive_attributes": [],
          "private": "bnVsbA==",
          "dependencies": [
            "module.eliza-apigateway.aws_api_gateway_authorizer.eliza_authorizer",
            "module.eliza-apigateway.aws_api_gateway_resource.testauth_resource",
            "module.eliza-apigateway.aws_api_gateway_rest_api.gateway",
            "module.eliza-apigateway.module.eliza_auth_authorizer.aws_cloudwatch_log_group.lambda",
            "module.eliza-apigateway.module.eliza_auth_authorizer.aws_iam_role.lambda",
            "module.eliza-apigateway.module.eliza_auth_authorizer.aws_iam_role_policy.additional_inline",
            "module.eliza-apigateway.module.eliza_auth_authorizer.aws_iam_role_policy.additional_json",
            "module.eliza-apigateway.module.eliza_auth_authorizer.aws_iam_role_policy.additional_jsons",
            "module.eliza-apigateway.module.eliza_auth_authorizer.aws_iam_role_policy.async",
            "module.eliza-apigateway.module.eliza_auth_authorizer.aws_iam_role_policy.dead_letter",
            "module.eliza-apigateway.module.eliza_auth_authorizer.aws_iam_role_policy.logs",
            "module.eliza-apigateway.module.eliza_auth_authorizer.aws_iam_role_policy.tracing",
            "module.eliza-apigateway.module.eliza_auth_authorizer.aws_iam_role_policy.vpc",
            "module.eliza-apigateway.module.eliza_auth_authorizer.aws_iam_role_policy_attachment.additional_many",
            "module.eliza-apigateway.module.eliza_auth_authorizer.aws_iam_role_policy_attachment.additional_one",
            "module.eliza-apigateway.module.eliza_auth_authorizer.aws_lambda_function.this",
            "module.eliza-apigateway.module.eliza_auth_authorizer.aws_s3_object.lambda_package",
            "module.eliza-apigateway.module.eliza_auth_authorizer.data.aws_arn.log_group_arn",
            "module.eliza-apigateway.module.eliza_auth_authorizer.data.aws_cloudwatch_log_group.lambda",
            "module.eliza-apigateway.module.eliza_auth_authorizer.data.aws_iam_policy.tracing",
            "module.eliza-apigateway.module.eliza_auth_authorizer.data.aws_iam_policy.vpc",
            "module.eliza-apigateway.module.eliza_auth_authorizer.data.aws_iam_policy_document.additional_inline",
            "module.eliza-apigateway.module.eliza_auth_authorizer.data.aws_iam_policy_document.assume_role",
            "module.eliza-apigateway.module.eliza_auth_authorizer.data.aws_iam_policy_document.async",
            "module.eliza-apigateway.module.eliza_auth_authorizer.data.aws_iam_policy_document.dead_letter",
            "module.eliza-apigateway.module.eliza_auth_authorizer.data.aws_iam_policy_document.logs",
            "module.eliza-apigateway.module.eliza_auth_authorizer.data.aws_partition.current",
            "module.eliza-apigateway.module.eliza_auth_authorizer.data.external.archive_prepare",
            "module.eliza-apigateway.module.eliza_auth_authorizer.local_file.archive_plan",
            "module.eliza-apigateway.module.eliza_auth_authorizer.null_resource.archive"
          ],
          "create_before_destroy": true
        }
      ]
    },
    {
      "module": "module.eliza-apigateway",
      "mode": "managed",
      "type": "aws_api_gateway_method_settings",
      "name": "path_specific_settings",
      "provider": "provider[\"registry.terraform.io/hashicorp/aws\"]",
      "instances": [
        {
          "schema_version": 0,
          "attributes": {
            "id": "1b6uubl8je-test1-*/*",
            "method_path": "*/*",
            "rest_api_id": "1b6uubl8je",
            "settings": [
              {
                "cache_data_encrypted": false,
                "cache_ttl_in_seconds": 300,
                "caching_enabled": false,
                "data_trace_enabled": true,
                "logging_level": "INFO",
                "metrics_enabled": true,
                "require_authorization_for_cache_control": true,
                "throttling_burst_limit": -1,
                "throttling_rate_limit": -1,
                "unauthorized_cache_control_header_strategy": "SUCCEED_WITH_RESPONSE_HEADER"
              }
            ],
            "stage_name": "test1"
          },
          "sensitive_attributes": [],
          "private": "bnVsbA==",
          "dependencies": [
            "module.eliza-apigateway.aws_api_gateway_authorizer.eliza_authorizer",
            "module.eliza-apigateway.aws_api_gateway_deployment.gateway_deployment",
            "module.eliza-apigateway.aws_api_gateway_integration.login_integration",
            "module.eliza-apigateway.aws_api_gateway_integration.proxy_integration",
            "module.eliza-apigateway.aws_api_gateway_integration.test_integration",
            "module.eliza-apigateway.aws_api_gateway_method.login_method",
            "module.eliza-apigateway.aws_api_gateway_method.proxy_method",
            "module.eliza-apigateway.aws_api_gateway_method.test_auth_method",
            "module.eliza-apigateway.aws_api_gateway_resource.login_resource",
            "module.eliza-apigateway.aws_api_gateway_resource.proxy_resource",
            "module.eliza-apigateway.aws_api_gateway_resource.testauth_resource",
            "module.eliza-apigateway.aws_api_gateway_rest_api.gateway",
            "module.eliza-apigateway.aws_api_gateway_stage.gateway_stage",
            "module.eliza-apigateway.aws_cloudwatch_log_group.api_gw_gateway",
            "module.eliza-apigateway.module.eliza_auth_authorizer.aws_cloudwatch_log_group.lambda",
            "module.eliza-apigateway.module.eliza_auth_authorizer.aws_iam_role.lambda",
            "module.eliza-apigateway.module.eliza_auth_authorizer.aws_iam_role_policy.additional_inline",
            "module.eliza-apigateway.module.eliza_auth_authorizer.aws_iam_role_policy.additional_json",
            "module.eliza-apigateway.module.eliza_auth_authorizer.aws_iam_role_policy.additional_jsons",
            "module.eliza-apigateway.module.eliza_auth_authorizer.aws_iam_role_policy.async",
            "module.eliza-apigateway.module.eliza_auth_authorizer.aws_iam_role_policy.dead_letter",
            "module.eliza-apigateway.module.eliza_auth_authorizer.aws_iam_role_policy.logs",
            "module.eliza-apigateway.module.eliza_auth_authorizer.aws_iam_role_policy.tracing",
            "module.eliza-apigateway.module.eliza_auth_authorizer.aws_iam_role_policy.vpc",
            "module.eliza-apigateway.module.eliza_auth_authorizer.aws_iam_role_policy_attachment.additional_many",
            "module.eliza-apigateway.module.eliza_auth_authorizer.aws_iam_role_policy_attachment.additional_one",
            "module.eliza-apigateway.module.eliza_auth_authorizer.aws_lambda_function.this",
            "module.eliza-apigateway.module.eliza_auth_authorizer.aws_s3_object.lambda_package",
            "module.eliza-apigateway.module.eliza_auth_authorizer.data.aws_arn.log_group_arn",
            "module.eliza-apigateway.module.eliza_auth_authorizer.data.aws_cloudwatch_log_group.lambda",
            "module.eliza-apigateway.module.eliza_auth_authorizer.data.aws_iam_policy.tracing",
            "module.eliza-apigateway.module.eliza_auth_authorizer.data.aws_iam_policy.vpc",
            "module.eliza-apigateway.module.eliza_auth_authorizer.data.aws_iam_policy_document.additional_inline",
            "module.eliza-apigateway.module.eliza_auth_authorizer.data.aws_iam_policy_document.assume_role",
            "module.eliza-apigateway.module.eliza_auth_authorizer.data.aws_iam_policy_document.async",
            "module.eliza-apigateway.module.eliza_auth_authorizer.data.aws_iam_policy_document.dead_letter",
            "module.eliza-apigateway.module.eliza_auth_authorizer.data.aws_iam_policy_document.logs",
            "module.eliza-apigateway.module.eliza_auth_authorizer.data.aws_partition.current",
            "module.eliza-apigateway.module.eliza_auth_authorizer.data.external.archive_prepare",
            "module.eliza-apigateway.module.eliza_auth_authorizer.local_file.archive_plan",
            "module.eliza-apigateway.module.eliza_auth_authorizer.null_resource.archive",
            "module.eliza-apigateway.module.eliza_auth_login.aws_cloudwatch_log_group.lambda",
            "module.eliza-apigateway.module.eliza_auth_login.aws_iam_role.lambda",
            "module.eliza-apigateway.module.eliza_auth_login.aws_iam_role_policy.additional_inline",
            "module.eliza-apigateway.module.eliza_auth_login.aws_iam_role_policy.additional_json",
            "module.eliza-apigateway.module.eliza_auth_login.aws_iam_role_policy.additional_jsons",
            "module.eliza-apigateway.module.eliza_auth_login.aws_iam_role_policy.async",
            "module.eliza-apigateway.module.eliza_auth_login.aws_iam_role_policy.dead_letter",
            "module.eliza-apigateway.module.eliza_auth_login.aws_iam_role_policy.logs",
            "module.eliza-apigateway.module.eliza_auth_login.aws_iam_role_policy.tracing",
            "module.eliza-apigateway.module.eliza_auth_login.aws_iam_role_policy.vpc",
            "module.eliza-apigateway.module.eliza_auth_login.aws_iam_role_policy_attachment.additional_many",
            "module.eliza-apigateway.module.eliza_auth_login.aws_iam_role_policy_attachment.additional_one",
            "module.eliza-apigateway.module.eliza_auth_login.aws_lambda_function.this",
            "module.eliza-apigateway.module.eliza_auth_login.aws_s3_object.lambda_package",
            "module.eliza-apigateway.module.eliza_auth_login.data.aws_arn.log_group_arn",
            "module.eliza-apigateway.module.eliza_auth_login.data.aws_cloudwatch_log_group.lambda",
            "module.eliza-apigateway.module.eliza_auth_login.data.aws_iam_policy.tracing",
            "module.eliza-apigateway.module.eliza_auth_login.data.aws_iam_policy.vpc",
            "module.eliza-apigateway.module.eliza_auth_login.data.aws_iam_policy_document.additional_inline",
            "module.eliza-apigateway.module.eliza_auth_login.data.aws_iam_policy_document.assume_role",
            "module.eliza-apigateway.module.eliza_auth_login.data.aws_iam_policy_document.async",
            "module.eliza-apigateway.module.eliza_auth_login.data.aws_iam_policy_document.dead_letter",
            "module.eliza-apigateway.module.eliza_auth_login.data.aws_iam_policy_document.logs",
            "module.eliza-apigateway.module.eliza_auth_login.data.aws_partition.current",
            "module.eliza-apigateway.module.eliza_auth_login.data.external.archive_prepare",
            "module.eliza-apigateway.module.eliza_auth_login.local_file.archive_plan",
            "module.eliza-apigateway.module.eliza_auth_login.null_resource.archive",
            "module.eliza-apigateway.module.eliza_auth_test.aws_cloudwatch_log_group.lambda",
            "module.eliza-apigateway.module.eliza_auth_test.aws_iam_role.lambda",
            "module.eliza-apigateway.module.eliza_auth_test.aws_iam_role_policy.additional_inline",
            "module.eliza-apigateway.module.eliza_auth_test.aws_iam_role_policy.additional_json",
            "module.eliza-apigateway.module.eliza_auth_test.aws_iam_role_policy.additional_jsons",
            "module.eliza-apigateway.module.eliza_auth_test.aws_iam_role_policy.async",
            "module.eliza-apigateway.module.eliza_auth_test.aws_iam_role_policy.dead_letter",
            "module.eliza-apigateway.module.eliza_auth_test.aws_iam_role_policy.logs",
            "module.eliza-apigateway.module.eliza_auth_test.aws_iam_role_policy.tracing",
            "module.eliza-apigateway.module.eliza_auth_test.aws_iam_role_policy.vpc",
            "module.eliza-apigateway.module.eliza_auth_test.aws_iam_role_policy_attachment.additional_many",
            "module.eliza-apigateway.module.eliza_auth_test.aws_iam_role_policy_attachment.additional_one",
            "module.eliza-apigateway.module.eliza_auth_test.aws_lambda_function.this",
            "module.eliza-apigateway.module.eliza_auth_test.aws_s3_object.lambda_package",
            "module.eliza-apigateway.module.eliza_auth_test.data.aws_arn.log_group_arn",
            "module.eliza-apigateway.module.eliza_auth_test.data.aws_cloudwatch_log_group.lambda",
            "module.eliza-apigateway.module.eliza_auth_test.data.aws_iam_policy.tracing",
            "module.eliza-apigateway.module.eliza_auth_test.data.aws_iam_policy.vpc",
            "module.eliza-apigateway.module.eliza_auth_test.data.aws_iam_policy_document.additional_inline",
            "module.eliza-apigateway.module.eliza_auth_test.data.aws_iam_policy_document.assume_role",
            "module.eliza-apigateway.module.eliza_auth_test.data.aws_iam_policy_document.async",
            "module.eliza-apigateway.module.eliza_auth_test.data.aws_iam_policy_document.dead_letter",
            "module.eliza-apigateway.module.eliza_auth_test.data.aws_iam_policy_document.logs",
            "module.eliza-apigateway.module.eliza_auth_test.data.aws_partition.current",
            "module.eliza-apigateway.module.eliza_auth_test.data.external.archive_prepare",
            "module.eliza-apigateway.module.eliza_auth_test.local_file.archive_plan",
            "module.eliza-apigateway.module.eliza_auth_test.null_resource.archive"
          ]
        }
      ]
    },
    {
      "module": "module.eliza-apigateway",
      "mode": "managed",
      "type": "aws_api_gateway_resource",
      "name": "login_resource",
      "provider": "provider[\"registry.terraform.io/hashicorp/aws\"]",
      "instances": [
        {
          "schema_version": 0,
          "attributes": {
            "id": "3104b1",
            "parent_id": "fmch2p9wl6",
            "path": "/login",
            "path_part": "login",
            "rest_api_id": "1b6uubl8je"
          },
          "sensitive_attributes": [],
          "private": "bnVsbA==",
          "dependencies": [
            "module.eliza-apigateway.aws_api_gateway_rest_api.gateway"
          ],
          "create_before_destroy": true
        }
      ]
    },
    {
      "module": "module.eliza-apigateway",
      "mode": "managed",
      "type": "aws_api_gateway_resource",
      "name": "proxy_resource",
      "provider": "provider[\"registry.terraform.io/hashicorp/aws\"]",
      "instances": [
        {
          "schema_version": 0,
          "attributes": {
            "id": "iohidz",
            "parent_id": "fmch2p9wl6",
            "path": "/{proxy+}",
            "path_part": "{proxy+}",
            "rest_api_id": "1b6uubl8je"
          },
          "sensitive_attributes": [],
          "private": "bnVsbA==",
          "dependencies": [
            "module.eliza-apigateway.aws_api_gateway_rest_api.gateway"
          ],
          "create_before_destroy": true
        }
      ]
    },
    {
      "module": "module.eliza-apigateway",
      "mode": "managed",
      "type": "aws_api_gateway_resource",
      "name": "testauth_resource",
      "provider": "provider[\"registry.terraform.io/hashicorp/aws\"]",
      "instances": [
        {
          "schema_version": 0,
          "attributes": {
            "id": "f6h2rp",
            "parent_id": "fmch2p9wl6",
            "path": "/testAuth",
            "path_part": "testAuth",
            "rest_api_id": "1b6uubl8je"
          },
          "sensitive_attributes": [],
          "private": "bnVsbA==",
          "dependencies": [
            "module.eliza-apigateway.aws_api_gateway_rest_api.gateway"
          ],
          "create_before_destroy": true
        }
      ]
    },
    {
      "module": "module.eliza-apigateway",
      "mode": "managed",
      "type": "aws_api_gateway_rest_api",
      "name": "gateway",
      "provider": "provider[\"registry.terraform.io/hashicorp/aws\"]",
      "instances": [
        {
          "schema_version": 0,
          "attributes": {
            "api_key_source": "HEADER",
            "arn": "arn:aws:apigateway:eu-central-1::/restapis/1b6uubl8je",
            "binary_media_types": [],
            "body": null,
            "created_date": "2025-03-25T19:22:36Z",
            "description": "Eliza API Gateway",
            "disable_execute_api_endpoint": false,
            "endpoint_configuration": [
              {
                "types": [
                  "EDGE"
                ],
                "vpc_endpoint_ids": []
              }
            ],
            "execution_arn": "arn:aws:execute-api:eu-central-1:686255952373:1b6uubl8je",
            "fail_on_warnings": null,
            "id": "1b6uubl8je",
            "minimum_compression_size": "",
            "name": "test1-eliza-gateway",
            "parameters": null,
            "policy": "",
            "put_rest_api_mode": null,
            "root_resource_id": "fmch2p9wl6",
            "tags": {},
            "tags_all": {}
          },
          "sensitive_attributes": [],
          "private": "bnVsbA==",
          "create_before_destroy": true
        }
      ]
    },
    {
      "module": "module.eliza-apigateway",
      "mode": "managed",
      "type": "aws_api_gateway_stage",
      "name": "gateway_stage",
      "provider": "provider[\"registry.terraform.io/hashicorp/aws\"]",
      "instances": [
        {
          "schema_version": 0,
          "attributes": {
            "access_log_settings": [
              {
                "destination_arn": "arn:aws:logs:eu-central-1:686255952373:log-group:/aws/apigateway/test1-eliza-gateway",
                "format": "{\"caller\":\"$context.identity.caller\",\"httpMethod\":\"$context.httpMethod\",\"ip\":\"$context.identity.sourceIp\",\"protocol\":\"$context.protocol\",\"requestId\":\"$context.requestId\",\"requestTime\":\"$context.requestTime\",\"resourcePath\":\"$context.resourcePath\",\"responseLength\":\"$context.responseLength\",\"status\":\"$context.status\",\"user\":\"$context.identity.user\"}"
              }
            ],
            "arn": "arn:aws:apigateway:eu-central-1::/restapis/1b6uubl8je/stages/test1",
            "cache_cluster_enabled": false,
            "cache_cluster_size": "",
            "canary_settings": [],
            "client_certificate_id": "",
            "deployment_id": "zypim7",
            "description": "",
            "documentation_version": "",
            "execution_arn": "arn:aws:execute-api:eu-central-1:686255952373:1b6uubl8je/test1",
            "id": "ags-1b6uubl8je-test1",
            "invoke_url": "https://1b6uubl8je.execute-api.eu-central-1.amazonaws.com/test1",
            "rest_api_id": "1b6uubl8je",
            "stage_name": "test1",
            "tags": {},
            "tags_all": {},
            "variables": {},
            "web_acl_arn": "",
            "xray_tracing_enabled": false
          },
          "sensitive_attributes": [],
          "private": "bnVsbA==",
          "dependencies": [
            "module.eliza-apigateway.aws_api_gateway_authorizer.eliza_authorizer",
            "module.eliza-apigateway.aws_api_gateway_deployment.gateway_deployment",
            "module.eliza-apigateway.aws_api_gateway_integration.login_integration",
            "module.eliza-apigateway.aws_api_gateway_integration.proxy_integration",
            "module.eliza-apigateway.aws_api_gateway_integration.test_integration",
            "module.eliza-apigateway.aws_api_gateway_method.login_method",
            "module.eliza-apigateway.aws_api_gateway_method.proxy_method",
            "module.eliza-apigateway.aws_api_gateway_method.test_auth_method",
            "module.eliza-apigateway.aws_api_gateway_resource.login_resource",
            "module.eliza-apigateway.aws_api_gateway_resource.proxy_resource",
            "module.eliza-apigateway.aws_api_gateway_resource.testauth_resource",
            "module.eliza-apigateway.aws_api_gateway_rest_api.gateway",
            "module.eliza-apigateway.aws_cloudwatch_log_group.api_gw_gateway",
            "module.eliza-apigateway.module.eliza_auth_authorizer.aws_cloudwatch_log_group.lambda",
            "module.eliza-apigateway.module.eliza_auth_authorizer.aws_iam_role.lambda",
            "module.eliza-apigateway.module.eliza_auth_authorizer.aws_iam_role_policy.additional_inline",
            "module.eliza-apigateway.module.eliza_auth_authorizer.aws_iam_role_policy.additional_json",
            "module.eliza-apigateway.module.eliza_auth_authorizer.aws_iam_role_policy.additional_jsons",
            "module.eliza-apigateway.module.eliza_auth_authorizer.aws_iam_role_policy.async",
            "module.eliza-apigateway.module.eliza_auth_authorizer.aws_iam_role_policy.dead_letter",
            "module.eliza-apigateway.module.eliza_auth_authorizer.aws_iam_role_policy.logs",
            "module.eliza-apigateway.module.eliza_auth_authorizer.aws_iam_role_policy.tracing",
            "module.eliza-apigateway.module.eliza_auth_authorizer.aws_iam_role_policy.vpc",
            "module.eliza-apigateway.module.eliza_auth_authorizer.aws_iam_role_policy_attachment.additional_many",
            "module.eliza-apigateway.module.eliza_auth_authorizer.aws_iam_role_policy_attachment.additional_one",
            "module.eliza-apigateway.module.eliza_auth_authorizer.aws_lambda_function.this",
            "module.eliza-apigateway.module.eliza_auth_authorizer.aws_s3_object.lambda_package",
            "module.eliza-apigateway.module.eliza_auth_authorizer.data.aws_arn.log_group_arn",
            "module.eliza-apigateway.module.eliza_auth_authorizer.data.aws_cloudwatch_log_group.lambda",
            "module.eliza-apigateway.module.eliza_auth_authorizer.data.aws_iam_policy.tracing",
            "module.eliza-apigateway.module.eliza_auth_authorizer.data.aws_iam_policy.vpc",
            "module.eliza-apigateway.module.eliza_auth_authorizer.data.aws_iam_policy_document.additional_inline",
            "module.eliza-apigateway.module.eliza_auth_authorizer.data.aws_iam_policy_document.assume_role",
            "module.eliza-apigateway.module.eliza_auth_authorizer.data.aws_iam_policy_document.async",
            "module.eliza-apigateway.module.eliza_auth_authorizer.data.aws_iam_policy_document.dead_letter",
            "module.eliza-apigateway.module.eliza_auth_authorizer.data.aws_iam_policy_document.logs",
            "module.eliza-apigateway.module.eliza_auth_authorizer.data.aws_partition.current",
            "module.eliza-apigateway.module.eliza_auth_authorizer.data.external.archive_prepare",
            "module.eliza-apigateway.module.eliza_auth_authorizer.local_file.archive_plan",
            "module.eliza-apigateway.module.eliza_auth_authorizer.null_resource.archive",
            "module.eliza-apigateway.module.eliza_auth_login.aws_cloudwatch_log_group.lambda",
            "module.eliza-apigateway.module.eliza_auth_login.aws_iam_role.lambda",
            "module.eliza-apigateway.module.eliza_auth_login.aws_iam_role_policy.additional_inline",
            "module.eliza-apigateway.module.eliza_auth_login.aws_iam_role_policy.additional_json",
            "module.eliza-apigateway.module.eliza_auth_login.aws_iam_role_policy.additional_jsons",
            "module.eliza-apigateway.module.eliza_auth_login.aws_iam_role_policy.async",
            "module.eliza-apigateway.module.eliza_auth_login.aws_iam_role_policy.dead_letter",
            "module.eliza-apigateway.module.eliza_auth_login.aws_iam_role_policy.logs",
            "module.eliza-apigateway.module.eliza_auth_login.aws_iam_role_policy.tracing",
            "module.eliza-apigateway.module.eliza_auth_login.aws_iam_role_policy.vpc",
            "module.eliza-apigateway.module.eliza_auth_login.aws_iam_role_policy_attachment.additional_many",
            "module.eliza-apigateway.module.eliza_auth_login.aws_iam_role_policy_attachment.additional_one",
            "module.eliza-apigateway.module.eliza_auth_login.aws_lambda_function.this",
            "module.eliza-apigateway.module.eliza_auth_login.aws_s3_object.lambda_package",
            "module.eliza-apigateway.module.eliza_auth_login.data.aws_arn.log_group_arn",
            "module.eliza-apigateway.module.eliza_auth_login.data.aws_cloudwatch_log_group.lambda",
            "module.eliza-apigateway.module.eliza_auth_login.data.aws_iam_policy.tracing",
            "module.eliza-apigateway.module.eliza_auth_login.data.aws_iam_policy.vpc",
            "module.eliza-apigateway.module.eliza_auth_login.data.aws_iam_policy_document.additional_inline",
            "module.eliza-apigateway.module.eliza_auth_login.data.aws_iam_policy_document.assume_role",
            "module.eliza-apigateway.module.eliza_auth_login.data.aws_iam_policy_document.async",
            "module.eliza-apigateway.module.eliza_auth_login.data.aws_iam_policy_document.dead_letter",
            "module.eliza-apigateway.module.eliza_auth_login.data.aws_iam_policy_document.logs",
            "module.eliza-apigateway.module.eliza_auth_login.data.aws_partition.current",
            "module.eliza-apigateway.module.eliza_auth_login.data.external.archive_prepare",
            "module.eliza-apigateway.module.eliza_auth_login.local_file.archive_plan",
            "module.eliza-apigateway.module.eliza_auth_login.null_resource.archive",
            "module.eliza-apigateway.module.eliza_auth_test.aws_cloudwatch_log_group.lambda",
            "module.eliza-apigateway.module.eliza_auth_test.aws_iam_role.lambda",
            "module.eliza-apigateway.module.eliza_auth_test.aws_iam_role_policy.additional_inline",
            "module.eliza-apigateway.module.eliza_auth_test.aws_iam_role_policy.additional_json",
            "module.eliza-apigateway.module.eliza_auth_test.aws_iam_role_policy.additional_jsons",
            "module.eliza-apigateway.module.eliza_auth_test.aws_iam_role_policy.async",
            "module.eliza-apigateway.module.eliza_auth_test.aws_iam_role_policy.dead_letter",
            "module.eliza-apigateway.module.eliza_auth_test.aws_iam_role_policy.logs",
            "module.eliza-apigateway.module.eliza_auth_test.aws_iam_role_policy.tracing",
            "module.eliza-apigateway.module.eliza_auth_test.aws_iam_role_policy.vpc",
            "module.eliza-apigateway.module.eliza_auth_test.aws_iam_role_policy_attachment.additional_many",
            "module.eliza-apigateway.module.eliza_auth_test.aws_iam_role_policy_attachment.additional_one",
            "module.eliza-apigateway.module.eliza_auth_test.aws_lambda_function.this",
            "module.eliza-apigateway.module.eliza_auth_test.aws_s3_object.lambda_package",
            "module.eliza-apigateway.module.eliza_auth_test.data.aws_arn.log_group_arn",
            "module.eliza-apigateway.module.eliza_auth_test.data.aws_cloudwatch_log_group.lambda",
            "module.eliza-apigateway.module.eliza_auth_test.data.aws_iam_policy.tracing",
            "module.eliza-apigateway.module.eliza_auth_test.data.aws_iam_policy.vpc",
            "module.eliza-apigateway.module.eliza_auth_test.data.aws_iam_policy_document.additional_inline",
            "module.eliza-apigateway.module.eliza_auth_test.data.aws_iam_policy_document.assume_role",
            "module.eliza-apigateway.module.eliza_auth_test.data.aws_iam_policy_document.async",
            "module.eliza-apigateway.module.eliza_auth_test.data.aws_iam_policy_document.dead_letter",
            "module.eliza-apigateway.module.eliza_auth_test.data.aws_iam_policy_document.logs",
            "module.eliza-apigateway.module.eliza_auth_test.data.aws_partition.current",
            "module.eliza-apigateway.module.eliza_auth_test.data.external.archive_prepare",
            "module.eliza-apigateway.module.eliza_auth_test.local_file.archive_plan",
            "module.eliza-apigateway.module.eliza_auth_test.null_resource.archive"
          ]
        }
      ]
    },
    {
      "module": "module.eliza-apigateway",
      "mode": "managed",
      "type": "aws_cloudwatch_log_group",
      "name": "api_gw_gateway",
      "provider": "provider[\"registry.terraform.io/hashicorp/aws\"]",
      "instances": [
        {
          "schema_version": 0,
          "attributes": {
            "arn": "arn:aws:logs:eu-central-1:686255952373:log-group:/aws/apigateway/test1-eliza-gateway",
            "id": "/aws/apigateway/test1-eliza-gateway",
            "kms_key_id": "",
            "log_group_class": "STANDARD",
            "name": "/aws/apigateway/test1-eliza-gateway",
            "name_prefix": "",
            "retention_in_days": 5,
            "skip_destroy": false,
            "tags": {},
            "tags_all": {}
          },
          "sensitive_attributes": [],
          "private": "bnVsbA==",
          "dependencies": [
            "module.eliza-apigateway.aws_api_gateway_rest_api.gateway"
          ]
        }
      ]
    },
    {
      "module": "module.eliza-apigateway",
      "mode": "managed",
      "type": "aws_iam_role",
      "name": "api_gateway_cloudwatch_role",
      "provider": "provider[\"registry.terraform.io/hashicorp/aws\"]",
      "instances": [
        {
          "schema_version": 0,
          "attributes": {
            "arn": "arn:aws:iam::686255952373:role/api_gateway_cloudwatch_role_test1",
            "assume_role_policy": "{\"Statement\":[{\"Action\":\"sts:AssumeRole\",\"Effect\":\"Allow\",\"Principal\":{\"Service\":\"apigateway.amazonaws.com\"}}],\"Version\":\"2012-10-17\"}",
            "create_date": "2025-03-25T19:22:37Z",
            "description": "",
            "force_detach_policies": false,
            "id": "api_gateway_cloudwatch_role_test1",
            "inline_policy": [
              {
                "name": "api_gateway_cloudwatch_policy",
                "policy": "{\"Version\":\"2012-10-17\",\"Statement\":[{\"Action\":[\"logs:CreateLogGroup\",\"logs:CreateLogStream\",\"logs:DescribeLogGroups\",\"logs:DescribeLogStreams\",\"logs:PutLogEvents\",\"logs:GetLogEvents\",\"logs:FilterLogEvents\"],\"Effect\":\"Allow\",\"Resource\":\"arn:aws:logs:*:*:*\"}]}"
              }
            ],
            "managed_policy_arns": [],
            "max_session_duration": 3600,
            "name": "api_gateway_cloudwatch_role_test1",
            "name_prefix": "",
            "path": "/",
            "permissions_boundary": "",
            "tags": {},
            "tags_all": {},
            "unique_id": "AROAZ7SAK2H2Z6S2LLIOI"
          },
          "sensitive_attributes": [],
          "private": "bnVsbA=="
        }
      ]
    },
    {
      "module": "module.eliza-apigateway",
      "mode": "managed",
      "type": "aws_iam_role_policy",
      "name": "api_gateway_cloudwatch_policy",
      "provider": "provider[\"registry.terraform.io/hashicorp/aws\"]",
      "instances": [
        {
          "schema_version": 0,
          "attributes": {
            "id": "api_gateway_cloudwatch_role_test1:api_gateway_cloudwatch_policy",
            "name": "api_gateway_cloudwatch_policy",
            "name_prefix": "",
            "policy": "{\"Version\":\"2012-10-17\",\"Statement\":[{\"Action\":[\"logs:CreateLogGroup\",\"logs:CreateLogStream\",\"logs:DescribeLogGroups\",\"logs:DescribeLogStreams\",\"logs:PutLogEvents\",\"logs:GetLogEvents\",\"logs:FilterLogEvents\"],\"Effect\":\"Allow\",\"Resource\":\"arn:aws:logs:*:*:*\"}]}",
            "role": "api_gateway_cloudwatch_role_test1"
          },
          "sensitive_attributes": [],
          "private": "bnVsbA==",
          "dependencies": [
            "module.eliza-apigateway.aws_iam_role.api_gateway_cloudwatch_role"
          ]
        }
      ]
    },
    {
      "module": "module.eliza-apigateway.module.eliza_auth_authorizer",
      "mode": "data",
      "type": "aws_caller_identity",
      "name": "current",
      "provider": "provider[\"registry.terraform.io/hashicorp/aws\"]",
      "instances": [
        {
          "schema_version": 0,
          "attributes": {
            "account_id": "686255952373",
            "arn": "arn:aws:iam::686255952373:user/conrado",
            "id": "686255952373",
            "user_id": "AIDAZ7SAK2H2RDHYGKR2U"
          },
          "sensitive_attributes": []
        }
      ]
    },
    {
      "module": "module.eliza-apigateway.module.eliza_auth_authorizer",
      "mode": "data",
      "type": "aws_iam_policy_document",
      "name": "assume_role",
      "provider": "provider[\"registry.terraform.io/hashicorp/aws\"]",
      "instances": [
        {
          "index_key": 0,
          "schema_version": 0,
          "attributes": {
            "id": "2690255455",
            "json": "{\n  \"Version\": \"2012-10-17\",\n  \"Statement\": [\n    {\n      \"Effect\": \"Allow\",\n      \"Action\": \"sts:AssumeRole\",\n      \"Principal\": {\n        \"Service\": \"lambda.amazonaws.com\"\n      }\n    }\n  ]\n}",
            "minified_json": "{\"Version\":\"2012-10-17\",\"Statement\":[{\"Effect\":\"Allow\",\"Action\":\"sts:AssumeRole\",\"Principal\":{\"Service\":\"lambda.amazonaws.com\"}}]}",
            "override_json": null,
            "override_policy_documents": null,
            "policy_id": null,
            "source_json": null,
            "source_policy_documents": null,
            "statement": [
              {
                "actions": [
                  "sts:AssumeRole"
                ],
                "condition": [],
                "effect": "Allow",
                "not_actions": [],
                "not_principals": [],
                "not_resources": [],
                "principals": [
                  {
                    "identifiers": [
                      "lambda.amazonaws.com"
                    ],
                    "type": "Service"
                  }
                ],
                "resources": [],
                "sid": ""
              }
            ],
            "version": "2012-10-17"
          },
          "sensitive_attributes": []
        }
      ]
    },
    {
      "module": "module.eliza-apigateway.module.eliza_auth_authorizer",
      "mode": "data",
      "type": "aws_iam_policy_document",
      "name": "logs",
      "provider": "provider[\"registry.terraform.io/hashicorp/aws\"]",
      "instances": [
        {
          "index_key": 0,
          "schema_version": 0,
          "attributes": {
            "id": "540889258",
            "json": "{\n  \"Version\": \"2012-10-17\",\n  \"Statement\": [\n    {\n      \"Effect\": \"Allow\",\n      \"Action\": [\n        \"logs:PutLogEvents\",\n        \"logs:CreateLogStream\",\n        \"logs:CreateLogGroup\"\n      ],\n      \"Resource\": [\n        \"arn:aws:logs:eu-central-1:686255952373:log-group:/aws/lambda/test1-eliza_auth_authorizer:*:*\",\n        \"arn:aws:logs:eu-central-1:686255952373:log-group:/aws/lambda/test1-eliza_auth_authorizer:*\"\n      ]\n    }\n  ]\n}",
            "minified_json": "{\"Version\":\"2012-10-17\",\"Statement\":[{\"Effect\":\"Allow\",\"Action\":[\"logs:PutLogEvents\",\"logs:CreateLogStream\",\"logs:CreateLogGroup\"],\"Resource\":[\"arn:aws:logs:eu-central-1:686255952373:log-group:/aws/lambda/test1-eliza_auth_authorizer:*:*\",\"arn:aws:logs:eu-central-1:686255952373:log-group:/aws/lambda/test1-eliza_auth_authorizer:*\"]}]}",
            "override_json": null,
            "override_policy_documents": null,
            "policy_id": null,
            "source_json": null,
            "source_policy_documents": null,
            "statement": [
              {
                "actions": [
                  "logs:CreateLogGroup",
                  "logs:CreateLogStream",
                  "logs:PutLogEvents"
                ],
                "condition": [],
                "effect": "Allow",
                "not_actions": [],
                "not_principals": [],
                "not_resources": [],
                "principals": [],
                "resources": [
                  "arn:aws:logs:eu-central-1:686255952373:log-group:/aws/lambda/test1-eliza_auth_authorizer:*",
                  "arn:aws:logs:eu-central-1:686255952373:log-group:/aws/lambda/test1-eliza_auth_authorizer:*:*"
                ],
                "sid": ""
              }
            ],
            "version": "2012-10-17"
          },
          "sensitive_attributes": []
        }
      ]
    },
    {
      "module": "module.eliza-apigateway.module.eliza_auth_authorizer",
      "mode": "data",
      "type": "aws_partition",
      "name": "current",
      "provider": "provider[\"registry.terraform.io/hashicorp/aws\"]",
      "instances": [
        {
          "schema_version": 0,
          "attributes": {
            "dns_suffix": "amazonaws.com",
            "id": "aws",
            "partition": "aws",
            "reverse_dns_prefix": "com.amazonaws"
          },
          "sensitive_attributes": []
        }
      ]
    },
    {
      "module": "module.eliza-apigateway.module.eliza_auth_authorizer",
      "mode": "data",
      "type": "aws_region",
      "name": "current",
      "provider": "provider[\"registry.terraform.io/hashicorp/aws\"]",
      "instances": [
        {
          "schema_version": 0,
          "attributes": {
            "description": "Europe (Frankfurt)",
            "endpoint": "ec2.eu-central-1.amazonaws.com",
            "id": "eu-central-1",
            "name": "eu-central-1"
          },
          "sensitive_attributes": []
        }
      ]
    },
    {
      "module": "module.eliza-apigateway.module.eliza_auth_authorizer",
      "mode": "data",
      "type": "external",
      "name": "archive_prepare",
      "provider": "provider[\"registry.terraform.io/hashicorp/external\"]",
      "instances": [
        {
          "index_key": 0,
          "schema_version": 0,
          "attributes": {
            "id": "-",
            "program": [
              "python3",
              ".terraform/modules/eliza-apigateway.eliza_auth_authorizer/package.py",
              "prepare"
            ],
            "query": {
              "artifacts_dir": "builds",
              "docker": "{\"docker_additional_options\":[],\"docker_build_root\":\"\",\"docker_entrypoint\":null,\"docker_file\":\"\",\"docker_image\":\"\",\"docker_pip_cache\":null,\"with_ssh_agent\":false}",
              "hash_extra": "",
              "hash_extra_paths": "[]",
              "paths": "{\"cwd\":\"/Users/conrado/Accounts/prism/eliza/eliza-infra/terraform/environments\",\"module\":\".terraform/modules/eliza-apigateway.eliza_auth_authorizer\",\"root\":\".\"}",
              "recreate_missing_package": "true",
              "runtime": "python3.13",
              "source_path": "\"../src/eliza_auth_authorizer\""
            },
            "result": {
              "build_plan": "{\"filename\": \"builds/89e2fcc66d2bf51495eedbd636ad64f6547dbe1aa9824b0dd0eb426a58d131f4.zip\", \"runtime\": \"python3.13\", \"artifacts_dir\": \"builds\", \"build_plan\": [[[\"pip\", \"python3.13\", \"../src/eliza_auth_authorizer/requirements.txt\", null, null], [\"zip\", \"../src/eliza_auth_authorizer\", null]]], \"docker\": {\"docker_additional_options\": [], \"docker_build_root\": \"\", \"docker_entrypoint\": null, \"docker_file\": \"\", \"docker_image\": \"\", \"docker_pip_cache\": null, \"with_ssh_agent\": false}}",
              "build_plan_filename": "builds/89e2fcc66d2bf51495eedbd636ad64f6547dbe1aa9824b0dd0eb426a58d131f4.plan.json",
              "filename": "builds/89e2fcc66d2bf51495eedbd636ad64f6547dbe1aa9824b0dd0eb426a58d131f4.zip",
              "timestamp": "1742652202864887000",
              "was_missing": "false"
            },
            "working_dir": null
          },
          "sensitive_attributes": []
        }
      ]
    },
    {
      "module": "module.eliza-apigateway.module.eliza_auth_authorizer",
      "mode": "managed",
      "type": "aws_cloudwatch_log_group",
      "name": "lambda",
      "provider": "provider[\"registry.terraform.io/hashicorp/aws\"]",
      "instances": [
        {
          "index_key": 0,
          "schema_version": 0,
          "attributes": {
            "arn": "arn:aws:logs:eu-central-1:686255952373:log-group:/aws/lambda/test1-eliza_auth_authorizer",
            "id": "/aws/lambda/test1-eliza_auth_authorizer",
            "kms_key_id": "",
            "log_group_class": "STANDARD",
            "name": "/aws/lambda/test1-eliza_auth_authorizer",
            "name_prefix": "",
            "retention_in_days": 0,
            "skip_destroy": false,
            "tags": {},
            "tags_all": {}
          },
          "sensitive_attributes": [],
          "private": "bnVsbA==",
          "create_before_destroy": true
        }
      ]
    },
    {
      "module": "module.eliza-apigateway.module.eliza_auth_authorizer",
      "mode": "managed",
      "type": "aws_iam_role",
      "name": "lambda",
      "provider": "provider[\"registry.terraform.io/hashicorp/aws\"]",
      "instances": [
        {
          "index_key": 0,
          "schema_version": 0,
          "attributes": {
            "arn": "arn:aws:iam::686255952373:role/test1-eliza_auth_authorizer",
            "assume_role_policy": "{\"Statement\":[{\"Action\":\"sts:AssumeRole\",\"Effect\":\"Allow\",\"Principal\":{\"Service\":\"lambda.amazonaws.com\"}}],\"Version\":\"2012-10-17\"}",
            "create_date": "2025-03-25T19:22:37Z",
            "description": "",
            "force_detach_policies": true,
            "id": "test1-eliza_auth_authorizer",
            "inline_policy": [
              {
                "name": "test1-eliza_auth_authorizer-logs",
                "policy": "{\"Version\":\"2012-10-17\",\"Statement\":[{\"Action\":[\"logs:PutLogEvents\",\"logs:CreateLogStream\",\"logs:CreateLogGroup\"],\"Effect\":\"Allow\",\"Resource\":[\"arn:aws:logs:eu-central-1:686255952373:log-group:/aws/lambda/test1-eliza_auth_authorizer:*:*\",\"arn:aws:logs:eu-central-1:686255952373:log-group:/aws/lambda/test1-eliza_auth_authorizer:*\"]}]}"
              }
            ],
            "managed_policy_arns": [
              "arn:aws:iam::aws:policy/AmazonSSMReadOnlyAccess"
            ],
            "max_session_duration": 3600,
            "name": "test1-eliza_auth_authorizer",
            "name_prefix": "",
            "path": "/",
            "permissions_boundary": "",
            "tags": {},
            "tags_all": {},
            "unique_id": "AROAZ7SAK2H26EELSLMFI"
          },
          "sensitive_attributes": [],
          "private": "bnVsbA==",
          "dependencies": [
            "module.eliza-apigateway.module.eliza_auth_authorizer.data.aws_iam_policy_document.assume_role"
          ],
          "create_before_destroy": true
        }
      ]
    },
    {
      "module": "module.eliza-apigateway.module.eliza_auth_authorizer",
      "mode": "managed",
      "type": "aws_iam_role_policy",
      "name": "logs",
      "provider": "provider[\"registry.terraform.io/hashicorp/aws\"]",
      "instances": [
        {
          "index_key": 0,
          "schema_version": 0,
          "attributes": {
            "id": "test1-eliza_auth_authorizer:test1-eliza_auth_authorizer-logs",
            "name": "test1-eliza_auth_authorizer-logs",
            "name_prefix": "",
            "policy": "{\"Version\":\"2012-10-17\",\"Statement\":[{\"Action\":[\"logs:PutLogEvents\",\"logs:CreateLogStream\",\"logs:CreateLogGroup\"],\"Effect\":\"Allow\",\"Resource\":[\"arn:aws:logs:eu-central-1:686255952373:log-group:/aws/lambda/test1-eliza_auth_authorizer:*:*\",\"arn:aws:logs:eu-central-1:686255952373:log-group:/aws/lambda/test1-eliza_auth_authorizer:*\"]}]}",
            "role": "test1-eliza_auth_authorizer"
          },
          "sensitive_attributes": [],
          "private": "bnVsbA==",
          "dependencies": [
            "module.eliza-apigateway.module.eliza_auth_authorizer.aws_cloudwatch_log_group.lambda",
            "module.eliza-apigateway.module.eliza_auth_authorizer.aws_iam_role.lambda",
            "module.eliza-apigateway.module.eliza_auth_authorizer.data.aws_arn.log_group_arn",
            "module.eliza-apigateway.module.eliza_auth_authorizer.data.aws_cloudwatch_log_group.lambda",
            "module.eliza-apigateway.module.eliza_auth_authorizer.data.aws_iam_policy_document.assume_role",
            "module.eliza-apigateway.module.eliza_auth_authorizer.data.aws_iam_policy_document.logs"
          ],
          "create_before_destroy": true
        }
      ]
    },
    {
      "module": "module.eliza-apigateway.module.eliza_auth_authorizer",
      "mode": "managed",
      "type": "aws_iam_role_policy_attachment",
      "name": "additional_many",
      "provider": "provider[\"registry.terraform.io/hashicorp/aws\"]",
      "instances": [
        {
          "index_key": 0,
          "schema_version": 0,
          "attributes": {
            "id": "test1-eliza_auth_authorizer-20250325192239928400000009",
            "policy_arn": "arn:aws:iam::aws:policy/AmazonSSMReadOnlyAccess",
            "role": "test1-eliza_auth_authorizer"
          },
          "sensitive_attributes": [],
          "private": "bnVsbA==",
          "dependencies": [
            "module.eliza-apigateway.module.eliza_auth_authorizer.aws_iam_role.lambda",
            "module.eliza-apigateway.module.eliza_auth_authorizer.data.aws_iam_policy_document.assume_role"
          ],
          "create_before_destroy": true
        }
      ]
    },
    {
      "module": "module.eliza-apigateway.module.eliza_auth_authorizer",
      "mode": "managed",
      "type": "aws_lambda_function",
      "name": "this",
      "provider": "provider[\"registry.terraform.io/hashicorp/aws\"]",
      "instances": [
        {
          "index_key": 0,
          "schema_version": 0,
          "attributes": {
            "architectures": [
              "x86_64"
            ],
            "arn": "arn:aws:lambda:eu-central-1:686255952373:function:test1-eliza_auth_authorizer",
            "code_sha256": "2i71YfOBZSWKeuUJg7kCQn8HyMAy6arpgTXRrkhenaY=",
            "code_signing_config_arn": "",
            "dead_letter_config": [],
            "description": "",
            "environment": [],
            "ephemeral_storage": [
              {
                "size": 512
              }
            ],
            "file_system_config": [],
            "filename": "builds/89e2fcc66d2bf51495eedbd636ad64f6547dbe1aa9824b0dd0eb426a58d131f4.zip",
            "function_name": "test1-eliza_auth_authorizer",
            "handler": "lambda_function.lambda_handler",
            "id": "test1-eliza_auth_authorizer",
            "image_config": [],
            "image_uri": "",
            "invoke_arn": "arn:aws:apigateway:eu-central-1:lambda:path/2015-03-31/functions/arn:aws:lambda:eu-central-1:686255952373:function:test1-eliza_auth_authorizer/invocations",
            "kms_key_arn": "",
            "last_modified": "2025-03-25T19:23:19.665+0000",
            "layers": [],
            "logging_config": [
              {
                "application_log_level": "",
                "log_format": "Text",
                "log_group": "/aws/lambda/test1-eliza_auth_authorizer",
                "system_log_level": ""
              }
            ],
            "memory_size": 128,
            "package_type": "Zip",
            "publish": true,
            "qualified_arn": "arn:aws:lambda:eu-central-1:686255952373:function:test1-eliza_auth_authorizer:1",
            "qualified_invoke_arn": "arn:aws:apigateway:eu-central-1:lambda:path/2015-03-31/functions/arn:aws:lambda:eu-central-1:686255952373:function:test1-eliza_auth_authorizer:1/invocations",
            "replace_security_groups_on_destroy": null,
            "replacement_security_group_ids": null,
            "reserved_concurrent_executions": -1,
            "role": "arn:aws:iam::686255952373:role/test1-eliza_auth_authorizer",
            "runtime": "python3.13",
            "s3_bucket": null,
            "s3_key": null,
            "s3_object_version": null,
            "signing_job_arn": "",
            "signing_profile_version_arn": "",
            "skip_destroy": false,
            "snap_start": [],
            "source_code_hash": "2i71YfOBZSWKeuUJg7kCQn8HyMAy6arpgTXRrkhenaY=",
            "source_code_size": 14194790,
            "tags": {
              "terraform-aws-modules": "lambda"
            },
            "tags_all": {
              "terraform-aws-modules": "lambda"
            },
            "timeout": 3,
            "timeouts": null,
            "tracing_config": [
              {
                "mode": "PassThrough"
              }
            ],
            "version": "1",
            "vpc_config": []
          },
          "sensitive_attributes": [],
          "private": "eyJlMmJmYjczMC1lY2FhLTExZTYtOGY4OC0zNDM2M2JjN2M0YzAiOnsiY3JlYXRlIjo2MDAwMDAwMDAwMDAsImRlbGV0ZSI6NjAwMDAwMDAwMDAwLCJ1cGRhdGUiOjYwMDAwMDAwMDAwMH19",
          "dependencies": [
            "module.eliza-apigateway.module.eliza_auth_authorizer.aws_cloudwatch_log_group.lambda",
            "module.eliza-apigateway.module.eliza_auth_authorizer.aws_iam_role.lambda",
            "module.eliza-apigateway.module.eliza_auth_authorizer.aws_iam_role_policy.additional_inline",
            "module.eliza-apigateway.module.eliza_auth_authorizer.aws_iam_role_policy.additional_json",
            "module.eliza-apigateway.module.eliza_auth_authorizer.aws_iam_role_policy.additional_jsons",
            "module.eliza-apigateway.module.eliza_auth_authorizer.aws_iam_role_policy.async",
            "module.eliza-apigateway.module.eliza_auth_authorizer.aws_iam_role_policy.dead_letter",
            "module.eliza-apigateway.module.eliza_auth_authorizer.aws_iam_role_policy.logs",
            "module.eliza-apigateway.module.eliza_auth_authorizer.aws_iam_role_policy.tracing",
            "module.eliza-apigateway.module.eliza_auth_authorizer.aws_iam_role_policy.vpc",
            "module.eliza-apigateway.module.eliza_auth_authorizer.aws_iam_role_policy_attachment.additional_many",
            "module.eliza-apigateway.module.eliza_auth_authorizer.aws_iam_role_policy_attachment.additional_one",
            "module.eliza-apigateway.module.eliza_auth_authorizer.aws_s3_object.lambda_package",
            "module.eliza-apigateway.module.eliza_auth_authorizer.data.aws_arn.log_group_arn",
            "module.eliza-apigateway.module.eliza_auth_authorizer.data.aws_cloudwatch_log_group.lambda",
            "module.eliza-apigateway.module.eliza_auth_authorizer.data.aws_iam_policy.tracing",
            "module.eliza-apigateway.module.eliza_auth_authorizer.data.aws_iam_policy.vpc",
            "module.eliza-apigateway.module.eliza_auth_authorizer.data.aws_iam_policy_document.additional_inline",
            "module.eliza-apigateway.module.eliza_auth_authorizer.data.aws_iam_policy_document.assume_role",
            "module.eliza-apigateway.module.eliza_auth_authorizer.data.aws_iam_policy_document.async",
            "module.eliza-apigateway.module.eliza_auth_authorizer.data.aws_iam_policy_document.dead_letter",
            "module.eliza-apigateway.module.eliza_auth_authorizer.data.aws_iam_policy_document.logs",
            "module.eliza-apigateway.module.eliza_auth_authorizer.data.aws_partition.current",
            "module.eliza-apigateway.module.eliza_auth_authorizer.data.external.archive_prepare",
            "module.eliza-apigateway.module.eliza_auth_authorizer.local_file.archive_plan",
            "module.eliza-apigateway.module.eliza_auth_authorizer.null_resource.archive"
          ],
          "create_before_destroy": true
        }
      ]
    },
    {
      "module": "module.eliza-apigateway.module.eliza_auth_authorizer",
      "mode": "managed",
      "type": "aws_lambda_permission",
      "name": "current_version_triggers",
      "provider": "provider[\"registry.terraform.io/hashicorp/aws\"]",
      "instances": [
        {
          "index_key": "APIGatewayAuthIntegration",
          "schema_version": 0,
          "attributes": {
            "action": "lambda:InvokeFunction",
            "event_source_token": null,
            "function_name": "test1-eliza_auth_authorizer",
            "function_url_auth_type": null,
            "id": "APIGatewayAuthIntegration20250325192349769300000037",
            "principal": "apigateway.amazonaws.com",
            "principal_org_id": null,
            "qualifier": "1",
            "source_account": null,
            "source_arn": "arn:aws:execute-api:eu-central-1:686255952373:1b6uubl8je/authorizers/8pmkfp",
            "statement_id": "APIGatewayAuthIntegration20250325192349769300000037",
            "statement_id_prefix": "APIGatewayAuthIntegration"
          },
          "sensitive_attributes": [],
          "private": "bnVsbA==",
          "dependencies": [
            "module.eliza-apigateway.aws_api_gateway_authorizer.eliza_authorizer",
            "module.eliza-apigateway.aws_api_gateway_rest_api.gateway",
            "module.eliza-apigateway.module.eliza_auth_authorizer.aws_cloudwatch_log_group.lambda",
            "module.eliza-apigateway.module.eliza_auth_authorizer.aws_iam_role.lambda",
            "module.eliza-apigateway.module.eliza_auth_authorizer.aws_iam_role_policy.additional_inline",
            "module.eliza-apigateway.module.eliza_auth_authorizer.aws_iam_role_policy.additional_json",
            "module.eliza-apigateway.module.eliza_auth_authorizer.aws_iam_role_policy.additional_jsons",
            "module.eliza-apigateway.module.eliza_auth_authorizer.aws_iam_role_policy.async",
            "module.eliza-apigateway.module.eliza_auth_authorizer.aws_iam_role_policy.dead_letter",
            "module.eliza-apigateway.module.eliza_auth_authorizer.aws_iam_role_policy.logs",
            "module.eliza-apigateway.module.eliza_auth_authorizer.aws_iam_role_policy.tracing",
            "module.eliza-apigateway.module.eliza_auth_authorizer.aws_iam_role_policy.vpc",
            "module.eliza-apigateway.module.eliza_auth_authorizer.aws_iam_role_policy_attachment.additional_many",
            "module.eliza-apigateway.module.eliza_auth_authorizer.aws_iam_role_policy_attachment.additional_one",
            "module.eliza-apigateway.module.eliza_auth_authorizer.aws_lambda_function.this",
            "module.eliza-apigateway.module.eliza_auth_authorizer.aws_s3_object.lambda_package",
            "module.eliza-apigateway.module.eliza_auth_authorizer.data.aws_arn.log_group_arn",
            "module.eliza-apigateway.module.eliza_auth_authorizer.data.aws_cloudwatch_log_group.lambda",
            "module.eliza-apigateway.module.eliza_auth_authorizer.data.aws_iam_policy.tracing",
            "module.eliza-apigateway.module.eliza_auth_authorizer.data.aws_iam_policy.vpc",
            "module.eliza-apigateway.module.eliza_auth_authorizer.data.aws_iam_policy_document.additional_inline",
            "module.eliza-apigateway.module.eliza_auth_authorizer.data.aws_iam_policy_document.assume_role",
            "module.eliza-apigateway.module.eliza_auth_authorizer.data.aws_iam_policy_document.async",
            "module.eliza-apigateway.module.eliza_auth_authorizer.data.aws_iam_policy_document.dead_letter",
            "module.eliza-apigateway.module.eliza_auth_authorizer.data.aws_iam_policy_document.logs",
            "module.eliza-apigateway.module.eliza_auth_authorizer.data.aws_partition.current",
            "module.eliza-apigateway.module.eliza_auth_authorizer.data.external.archive_prepare",
            "module.eliza-apigateway.module.eliza_auth_authorizer.local_file.archive_plan",
            "module.eliza-apigateway.module.eliza_auth_authorizer.null_resource.archive"
          ],
          "create_before_destroy": true
        },
        {
          "index_key": "testAuth",
          "schema_version": 0,
          "attributes": {
            "action": "lambda:InvokeFunction",
            "event_source_token": null,
            "function_name": "test1-eliza_auth_authorizer",
            "function_url_auth_type": null,
            "id": "testAuth20250325192349425100000036",
            "principal": "apigateway.amazonaws.com",
            "principal_org_id": null,
            "qualifier": "1",
            "source_account": null,
            "source_arn": "arn:aws:execute-api:eu-central-1:686255952373:1b6uubl8je/*/GET/testAuth",
            "statement_id": "testAuth20250325192349425100000036",
            "statement_id_prefix": "testAuth"
          },
          "sensitive_attributes": [],
          "private": "bnVsbA==",
          "dependencies": [
            "module.eliza-apigateway.aws_api_gateway_authorizer.eliza_authorizer",
            "module.eliza-apigateway.aws_api_gateway_rest_api.gateway",
            "module.eliza-apigateway.module.eliza_auth_authorizer.aws_cloudwatch_log_group.lambda",
            "module.eliza-apigateway.module.eliza_auth_authorizer.aws_iam_role.lambda",
            "module.eliza-apigateway.module.eliza_auth_authorizer.aws_iam_role_policy.additional_inline",
            "module.eliza-apigateway.module.eliza_auth_authorizer.aws_iam_role_policy.additional_json",
            "module.eliza-apigateway.module.eliza_auth_authorizer.aws_iam_role_policy.additional_jsons",
            "module.eliza-apigateway.module.eliza_auth_authorizer.aws_iam_role_policy.async",
            "module.eliza-apigateway.module.eliza_auth_authorizer.aws_iam_role_policy.dead_letter",
            "module.eliza-apigateway.module.eliza_auth_authorizer.aws_iam_role_policy.logs",
            "module.eliza-apigateway.module.eliza_auth_authorizer.aws_iam_role_policy.tracing",
            "module.eliza-apigateway.module.eliza_auth_authorizer.aws_iam_role_policy.vpc",
            "module.eliza-apigateway.module.eliza_auth_authorizer.aws_iam_role_policy_attachment.additional_many",
            "module.eliza-apigateway.module.eliza_auth_authorizer.aws_iam_role_policy_attachment.additional_one",
            "module.eliza-apigateway.module.eliza_auth_authorizer.aws_lambda_function.this",
            "module.eliza-apigateway.module.eliza_auth_authorizer.aws_s3_object.lambda_package",
            "module.eliza-apigateway.module.eliza_auth_authorizer.data.aws_arn.log_group_arn",
            "module.eliza-apigateway.module.eliza_auth_authorizer.data.aws_cloudwatch_log_group.lambda",
            "module.eliza-apigateway.module.eliza_auth_authorizer.data.aws_iam_policy.tracing",
            "module.eliza-apigateway.module.eliza_auth_authorizer.data.aws_iam_policy.vpc",
            "module.eliza-apigateway.module.eliza_auth_authorizer.data.aws_iam_policy_document.additional_inline",
            "module.eliza-apigateway.module.eliza_auth_authorizer.data.aws_iam_policy_document.assume_role",
            "module.eliza-apigateway.module.eliza_auth_authorizer.data.aws_iam_policy_document.async",
            "module.eliza-apigateway.module.eliza_auth_authorizer.data.aws_iam_policy_document.dead_letter",
            "module.eliza-apigateway.module.eliza_auth_authorizer.data.aws_iam_policy_document.logs",
            "module.eliza-apigateway.module.eliza_auth_authorizer.data.aws_partition.current",
            "module.eliza-apigateway.module.eliza_auth_authorizer.data.external.archive_prepare",
            "module.eliza-apigateway.module.eliza_auth_authorizer.local_file.archive_plan",
            "module.eliza-apigateway.module.eliza_auth_authorizer.null_resource.archive"
          ],
          "create_before_destroy": true
        }
      ]
    },
    {
      "module": "module.eliza-apigateway.module.eliza_auth_authorizer",
      "mode": "managed",
      "type": "aws_lambda_permission",
      "name": "unqualified_alias_triggers",
      "provider": "provider[\"registry.terraform.io/hashicorp/aws\"]",
      "instances": [
        {
          "index_key": "APIGatewayAuthIntegration",
          "schema_version": 0,
          "attributes": {
            "action": "lambda:InvokeFunction",
            "event_source_token": null,
            "function_name": "test1-eliza_auth_authorizer",
            "function_url_auth_type": null,
            "id": "APIGatewayAuthIntegration20250325192348026700000034",
            "principal": "apigateway.amazonaws.com",
            "principal_org_id": null,
            "qualifier": "",
            "source_account": null,
            "source_arn": "arn:aws:execute-api:eu-central-1:686255952373:1b6uubl8je/authorizers/8pmkfp",
            "statement_id": "APIGatewayAuthIntegration20250325192348026700000034",
            "statement_id_prefix": "APIGatewayAuthIntegration"
          },
          "sensitive_attributes": [],
          "private": "bnVsbA==",
          "dependencies": [
            "module.eliza-apigateway.aws_api_gateway_authorizer.eliza_authorizer",
            "module.eliza-apigateway.aws_api_gateway_rest_api.gateway",
            "module.eliza-apigateway.module.eliza_auth_authorizer.aws_cloudwatch_log_group.lambda",
            "module.eliza-apigateway.module.eliza_auth_authorizer.aws_iam_role.lambda",
            "module.eliza-apigateway.module.eliza_auth_authorizer.aws_iam_role_policy.additional_inline",
            "module.eliza-apigateway.module.eliza_auth_authorizer.aws_iam_role_policy.additional_json",
            "module.eliza-apigateway.module.eliza_auth_authorizer.aws_iam_role_policy.additional_jsons",
            "module.eliza-apigateway.module.eliza_auth_authorizer.aws_iam_role_policy.async",
            "module.eliza-apigateway.module.eliza_auth_authorizer.aws_iam_role_policy.dead_letter",
            "module.eliza-apigateway.module.eliza_auth_authorizer.aws_iam_role_policy.logs",
            "module.eliza-apigateway.module.eliza_auth_authorizer.aws_iam_role_policy.tracing",
            "module.eliza-apigateway.module.eliza_auth_authorizer.aws_iam_role_policy.vpc",
            "module.eliza-apigateway.module.eliza_auth_authorizer.aws_iam_role_policy_attachment.additional_many",
            "module.eliza-apigateway.module.eliza_auth_authorizer.aws_iam_role_policy_attachment.additional_one",
            "module.eliza-apigateway.module.eliza_auth_authorizer.aws_lambda_function.this",
            "module.eliza-apigateway.module.eliza_auth_authorizer.aws_s3_object.lambda_package",
            "module.eliza-apigateway.module.eliza_auth_authorizer.data.aws_arn.log_group_arn",
            "module.eliza-apigateway.module.eliza_auth_authorizer.data.aws_cloudwatch_log_group.lambda",
            "module.eliza-apigateway.module.eliza_auth_authorizer.data.aws_iam_policy.tracing",
            "module.eliza-apigateway.module.eliza_auth_authorizer.data.aws_iam_policy.vpc",
            "module.eliza-apigateway.module.eliza_auth_authorizer.data.aws_iam_policy_document.additional_inline",
            "module.eliza-apigateway.module.eliza_auth_authorizer.data.aws_iam_policy_document.assume_role",
            "module.eliza-apigateway.module.eliza_auth_authorizer.data.aws_iam_policy_document.async",
            "module.eliza-apigateway.module.eliza_auth_authorizer.data.aws_iam_policy_document.dead_letter",
            "module.eliza-apigateway.module.eliza_auth_authorizer.data.aws_iam_policy_document.logs",
            "module.eliza-apigateway.module.eliza_auth_authorizer.data.aws_partition.current",
            "module.eliza-apigateway.module.eliza_auth_authorizer.data.external.archive_prepare",
            "module.eliza-apigateway.module.eliza_auth_authorizer.local_file.archive_plan",
            "module.eliza-apigateway.module.eliza_auth_authorizer.null_resource.archive"
          ],
          "create_before_destroy": true
        },
        {
          "index_key": "testAuth",
          "schema_version": 0,
          "attributes": {
            "action": "lambda:InvokeFunction",
            "event_source_token": null,
            "function_name": "test1-eliza_auth_authorizer",
            "function_url_auth_type": null,
            "id": "testAuth20250325192348561300000035",
            "principal": "apigateway.amazonaws.com",
            "principal_org_id": null,
            "qualifier": "",
            "source_account": null,
            "source_arn": "arn:aws:execute-api:eu-central-1:686255952373:1b6uubl8je/*/GET/testAuth",
            "statement_id": "testAuth20250325192348561300000035",
            "statement_id_prefix": "testAuth"
          },
          "sensitive_attributes": [],
          "private": "bnVsbA==",
          "dependencies": [
            "module.eliza-apigateway.aws_api_gateway_authorizer.eliza_authorizer",
            "module.eliza-apigateway.aws_api_gateway_rest_api.gateway",
            "module.eliza-apigateway.module.eliza_auth_authorizer.aws_cloudwatch_log_group.lambda",
            "module.eliza-apigateway.module.eliza_auth_authorizer.aws_iam_role.lambda",
            "module.eliza-apigateway.module.eliza_auth_authorizer.aws_iam_role_policy.additional_inline",
            "module.eliza-apigateway.module.eliza_auth_authorizer.aws_iam_role_policy.additional_json",
            "module.eliza-apigateway.module.eliza_auth_authorizer.aws_iam_role_policy.additional_jsons",
            "module.eliza-apigateway.module.eliza_auth_authorizer.aws_iam_role_policy.async",
            "module.eliza-apigateway.module.eliza_auth_authorizer.aws_iam_role_policy.dead_letter",
            "module.eliza-apigateway.module.eliza_auth_authorizer.aws_iam_role_policy.logs",
            "module.eliza-apigateway.module.eliza_auth_authorizer.aws_iam_role_policy.tracing",
            "module.eliza-apigateway.module.eliza_auth_authorizer.aws_iam_role_policy.vpc",
            "module.eliza-apigateway.module.eliza_auth_authorizer.aws_iam_role_policy_attachment.additional_many",
            "module.eliza-apigateway.module.eliza_auth_authorizer.aws_iam_role_policy_attachment.additional_one",
            "module.eliza-apigateway.module.eliza_auth_authorizer.aws_lambda_function.this",
            "module.eliza-apigateway.module.eliza_auth_authorizer.aws_s3_object.lambda_package",
            "module.eliza-apigateway.module.eliza_auth_authorizer.data.aws_arn.log_group_arn",
            "module.eliza-apigateway.module.eliza_auth_authorizer.data.aws_cloudwatch_log_group.lambda",
            "module.eliza-apigateway.module.eliza_auth_authorizer.data.aws_iam_policy.tracing",
            "module.eliza-apigateway.module.eliza_auth_authorizer.data.aws_iam_policy.vpc",
            "module.eliza-apigateway.module.eliza_auth_authorizer.data.aws_iam_policy_document.additional_inline",
            "module.eliza-apigateway.module.eliza_auth_authorizer.data.aws_iam_policy_document.assume_role",
            "module.eliza-apigateway.module.eliza_auth_authorizer.data.aws_iam_policy_document.async",
            "module.eliza-apigateway.module.eliza_auth_authorizer.data.aws_iam_policy_document.dead_letter",
            "module.eliza-apigateway.module.eliza_auth_authorizer.data.aws_iam_policy_document.logs",
            "module.eliza-apigateway.module.eliza_auth_authorizer.data.aws_partition.current",
            "module.eliza-apigateway.module.eliza_auth_authorizer.data.external.archive_prepare",
            "module.eliza-apigateway.module.eliza_auth_authorizer.local_file.archive_plan",
            "module.eliza-apigateway.module.eliza_auth_authorizer.null_resource.archive"
          ],
          "create_before_destroy": true
        }
      ]
    },
    {
      "module": "module.eliza-apigateway.module.eliza_auth_authorizer",
      "mode": "managed",
      "type": "local_file",
      "name": "archive_plan",
      "provider": "provider[\"registry.terraform.io/hashicorp/local\"]",
      "instances": [
        {
          "index_key": 0,
          "schema_version": 0,
          "attributes": {
            "content": "{\"filename\": \"builds/89e2fcc66d2bf51495eedbd636ad64f6547dbe1aa9824b0dd0eb426a58d131f4.zip\", \"runtime\": \"python3.13\", \"artifacts_dir\": \"builds\", \"build_plan\": [[[\"pip\", \"python3.13\", \"../src/eliza_auth_authorizer/requirements.txt\", null, null], [\"zip\", \"../src/eliza_auth_authorizer\", null]]], \"docker\": {\"docker_additional_options\": [], \"docker_build_root\": \"\", \"docker_entrypoint\": null, \"docker_file\": \"\", \"docker_image\": \"\", \"docker_pip_cache\": null, \"with_ssh_agent\": false}}",
            "content_base64": null,
            "content_base64sha256": "DtcEBwSPZ0i6EOo8U5XwFhG5O8a0V8MklL5viEcspYI=",
            "content_base64sha512": "o6TrTPVU0QvGmr+Tu+BqC0C5cHfrrByiCpHhslwHolImKAZeIco7Qxi8ZxQvRbdX4Rcq+mCxAEHkaEF7mQVzJw==",
            "content_md5": "6434263683e78bd21d166e5e420772f1",
            "content_sha1": "c73f527aa901479a0aed06a11cdb38bd8e9dd77e",
            "content_sha256": "0ed70407048f6748ba10ea3c5395f01611b93bc6b457c32494be6f88472ca582",
            "content_sha512": "a3a4eb4cf554d10bc69abf93bbe06a0b40b97077ebac1ca20a91e1b25c07a2522628065e21ca3b4318bc67142f45b757e1172afa60b10041e468417b99057327",
            "directory_permission": "0755",
            "file_permission": "0644",
            "filename": "builds/89e2fcc66d2bf51495eedbd636ad64f6547dbe1aa9824b0dd0eb426a58d131f4.plan.json",
            "id": "c73f527aa901479a0aed06a11cdb38bd8e9dd77e",
            "sensitive_content": null,
            "source": null
          },
          "sensitive_attributes": [
            [
              {
                "type": "get_attr",
                "value": "sensitive_content"
              }
            ]
          ],
          "dependencies": [
            "module.eliza-apigateway.module.eliza_auth_authorizer.data.external.archive_prepare"
          ],
          "create_before_destroy": true
        }
      ]
    },
    {
      "module": "module.eliza-apigateway.module.eliza_auth_authorizer",
      "mode": "managed",
      "type": "null_resource",
      "name": "archive",
      "provider": "provider[\"registry.terraform.io/hashicorp/null\"]",
      "instances": [
        {
          "index_key": 0,
          "schema_version": 0,
          "attributes": {
            "id": "4768443536692850775",
            "triggers": {
              "filename": "builds/89e2fcc66d2bf51495eedbd636ad64f6547dbe1aa9824b0dd0eb426a58d131f4.zip",
              "timestamp": "1742652202864887000"
            }
          },
          "sensitive_attributes": [],
          "dependencies": [
            "module.eliza-apigateway.module.eliza_auth_authorizer.data.external.archive_prepare",
            "module.eliza-apigateway.module.eliza_auth_authorizer.local_file.archive_plan"
          ],
          "create_before_destroy": true
        }
      ]
    },
    {
      "module": "module.eliza-apigateway.module.eliza_auth_login",
      "mode": "data",
      "type": "aws_caller_identity",
      "name": "current",
      "provider": "provider[\"registry.terraform.io/hashicorp/aws\"]",
      "instances": [
        {
          "schema_version": 0,
          "attributes": {
            "account_id": "686255952373",
            "arn": "arn:aws:iam::686255952373:user/conrado",
            "id": "686255952373",
            "user_id": "AIDAZ7SAK2H2RDHYGKR2U"
          },
          "sensitive_attributes": []
        }
      ]
    },
    {
      "module": "module.eliza-apigateway.module.eliza_auth_login",
      "mode": "data",
      "type": "aws_iam_policy_document",
      "name": "assume_role",
      "provider": "provider[\"registry.terraform.io/hashicorp/aws\"]",
      "instances": [
        {
          "index_key": 0,
          "schema_version": 0,
          "attributes": {
            "id": "2690255455",
            "json": "{\n  \"Version\": \"2012-10-17\",\n  \"Statement\": [\n    {\n      \"Effect\": \"Allow\",\n      \"Action\": \"sts:AssumeRole\",\n      \"Principal\": {\n        \"Service\": \"lambda.amazonaws.com\"\n      }\n    }\n  ]\n}",
            "minified_json": "{\"Version\":\"2012-10-17\",\"Statement\":[{\"Effect\":\"Allow\",\"Action\":\"sts:AssumeRole\",\"Principal\":{\"Service\":\"lambda.amazonaws.com\"}}]}",
            "override_json": null,
            "override_policy_documents": null,
            "policy_id": null,
            "source_json": null,
            "source_policy_documents": null,
            "statement": [
              {
                "actions": [
                  "sts:AssumeRole"
                ],
                "condition": [],
                "effect": "Allow",
                "not_actions": [],
                "not_principals": [],
                "not_resources": [],
                "principals": [
                  {
                    "identifiers": [
                      "lambda.amazonaws.com"
                    ],
                    "type": "Service"
                  }
                ],
                "resources": [],
                "sid": ""
              }
            ],
            "version": "2012-10-17"
          },
          "sensitive_attributes": []
        }
      ]
    },
    {
      "module": "module.eliza-apigateway.module.eliza_auth_login",
      "mode": "data",
      "type": "aws_iam_policy_document",
      "name": "logs",
      "provider": "provider[\"registry.terraform.io/hashicorp/aws\"]",
      "instances": [
        {
          "index_key": 0,
          "schema_version": 0,
          "attributes": {
            "id": "3449999043",
            "json": "{\n  \"Version\": \"2012-10-17\",\n  \"Statement\": [\n    {\n      \"Effect\": \"Allow\",\n      \"Action\": [\n        \"logs:PutLogEvents\",\n        \"logs:CreateLogStream\",\n        \"logs:CreateLogGroup\"\n      ],\n      \"Resource\": [\n        \"arn:aws:logs:eu-central-1:686255952373:log-group:/aws/lambda/test1-eliza_auth_login:*:*\",\n        \"arn:aws:logs:eu-central-1:686255952373:log-group:/aws/lambda/test1-eliza_auth_login:*\"\n      ]\n    }\n  ]\n}",
            "minified_json": "{\"Version\":\"2012-10-17\",\"Statement\":[{\"Effect\":\"Allow\",\"Action\":[\"logs:PutLogEvents\",\"logs:CreateLogStream\",\"logs:CreateLogGroup\"],\"Resource\":[\"arn:aws:logs:eu-central-1:686255952373:log-group:/aws/lambda/test1-eliza_auth_login:*:*\",\"arn:aws:logs:eu-central-1:686255952373:log-group:/aws/lambda/test1-eliza_auth_login:*\"]}]}",
            "override_json": null,
            "override_policy_documents": null,
            "policy_id": null,
            "source_json": null,
            "source_policy_documents": null,
            "statement": [
              {
                "actions": [
                  "logs:CreateLogGroup",
                  "logs:CreateLogStream",
                  "logs:PutLogEvents"
                ],
                "condition": [],
                "effect": "Allow",
                "not_actions": [],
                "not_principals": [],
                "not_resources": [],
                "principals": [],
                "resources": [
                  "arn:aws:logs:eu-central-1:686255952373:log-group:/aws/lambda/test1-eliza_auth_login:*",
                  "arn:aws:logs:eu-central-1:686255952373:log-group:/aws/lambda/test1-eliza_auth_login:*:*"
                ],
                "sid": ""
              }
            ],
            "version": "2012-10-17"
          },
          "sensitive_attributes": []
        }
      ]
    },
    {
      "module": "module.eliza-apigateway.module.eliza_auth_login",
      "mode": "data",
      "type": "aws_partition",
      "name": "current",
      "provider": "provider[\"registry.terraform.io/hashicorp/aws\"]",
      "instances": [
        {
          "schema_version": 0,
          "attributes": {
            "dns_suffix": "amazonaws.com",
            "id": "aws",
            "partition": "aws",
            "reverse_dns_prefix": "com.amazonaws"
          },
          "sensitive_attributes": []
        }
      ]
    },
    {
      "module": "module.eliza-apigateway.module.eliza_auth_login",
      "mode": "data",
      "type": "aws_region",
      "name": "current",
      "provider": "provider[\"registry.terraform.io/hashicorp/aws\"]",
      "instances": [
        {
          "schema_version": 0,
          "attributes": {
            "description": "Europe (Frankfurt)",
            "endpoint": "ec2.eu-central-1.amazonaws.com",
            "id": "eu-central-1",
            "name": "eu-central-1"
          },
          "sensitive_attributes": []
        }
      ]
    },
    {
      "module": "module.eliza-apigateway.module.eliza_auth_login",
      "mode": "data",
      "type": "external",
      "name": "archive_prepare",
      "provider": "provider[\"registry.terraform.io/hashicorp/external\"]",
      "instances": [
        {
          "index_key": 0,
          "schema_version": 0,
          "attributes": {
            "id": "-",
            "program": [
              "python3",
              ".terraform/modules/eliza-apigateway.eliza_auth_login/package.py",
              "prepare"
            ],
            "query": {
              "artifacts_dir": "builds",
              "docker": "{\"docker_additional_options\":[],\"docker_build_root\":\"\",\"docker_entrypoint\":null,\"docker_file\":\"\",\"docker_image\":\"\",\"docker_pip_cache\":null,\"with_ssh_agent\":false}",
              "hash_extra": "",
              "hash_extra_paths": "[]",
              "paths": "{\"cwd\":\"/Users/conrado/Accounts/prism/eliza/eliza-infra/terraform/environments\",\"module\":\".terraform/modules/eliza-apigateway.eliza_auth_login\",\"root\":\".\"}",
              "recreate_missing_package": "true",
              "runtime": "python3.13",
              "source_path": "\"../src/eliza_auth_login\""
            },
            "result": {
              "build_plan": "{\"filename\": \"builds/8f776990aa7208748a6b3ed902d015cbd2913363a8943739f1e9ec0dfc10ddd6.zip\", \"runtime\": \"python3.13\", \"artifacts_dir\": \"builds\", \"build_plan\": [[[\"pip\", \"python3.13\", \"../src/eliza_auth_login/requirements.txt\", null, null], [\"zip\", \"../src/eliza_auth_login\", null]]], \"docker\": {\"docker_additional_options\": [], \"docker_build_root\": \"\", \"docker_entrypoint\": null, \"docker_file\": \"\", \"docker_image\": \"\", \"docker_pip_cache\": null, \"with_ssh_agent\": false}}",
              "build_plan_filename": "builds/8f776990aa7208748a6b3ed902d015cbd2913363a8943739f1e9ec0dfc10ddd6.plan.json",
              "filename": "builds/8f776990aa7208748a6b3ed902d015cbd2913363a8943739f1e9ec0dfc10ddd6.zip",
              "timestamp": "1742914999120171000",
              "was_missing": "false"
            },
            "working_dir": null
          },
          "sensitive_attributes": []
        }
      ]
    },
    {
      "module": "module.eliza-apigateway.module.eliza_auth_login",
      "mode": "managed",
      "type": "aws_cloudwatch_log_group",
      "name": "lambda",
      "provider": "provider[\"registry.terraform.io/hashicorp/aws\"]",
      "instances": [
        {
          "index_key": 0,
          "schema_version": 0,
          "attributes": {
            "arn": "arn:aws:logs:eu-central-1:686255952373:log-group:/aws/lambda/test1-eliza_auth_login",
            "id": "/aws/lambda/test1-eliza_auth_login",
            "kms_key_id": "",
            "log_group_class": "STANDARD",
            "name": "/aws/lambda/test1-eliza_auth_login",
            "name_prefix": "",
            "retention_in_days": 0,
            "skip_destroy": false,
            "tags": {},
            "tags_all": {}
          },
          "sensitive_attributes": [],
          "private": "bnVsbA==",
          "create_before_destroy": true
        }
      ]
    },
    {
      "module": "module.eliza-apigateway.module.eliza_auth_login",
      "mode": "managed",
      "type": "aws_iam_role",
      "name": "lambda",
      "provider": "provider[\"registry.terraform.io/hashicorp/aws\"]",
      "instances": [
        {
          "index_key": 0,
          "schema_version": 0,
          "attributes": {
            "arn": "arn:aws:iam::686255952373:role/test1-eliza_auth_login",
            "assume_role_policy": "{\"Statement\":[{\"Action\":\"sts:AssumeRole\",\"Effect\":\"Allow\",\"Principal\":{\"Service\":\"lambda.amazonaws.com\"}}],\"Version\":\"2012-10-17\"}",
            "create_date": "2025-03-25T19:22:37Z",
            "description": "",
            "force_detach_policies": true,
            "id": "test1-eliza_auth_login",
            "inline_policy": [
              {
                "name": "test1-eliza_auth_login-logs",
                "policy": "{\"Version\":\"2012-10-17\",\"Statement\":[{\"Action\":[\"logs:PutLogEvents\",\"logs:CreateLogStream\",\"logs:CreateLogGroup\"],\"Effect\":\"Allow\",\"Resource\":[\"arn:aws:logs:eu-central-1:686255952373:log-group:/aws/lambda/test1-eliza_auth_login:*:*\",\"arn:aws:logs:eu-central-1:686255952373:log-group:/aws/lambda/test1-eliza_auth_login:*\"]}]}"
              }
            ],
            "managed_policy_arns": [
              "arn:aws:iam::aws:policy/AmazonSSMReadOnlyAccess"
            ],
            "max_session_duration": 3600,
            "name": "test1-eliza_auth_login",
            "name_prefix": "",
            "path": "/",
            "permissions_boundary": "",
            "tags": {},
            "tags_all": {},
            "unique_id": "AROAZ7SAK2H2QSA7AN66Z"
          },
          "sensitive_attributes": [],
          "private": "bnVsbA==",
          "dependencies": [
            "module.eliza-apigateway.module.eliza_auth_login.data.aws_iam_policy_document.assume_role"
          ],
          "create_before_destroy": true
        }
      ]
    },
    {
      "module": "module.eliza-apigateway.module.eliza_auth_login",
      "mode": "managed",
      "type": "aws_iam_role_policy",
      "name": "logs",
      "provider": "provider[\"registry.terraform.io/hashicorp/aws\"]",
      "instances": [
        {
          "index_key": 0,
          "schema_version": 0,
          "attributes": {
            "id": "test1-eliza_auth_login:test1-eliza_auth_login-logs",
            "name": "test1-eliza_auth_login-logs",
            "name_prefix": "",
            "policy": "{\"Version\":\"2012-10-17\",\"Statement\":[{\"Action\":[\"logs:PutLogEvents\",\"logs:CreateLogStream\",\"logs:CreateLogGroup\"],\"Effect\":\"Allow\",\"Resource\":[\"arn:aws:logs:eu-central-1:686255952373:log-group:/aws/lambda/test1-eliza_auth_login:*:*\",\"arn:aws:logs:eu-central-1:686255952373:log-group:/aws/lambda/test1-eliza_auth_login:*\"]}]}",
            "role": "test1-eliza_auth_login"
          },
          "sensitive_attributes": [],
          "private": "bnVsbA==",
          "dependencies": [
            "module.eliza-apigateway.module.eliza_auth_login.aws_cloudwatch_log_group.lambda",
            "module.eliza-apigateway.module.eliza_auth_login.aws_iam_role.lambda",
            "module.eliza-apigateway.module.eliza_auth_login.data.aws_arn.log_group_arn",
            "module.eliza-apigateway.module.eliza_auth_login.data.aws_cloudwatch_log_group.lambda",
            "module.eliza-apigateway.module.eliza_auth_login.data.aws_iam_policy_document.assume_role",
            "module.eliza-apigateway.module.eliza_auth_login.data.aws_iam_policy_document.logs"
          ],
          "create_before_destroy": true
        }
      ]
    },
    {
      "module": "module.eliza-apigateway.module.eliza_auth_login",
      "mode": "managed",
      "type": "aws_iam_role_policy_attachment",
      "name": "additional_many",
      "provider": "provider[\"registry.terraform.io/hashicorp/aws\"]",
      "instances": [
        {
          "index_key": 0,
          "schema_version": 0,
          "attributes": {
            "id": "test1-eliza_auth_login-2025032519224002760000000a",
            "policy_arn": "arn:aws:iam::aws:policy/AmazonSSMReadOnlyAccess",
            "role": "test1-eliza_auth_login"
          },
          "sensitive_attributes": [],
          "private": "bnVsbA==",
          "dependencies": [
            "module.eliza-apigateway.module.eliza_auth_login.aws_iam_role.lambda",
            "module.eliza-apigateway.module.eliza_auth_login.data.aws_iam_policy_document.assume_role"
          ],
          "create_before_destroy": true
        }
      ]
    },
    {
      "module": "module.eliza-apigateway.module.eliza_auth_login",
      "mode": "managed",
      "type": "aws_lambda_function",
      "name": "this",
      "provider": "provider[\"registry.terraform.io/hashicorp/aws\"]",
      "instances": [
        {
          "index_key": 0,
          "schema_version": 0,
          "attributes": {
            "architectures": [
              "x86_64"
            ],
            "arn": "arn:aws:lambda:eu-central-1:686255952373:function:test1-eliza_auth_login",
            "code_sha256": "HlISsvQGfHLpqppAc4pnY5tzfAPOZgry4WzLwCFsHng=",
            "code_signing_config_arn": "",
            "dead_letter_config": [],
            "description": "",
            "environment": [],
            "ephemeral_storage": [
              {
                "size": 512
              }
            ],
            "file_system_config": [],
            "filename": "builds/8f776990aa7208748a6b3ed902d015cbd2913363a8943739f1e9ec0dfc10ddd6.zip",
            "function_name": "test1-eliza_auth_login",
            "handler": "lambda_function.lambda_handler",
            "id": "test1-eliza_auth_login",
            "image_config": [],
            "image_uri": "",
            "invoke_arn": "arn:aws:apigateway:eu-central-1:lambda:path/2015-03-31/functions/arn:aws:lambda:eu-central-1:686255952373:function:test1-eliza_auth_login/invocations",
            "kms_key_arn": "",
            "last_modified": "2025-03-25T19:22:54.370+0000",
            "layers": [],
            "logging_config": [
              {
                "application_log_level": "",
                "log_format": "Text",
                "log_group": "/aws/lambda/test1-eliza_auth_login",
                "system_log_level": ""
              }
            ],
            "memory_size": 128,
            "package_type": "Zip",
            "publish": true,
            "qualified_arn": "arn:aws:lambda:eu-central-1:686255952373:function:test1-eliza_auth_login:1",
            "qualified_invoke_arn": "arn:aws:apigateway:eu-central-1:lambda:path/2015-03-31/functions/arn:aws:lambda:eu-central-1:686255952373:function:test1-eliza_auth_login:1/invocations",
            "replace_security_groups_on_destroy": null,
            "replacement_security_group_ids": null,
            "reserved_concurrent_executions": -1,
            "role": "arn:aws:iam::686255952373:role/test1-eliza_auth_login",
            "runtime": "python3.13",
            "s3_bucket": null,
            "s3_key": null,
            "s3_object_version": null,
            "signing_job_arn": "",
            "signing_profile_version_arn": "",
            "skip_destroy": false,
            "snap_start": [],
            "source_code_hash": "HlISsvQGfHLpqppAc4pnY5tzfAPOZgry4WzLwCFsHng=",
            "source_code_size": 30150038,
            "tags": {
              "terraform-aws-modules": "lambda"
            },
            "tags_all": {
              "terraform-aws-modules": "lambda"
            },
            "timeout": 3,
            "timeouts": null,
            "tracing_config": [
              {
                "mode": "PassThrough"
              }
            ],
            "version": "1",
            "vpc_config": []
          },
          "sensitive_attributes": [],
          "private": "eyJlMmJmYjczMC1lY2FhLTExZTYtOGY4OC0zNDM2M2JjN2M0YzAiOnsiY3JlYXRlIjo2MDAwMDAwMDAwMDAsImRlbGV0ZSI6NjAwMDAwMDAwMDAwLCJ1cGRhdGUiOjYwMDAwMDAwMDAwMH19",
          "dependencies": [
            "module.eliza-apigateway.module.eliza_auth_login.aws_cloudwatch_log_group.lambda",
            "module.eliza-apigateway.module.eliza_auth_login.aws_iam_role.lambda",
            "module.eliza-apigateway.module.eliza_auth_login.aws_iam_role_policy.additional_inline",
            "module.eliza-apigateway.module.eliza_auth_login.aws_iam_role_policy.additional_json",
            "module.eliza-apigateway.module.eliza_auth_login.aws_iam_role_policy.additional_jsons",
            "module.eliza-apigateway.module.eliza_auth_login.aws_iam_role_policy.async",
            "module.eliza-apigateway.module.eliza_auth_login.aws_iam_role_policy.dead_letter",
            "module.eliza-apigateway.module.eliza_auth_login.aws_iam_role_policy.logs",
            "module.eliza-apigateway.module.eliza_auth_login.aws_iam_role_policy.tracing",
            "module.eliza-apigateway.module.eliza_auth_login.aws_iam_role_policy.vpc",
            "module.eliza-apigateway.module.eliza_auth_login.aws_iam_role_policy_attachment.additional_many",
            "module.eliza-apigateway.module.eliza_auth_login.aws_iam_role_policy_attachment.additional_one",
            "module.eliza-apigateway.module.eliza_auth_login.aws_s3_object.lambda_package",
            "module.eliza-apigateway.module.eliza_auth_login.data.aws_arn.log_group_arn",
            "module.eliza-apigateway.module.eliza_auth_login.data.aws_cloudwatch_log_group.lambda",
            "module.eliza-apigateway.module.eliza_auth_login.data.aws_iam_policy.tracing",
            "module.eliza-apigateway.module.eliza_auth_login.data.aws_iam_policy.vpc",
            "module.eliza-apigateway.module.eliza_auth_login.data.aws_iam_policy_document.additional_inline",
            "module.eliza-apigateway.module.eliza_auth_login.data.aws_iam_policy_document.assume_role",
            "module.eliza-apigateway.module.eliza_auth_login.data.aws_iam_policy_document.async",
            "module.eliza-apigateway.module.eliza_auth_login.data.aws_iam_policy_document.dead_letter",
            "module.eliza-apigateway.module.eliza_auth_login.data.aws_iam_policy_document.logs",
            "module.eliza-apigateway.module.eliza_auth_login.data.aws_partition.current",
            "module.eliza-apigateway.module.eliza_auth_login.data.external.archive_prepare",
            "module.eliza-apigateway.module.eliza_auth_login.local_file.archive_plan",
            "module.eliza-apigateway.module.eliza_auth_login.null_resource.archive"
          ],
          "create_before_destroy": true
        }
      ]
    },
    {
      "module": "module.eliza-apigateway.module.eliza_auth_login",
      "mode": "managed",
      "type": "aws_lambda_permission",
      "name": "current_version_triggers",
      "provider": "provider[\"registry.terraform.io/hashicorp/aws\"]",
      "instances": [
        {
          "index_key": "APIGatewayAny",
          "schema_version": 0,
          "attributes": {
            "action": "lambda:InvokeFunction",
            "event_source_token": null,
            "function_name": "test1-eliza_auth_login",
            "function_url_auth_type": null,
            "id": "APIGatewayAny20250325192315901200000028",
            "principal": "apigateway.amazonaws.com",
            "principal_org_id": null,
            "qualifier": "1",
            "source_account": null,
            "source_arn": "arn:aws:execute-api:eu-central-1:686255952373:1b6uubl8je/*/*",
            "statement_id": "APIGatewayAny20250325192315901200000028",
            "statement_id_prefix": "APIGatewayAny"
          },
          "sensitive_attributes": [],
          "private": "bnVsbA==",
          "dependencies": [
            "module.eliza-apigateway.aws_api_gateway_rest_api.gateway",
            "module.eliza-apigateway.module.eliza_auth_login.aws_cloudwatch_log_group.lambda",
            "module.eliza-apigateway.module.eliza_auth_login.aws_iam_role.lambda",
            "module.eliza-apigateway.module.eliza_auth_login.aws_iam_role_policy.additional_inline",
            "module.eliza-apigateway.module.eliza_auth_login.aws_iam_role_policy.additional_json",
            "module.eliza-apigateway.module.eliza_auth_login.aws_iam_role_policy.additional_jsons",
            "module.eliza-apigateway.module.eliza_auth_login.aws_iam_role_policy.async",
            "module.eliza-apigateway.module.eliza_auth_login.aws_iam_role_policy.dead_letter",
            "module.eliza-apigateway.module.eliza_auth_login.aws_iam_role_policy.logs",
            "module.eliza-apigateway.module.eliza_auth_login.aws_iam_role_policy.tracing",
            "module.eliza-apigateway.module.eliza_auth_login.aws_iam_role_policy.vpc",
            "module.eliza-apigateway.module.eliza_auth_login.aws_iam_role_policy_attachment.additional_many",
            "module.eliza-apigateway.module.eliza_auth_login.aws_iam_role_policy_attachment.additional_one",
            "module.eliza-apigateway.module.eliza_auth_login.aws_lambda_function.this",
            "module.eliza-apigateway.module.eliza_auth_login.aws_s3_object.lambda_package",
            "module.eliza-apigateway.module.eliza_auth_login.data.aws_arn.log_group_arn",
            "module.eliza-apigateway.module.eliza_auth_login.data.aws_cloudwatch_log_group.lambda",
            "module.eliza-apigateway.module.eliza_auth_login.data.aws_iam_policy.tracing",
            "module.eliza-apigateway.module.eliza_auth_login.data.aws_iam_policy.vpc",
            "module.eliza-apigateway.module.eliza_auth_login.data.aws_iam_policy_document.additional_inline",
            "module.eliza-apigateway.module.eliza_auth_login.data.aws_iam_policy_document.assume_role",
            "module.eliza-apigateway.module.eliza_auth_login.data.aws_iam_policy_document.async",
            "module.eliza-apigateway.module.eliza_auth_login.data.aws_iam_policy_document.dead_letter",
            "module.eliza-apigateway.module.eliza_auth_login.data.aws_iam_policy_document.logs",
            "module.eliza-apigateway.module.eliza_auth_login.data.aws_partition.current",
            "module.eliza-apigateway.module.eliza_auth_login.data.external.archive_prepare",
            "module.eliza-apigateway.module.eliza_auth_login.local_file.archive_plan",
            "module.eliza-apigateway.module.eliza_auth_login.null_resource.archive"
          ],
          "create_before_destroy": true
        }
      ]
    },
    {
      "module": "module.eliza-apigateway.module.eliza_auth_login",
      "mode": "managed",
      "type": "aws_lambda_permission",
      "name": "unqualified_alias_triggers",
      "provider": "provider[\"registry.terraform.io/hashicorp/aws\"]",
      "instances": [
        {
          "index_key": "APIGatewayAny",
          "schema_version": 0,
          "attributes": {
            "action": "lambda:InvokeFunction",
            "event_source_token": null,
            "function_name": "test1-eliza_auth_login",
            "function_url_auth_type": null,
            "id": "APIGatewayAny20250325192314812700000027",
            "principal": "apigateway.amazonaws.com",
            "principal_org_id": null,
            "qualifier": "",
            "source_account": null,
            "source_arn": "arn:aws:execute-api:eu-central-1:686255952373:1b6uubl8je/*/*",
            "statement_id": "APIGatewayAny20250325192314812700000027",
            "statement_id_prefix": "APIGatewayAny"
          },
          "sensitive_attributes": [],
          "private": "bnVsbA==",
          "dependencies": [
            "module.eliza-apigateway.aws_api_gateway_rest_api.gateway",
            "module.eliza-apigateway.module.eliza_auth_login.aws_cloudwatch_log_group.lambda",
            "module.eliza-apigateway.module.eliza_auth_login.aws_iam_role.lambda",
            "module.eliza-apigateway.module.eliza_auth_login.aws_iam_role_policy.additional_inline",
            "module.eliza-apigateway.module.eliza_auth_login.aws_iam_role_policy.additional_json",
            "module.eliza-apigateway.module.eliza_auth_login.aws_iam_role_policy.additional_jsons",
            "module.eliza-apigateway.module.eliza_auth_login.aws_iam_role_policy.async",
            "module.eliza-apigateway.module.eliza_auth_login.aws_iam_role_policy.dead_letter",
            "module.eliza-apigateway.module.eliza_auth_login.aws_iam_role_policy.logs",
            "module.eliza-apigateway.module.eliza_auth_login.aws_iam_role_policy.tracing",
            "module.eliza-apigateway.module.eliza_auth_login.aws_iam_role_policy.vpc",
            "module.eliza-apigateway.module.eliza_auth_login.aws_iam_role_policy_attachment.additional_many",
            "module.eliza-apigateway.module.eliza_auth_login.aws_iam_role_policy_attachment.additional_one",
            "module.eliza-apigateway.module.eliza_auth_login.aws_lambda_function.this",
            "module.eliza-apigateway.module.eliza_auth_login.aws_s3_object.lambda_package",
            "module.eliza-apigateway.module.eliza_auth_login.data.aws_arn.log_group_arn",
            "module.eliza-apigateway.module.eliza_auth_login.data.aws_cloudwatch_log_group.lambda",
            "module.eliza-apigateway.module.eliza_auth_login.data.aws_iam_policy.tracing",
            "module.eliza-apigateway.module.eliza_auth_login.data.aws_iam_policy.vpc",
            "module.eliza-apigateway.module.eliza_auth_login.data.aws_iam_policy_document.additional_inline",
            "module.eliza-apigateway.module.eliza_auth_login.data.aws_iam_policy_document.assume_role",
            "module.eliza-apigateway.module.eliza_auth_login.data.aws_iam_policy_document.async",
            "module.eliza-apigateway.module.eliza_auth_login.data.aws_iam_policy_document.dead_letter",
            "module.eliza-apigateway.module.eliza_auth_login.data.aws_iam_policy_document.logs",
            "module.eliza-apigateway.module.eliza_auth_login.data.aws_partition.current",
            "module.eliza-apigateway.module.eliza_auth_login.data.external.archive_prepare",
            "module.eliza-apigateway.module.eliza_auth_login.local_file.archive_plan",
            "module.eliza-apigateway.module.eliza_auth_login.null_resource.archive"
          ],
          "create_before_destroy": true
        }
      ]
    },
    {
      "module": "module.eliza-apigateway.module.eliza_auth_login",
      "mode": "managed",
      "type": "local_file",
      "name": "archive_plan",
      "provider": "provider[\"registry.terraform.io/hashicorp/local\"]",
      "instances": [
        {
          "index_key": 0,
          "schema_version": 0,
          "attributes": {
            "content": "{\"filename\": \"builds/8f776990aa7208748a6b3ed902d015cbd2913363a8943739f1e9ec0dfc10ddd6.zip\", \"runtime\": \"python3.13\", \"artifacts_dir\": \"builds\", \"build_plan\": [[[\"pip\", \"python3.13\", \"../src/eliza_auth_login/requirements.txt\", null, null], [\"zip\", \"../src/eliza_auth_login\", null]]], \"docker\": {\"docker_additional_options\": [], \"docker_build_root\": \"\", \"docker_entrypoint\": null, \"docker_file\": \"\", \"docker_image\": \"\", \"docker_pip_cache\": null, \"with_ssh_agent\": false}}",
            "content_base64": null,
            "content_base64sha256": "N1e4X7ggDV91BqyWNGEX4yt72T3RxUctSm1GQabK0pk=",
            "content_base64sha512": "UxNzhFBycJAGTWfDBBK5+jF6JmAlXUYB2i92wTUVUk1SEvXg9a5Lnmg8ZmMKJmrgViCG3s0soEmB84B3N93pCQ==",
            "content_md5": "ada5413d9860901f2a0b0dc6134d8f1a",
            "content_sha1": "728472f657131a0350a68054556300ddc3205dbe",
            "content_sha256": "3757b85fb8200d5f7506ac96346117e32b7bd93dd1c5472d4a6d4641a6cad299",
            "content_sha512": "5313738450727090064d67c30412b9fa317a2660255d4601da2f76c13515524d5212f5e0f5ae4b9e683c66630a266ae0562086decd2ca04981f3807737dde909",
            "directory_permission": "0755",
            "file_permission": "0644",
            "filename": "builds/8f776990aa7208748a6b3ed902d015cbd2913363a8943739f1e9ec0dfc10ddd6.plan.json",
            "id": "728472f657131a0350a68054556300ddc3205dbe",
            "sensitive_content": null,
            "source": null
          },
          "sensitive_attributes": [
            [
              {
                "type": "get_attr",
                "value": "sensitive_content"
              }
            ]
          ],
          "dependencies": [
            "module.eliza-apigateway.module.eliza_auth_login.data.external.archive_prepare"
          ],
          "create_before_destroy": true
        }
      ]
    },
    {
      "module": "module.eliza-apigateway.module.eliza_auth_login",
      "mode": "managed",
      "type": "null_resource",
      "name": "archive",
      "provider": "provider[\"registry.terraform.io/hashicorp/null\"]",
      "instances": [
        {
          "index_key": 0,
          "schema_version": 0,
          "attributes": {
            "id": "6715972238296538599",
            "triggers": {
              "filename": "builds/8f776990aa7208748a6b3ed902d015cbd2913363a8943739f1e9ec0dfc10ddd6.zip",
              "timestamp": "1742914999120171000"
            }
          },
          "sensitive_attributes": [],
          "dependencies": [
            "module.eliza-apigateway.module.eliza_auth_login.data.external.archive_prepare",
            "module.eliza-apigateway.module.eliza_auth_login.local_file.archive_plan"
          ],
          "create_before_destroy": true
        }
      ]
    },
    {
      "module": "module.eliza-apigateway.module.eliza_auth_test",
      "mode": "data",
      "type": "aws_caller_identity",
      "name": "current",
      "provider": "provider[\"registry.terraform.io/hashicorp/aws\"]",
      "instances": [
        {
          "schema_version": 0,
          "attributes": {
            "account_id": "686255952373",
            "arn": "arn:aws:iam::686255952373:user/conrado",
            "id": "686255952373",
            "user_id": "AIDAZ7SAK2H2RDHYGKR2U"
          },
          "sensitive_attributes": []
        }
      ]
    },
    {
      "module": "module.eliza-apigateway.module.eliza_auth_test",
      "mode": "data",
      "type": "aws_iam_policy_document",
      "name": "assume_role",
      "provider": "provider[\"registry.terraform.io/hashicorp/aws\"]",
      "instances": [
        {
          "index_key": 0,
          "schema_version": 0,
          "attributes": {
            "id": "2690255455",
            "json": "{\n  \"Version\": \"2012-10-17\",\n  \"Statement\": [\n    {\n      \"Effect\": \"Allow\",\n      \"Action\": \"sts:AssumeRole\",\n      \"Principal\": {\n        \"Service\": \"lambda.amazonaws.com\"\n      }\n    }\n  ]\n}",
            "minified_json": "{\"Version\":\"2012-10-17\",\"Statement\":[{\"Effect\":\"Allow\",\"Action\":\"sts:AssumeRole\",\"Principal\":{\"Service\":\"lambda.amazonaws.com\"}}]}",
            "override_json": null,
            "override_policy_documents": null,
            "policy_id": null,
            "source_json": null,
            "source_policy_documents": null,
            "statement": [
              {
                "actions": [
                  "sts:AssumeRole"
                ],
                "condition": [],
                "effect": "Allow",
                "not_actions": [],
                "not_principals": [],
                "not_resources": [],
                "principals": [
                  {
                    "identifiers": [
                      "lambda.amazonaws.com"
                    ],
                    "type": "Service"
                  }
                ],
                "resources": [],
                "sid": ""
              }
            ],
            "version": "2012-10-17"
          },
          "sensitive_attributes": []
        }
      ]
    },
    {
      "module": "module.eliza-apigateway.module.eliza_auth_test",
      "mode": "data",
      "type": "aws_iam_policy_document",
      "name": "logs",
      "provider": "provider[\"registry.terraform.io/hashicorp/aws\"]",
      "instances": [
        {
          "index_key": 0,
          "schema_version": 0,
          "attributes": {
            "id": "934047627",
            "json": "{\n  \"Version\": \"2012-10-17\",\n  \"Statement\": [\n    {\n      \"Effect\": \"Allow\",\n      \"Action\": [\n        \"logs:PutLogEvents\",\n        \"logs:CreateLogStream\",\n        \"logs:CreateLogGroup\"\n      ],\n      \"Resource\": [\n        \"arn:aws:logs:eu-central-1:686255952373:log-group:/aws/lambda/test1-eliza_auth_test:*:*\",\n        \"arn:aws:logs:eu-central-1:686255952373:log-group:/aws/lambda/test1-eliza_auth_test:*\"\n      ]\n    }\n  ]\n}",
            "minified_json": "{\"Version\":\"2012-10-17\",\"Statement\":[{\"Effect\":\"Allow\",\"Action\":[\"logs:PutLogEvents\",\"logs:CreateLogStream\",\"logs:CreateLogGroup\"],\"Resource\":[\"arn:aws:logs:eu-central-1:686255952373:log-group:/aws/lambda/test1-eliza_auth_test:*:*\",\"arn:aws:logs:eu-central-1:686255952373:log-group:/aws/lambda/test1-eliza_auth_test:*\"]}]}",
            "override_json": null,
            "override_policy_documents": null,
            "policy_id": null,
            "source_json": null,
            "source_policy_documents": null,
            "statement": [
              {
                "actions": [
                  "logs:CreateLogGroup",
                  "logs:CreateLogStream",
                  "logs:PutLogEvents"
                ],
                "condition": [],
                "effect": "Allow",
                "not_actions": [],
                "not_principals": [],
                "not_resources": [],
                "principals": [],
                "resources": [
                  "arn:aws:logs:eu-central-1:686255952373:log-group:/aws/lambda/test1-eliza_auth_test:*",
                  "arn:aws:logs:eu-central-1:686255952373:log-group:/aws/lambda/test1-eliza_auth_test:*:*"
                ],
                "sid": ""
              }
            ],
            "version": "2012-10-17"
          },
          "sensitive_attributes": []
        }
      ]
    },
    {
      "module": "module.eliza-apigateway.module.eliza_auth_test",
      "mode": "data",
      "type": "aws_partition",
      "name": "current",
      "provider": "provider[\"registry.terraform.io/hashicorp/aws\"]",
      "instances": [
        {
          "schema_version": 0,
          "attributes": {
            "dns_suffix": "amazonaws.com",
            "id": "aws",
            "partition": "aws",
            "reverse_dns_prefix": "com.amazonaws"
          },
          "sensitive_attributes": []
        }
      ]
    },
    {
      "module": "module.eliza-apigateway.module.eliza_auth_test",
      "mode": "data",
      "type": "aws_region",
      "name": "current",
      "provider": "provider[\"registry.terraform.io/hashicorp/aws\"]",
      "instances": [
        {
          "schema_version": 0,
          "attributes": {
            "description": "Europe (Frankfurt)",
            "endpoint": "ec2.eu-central-1.amazonaws.com",
            "id": "eu-central-1",
            "name": "eu-central-1"
          },
          "sensitive_attributes": []
        }
      ]
    },
    {
      "module": "module.eliza-apigateway.module.eliza_auth_test",
      "mode": "data",
      "type": "external",
      "name": "archive_prepare",
      "provider": "provider[\"registry.terraform.io/hashicorp/external\"]",
      "instances": [
        {
          "index_key": 0,
          "schema_version": 0,
          "attributes": {
            "id": "-",
            "program": [
              "python3",
              ".terraform/modules/eliza-apigateway.eliza_auth_test/package.py",
              "prepare"
            ],
            "query": {
              "artifacts_dir": "builds",
              "docker": "{\"docker_additional_options\":[],\"docker_build_root\":\"\",\"docker_entrypoint\":null,\"docker_file\":\"\",\"docker_image\":\"\",\"docker_pip_cache\":null,\"with_ssh_agent\":false}",
              "hash_extra": "",
              "hash_extra_paths": "[]",
              "paths": "{\"cwd\":\"/Users/conrado/Accounts/prism/eliza/eliza-infra/terraform/environments\",\"module\":\".terraform/modules/eliza-apigateway.eliza_auth_test\",\"root\":\".\"}",
              "recreate_missing_package": "true",
              "runtime": "python3.13",
              "source_path": "\"../src/eliza_auth_test\""
            },
            "result": {
              "build_plan": "{\"filename\": \"builds/dbae0fd1153b9a7220c93624992b1d2f7e0cd3ce365f48c5f66ff0bb39e885b7.zip\", \"runtime\": \"python3.13\", \"artifacts_dir\": \"builds\", \"build_plan\": [[[\"pip\", \"python3.13\", \"../src/eliza_auth_test/requirements.txt\", null, null], [\"zip\", \"../src/eliza_auth_test\", null]]], \"docker\": {\"docker_additional_options\": [], \"docker_build_root\": \"\", \"docker_entrypoint\": null, \"docker_file\": \"\", \"docker_image\": \"\", \"docker_pip_cache\": null, \"with_ssh_agent\": false}}",
              "build_plan_filename": "builds/dbae0fd1153b9a7220c93624992b1d2f7e0cd3ce365f48c5f66ff0bb39e885b7.plan.json",
              "filename": "builds/dbae0fd1153b9a7220c93624992b1d2f7e0cd3ce365f48c5f66ff0bb39e885b7.zip",
              "timestamp": "1742652202837645000",
              "was_missing": "false"
            },
            "working_dir": null
          },
          "sensitive_attributes": []
        }
      ]
    },
    {
      "module": "module.eliza-apigateway.module.eliza_auth_test",
      "mode": "managed",
      "type": "aws_cloudwatch_log_group",
      "name": "lambda",
      "provider": "provider[\"registry.terraform.io/hashicorp/aws\"]",
      "instances": [
        {
          "index_key": 0,
          "schema_version": 0,
          "attributes": {
            "arn": "arn:aws:logs:eu-central-1:686255952373:log-group:/aws/lambda/test1-eliza_auth_test",
            "id": "/aws/lambda/test1-eliza_auth_test",
            "kms_key_id": "",
            "log_group_class": "STANDARD",
            "name": "/aws/lambda/test1-eliza_auth_test",
            "name_prefix": "",
            "retention_in_days": 0,
            "skip_destroy": false,
            "tags": {},
            "tags_all": {}
          },
          "sensitive_attributes": [],
          "private": "bnVsbA==",
          "create_before_destroy": true
        }
      ]
    },
    {
      "module": "module.eliza-apigateway.module.eliza_auth_test",
      "mode": "managed",
      "type": "aws_iam_role",
      "name": "lambda",
      "provider": "provider[\"registry.terraform.io/hashicorp/aws\"]",
      "instances": [
        {
          "index_key": 0,
          "schema_version": 0,
          "attributes": {
            "arn": "arn:aws:iam::686255952373:role/test1-eliza_auth_test",
            "assume_role_policy": "{\"Statement\":[{\"Action\":\"sts:AssumeRole\",\"Effect\":\"Allow\",\"Principal\":{\"Service\":\"lambda.amazonaws.com\"}}],\"Version\":\"2012-10-17\"}",
            "create_date": "2025-03-25T19:22:38Z",
            "description": "",
            "force_detach_policies": true,
            "id": "test1-eliza_auth_test",
            "inline_policy": [
              {
                "name": "test1-eliza_auth_test-logs",
                "policy": "{\"Version\":\"2012-10-17\",\"Statement\":[{\"Action\":[\"logs:PutLogEvents\",\"logs:CreateLogStream\",\"logs:CreateLogGroup\"],\"Effect\":\"Allow\",\"Resource\":[\"arn:aws:logs:eu-central-1:686255952373:log-group:/aws/lambda/test1-eliza_auth_test:*:*\",\"arn:aws:logs:eu-central-1:686255952373:log-group:/aws/lambda/test1-eliza_auth_test:*\"]}]}"
              }
            ],
            "managed_policy_arns": [],
            "max_session_duration": 3600,
            "name": "test1-eliza_auth_test",
            "name_prefix": "",
            "path": "/",
            "permissions_boundary": "",
            "tags": {},
            "tags_all": {},
            "unique_id": "AROAZ7SAK2H2URTG2FASX"
          },
          "sensitive_attributes": [],
          "private": "bnVsbA==",
          "dependencies": [
            "module.eliza-apigateway.module.eliza_auth_test.data.aws_iam_policy_document.assume_role"
          ],
          "create_before_destroy": true
        }
      ]
    },
    {
      "module": "module.eliza-apigateway.module.eliza_auth_test",
      "mode": "managed",
      "type": "aws_iam_role_policy",
      "name": "logs",
      "provider": "provider[\"registry.terraform.io/hashicorp/aws\"]",
      "instances": [
        {
          "index_key": 0,
          "schema_version": 0,
          "attributes": {
            "id": "test1-eliza_auth_test:test1-eliza_auth_test-logs",
            "name": "test1-eliza_auth_test-logs",
            "name_prefix": "",
            "policy": "{\"Version\":\"2012-10-17\",\"Statement\":[{\"Action\":[\"logs:PutLogEvents\",\"logs:CreateLogStream\",\"logs:CreateLogGroup\"],\"Effect\":\"Allow\",\"Resource\":[\"arn:aws:logs:eu-central-1:686255952373:log-group:/aws/lambda/test1-eliza_auth_test:*:*\",\"arn:aws:logs:eu-central-1:686255952373:log-group:/aws/lambda/test1-eliza_auth_test:*\"]}]}",
            "role": "test1-eliza_auth_test"
          },
          "sensitive_attributes": [],
          "private": "bnVsbA==",
          "dependencies": [
            "module.eliza-apigateway.module.eliza_auth_test.aws_cloudwatch_log_group.lambda",
            "module.eliza-apigateway.module.eliza_auth_test.aws_iam_role.lambda",
            "module.eliza-apigateway.module.eliza_auth_test.data.aws_arn.log_group_arn",
            "module.eliza-apigateway.module.eliza_auth_test.data.aws_cloudwatch_log_group.lambda",
            "module.eliza-apigateway.module.eliza_auth_test.data.aws_iam_policy_document.assume_role",
            "module.eliza-apigateway.module.eliza_auth_test.data.aws_iam_policy_document.logs"
          ],
          "create_before_destroy": true
        }
      ]
    },
    {
      "module": "module.eliza-apigateway.module.eliza_auth_test",
      "mode": "managed",
      "type": "aws_lambda_function",
      "name": "this",
      "provider": "provider[\"registry.terraform.io/hashicorp/aws\"]",
      "instances": [
        {
          "index_key": 0,
          "schema_version": 0,
          "attributes": {
            "architectures": [
              "x86_64"
            ],
            "arn": "arn:aws:lambda:eu-central-1:686255952373:function:test1-eliza_auth_test",
            "code_sha256": "IXhrnnCswuCB9Rs5oDOEJAz3iuZ8VA3iW5PWHljwc3A=",
            "code_signing_config_arn": "",
            "dead_letter_config": [],
            "description": "",
            "environment": [],
            "ephemeral_storage": [
              {
                "size": 512
              }
            ],
            "file_system_config": [],
            "filename": "builds/dbae0fd1153b9a7220c93624992b1d2f7e0cd3ce365f48c5f66ff0bb39e885b7.zip",
            "function_name": "test1-eliza_auth_test",
            "handler": "main.lambda_handler",
            "id": "test1-eliza_auth_test",
            "image_config": [],
            "image_uri": "",
            "invoke_arn": "arn:aws:apigateway:eu-central-1:lambda:path/2015-03-31/functions/arn:aws:lambda:eu-central-1:686255952373:function:test1-eliza_auth_test/invocations",
            "kms_key_arn": "",
            "last_modified": "2025-03-25T19:23:27.365+0000",
            "layers": [],
            "logging_config": [
              {
                "application_log_level": "",
                "log_format": "Text",
                "log_group": "/aws/lambda/test1-eliza_auth_test",
                "system_log_level": ""
              }
            ],
            "memory_size": 128,
            "package_type": "Zip",
            "publish": true,
            "qualified_arn": "arn:aws:lambda:eu-central-1:686255952373:function:test1-eliza_auth_test:1",
            "qualified_invoke_arn": "arn:aws:apigateway:eu-central-1:lambda:path/2015-03-31/functions/arn:aws:lambda:eu-central-1:686255952373:function:test1-eliza_auth_test:1/invocations",
            "replace_security_groups_on_destroy": null,
            "replacement_security_group_ids": null,
            "reserved_concurrent_executions": -1,
            "role": "arn:aws:iam::686255952373:role/test1-eliza_auth_test",
            "runtime": "python3.13",
            "s3_bucket": null,
            "s3_key": null,
            "s3_object_version": null,
            "signing_job_arn": "",
            "signing_profile_version_arn": "",
            "skip_destroy": false,
            "snap_start": [],
            "source_code_hash": "IXhrnnCswuCB9Rs5oDOEJAz3iuZ8VA3iW5PWHljwc3A=",
            "source_code_size": 508,
            "tags": {
              "terraform-aws-modules": "lambda"
            },
            "tags_all": {
              "terraform-aws-modules": "lambda"
            },
            "timeout": 3,
            "timeouts": null,
            "tracing_config": [
              {
                "mode": "PassThrough"
              }
            ],
            "version": "1",
            "vpc_config": []
          },
          "sensitive_attributes": [],
          "private": "eyJlMmJmYjczMC1lY2FhLTExZTYtOGY4OC0zNDM2M2JjN2M0YzAiOnsiY3JlYXRlIjo2MDAwMDAwMDAwMDAsImRlbGV0ZSI6NjAwMDAwMDAwMDAwLCJ1cGRhdGUiOjYwMDAwMDAwMDAwMH19",
          "dependencies": [
            "module.eliza-apigateway.module.eliza_auth_test.aws_cloudwatch_log_group.lambda",
            "module.eliza-apigateway.module.eliza_auth_test.aws_iam_role.lambda",
            "module.eliza-apigateway.module.eliza_auth_test.aws_iam_role_policy.additional_inline",
            "module.eliza-apigateway.module.eliza_auth_test.aws_iam_role_policy.additional_json",
            "module.eliza-apigateway.module.eliza_auth_test.aws_iam_role_policy.additional_jsons",
            "module.eliza-apigateway.module.eliza_auth_test.aws_iam_role_policy.async",
            "module.eliza-apigateway.module.eliza_auth_test.aws_iam_role_policy.dead_letter",
            "module.eliza-apigateway.module.eliza_auth_test.aws_iam_role_policy.logs",
            "module.eliza-apigateway.module.eliza_auth_test.aws_iam_role_policy.tracing",
            "module.eliza-apigateway.module.eliza_auth_test.aws_iam_role_policy.vpc",
            "module.eliza-apigateway.module.eliza_auth_test.aws_iam_role_policy_attachment.additional_many",
            "module.eliza-apigateway.module.eliza_auth_test.aws_iam_role_policy_attachment.additional_one",
            "module.eliza-apigateway.module.eliza_auth_test.aws_s3_object.lambda_package",
            "module.eliza-apigateway.module.eliza_auth_test.data.aws_arn.log_group_arn",
            "module.eliza-apigateway.module.eliza_auth_test.data.aws_cloudwatch_log_group.lambda",
            "module.eliza-apigateway.module.eliza_auth_test.data.aws_iam_policy.tracing",
            "module.eliza-apigateway.module.eliza_auth_test.data.aws_iam_policy.vpc",
            "module.eliza-apigateway.module.eliza_auth_test.data.aws_iam_policy_document.additional_inline",
            "module.eliza-apigateway.module.eliza_auth_test.data.aws_iam_policy_document.assume_role",
            "module.eliza-apigateway.module.eliza_auth_test.data.aws_iam_policy_document.async",
            "module.eliza-apigateway.module.eliza_auth_test.data.aws_iam_policy_document.dead_letter",
            "module.eliza-apigateway.module.eliza_auth_test.data.aws_iam_policy_document.logs",
            "module.eliza-apigateway.module.eliza_auth_test.data.aws_partition.current",
            "module.eliza-apigateway.module.eliza_auth_test.data.external.archive_prepare",
            "module.eliza-apigateway.module.eliza_auth_test.local_file.archive_plan",
            "module.eliza-apigateway.module.eliza_auth_test.null_resource.archive"
          ],
          "create_before_destroy": true
        }
      ]
    },
    {
      "module": "module.eliza-apigateway.module.eliza_auth_test",
      "mode": "managed",
      "type": "aws_lambda_permission",
      "name": "current_version_triggers",
      "provider": "provider[\"registry.terraform.io/hashicorp/aws\"]",
      "instances": [
        {
          "index_key": "APIGatewayAny",
          "schema_version": 0,
          "attributes": {
            "action": "lambda:InvokeFunction",
            "event_source_token": null,
            "function_name": "test1-eliza_auth_test",
            "function_url_auth_type": null,
            "id": "APIGatewayAny20250325192345316900000032",
            "principal": "apigateway.amazonaws.com",
            "principal_org_id": null,
            "qualifier": "1",
            "source_account": null,
            "source_arn": "arn:aws:execute-api:eu-central-1:686255952373:1b6uubl8je/*/*",
            "statement_id": "APIGatewayAny20250325192345316900000032",
            "statement_id_prefix": "APIGatewayAny"
          },
          "sensitive_attributes": [],
          "private": "bnVsbA==",
          "dependencies": [
            "module.eliza-apigateway.aws_api_gateway_rest_api.gateway",
            "module.eliza-apigateway.module.eliza_auth_test.aws_cloudwatch_log_group.lambda",
            "module.eliza-apigateway.module.eliza_auth_test.aws_iam_role.lambda",
            "module.eliza-apigateway.module.eliza_auth_test.aws_iam_role_policy.additional_inline",
            "module.eliza-apigateway.module.eliza_auth_test.aws_iam_role_policy.additional_json",
            "module.eliza-apigateway.module.eliza_auth_test.aws_iam_role_policy.additional_jsons",
            "module.eliza-apigateway.module.eliza_auth_test.aws_iam_role_policy.async",
            "module.eliza-apigateway.module.eliza_auth_test.aws_iam_role_policy.dead_letter",
            "module.eliza-apigateway.module.eliza_auth_test.aws_iam_role_policy.logs",
            "module.eliza-apigateway.module.eliza_auth_test.aws_iam_role_policy.tracing",
            "module.eliza-apigateway.module.eliza_auth_test.aws_iam_role_policy.vpc",
            "module.eliza-apigateway.module.eliza_auth_test.aws_iam_role_policy_attachment.additional_many",
            "module.eliza-apigateway.module.eliza_auth_test.aws_iam_role_policy_attachment.additional_one",
            "module.eliza-apigateway.module.eliza_auth_test.aws_lambda_function.this",
            "module.eliza-apigateway.module.eliza_auth_test.aws_s3_object.lambda_package",
            "module.eliza-apigateway.module.eliza_auth_test.data.aws_arn.log_group_arn",
            "module.eliza-apigateway.module.eliza_auth_test.data.aws_cloudwatch_log_group.lambda",
            "module.eliza-apigateway.module.eliza_auth_test.data.aws_iam_policy.tracing",
            "module.eliza-apigateway.module.eliza_auth_test.data.aws_iam_policy.vpc",
            "module.eliza-apigateway.module.eliza_auth_test.data.aws_iam_policy_document.additional_inline",
            "module.eliza-apigateway.module.eliza_auth_test.data.aws_iam_policy_document.assume_role",
            "module.eliza-apigateway.module.eliza_auth_test.data.aws_iam_policy_document.async",
            "module.eliza-apigateway.module.eliza_auth_test.data.aws_iam_policy_document.dead_letter",
            "module.eliza-apigateway.module.eliza_auth_test.data.aws_iam_policy_document.logs",
            "module.eliza-apigateway.module.eliza_auth_test.data.aws_partition.current",
            "module.eliza-apigateway.module.eliza_auth_test.data.external.archive_prepare",
            "module.eliza-apigateway.module.eliza_auth_test.local_file.archive_plan",
            "module.eliza-apigateway.module.eliza_auth_test.null_resource.archive"
          ],
          "create_before_destroy": true
        }
      ]
    },
    {
      "module": "module.eliza-apigateway.module.eliza_auth_test",
      "mode": "managed",
      "type": "aws_lambda_permission",
      "name": "unqualified_alias_triggers",
      "provider": "provider[\"registry.terraform.io/hashicorp/aws\"]",
      "instances": [
        {
          "index_key": "APIGatewayAny",
          "schema_version": 0,
          "attributes": {
            "action": "lambda:InvokeFunction",
            "event_source_token": null,
            "function_name": "test1-eliza_auth_test",
            "function_url_auth_type": null,
            "id": "APIGatewayAny20250325192344800900000031",
            "principal": "apigateway.amazonaws.com",
            "principal_org_id": null,
            "qualifier": "",
            "source_account": null,
            "source_arn": "arn:aws:execute-api:eu-central-1:686255952373:1b6uubl8je/*/*",
            "statement_id": "APIGatewayAny20250325192344800900000031",
            "statement_id_prefix": "APIGatewayAny"
          },
          "sensitive_attributes": [],
          "private": "bnVsbA==",
          "dependencies": [
            "module.eliza-apigateway.aws_api_gateway_rest_api.gateway",
            "module.eliza-apigateway.module.eliza_auth_test.aws_cloudwatch_log_group.lambda",
            "module.eliza-apigateway.module.eliza_auth_test.aws_iam_role.lambda",
            "module.eliza-apigateway.module.eliza_auth_test.aws_iam_role_policy.additional_inline",
            "module.eliza-apigateway.module.eliza_auth_test.aws_iam_role_policy.additional_json",
            "module.eliza-apigateway.module.eliza_auth_test.aws_iam_role_policy.additional_jsons",
            "module.eliza-apigateway.module.eliza_auth_test.aws_iam_role_policy.async",
            "module.eliza-apigateway.module.eliza_auth_test.aws_iam_role_policy.dead_letter",
            "module.eliza-apigateway.module.eliza_auth_test.aws_iam_role_policy.logs",
            "module.eliza-apigateway.module.eliza_auth_test.aws_iam_role_policy.tracing",
            "module.eliza-apigateway.module.eliza_auth_test.aws_iam_role_policy.vpc",
            "module.eliza-apigateway.module.eliza_auth_test.aws_iam_role_policy_attachment.additional_many",
            "module.eliza-apigateway.module.eliza_auth_test.aws_iam_role_policy_attachment.additional_one",
            "module.eliza-apigateway.module.eliza_auth_test.aws_lambda_function.this",
            "module.eliza-apigateway.module.eliza_auth_test.aws_s3_object.lambda_package",
            "module.eliza-apigateway.module.eliza_auth_test.data.aws_arn.log_group_arn",
            "module.eliza-apigateway.module.eliza_auth_test.data.aws_cloudwatch_log_group.lambda",
            "module.eliza-apigateway.module.eliza_auth_test.data.aws_iam_policy.tracing",
            "module.eliza-apigateway.module.eliza_auth_test.data.aws_iam_policy.vpc",
            "module.eliza-apigateway.module.eliza_auth_test.data.aws_iam_policy_document.additional_inline",
            "module.eliza-apigateway.module.eliza_auth_test.data.aws_iam_policy_document.assume_role",
            "module.eliza-apigateway.module.eliza_auth_test.data.aws_iam_policy_document.async",
            "module.eliza-apigateway.module.eliza_auth_test.data.aws_iam_policy_document.dead_letter",
            "module.eliza-apigateway.module.eliza_auth_test.data.aws_iam_policy_document.logs",
            "module.eliza-apigateway.module.eliza_auth_test.data.aws_partition.current",
            "module.eliza-apigateway.module.eliza_auth_test.data.external.archive_prepare",
            "module.eliza-apigateway.module.eliza_auth_test.local_file.archive_plan",
            "module.eliza-apigateway.module.eliza_auth_test.null_resource.archive"
          ],
          "create_before_destroy": true
        }
      ]
    },
    {
      "module": "module.eliza-apigateway.module.eliza_auth_test",
      "mode": "managed",
      "type": "local_file",
      "name": "archive_plan",
      "provider": "provider[\"registry.terraform.io/hashicorp/local\"]",
      "instances": [
        {
          "index_key": 0,
          "schema_version": 0,
          "attributes": {
            "content": "{\"filename\": \"builds/dbae0fd1153b9a7220c93624992b1d2f7e0cd3ce365f48c5f66ff0bb39e885b7.zip\", \"runtime\": \"python3.13\", \"artifacts_dir\": \"builds\", \"build_plan\": [[[\"pip\", \"python3.13\", \"../src/eliza_auth_test/requirements.txt\", null, null], [\"zip\", \"../src/eliza_auth_test\", null]]], \"docker\": {\"docker_additional_options\": [], \"docker_build_root\": \"\", \"docker_entrypoint\": null, \"docker_file\": \"\", \"docker_image\": \"\", \"docker_pip_cache\": null, \"with_ssh_agent\": false}}",
            "content_base64": null,
            "content_base64sha256": "yqBstL4TvDeQWNKLbyWhb9PBUoVnFz0QrZf/xxqXewE=",
            "content_base64sha512": "idVYEMeTkfa3BuwPnMEVlFKRCPBVo2u/jekBrcjGF/pU6BUs+MpDL45qJDt50cHx1IU3BtjA0xtxjDDKurKF3w==",
            "content_md5": "258447051abc4e0e9c84325ae7323ba5",
            "content_sha1": "4b6e0d9d9ace6e352dc5460987d0f4121252b106",
            "content_sha256": "caa06cb4be13bc379058d28b6f25a16fd3c1528567173d10ad97ffc71a977b01",
            "content_sha512": "89d55810c79391f6b706ec0f9cc11594529108f055a36bbf8de901adc8c617fa54e8152cf8ca432f8e6a243b79d1c1f1d4853706d8c0d31b718c30cabab285df",
            "directory_permission": "0755",
            "file_permission": "0644",
            "filename": "builds/dbae0fd1153b9a7220c93624992b1d2f7e0cd3ce365f48c5f66ff0bb39e885b7.plan.json",
            "id": "4b6e0d9d9ace6e352dc5460987d0f4121252b106",
            "sensitive_content": null,
            "source": null
          },
          "sensitive_attributes": [
            [
              {
                "type": "get_attr",
                "value": "sensitive_content"
              }
            ]
          ],
          "dependencies": [
            "module.eliza-apigateway.module.eliza_auth_test.data.external.archive_prepare"
          ],
          "create_before_destroy": true
        }
      ]
    },
    {
      "module": "module.eliza-apigateway.module.eliza_auth_test",
      "mode": "managed",
      "type": "null_resource",
      "name": "archive",
      "provider": "provider[\"registry.terraform.io/hashicorp/null\"]",
      "instances": [
        {
          "index_key": 0,
          "schema_version": 0,
          "attributes": {
            "id": "4011913471955134000",
            "triggers": {
              "filename": "builds/dbae0fd1153b9a7220c93624992b1d2f7e0cd3ce365f48c5f66ff0bb39e885b7.zip",
              "timestamp": "1742652202837645000"
            }
          },
          "sensitive_attributes": [],
          "dependencies": [
            "module.eliza-apigateway.module.eliza_auth_test.data.external.archive_prepare",
            "module.eliza-apigateway.module.eliza_auth_test.local_file.archive_plan"
          ],
          "create_before_destroy": true
        }
      ]
    },
    {
      "module": "module.endpoints",
      "mode": "data",
      "type": "aws_region",
      "name": "current",
      "provider": "provider[\"registry.terraform.io/hashicorp/aws\"]",
      "instances": [
        {
          "schema_version": 0,
          "attributes": {
            "description": "Europe (Frankfurt)",
            "endpoint": "ec2.eu-central-1.amazonaws.com",
            "id": "eu-central-1",
            "name": "eu-central-1"
          },
          "sensitive_attributes": []
        }
      ]
    },
    {
      "module": "module.endpoints",
      "mode": "managed",
      "type": "aws_vpc_endpoint",
      "name": "ec2",
      "provider": "provider[\"registry.terraform.io/hashicorp/aws\"]",
      "instances": [
        {
          "schema_version": 0,
          "attributes": {
            "arn": "arn:aws:ec2:eu-central-1:686255952373:vpc-endpoint/vpce-0f2a2347bb102e886",
            "auto_accept": null,
            "cidr_blocks": [],
            "dns_entry": [
              {
                "dns_name": "vpce-0f2a2347bb102e886-ywm1szz2.ec2.eu-central-1.vpce.amazonaws.com",
                "hosted_zone_id": "Z273ZU8SZ5RJPC"
              },
              {
                "dns_name": "vpce-0f2a2347bb102e886-ywm1szz2-eu-central-1a.ec2.eu-central-1.vpce.amazonaws.com",
                "hosted_zone_id": "Z273ZU8SZ5RJPC"
              },
              {
                "dns_name": "vpce-0f2a2347bb102e886-ywm1szz2-eu-central-1c.ec2.eu-central-1.vpce.amazonaws.com",
                "hosted_zone_id": "Z273ZU8SZ5RJPC"
              },
              {
                "dns_name": "vpce-0f2a2347bb102e886-ywm1szz2-eu-central-1b.ec2.eu-central-1.vpce.amazonaws.com",
                "hosted_zone_id": "Z273ZU8SZ5RJPC"
              },
              {
                "dns_name": "ec2.eu-central-1.amazonaws.com",
                "hosted_zone_id": "Z0814934UM2QZCDMQJ22"
              },
              {
                "dns_name": "ec2.eu-central-1.api.aws",
                "hosted_zone_id": "Z08939142FESLCZPAWX5C"
              }
            ],
            "dns_options": [
              {
                "dns_record_ip_type": "ipv4",
                "private_dns_only_for_inbound_resolver_endpoint": false
              }
            ],
            "id": "vpce-0f2a2347bb102e886",
            "ip_address_type": "ipv4",
            "network_interface_ids": [
              "eni-0629a391945121bf6",
              "eni-0ddbf0d149e7902ff",
              "eni-0edd3601a4153be28"
            ],
            "owner_id": "686255952373",
            "policy": "{\"Statement\":[{\"Action\":\"*\",\"Effect\":\"Allow\",\"Principal\":\"*\",\"Resource\":\"*\"}]}",
            "prefix_list_id": null,
            "private_dns_enabled": true,
            "requester_managed": false,
            "resource_configuration_arn": "",
            "route_table_ids": [],
            "security_group_ids": [
              "sg-06a01942b8cd95177"
            ],
            "service_name": "com.amazonaws.eu-central-1.ec2",
            "service_network_arn": "",
            "service_region": "eu-central-1",
            "state": "available",
            "subnet_configuration": [
              {
                "ipv4": "10.0.26.220",
                "ipv6": "",
                "subnet_id": "subnet-0e4e9254340aa8c7d"
              },
              {
                "ipv4": "10.0.36.221",
                "ipv6": "",
                "subnet_id": "subnet-0342b782d95110948"
              },
              {
                "ipv4": "10.0.84.109",
                "ipv6": "",
                "subnet_id": "subnet-0d10b5de63c6535de"
              }
            ],
            "subnet_ids": [
              "subnet-0342b782d95110948",
              "subnet-0d10b5de63c6535de",
              "subnet-0e4e9254340aa8c7d"
            ],
            "tags": {
              "Environment": "test1",
              "Name": "prism1-test1-ec2-endpoint",
              "Product": "prism1",
              "Terraform": "UsePrism/eliza-infra"
            },
            "tags_all": {
              "Environment": "test1",
              "Name": "prism1-test1-ec2-endpoint",
              "Product": "prism1",
              "Terraform": "UsePrism/eliza-infra"
            },
            "timeouts": null,
            "vpc_endpoint_type": "Interface",
            "vpc_id": "vpc-065f7e7917bcc93d2"
          },
          "sensitive_attributes": [],
          "private": "eyJlMmJmYjczMC1lY2FhLTExZTYtOGY4OC0zNDM2M2JjN2M0YzAiOnsiY3JlYXRlIjo2MDAwMDAwMDAwMDAsImRlbGV0ZSI6NjAwMDAwMDAwMDAwLCJ1cGRhdGUiOjYwMDAwMDAwMDAwMH19",
          "dependencies": [
            "module.endpoints.data.aws_region.current",
            "module.security.aws_security_group.endpoint_sg",
            "module.vpc.data.aws_availability_zones.available",
            "module.vpc.module.vpc.aws_subnet.private",
            "module.vpc.module.vpc.aws_vpc.this",
            "module.vpc.module.vpc.aws_vpc_ipv4_cidr_block_association.this"
          ]
        }
      ]
    },
    {
      "module": "module.endpoints",
      "mode": "managed",
      "type": "aws_vpc_endpoint",
      "name": "kms",
      "provider": "provider[\"registry.terraform.io/hashicorp/aws\"]",
      "instances": [
        {
          "schema_version": 0,
          "attributes": {
            "arn": "arn:aws:ec2:eu-central-1:686255952373:vpc-endpoint/vpce-0f11d726237d588f9",
            "auto_accept": null,
            "cidr_blocks": [],
            "dns_entry": [
              {
                "dns_name": "vpce-0f11d726237d588f9-01vix608.kms.eu-central-1.vpce.amazonaws.com",
                "hosted_zone_id": "Z273ZU8SZ5RJPC"
              },
              {
                "dns_name": "vpce-0f11d726237d588f9-01vix608-eu-central-1c.kms.eu-central-1.vpce.amazonaws.com",
                "hosted_zone_id": "Z273ZU8SZ5RJPC"
              },
              {
                "dns_name": "vpce-0f11d726237d588f9-01vix608-eu-central-1a.kms.eu-central-1.vpce.amazonaws.com",
                "hosted_zone_id": "Z273ZU8SZ5RJPC"
              },
              {
                "dns_name": "vpce-0f11d726237d588f9-01vix608-eu-central-1b.kms.eu-central-1.vpce.amazonaws.com",
                "hosted_zone_id": "Z273ZU8SZ5RJPC"
              },
              {
                "dns_name": "kms.eu-central-1.amazonaws.com",
                "hosted_zone_id": "Z0893934243E9GIITDAUP"
              }
            ],
            "dns_options": [
              {
                "dns_record_ip_type": "ipv4",
                "private_dns_only_for_inbound_resolver_endpoint": false
              }
            ],
            "id": "vpce-0f11d726237d588f9",
            "ip_address_type": "ipv4",
            "network_interface_ids": [
              "eni-008200634de6eb091",
              "eni-010eb0e254ad8080c",
              "eni-0e9caf74c3799803f"
            ],
            "owner_id": "686255952373",
            "policy": "{\"Statement\":[{\"Action\":\"*\",\"Effect\":\"Allow\",\"Principal\":\"*\",\"Resource\":\"*\"}]}",
            "prefix_list_id": null,
            "private_dns_enabled": true,
            "requester_managed": false,
            "resource_configuration_arn": "",
            "route_table_ids": [],
            "security_group_ids": [
              "sg-06a01942b8cd95177"
            ],
            "service_name": "com.amazonaws.eu-central-1.kms",
            "service_network_arn": "",
            "service_region": "eu-central-1",
            "state": "available",
            "subnet_configuration": [
              {
                "ipv4": "10.0.0.164",
                "ipv6": "",
                "subnet_id": "subnet-0e4e9254340aa8c7d"
              },
              {
                "ipv4": "10.0.59.210",
                "ipv6": "",
                "subnet_id": "subnet-0342b782d95110948"
              },
              {
                "ipv4": "10.0.81.63",
                "ipv6": "",
                "subnet_id": "subnet-0d10b5de63c6535de"
              }
            ],
            "subnet_ids": [
              "subnet-0342b782d95110948",
              "subnet-0d10b5de63c6535de",
              "subnet-0e4e9254340aa8c7d"
            ],
            "tags": {
              "Environment": "test1",
              "Name": "prism1-test1-kms-endpoint",
              "Product": "prism1",
              "Terraform": "UsePrism/eliza-infra"
            },
            "tags_all": {
              "Environment": "test1",
              "Name": "prism1-test1-kms-endpoint",
              "Product": "prism1",
              "Terraform": "UsePrism/eliza-infra"
            },
            "timeouts": null,
            "vpc_endpoint_type": "Interface",
            "vpc_id": "vpc-065f7e7917bcc93d2"
          },
          "sensitive_attributes": [],
          "private": "eyJlMmJmYjczMC1lY2FhLTExZTYtOGY4OC0zNDM2M2JjN2M0YzAiOnsiY3JlYXRlIjo2MDAwMDAwMDAwMDAsImRlbGV0ZSI6NjAwMDAwMDAwMDAwLCJ1cGRhdGUiOjYwMDAwMDAwMDAwMH19",
          "dependencies": [
            "module.endpoints.data.aws_region.current",
            "module.security.aws_security_group.endpoint_sg",
            "module.vpc.data.aws_availability_zones.available",
            "module.vpc.module.vpc.aws_subnet.private",
            "module.vpc.module.vpc.aws_vpc.this",
            "module.vpc.module.vpc.aws_vpc_ipv4_cidr_block_association.this"
          ]
        }
      ]
    },
    {
      "module": "module.endpoints",
      "mode": "managed",
      "type": "aws_vpc_endpoint",
      "name": "secretsmanager",
      "provider": "provider[\"registry.terraform.io/hashicorp/aws\"]",
      "instances": [
        {
          "schema_version": 0,
          "attributes": {
            "arn": "arn:aws:ec2:eu-central-1:686255952373:vpc-endpoint/vpce-0b011b49d5c90ba56",
            "auto_accept": null,
            "cidr_blocks": [],
            "dns_entry": [
              {
                "dns_name": "vpce-0b011b49d5c90ba56-0j0ztfqx.secretsmanager.eu-central-1.vpce.amazonaws.com",
                "hosted_zone_id": "Z273ZU8SZ5RJPC"
              },
              {
                "dns_name": "vpce-0b011b49d5c90ba56-0j0ztfqx-eu-central-1c.secretsmanager.eu-central-1.vpce.amazonaws.com",
                "hosted_zone_id": "Z273ZU8SZ5RJPC"
              },
              {
                "dns_name": "vpce-0b011b49d5c90ba56-0j0ztfqx-eu-central-1b.secretsmanager.eu-central-1.vpce.amazonaws.com",
                "hosted_zone_id": "Z273ZU8SZ5RJPC"
              },
              {
                "dns_name": "vpce-0b011b49d5c90ba56-0j0ztfqx-eu-central-1a.secretsmanager.eu-central-1.vpce.amazonaws.com",
                "hosted_zone_id": "Z273ZU8SZ5RJPC"
              },
              {
                "dns_name": "secretsmanager.eu-central-1.amazonaws.com",
                "hosted_zone_id": "Z09664991HHVIMUW0ZZAZ"
              }
            ],
            "dns_options": [
              {
                "dns_record_ip_type": "ipv4",
                "private_dns_only_for_inbound_resolver_endpoint": false
              }
            ],
            "id": "vpce-0b011b49d5c90ba56",
            "ip_address_type": "ipv4",
            "network_interface_ids": [
              "eni-02d2d17b8ae7d7941",
              "eni-05c7013723d374353",
              "eni-084837beae8fee2ae"
            ],
            "owner_id": "686255952373",
            "policy": "{\"Statement\":[{\"Action\":\"*\",\"Effect\":\"Allow\",\"Principal\":\"*\",\"Resource\":\"*\"}]}",
            "prefix_list_id": null,
            "private_dns_enabled": true,
            "requester_managed": false,
            "resource_configuration_arn": "",
            "route_table_ids": [],
            "security_group_ids": [
              "sg-06a01942b8cd95177"
            ],
            "service_name": "com.amazonaws.eu-central-1.secretsmanager",
            "service_network_arn": "",
            "service_region": "eu-central-1",
            "state": "available",
            "subnet_configuration": [
              {
                "ipv4": "10.0.22.169",
                "ipv6": "",
                "subnet_id": "subnet-0e4e9254340aa8c7d"
              },
              {
                "ipv4": "10.0.45.111",
                "ipv6": "",
                "subnet_id": "subnet-0342b782d95110948"
              },
              {
                "ipv4": "10.0.67.201",
                "ipv6": "",
                "subnet_id": "subnet-0d10b5de63c6535de"
              }
            ],
            "subnet_ids": [
              "subnet-0342b782d95110948",
              "subnet-0d10b5de63c6535de",
              "subnet-0e4e9254340aa8c7d"
            ],
            "tags": {
              "Environment": "test1",
              "Name": "prism1-test1-secretsmanager-endpoint",
              "Product": "prism1",
              "Terraform": "UsePrism/eliza-infra"
            },
            "tags_all": {
              "Environment": "test1",
              "Name": "prism1-test1-secretsmanager-endpoint",
              "Product": "prism1",
              "Terraform": "UsePrism/eliza-infra"
            },
            "timeouts": null,
            "vpc_endpoint_type": "Interface",
            "vpc_id": "vpc-065f7e7917bcc93d2"
          },
          "sensitive_attributes": [],
          "private": "eyJlMmJmYjczMC1lY2FhLTExZTYtOGY4OC0zNDM2M2JjN2M0YzAiOnsiY3JlYXRlIjo2MDAwMDAwMDAwMDAsImRlbGV0ZSI6NjAwMDAwMDAwMDAwLCJ1cGRhdGUiOjYwMDAwMDAwMDAwMH19",
          "dependencies": [
            "module.endpoints.data.aws_region.current",
            "module.security.aws_security_group.endpoint_sg",
            "module.vpc.data.aws_availability_zones.available",
            "module.vpc.module.vpc.aws_subnet.private",
            "module.vpc.module.vpc.aws_vpc.this",
            "module.vpc.module.vpc.aws_vpc_ipv4_cidr_block_association.this"
          ]
        }
      ]
    },
    {
      "module": "module.endpoints",
      "mode": "managed",
      "type": "aws_vpc_endpoint",
      "name": "ssm",
      "provider": "provider[\"registry.terraform.io/hashicorp/aws\"]",
      "instances": [
        {
          "schema_version": 0,
          "attributes": {
            "arn": "arn:aws:ec2:eu-central-1:686255952373:vpc-endpoint/vpce-038c05e78cc783c96",
            "auto_accept": null,
            "cidr_blocks": [],
            "dns_entry": [
              {
                "dns_name": "vpce-038c05e78cc783c96-zpvx4nap.ssm.eu-central-1.vpce.amazonaws.com",
                "hosted_zone_id": "Z273ZU8SZ5RJPC"
              },
              {
                "dns_name": "vpce-038c05e78cc783c96-zpvx4nap-eu-central-1b.ssm.eu-central-1.vpce.amazonaws.com",
                "hosted_zone_id": "Z273ZU8SZ5RJPC"
              },
              {
                "dns_name": "vpce-038c05e78cc783c96-zpvx4nap-eu-central-1c.ssm.eu-central-1.vpce.amazonaws.com",
                "hosted_zone_id": "Z273ZU8SZ5RJPC"
              },
              {
                "dns_name": "vpce-038c05e78cc783c96-zpvx4nap-eu-central-1a.ssm.eu-central-1.vpce.amazonaws.com",
                "hosted_zone_id": "Z273ZU8SZ5RJPC"
              },
              {
                "dns_name": "ssm.eu-central-1.amazonaws.com",
                "hosted_zone_id": "Z07925601O00LM3GMMN1Z"
              }
            ],
            "dns_options": [
              {
                "dns_record_ip_type": "ipv4",
                "private_dns_only_for_inbound_resolver_endpoint": false
              }
            ],
            "id": "vpce-038c05e78cc783c96",
            "ip_address_type": "ipv4",
            "network_interface_ids": [
              "eni-054f57c07c80fa2d6",
              "eni-0b0b485fddc0b5839",
              "eni-0d6e275f12864dfa0"
            ],
            "owner_id": "686255952373",
            "policy": "{\"Statement\":[{\"Action\":\"*\",\"Effect\":\"Allow\",\"Principal\":\"*\",\"Resource\":\"*\"}]}",
            "prefix_list_id": null,
            "private_dns_enabled": true,
            "requester_managed": false,
            "resource_configuration_arn": "",
            "route_table_ids": [],
            "security_group_ids": [
              "sg-06a01942b8cd95177"
            ],
            "service_name": "com.amazonaws.eu-central-1.ssm",
            "service_network_arn": "",
            "service_region": "eu-central-1",
            "state": "available",
            "subnet_configuration": [
              {
                "ipv4": "10.0.16.197",
                "ipv6": "",
                "subnet_id": "subnet-0e4e9254340aa8c7d"
              },
              {
                "ipv4": "10.0.40.3",
                "ipv6": "",
                "subnet_id": "subnet-0342b782d95110948"
              },
              {
                "ipv4": "10.0.80.150",
                "ipv6": "",
                "subnet_id": "subnet-0d10b5de63c6535de"
              }
            ],
            "subnet_ids": [
              "subnet-0342b782d95110948",
              "subnet-0d10b5de63c6535de",
              "subnet-0e4e9254340aa8c7d"
            ],
            "tags": {
              "Environment": "test1",
              "Name": "prism1-test1-ssm-endpoint",
              "Product": "prism1",
              "Terraform": "UsePrism/eliza-infra"
            },
            "tags_all": {
              "Environment": "test1",
              "Name": "prism1-test1-ssm-endpoint",
              "Product": "prism1",
              "Terraform": "UsePrism/eliza-infra"
            },
            "timeouts": null,
            "vpc_endpoint_type": "Interface",
            "vpc_id": "vpc-065f7e7917bcc93d2"
          },
          "sensitive_attributes": [],
          "private": "eyJlMmJmYjczMC1lY2FhLTExZTYtOGY4OC0zNDM2M2JjN2M0YzAiOnsiY3JlYXRlIjo2MDAwMDAwMDAwMDAsImRlbGV0ZSI6NjAwMDAwMDAwMDAwLCJ1cGRhdGUiOjYwMDAwMDAwMDAwMH19",
          "dependencies": [
            "module.endpoints.data.aws_region.current",
            "module.security.aws_security_group.endpoint_sg",
            "module.vpc.data.aws_availability_zones.available",
            "module.vpc.module.vpc.aws_subnet.private",
            "module.vpc.module.vpc.aws_vpc.this",
            "module.vpc.module.vpc.aws_vpc_ipv4_cidr_block_association.this"
          ]
        }
      ]
    },
    {
      "module": "module.nginx",
      "mode": "data",
      "type": "aws_ami",
      "name": "nginx",
      "provider": "provider[\"registry.terraform.io/hashicorp/aws\"]",
      "instances": [
        {
          "schema_version": 0,
          "attributes": {
            "architecture": "x86_64",
            "arn": "arn:aws:ec2:eu-central-1::image/ami-0a4078fd05390aae4",
            "block_device_mappings": [
              {
                "device_name": "/dev/sda1",
                "ebs": {
                  "delete_on_termination": "true",
                  "encrypted": "false",
                  "iops": "0",
                  "snapshot_id": "snap-0482a2e4ca0ca324a",
                  "throughput": "0",
                  "volume_size": "16",
                  "volume_type": "gp2"
                },
                "no_device": "",
                "virtual_name": ""
              },
              {
                "device_name": "/dev/sdb",
                "ebs": {},
                "no_device": "",
                "virtual_name": "ephemeral0"
              },
              {
                "device_name": "/dev/sdc",
                "ebs": {},
                "no_device": "",
                "virtual_name": "ephemeral1"
              }
            ],
            "boot_mode": "uefi-preferred",
            "creation_date": "2025-03-25T19:15:22.000Z",
            "deprecation_time": "",
            "description": "",
            "ena_support": true,
            "executable_users": null,
            "filter": null,
            "hypervisor": "xen",
            "id": "ami-0a4078fd05390aae4",
            "image_id": "ami-0a4078fd05390aae4",
            "image_location": "686255952373/test1-nginx-20250325185753",
            "image_owner_alias": "",
            "image_type": "machine",
            "imds_support": "",
            "include_deprecated": false,
            "kernel_id": "",
            "most_recent": true,
            "name": "test1-nginx-20250325185753",
            "name_regex": "^test1-nginx-.*$",
            "owner_id": "686255952373",
            "owners": [
              "self"
            ],
            "platform": "",
            "platform_details": "Linux/UNIX",
            "product_codes": [],
            "public": false,
            "ramdisk_id": "",
            "root_device_name": "/dev/sda1",
            "root_device_type": "ebs",
            "root_snapshot_id": "snap-0482a2e4ca0ca324a",
            "sriov_net_support": "simple",
            "state": "available",
            "state_reason": {
              "code": "UNSET",
              "message": "UNSET"
            },
            "tags": {
              "Base_AMI_Name": "ubuntu/images/hvm-ssd/ubuntu-jammy-22.04-amd64-server-20250305",
              "Environment": "test1",
              "Name": "test1-nginx-20250325185753",
              "OS_Version": "ubuntu",
              "Packer": "Use-Prism/eliza-infra",
              "Release": "22.04",
              "Role": "nginx"
            },
            "timeouts": null,
            "tpm_support": "",
            "uefi_data": null,
            "usage_operation": "RunInstances",
            "virtualization_type": "hvm"
          },
          "sensitive_attributes": []
        }
      ]
    },
    {
      "module": "module.nginx",
      "mode": "data",
      "type": "aws_caller_identity",
      "name": "current",
      "provider": "provider[\"registry.terraform.io/hashicorp/aws\"]",
      "instances": [
        {
          "schema_version": 0,
          "attributes": {
            "account_id": "686255952373",
            "arn": "arn:aws:iam::686255952373:user/conrado",
            "id": "686255952373",
            "user_id": "AIDAZ7SAK2H2RDHYGKR2U"
          },
          "sensitive_attributes": []
        }
      ]
    },
    {
      "module": "module.nginx",
      "mode": "data",
      "type": "aws_region",
      "name": "current",
      "provider": "provider[\"registry.terraform.io/hashicorp/aws\"]",
      "instances": [
        {
          "schema_version": 0,
          "attributes": {
            "description": "Europe (Frankfurt)",
            "endpoint": "ec2.eu-central-1.amazonaws.com",
            "id": "eu-central-1",
            "name": "eu-central-1"
          },
          "sensitive_attributes": []
        }
      ]
    },
    {
      "module": "module.nginx",
      "mode": "data",
      "type": "aws_route53_zone",
      "name": "zone",
      "provider": "provider[\"registry.terraform.io/hashicorp/aws\"]",
      "instances": [
        {
          "schema_version": 0,
          "attributes": {
            "arn": "arn:aws:route53:::hostedzone/Z00401101Y262GI1S5IJ9",
            "caller_reference": "RISWorkflow-RD:f94ac020-cd88-40cb-8284-edd24dacc23a",
            "comment": "HostedZone created by Route53 Registrar",
            "id": "Z00401101Y262GI1S5IJ9",
            "linked_service_description": null,
            "linked_service_principal": null,
            "name": "prism1.click",
            "name_servers": [
              "ns-1462.awsdns-54.org",
              "ns-1719.awsdns-22.co.uk",
              "ns-977.awsdns-58.net",
              "ns-343.awsdns-42.com"
            ],
            "primary_name_server": "ns-1462.awsdns-54.org",
            "private_zone": false,
            "resource_record_set_count": 10,
            "tags": {},
            "vpc_id": null,
            "zone_id": "Z00401101Y262GI1S5IJ9"
          },
          "sensitive_attributes": []
        }
      ]
    },
    {
      "module": "module.nginx",
      "mode": "data",
      "type": "template_file",
      "name": "cloud_config_nginx",
      "provider": "provider[\"registry.terraform.io/hashicorp/template\"]",
      "instances": [
        {
          "schema_version": 0,
          "attributes": {
            "filename": null,
            "id": "453d9117922fdda57a0db2a2ade141b839611901c4a3a7cc965ce6257125914f",
            "rendered": "#cloud-config\n\nruncmd:\n  - sudo -u ubuntu /home/ubuntu/ansible-pull.sh",
            "template": "#cloud-config\n\nruncmd:\n  - sudo -u ubuntu /home/ubuntu/ansible-pull.sh",
            "vars": {
              "ENVIRONMENT": "test1",
              "ROLE": "nginx"
            }
          },
          "sensitive_attributes": []
        }
      ]
    },
    {
      "module": "module.nginx",
      "mode": "managed",
      "type": "aws_route53_record",
      "name": "nginx",
      "provider": "provider[\"registry.terraform.io/hashicorp/aws\"]",
      "instances": [
        {
          "schema_version": 2,
          "attributes": {
            "alias": [
              {
                "evaluate_target_health": true,
                "name": "test1-nginx-1935017009.eu-central-1.elb.amazonaws.com",
                "zone_id": "Z215JYRZR1TBD5"
              }
            ],
            "allow_overwrite": null,
            "cidr_routing_policy": [],
            "failover_routing_policy": [],
            "fqdn": "test1-nginx.prism1.click",
            "geolocation_routing_policy": [],
            "geoproximity_routing_policy": [],
            "health_check_id": "",
            "id": "Z00401101Y262GI1S5IJ9_test1-nginx_A",
            "latency_routing_policy": [],
            "multivalue_answer_routing_policy": false,
            "name": "test1-nginx",
            "records": [],
            "set_identifier": "",
            "ttl": 0,
            "type": "A",
            "weighted_routing_policy": [],
            "zone_id": "Z00401101Y262GI1S5IJ9"
          },
          "sensitive_attributes": [],
          "private": "eyJzY2hlbWFfdmVyc2lvbiI6IjIifQ==",
          "dependencies": [
            "module.bastion.aws_security_group.bastion",
            "module.nginx.aws_security_group.nginx",
            "module.nginx.module.alb.aws_lb.this",
            "module.vpc.data.aws_availability_zones.available",
            "module.vpc.module.vpc.aws_subnet.public",
            "module.vpc.module.vpc.aws_vpc.this",
            "module.vpc.module.vpc.aws_vpc_ipv4_cidr_block_association.this"
          ]
        }
      ]
    },
    {
      "module": "module.nginx",
      "mode": "managed",
      "type": "aws_security_group",
      "name": "nginx",
      "provider": "provider[\"registry.terraform.io/hashicorp/aws\"]",
      "instances": [
        {
          "schema_version": 1,
          "attributes": {
            "arn": "arn:aws:ec2:eu-central-1:686255952373:security-group/sg-05c23dc1f238aabc8",
            "description": "Allow inbound nginx traffic and mgmt ssh",
            "egress": [
              {
                "cidr_blocks": [
                  "0.0.0.0/0"
                ],
                "description": "",
                "from_port": 0,
                "ipv6_cidr_blocks": [
                  "::/0"
                ],
                "prefix_list_ids": [],
                "protocol": "-1",
                "security_groups": [],
                "self": false,
                "to_port": 0
              }
            ],
            "id": "sg-05c23dc1f238aabc8",
            "ingress": [
              {
                "cidr_blocks": [
                  "0.0.0.0/0"
                ],
                "description": "",
                "from_port": 443,
                "ipv6_cidr_blocks": [],
                "prefix_list_ids": [],
                "protocol": "tcp",
                "security_groups": [],
                "self": false,
                "to_port": 443
              },
              {
                "cidr_blocks": [
                  "0.0.0.0/0"
                ],
                "description": "",
                "from_port": 80,
                "ipv6_cidr_blocks": [],
                "prefix_list_ids": [],
                "protocol": "tcp",
                "security_groups": [],
                "self": false,
                "to_port": 80
              },
              {
                "cidr_blocks": [],
                "description": "",
                "from_port": 22,
                "ipv6_cidr_blocks": [],
                "prefix_list_ids": [],
                "protocol": "tcp",
                "security_groups": [
                  "sg-0d401e619b851a01b"
                ],
                "self": false,
                "to_port": 22
              },
              {
                "cidr_blocks": [],
                "description": "",
                "from_port": 8080,
                "ipv6_cidr_blocks": [],
                "prefix_list_ids": [],
                "protocol": "tcp",
                "security_groups": [
                  "sg-0d401e619b851a01b"
                ],
                "self": false,
                "to_port": 8080
              }
            ],
            "name": "test1-nginx",
            "name_prefix": "",
            "owner_id": "686255952373",
            "revoke_rules_on_delete": false,
            "tags": {
              "Name": "test1-nginx-80a-443a-22b-0x"
            },
            "tags_all": {
              "Name": "test1-nginx-80a-443a-22b-0x"
            },
            "timeouts": null,
            "vpc_id": "vpc-065f7e7917bcc93d2"
          },
          "sensitive_attributes": [],
          "private": "eyJlMmJmYjczMC1lY2FhLTExZTYtOGY4OC0zNDM2M2JjN2M0YzAiOnsiY3JlYXRlIjo2MDAwMDAwMDAwMDAsImRlbGV0ZSI6OTAwMDAwMDAwMDAwfSwic2NoZW1hX3ZlcnNpb24iOiIxIn0=",
          "dependencies": [
            "module.bastion.aws_security_group.bastion",
            "module.vpc.module.vpc.aws_vpc.this"
          ],
          "create_before_destroy": true
        }
      ]
    },
    {
      "module": "module.nginx.module.acm",
      "mode": "managed",
      "type": "aws_acm_certificate",
      "name": "this",
      "provider": "provider[\"registry.terraform.io/hashicorp/aws\"]",
      "instances": [
        {
          "index_key": 0,
          "schema_version": 0,
          "attributes": {
            "arn": "arn:aws:acm:eu-central-1:686255952373:certificate/592e5536-1b36-4204-9ca7-fd01006aa618",
            "certificate_authority_arn": "",
            "certificate_body": null,
            "certificate_chain": null,
            "domain_name": "test1-nginx.prism1.click",
            "domain_validation_options": [
              {
                "domain_name": "*.prism1.click",
                "resource_record_name": "_b37b55d6f3e1b7180a22ea39b16ee83c.prism1.click.",
                "resource_record_type": "CNAME",
                "resource_record_value": "_c5d098b13dd5db9768f2abd8f594e11d.zfyfvmchrl.acm-validations.aws."
              },
              {
                "domain_name": "test1-nginx.prism1.click",
                "resource_record_name": "_e77528c70701d89a95f017db8f1c2acc.test1-nginx.prism1.click.",
                "resource_record_type": "CNAME",
                "resource_record_value": "_6f5d334d128809e58ccc248f11fad9b0.xlfgrmvvlj.acm-validations.aws."
              }
            ],
            "early_renewal_duration": "",
            "id": "arn:aws:acm:eu-central-1:686255952373:certificate/592e5536-1b36-4204-9ca7-fd01006aa618",
            "key_algorithm": "RSA_2048",
            "not_after": "2026-04-23T23:59:59Z",
            "not_before": "2025-03-25T00:00:00Z",
            "options": [
              {
                "certificate_transparency_logging_preference": "ENABLED"
              }
            ],
            "pending_renewal": false,
            "private_key": null,
            "renewal_eligibility": "ELIGIBLE",
            "renewal_summary": [],
            "status": "ISSUED",
            "subject_alternative_names": [
              "*.prism1.click",
              "test1-nginx.prism1.click"
            ],
            "tags": {
              "Name": "test1-nginx.prism1.click"
            },
            "tags_all": {
              "Name": "test1-nginx.prism1.click"
            },
            "type": "AMAZON_ISSUED",
            "validation_emails": [],
            "validation_method": "DNS",
            "validation_option": []
          },
          "sensitive_attributes": [
            [
              {
                "type": "get_attr",
                "value": "private_key"
              }
            ]
          ],
          "private": "bnVsbA==",
          "create_before_destroy": true
        }
      ]
    },
    {
      "module": "module.nginx.module.acm",
      "mode": "managed",
      "type": "aws_acm_certificate_validation",
      "name": "this",
      "provider": "provider[\"registry.terraform.io/hashicorp/aws\"]",
      "instances": [
        {
          "index_key": 0,
          "schema_version": 0,
          "attributes": {
            "certificate_arn": "arn:aws:acm:eu-central-1:686255952373:certificate/592e5536-1b36-4204-9ca7-fd01006aa618",
            "id": "2025-03-25 19:22:56.612 +0000 UTC",
            "timeouts": null,
            "validation_record_fqdns": [
              "_b37b55d6f3e1b7180a22ea39b16ee83c.prism1.click",
              "_e77528c70701d89a95f017db8f1c2acc.test1-nginx.prism1.click"
            ]
          },
          "sensitive_attributes": [],
          "private": "eyJlMmJmYjczMC1lY2FhLTExZTYtOGY4OC0zNDM2M2JjN2M0YzAiOnsiY3JlYXRlIjo0NTAwMDAwMDAwMDAwfX0=",
          "dependencies": [
            "module.nginx.data.aws_route53_zone.zone",
            "module.nginx.module.acm.aws_acm_certificate.this",
            "module.nginx.module.acm.aws_route53_record.validation"
          ]
        }
      ]
    },
    {
      "module": "module.nginx.module.acm",
      "mode": "managed",
      "type": "aws_route53_record",
      "name": "validation",
      "provider": "provider[\"registry.terraform.io/hashicorp/aws\"]",
      "instances": [
        {
          "index_key": 0,
          "schema_version": 2,
          "attributes": {
            "alias": [],
            "allow_overwrite": true,
            "cidr_routing_policy": [],
            "failover_routing_policy": [],
            "fqdn": "_b37b55d6f3e1b7180a22ea39b16ee83c.prism1.click",
            "geolocation_routing_policy": [],
            "geoproximity_routing_policy": [],
            "health_check_id": "",
            "id": "Z00401101Y262GI1S5IJ9__b37b55d6f3e1b7180a22ea39b16ee83c.prism1.click._CNAME",
            "latency_routing_policy": [],
            "multivalue_answer_routing_policy": false,
            "name": "_b37b55d6f3e1b7180a22ea39b16ee83c.prism1.click",
            "records": [
              "_c5d098b13dd5db9768f2abd8f594e11d.zfyfvmchrl.acm-validations.aws."
            ],
            "set_identifier": "",
            "ttl": 60,
            "type": "CNAME",
            "weighted_routing_policy": [],
            "zone_id": "Z00401101Y262GI1S5IJ9"
          },
          "sensitive_attributes": [],
          "private": "eyJzY2hlbWFfdmVyc2lvbiI6IjIifQ==",
          "dependencies": [
            "module.nginx.data.aws_route53_zone.zone",
            "module.nginx.module.acm.aws_acm_certificate.this"
          ]
        },
        {
          "index_key": 1,
          "schema_version": 2,
          "attributes": {
            "alias": [],
            "allow_overwrite": true,
            "cidr_routing_policy": [],
            "failover_routing_policy": [],
            "fqdn": "_e77528c70701d89a95f017db8f1c2acc.test1-nginx.prism1.click",
            "geolocation_routing_policy": [],
            "geoproximity_routing_policy": [],
            "health_check_id": "",
            "id": "Z00401101Y262GI1S5IJ9__e77528c70701d89a95f017db8f1c2acc.test1-nginx.prism1.click._CNAME",
            "latency_routing_policy": [],
            "multivalue_answer_routing_policy": false,
            "name": "_e77528c70701d89a95f017db8f1c2acc.test1-nginx.prism1.click",
            "records": [
              "_6f5d334d128809e58ccc248f11fad9b0.xlfgrmvvlj.acm-validations.aws."
            ],
            "set_identifier": "",
            "ttl": 60,
            "type": "CNAME",
            "weighted_routing_policy": [],
            "zone_id": "Z00401101Y262GI1S5IJ9"
          },
          "sensitive_attributes": [],
          "private": "eyJzY2hlbWFfdmVyc2lvbiI6IjIifQ==",
          "dependencies": [
            "module.nginx.data.aws_route53_zone.zone",
            "module.nginx.module.acm.aws_acm_certificate.this"
          ]
        }
      ]
    },
    {
      "module": "module.nginx.module.alb",
      "mode": "managed",
      "type": "aws_lb",
      "name": "this",
      "provider": "provider[\"registry.terraform.io/hashicorp/aws\"]",
      "instances": [
        {
          "index_key": 0,
          "schema_version": 0,
          "attributes": {
            "access_logs": [
              {
                "bucket": "",
                "enabled": false,
                "prefix": ""
              }
            ],
            "arn": "arn:aws:elasticloadbalancing:eu-central-1:686255952373:loadbalancer/app/test1-nginx/b5a49f2ac83e16d6",
            "arn_suffix": "app/test1-nginx/b5a49f2ac83e16d6",
            "client_keep_alive": 3600,
            "connection_logs": [
              {
                "bucket": "",
                "enabled": false,
                "prefix": ""
              }
            ],
            "customer_owned_ipv4_pool": "",
            "desync_mitigation_mode": "defensive",
            "dns_name": "test1-nginx-1935017009.eu-central-1.elb.amazonaws.com",
            "dns_record_client_routing_policy": null,
            "drop_invalid_header_fields": false,
            "enable_cross_zone_load_balancing": true,
            "enable_deletion_protection": false,
            "enable_http2": true,
            "enable_tls_version_and_cipher_suite_headers": false,
            "enable_waf_fail_open": false,
            "enable_xff_client_port": false,
            "enable_zonal_shift": false,
            "enforce_security_group_inbound_rules_on_private_link_traffic": "",
            "id": "arn:aws:elasticloadbalancing:eu-central-1:686255952373:loadbalancer/app/test1-nginx/b5a49f2ac83e16d6",
            "idle_timeout": 60,
            "internal": false,
            "ip_address_type": "ipv4",
            "load_balancer_type": "application",
            "name": "test1-nginx",
            "name_prefix": "",
            "preserve_host_header": false,
            "security_groups": [
              "sg-05c23dc1f238aabc8"
            ],
            "subnet_mapping": [
              {
                "allocation_id": "",
                "ipv6_address": "",
                "outpost_id": "",
                "private_ipv4_address": "",
                "subnet_id": "subnet-007bcfab934725437"
              },
              {
                "allocation_id": "",
                "ipv6_address": "",
                "outpost_id": "",
                "private_ipv4_address": "",
                "subnet_id": "subnet-04dc8365965c8f6dc"
              },
              {
                "allocation_id": "",
                "ipv6_address": "",
                "outpost_id": "",
                "private_ipv4_address": "",
                "subnet_id": "subnet-0bb2eacb1fb4d3c62"
              }
            ],
            "subnets": [
              "subnet-007bcfab934725437",
              "subnet-04dc8365965c8f6dc",
              "subnet-0bb2eacb1fb4d3c62"
            ],
            "tags": {
              "Environment": "test1",
              "Name": "test1-nginx",
              "Role": "nginx",
              "Terraform": "Use-Prism/eliza-infra"
            },
            "tags_all": {
              "Environment": "test1",
              "Name": "test1-nginx",
              "Role": "nginx",
              "Terraform": "Use-Prism/eliza-infra"
            },
            "timeouts": {
              "create": "10m",
              "delete": "10m",
              "update": "10m"
            },
            "vpc_id": "vpc-065f7e7917bcc93d2",
            "xff_header_processing_mode": "append",
            "zone_id": "Z215JYRZR1TBD5"
          },
          "sensitive_attributes": [],
          "private": "eyJlMmJmYjczMC1lY2FhLTExZTYtOGY4OC0zNDM2M2JjN2M0YzAiOnsiY3JlYXRlIjo2MDAwMDAwMDAwMDAsImRlbGV0ZSI6NjAwMDAwMDAwMDAwLCJ1cGRhdGUiOjYwMDAwMDAwMDAwMH19",
          "dependencies": [
            "module.bastion.aws_security_group.bastion",
            "module.nginx.aws_security_group.nginx",
            "module.vpc.data.aws_availability_zones.available",
            "module.vpc.module.vpc.aws_subnet.public",
            "module.vpc.module.vpc.aws_vpc.this",
            "module.vpc.module.vpc.aws_vpc_ipv4_cidr_block_association.this"
          ]
        }
      ]
    },
    {
      "module": "module.nginx.module.alb",
      "mode": "managed",
      "type": "aws_lb_listener",
      "name": "frontend_https",
      "provider": "provider[\"registry.terraform.io/hashicorp/aws\"]",
      "instances": [
        {
          "index_key": 0,
          "schema_version": 0,
          "attributes": {
            "alpn_policy": null,
            "arn": "arn:aws:elasticloadbalancing:eu-central-1:686255952373:listener/app/test1-nginx/b5a49f2ac83e16d6/d56cc442b0e91f21",
            "certificate_arn": "arn:aws:acm:eu-central-1:686255952373:certificate/592e5536-1b36-4204-9ca7-fd01006aa618",
            "default_action": [
              {
                "authenticate_cognito": [],
                "authenticate_oidc": [],
                "fixed_response": [],
                "forward": [],
                "order": 1,
                "redirect": [],
                "target_group_arn": "arn:aws:elasticloadbalancing:eu-central-1:686255952373:targetgroup/test1-nginx/21d15066968555b4",
                "type": "forward"
              }
            ],
            "id": "arn:aws:elasticloadbalancing:eu-central-1:686255952373:listener/app/test1-nginx/b5a49f2ac83e16d6/d56cc442b0e91f21",
            "load_balancer_arn": "arn:aws:elasticloadbalancing:eu-central-1:686255952373:loadbalancer/app/test1-nginx/b5a49f2ac83e16d6",
            "mutual_authentication": [
              {
                "advertise_trust_store_ca_names": "",
                "ignore_client_certificate_expiry": false,
                "mode": "off",
                "trust_store_arn": ""
              }
            ],
            "port": 443,
            "protocol": "HTTPS",
            "routing_http_request_x_amzn_mtls_clientcert_header_name": "",
            "routing_http_request_x_amzn_mtls_clientcert_issuer_header_name": "",
            "routing_http_request_x_amzn_mtls_clientcert_leaf_header_name": "",
            "routing_http_request_x_amzn_mtls_clientcert_serial_number_header_name": "",
            "routing_http_request_x_amzn_mtls_clientcert_subject_header_name": "",
            "routing_http_request_x_amzn_mtls_clientcert_validity_header_name": "",
            "routing_http_request_x_amzn_tls_cipher_suite_header_name": "",
            "routing_http_request_x_amzn_tls_version_header_name": "",
            "routing_http_response_access_control_allow_credentials_header_value": "",
            "routing_http_response_access_control_allow_headers_header_value": "",
            "routing_http_response_access_control_allow_methods_header_value": "",
            "routing_http_response_access_control_allow_origin_header_value": "",
            "routing_http_response_access_control_expose_headers_header_value": "",
            "routing_http_response_access_control_max_age_header_value": "",
            "routing_http_response_content_security_policy_header_value": "",
            "routing_http_response_server_enabled": false,
            "routing_http_response_strict_transport_security_header_value": "",
            "routing_http_response_x_content_type_options_header_value": "",
            "routing_http_response_x_frame_options_header_value": "",
            "ssl_policy": "ELBSecurityPolicy-2016-08",
            "tags": {
              "Environment": "test1",
              "Role": "nginx",
              "Terraform": "Use-Prism/eliza-infra"
            },
            "tags_all": {
              "Environment": "test1",
              "Role": "nginx",
              "Terraform": "Use-Prism/eliza-infra"
            },
            "tcp_idle_timeout_seconds": null,
            "timeouts": null
          },
          "sensitive_attributes": [],
          "private": "eyJlMmJmYjczMC1lY2FhLTExZTYtOGY4OC0zNDM2M2JjN2M0YzAiOnsiY3JlYXRlIjozMDAwMDAwMDAwMDAsInVwZGF0ZSI6MzAwMDAwMDAwMDAwfX0=",
          "dependencies": [
            "module.bastion.aws_security_group.bastion",
            "module.nginx.aws_security_group.nginx",
            "module.nginx.data.aws_route53_zone.zone",
            "module.nginx.module.acm.aws_acm_certificate.this",
            "module.nginx.module.acm.aws_acm_certificate_validation.this",
            "module.nginx.module.acm.aws_route53_record.validation",
            "module.nginx.module.alb.aws_lb.this",
            "module.nginx.module.alb.aws_lb_target_group.main",
            "module.vpc.data.aws_availability_zones.available",
            "module.vpc.module.vpc.aws_subnet.public",
            "module.vpc.module.vpc.aws_vpc.this",
            "module.vpc.module.vpc.aws_vpc_ipv4_cidr_block_association.this"
          ]
        }
      ]
    },
    {
      "module": "module.nginx.module.alb",
      "mode": "managed",
      "type": "aws_lb_target_group",
      "name": "main",
      "provider": "provider[\"registry.terraform.io/hashicorp/aws\"]",
      "instances": [
        {
          "index_key": 0,
          "schema_version": 0,
          "attributes": {
            "arn": "arn:aws:elasticloadbalancing:eu-central-1:686255952373:targetgroup/test1-nginx/21d15066968555b4",
            "arn_suffix": "targetgroup/test1-nginx/21d15066968555b4",
            "connection_termination": null,
            "deregistration_delay": "300",
            "health_check": [
              {
                "enabled": true,
                "healthy_threshold": 2,
                "interval": 10,
                "matcher": "200",
                "path": "/healthz",
                "port": "traffic-port",
                "protocol": "HTTP",
                "timeout": 5,
                "unhealthy_threshold": 2
              }
            ],
            "id": "arn:aws:elasticloadbalancing:eu-central-1:686255952373:targetgroup/test1-nginx/21d15066968555b4",
            "ip_address_type": "ipv4",
            "lambda_multi_value_headers_enabled": false,
            "load_balancer_arns": [
              "arn:aws:elasticloadbalancing:eu-central-1:686255952373:loadbalancer/app/test1-nginx/b5a49f2ac83e16d6"
            ],
            "load_balancing_algorithm_type": "round_robin",
            "load_balancing_anomaly_mitigation": "off",
            "load_balancing_cross_zone_enabled": "use_load_balancer_configuration",
            "name": "test1-nginx",
            "name_prefix": "",
            "port": 80,
            "preserve_client_ip": null,
            "protocol": "HTTP",
            "protocol_version": "HTTP1",
            "proxy_protocol_v2": false,
            "slow_start": 0,
            "stickiness": [
              {
                "cookie_duration": 86400,
                "cookie_name": "",
                "enabled": false,
                "type": "lb_cookie"
              }
            ],
            "tags": {
              "Environment": "test1",
              "Name": "test1-nginx",
              "Role": "nginx",
              "Terraform": "Use-Prism/eliza-infra"
            },
            "tags_all": {
              "Environment": "test1",
              "Name": "test1-nginx",
              "Role": "nginx",
              "Terraform": "Use-Prism/eliza-infra"
            },
            "target_failover": [
              {
                "on_deregistration": null,
                "on_unhealthy": null
              }
            ],
            "target_group_health": [
              {
                "dns_failover": [
                  {
                    "minimum_healthy_targets_count": "1",
                    "minimum_healthy_targets_percentage": "off"
                  }
                ],
                "unhealthy_state_routing": [
                  {
                    "minimum_healthy_targets_count": 1,
                    "minimum_healthy_targets_percentage": "off"
                  }
                ]
              }
            ],
            "target_health_state": [
              {
                "enable_unhealthy_connection_termination": null,
                "unhealthy_draining_interval": null
              }
            ],
            "target_type": "instance",
            "vpc_id": "vpc-065f7e7917bcc93d2"
          },
          "sensitive_attributes": [],
          "private": "bnVsbA==",
          "dependencies": [
            "module.vpc.module.vpc.aws_vpc.this"
          ],
          "create_before_destroy": true
        }
      ]
    },
    {
      "module": "module.nginx.module.asg",
      "mode": "data",
      "type": "aws_default_tags",
      "name": "current",
      "provider": "provider[\"registry.terraform.io/hashicorp/aws\"]",
      "instances": [
        {
          "schema_version": 0,
          "attributes": {
            "id": "aws",
            "tags": {}
          },
          "sensitive_attributes": []
        }
      ]
    },
    {
      "module": "module.nginx.module.asg",
      "mode": "data",
      "type": "aws_partition",
      "name": "current",
      "provider": "provider[\"registry.terraform.io/hashicorp/aws\"]",
      "instances": [
        {
          "schema_version": 0,
          "attributes": {
            "dns_suffix": "amazonaws.com",
            "id": "aws",
            "partition": "aws",
            "reverse_dns_prefix": "com.amazonaws"
          },
          "sensitive_attributes": []
        }
      ]
    },
    {
      "module": "module.nginx.module.asg",
      "mode": "managed",
      "type": "aws_autoscaling_group",
      "name": "this",
      "provider": "provider[\"registry.terraform.io/hashicorp/aws\"]",
      "instances": [
        {
          "index_key": 0,
          "schema_version": 1,
          "attributes": {
            "arn": "arn:aws:autoscaling:eu-central-1:686255952373:autoScalingGroup:34bc9d65-a846-40e7-b73c-deb36afb95e8:autoScalingGroupName/test1-nginx-20250325192346426200000033",
            "availability_zone_distribution": [
              {
                "capacity_distribution_strategy": "balanced-best-effort"
              }
            ],
            "availability_zones": [
              "eu-central-1a",
              "eu-central-1b",
              "eu-central-1c"
            ],
            "capacity_rebalance": false,
            "context": "",
            "default_cooldown": 300,
            "default_instance_warmup": 0,
            "desired_capacity": 1,
            "desired_capacity_type": "",
            "enabled_metrics": [],
            "force_delete": false,
            "force_delete_warm_pool": false,
            "health_check_grace_period": 300,
            "health_check_type": "EC2",
            "id": "test1-nginx-20250325192346426200000033",
            "ignore_failed_scaling_activities": false,
            "initial_lifecycle_hook": [],
            "instance_maintenance_policy": [],
            "instance_refresh": [],
            "launch_configuration": "",
            "launch_template": [
              {
                "id": "lt-0c964fdfed7de5e32",
                "name": "test1-nginx-2025032519233373800000002f",
                "version": "1"
              }
            ],
            "load_balancers": [],
            "max_instance_lifetime": 0,
            "max_size": 3,
            "metrics_granularity": "1Minute",
            "min_elb_capacity": null,
            "min_size": 1,
            "mixed_instances_policy": [],
            "name": "test1-nginx-20250325192346426200000033",
            "name_prefix": "test1-nginx-",
            "placement_group": "",
            "predicted_capacity": 0,
            "protect_from_scale_in": false,
            "service_linked_role_arn": "arn:aws:iam::686255952373:role/aws-service-role/autoscaling.amazonaws.com/AWSServiceRoleForAutoScaling",
            "suspended_processes": [],
            "tag": [
              {
                "key": "Environment",
                "propagate_at_launch": true,
                "value": "test1"
              },
              {
                "key": "Name",
                "propagate_at_launch": true,
                "value": "test1-nginx"
              },
              {
                "key": "Role",
                "propagate_at_launch": true,
                "value": "nginx"
              },
              {
                "key": "Terraform",
                "propagate_at_launch": true,
                "value": "Use-Prism/eliza-infra"
              }
            ],
            "target_group_arns": [
              "arn:aws:elasticloadbalancing:eu-central-1:686255952373:targetgroup/test1-nginx/21d15066968555b4"
            ],
            "termination_policies": [],
            "timeouts": {
              "delete": null,
              "update": null
            },
            "traffic_source": [
              {
                "identifier": "arn:aws:elasticloadbalancing:eu-central-1:686255952373:targetgroup/test1-nginx/21d15066968555b4",
                "type": "elbv2"
              }
            ],
            "vpc_zone_identifier": [
              "subnet-0342b782d95110948",
              "subnet-0d10b5de63c6535de",
              "subnet-0e4e9254340aa8c7d"
            ],
            "wait_for_capacity_timeout": "0",
            "wait_for_elb_capacity": null,
            "warm_pool": [],
            "warm_pool_size": 0
          },
          "sensitive_attributes": [],
          "private": "eyJlMmJmYjczMC1lY2FhLTExZTYtOGY4OC0zNDM2M2JjN2M0YzAiOnsiZGVsZXRlIjo2MDAwMDAwMDAwMDAsInVwZGF0ZSI6NjAwMDAwMDAwMDAwfSwic2NoZW1hX3ZlcnNpb24iOiIxIn0=",
          "dependencies": [
            "module.bastion.aws_security_group.bastion",
            "module.nginx.aws_security_group.nginx",
            "module.nginx.data.aws_ami.nginx",
            "module.nginx.data.template_file.cloud_config_nginx",
            "module.nginx.module.alb.aws_lb_target_group.main",
            "module.nginx.module.asg.aws_iam_instance_profile.this",
            "module.nginx.module.asg.aws_iam_role.this",
            "module.nginx.module.asg.aws_launch_template.this",
            "module.nginx.module.asg.data.aws_default_tags.current",
            "module.nginx.module.asg.data.aws_iam_policy_document.assume_role_policy",
            "module.nginx.module.asg.data.aws_partition.current",
            "module.security.aws_iam_instance_profile.nginx",
            "module.security.aws_iam_role.nginx",
            "module.security.aws_key_pair.env_ssh",
            "module.security.aws_security_group.consul",
            "module.security.aws_security_group.endpoint_sg",
            "module.security.aws_security_group.nomad",
            "module.security.data.aws_iam_policy_document.instance_assume_role_policy",
            "module.vpc.data.aws_availability_zones.available",
            "module.vpc.module.vpc.aws_subnet.private",
            "module.vpc.module.vpc.aws_vpc.this",
            "module.vpc.module.vpc.aws_vpc_ipv4_cidr_block_association.this"
          ],
          "create_before_destroy": true
        }
      ]
    },
    {
      "module": "module.nginx.module.asg",
      "mode": "managed",
      "type": "aws_launch_template",
      "name": "this",
      "provider": "provider[\"registry.terraform.io/hashicorp/aws\"]",
      "instances": [
        {
          "index_key": 0,
          "schema_version": 0,
          "attributes": {
            "arn": "arn:aws:ec2:eu-central-1:686255952373:launch-template/lt-0c964fdfed7de5e32",
            "block_device_mappings": [
              {
                "device_name": "/dev/sda1",
                "ebs": [
                  {
                    "delete_on_termination": "true",
                    "encrypted": "",
                    "iops": 0,
                    "kms_key_id": "",
                    "snapshot_id": "",
                    "throughput": 0,
                    "volume_size": 32,
                    "volume_type": ""
                  }
                ],
                "no_device": "",
                "virtual_name": ""
              }
            ],
            "capacity_reservation_specification": [],
            "cpu_options": [],
            "credit_specification": [],
            "default_version": 1,
            "description": "nginx launch template",
            "disable_api_stop": false,
            "disable_api_termination": false,
            "ebs_optimized": "",
            "elastic_gpu_specifications": [],
            "elastic_inference_accelerator": [],
            "enclave_options": [],
            "hibernation_options": [],
            "iam_instance_profile": [
              {
                "arn": "arn:aws:iam::686255952373:instance-profile/test1-nginx",
                "name": ""
              }
            ],
            "id": "lt-0c964fdfed7de5e32",
            "image_id": "ami-0a4078fd05390aae4",
            "instance_initiated_shutdown_behavior": "",
            "instance_market_options": [],
            "instance_requirements": [],
            "instance_type": "t3.small",
            "kernel_id": "",
            "key_name": "test1-prism1-eliza-20250127",
            "latest_version": 1,
            "license_specification": [],
            "maintenance_options": [],
            "metadata_options": [
              {
                "http_endpoint": "enabled",
                "http_protocol_ipv6": "",
                "http_put_response_hop_limit": 2,
                "http_tokens": "",
                "instance_metadata_tags": "enabled"
              }
            ],
            "monitoring": [
              {
                "enabled": true
              }
            ],
            "name": "test1-nginx-2025032519233373800000002f",
            "name_prefix": "test1-nginx-",
            "network_interfaces": [],
            "placement": [],
            "private_dns_name_options": [],
            "ram_disk_id": "",
            "security_group_names": [],
            "tag_specifications": [
              {
                "resource_type": "instance",
                "tags": {
                  "Environment": "test1",
                  "Role": "nginx",
                  "Terraform": "Use-Prism/eliza-infra",
                  "WhatAmI": "Instance"
                }
              },
              {
                "resource_type": "volume",
                "tags": {
                  "Environment": "test1",
                  "Role": "nginx",
                  "Terraform": "Use-Prism/eliza-infra",
                  "WhatAmI": "Volume"
                }
              }
            ],
            "tags": {
              "Environment": "test1",
              "Role": "nginx",
              "Terraform": "Use-Prism/eliza-infra"
            },
            "tags_all": {
              "Environment": "test1",
              "Role": "nginx",
              "Terraform": "Use-Prism/eliza-infra"
            },
            "update_default_version": true,
            "user_data": "I2Nsb3VkLWNvbmZpZwoKcnVuY21kOgogIC0gc3VkbyAtdSB1YnVudHUgL2hvbWUvdWJ1bnR1L2Fuc2libGUtcHVsbC5zaA==",
            "vpc_security_group_ids": [
              "sg-05c23dc1f238aabc8",
              "sg-06a01942b8cd95177",
              "sg-0b27416ac6b1ca02e",
              "sg-0c13822af8f48362c"
            ]
          },
          "sensitive_attributes": [],
          "private": "bnVsbA==",
          "dependencies": [
            "module.bastion.aws_security_group.bastion",
            "module.nginx.aws_security_group.nginx",
            "module.nginx.data.aws_ami.nginx",
            "module.nginx.data.template_file.cloud_config_nginx",
            "module.nginx.module.asg.aws_iam_instance_profile.this",
            "module.nginx.module.asg.aws_iam_role.this",
            "module.nginx.module.asg.data.aws_iam_policy_document.assume_role_policy",
            "module.nginx.module.asg.data.aws_partition.current",
            "module.security.aws_iam_instance_profile.nginx",
            "module.security.aws_iam_role.nginx",
            "module.security.aws_key_pair.env_ssh",
            "module.security.aws_security_group.consul",
            "module.security.aws_security_group.endpoint_sg",
            "module.security.aws_security_group.nomad",
            "module.security.data.aws_iam_policy_document.instance_assume_role_policy",
            "module.vpc.module.vpc.aws_vpc.this"
          ],
          "create_before_destroy": true
        }
      ]
    },
    {
      "module": "module.provisioner",
      "mode": "data",
      "type": "external",
      "name": "archive_prepare",
      "provider": "provider[\"registry.terraform.io/hashicorp/external\"]",
      "instances": [
        {
          "index_key": 0,
          "schema_version": 0,
          "attributes": {
            "id": "-",
            "program": [
              "python3",
              "../modules/provisioner/package.py",
              "prepare"
            ],
            "query": {
              "artifacts_dir": "builds",
              "docker": null,
              "hash_extra": "",
              "hash_extra_paths": "[]",
              "paths": "{\"cwd\":\"/Users/conrado/Accounts/prism/eliza/eliza-infra/terraform/environments\",\"module\":\"../modules/provisioner\",\"root\":\".\"}",
              "recreate_missing_package": "true",
              "runtime": "python3.12",
              "source_path": "\"../src/provisioner\""
            },
            "result": {
              "build_plan": "{\"filename\": \"builds/573260e43658746279eea8ac1d60eedcd4e8116fd26ba2947fb04c4692f37714.zip\", \"runtime\": \"python3.12\", \"artifacts_dir\": \"builds\", \"build_plan\": [[\"pip\", \"python3.12\", \"../src/provisioner/requirements.txt\", null, null], [\"zip\", \"../src/provisioner\", null]]}",
              "build_plan_filename": "builds/573260e43658746279eea8ac1d60eedcd4e8116fd26ba2947fb04c4692f37714.plan.json",
              "filename": "builds/573260e43658746279eea8ac1d60eedcd4e8116fd26ba2947fb04c4692f37714.zip",
              "timestamp": "1743024754460258000",
              "was_missing": "false"
            },
            "working_dir": null
          },
          "sensitive_attributes": []
        }
      ]
    },
    {
      "module": "module.provisioner",
      "mode": "managed",
      "type": "aws_apigatewayv2_api",
      "name": "provisioner",
      "provider": "provider[\"registry.terraform.io/hashicorp/aws\"]",
      "instances": [
        {
          "schema_version": 0,
          "attributes": {
            "api_endpoint": "https://2oe4ujffki.execute-api.eu-central-1.amazonaws.com",
            "api_key_selection_expression": "$request.header.x-api-key",
            "arn": "arn:aws:apigateway:eu-central-1::/apis/2oe4ujffki",
            "body": null,
            "cors_configuration": [],
            "credentials_arn": null,
            "description": "",
            "disable_execute_api_endpoint": false,
            "execution_arn": "arn:aws:execute-api:eu-central-1:686255952373:2oe4ujffki",
            "fail_on_warnings": null,
            "id": "2oe4ujffki",
            "name": "test1-eliza-provisioner",
            "protocol_type": "HTTP",
            "route_key": null,
            "route_selection_expression": "$request.method $request.path",
            "tags": {},
            "tags_all": {},
            "target": null,
            "version": ""
          },
          "sensitive_attributes": [],
          "private": "bnVsbA=="
        }
      ]
    },
    {
      "module": "module.provisioner",
      "mode": "managed",
      "type": "aws_apigatewayv2_integration",
      "name": "provisioner_integration",
      "provider": "provider[\"registry.terraform.io/hashicorp/aws\"]",
      "instances": [
        {
          "schema_version": 0,
          "attributes": {
            "api_id": "2oe4ujffki",
            "connection_id": "",
            "connection_type": "INTERNET",
            "content_handling_strategy": "",
            "credentials_arn": "",
            "description": "",
            "id": "sbi2jx6",
            "integration_method": "POST",
            "integration_response_selection_expression": "",
            "integration_subtype": "",
            "integration_type": "AWS_PROXY",
            "integration_uri": "arn:aws:lambda:eu-central-1:686255952373:function:test1-provisioner",
            "passthrough_behavior": "",
            "payload_format_version": "2.0",
            "request_parameters": {},
            "request_templates": {},
            "response_parameters": [],
            "template_selection_expression": "",
            "timeout_milliseconds": 30000,
            "tls_config": []
          },
          "sensitive_attributes": [],
          "private": "bnVsbA==",
          "dependencies": [
            "module.provisioner.aws_apigatewayv2_api.provisioner",
            "module.provisioner.aws_iam_role.lambda_execution_role",
            "module.provisioner.aws_lambda_function.instance_provisioner",
            "module.provisioner.data.external.archive_prepare",
            "module.provisioner.local_file.archive_plan",
            "module.provisioner.null_resource.archive",
            "module.security.aws_security_group.consul",
            "module.security.aws_security_group.endpoint_sg",
            "module.security.aws_security_group.nomad",
            "module.vpc.data.aws_availability_zones.available",
            "module.vpc.module.vpc.aws_subnet.private",
            "module.vpc.module.vpc.aws_vpc.this",
            "module.vpc.module.vpc.aws_vpc_ipv4_cidr_block_association.this"
          ]
        }
      ]
    },
    {
      "module": "module.provisioner",
      "mode": "managed",
      "type": "aws_apigatewayv2_route",
      "name": "provisioner_route",
      "provider": "provider[\"registry.terraform.io/hashicorp/aws\"]",
      "instances": [
        {
          "schema_version": 0,
          "attributes": {
            "api_id": "2oe4ujffki",
            "api_key_required": false,
            "authorization_scopes": [],
            "authorization_type": "NONE",
            "authorizer_id": "",
            "id": "r6iekf4",
            "model_selection_expression": "",
            "operation_name": "",
            "request_models": {},
            "request_parameter": [],
            "route_key": "POST /provisioner",
            "route_response_selection_expression": "",
            "target": "integrations/sbi2jx6"
          },
          "sensitive_attributes": [],
          "private": "bnVsbA==",
          "dependencies": [
            "module.provisioner.aws_apigatewayv2_api.provisioner",
            "module.provisioner.aws_apigatewayv2_integration.provisioner_integration",
            "module.provisioner.aws_iam_role.lambda_execution_role",
            "module.provisioner.aws_lambda_function.instance_provisioner",
            "module.provisioner.data.external.archive_prepare",
            "module.provisioner.local_file.archive_plan",
            "module.provisioner.null_resource.archive",
            "module.security.aws_security_group.consul",
            "module.security.aws_security_group.endpoint_sg",
            "module.security.aws_security_group.nomad",
            "module.vpc.data.aws_availability_zones.available",
            "module.vpc.module.vpc.aws_subnet.private",
            "module.vpc.module.vpc.aws_vpc.this",
            "module.vpc.module.vpc.aws_vpc_ipv4_cidr_block_association.this"
          ]
        }
      ]
    },
    {
      "module": "module.provisioner",
      "mode": "managed",
      "type": "aws_apigatewayv2_stage",
      "name": "provisioner_stage",
      "provider": "provider[\"registry.terraform.io/hashicorp/aws\"]",
      "instances": [
        {
          "schema_version": 0,
          "attributes": {
            "access_log_settings": [
              {
                "destination_arn": "arn:aws:logs:eu-central-1:686255952373:log-group:/aws/apigateway/test1-eliza-provisioner",
                "format": "{\"caller\":\"$context.identity.caller\",\"httpMethod\":\"$context.httpMethod\",\"ip\":\"$context.identity.sourceIp\",\"protocol\":\"$context.protocol\",\"requestId\":\"$context.requestId\",\"requestTime\":\"$context.requestTime\",\"resourcePath\":\"$context.resourcePath\",\"responseLength\":\"$context.responseLength\",\"status\":\"$context.status\",\"user\":\"$context.identity.user\"}"
              }
            ],
            "api_id": "2oe4ujffki",
            "arn": "arn:aws:apigateway:eu-central-1::/apis/2oe4ujffki/stages/test1",
            "auto_deploy": true,
            "client_certificate_id": "",
            "default_route_settings": [
              {
                "data_trace_enabled": false,
                "detailed_metrics_enabled": false,
                "logging_level": "",
                "throttling_burst_limit": 0,
                "throttling_rate_limit": 0
              }
            ],
            "deployment_id": "h0d9lv",
            "description": "",
            "execution_arn": "arn:aws:execute-api:eu-central-1:686255952373:2oe4ujffki/test1",
            "id": "test1",
            "invoke_url": "https://2oe4ujffki.execute-api.eu-central-1.amazonaws.com/test1",
            "name": "test1",
            "route_settings": [],
            "stage_variables": {},
            "tags": {},
            "tags_all": {}
          },
          "sensitive_attributes": [],
          "private": "bnVsbA==",
          "dependencies": [
            "module.provisioner.aws_apigatewayv2_api.provisioner",
            "module.provisioner.aws_cloudwatch_log_group.api_gw_provisioner"
          ]
        }
      ]
    },
    {
      "module": "module.provisioner",
      "mode": "managed",
      "type": "aws_cloudwatch_log_group",
      "name": "api_gw_provisioner",
      "provider": "provider[\"registry.terraform.io/hashicorp/aws\"]",
      "instances": [
        {
          "schema_version": 0,
          "attributes": {
            "arn": "arn:aws:logs:eu-central-1:686255952373:log-group:/aws/apigateway/test1-eliza-provisioner",
            "id": "/aws/apigateway/test1-eliza-provisioner",
            "kms_key_id": "",
            "log_group_class": "STANDARD",
            "name": "/aws/apigateway/test1-eliza-provisioner",
            "name_prefix": "",
            "retention_in_days": 5,
            "skip_destroy": false,
            "tags": {},
            "tags_all": {}
          },
          "sensitive_attributes": [],
          "private": "bnVsbA==",
          "dependencies": [
            "module.provisioner.aws_apigatewayv2_api.provisioner"
          ]
        }
      ]
    },
    {
      "module": "module.provisioner",
      "mode": "managed",
      "type": "aws_cloudwatch_log_group",
      "name": "lambda",
      "provider": "provider[\"registry.terraform.io/hashicorp/aws\"]",
      "instances": [
        {
          "schema_version": 0,
          "attributes": {
            "arn": "arn:aws:logs:eu-central-1:686255952373:log-group:/aws/lambda/test1-provisioner",
            "id": "/aws/lambda/test1-provisioner",
            "kms_key_id": "",
            "log_group_class": "STANDARD",
            "name": "/aws/lambda/test1-provisioner",
            "name_prefix": "",
            "retention_in_days": 5,
            "skip_destroy": false,
            "tags": {},
            "tags_all": {}
          },
          "sensitive_attributes": [],
          "private": "bnVsbA=="
        }
      ]
    },
    {
      "module": "module.provisioner",
      "mode": "managed",
      "type": "aws_iam_role",
      "name": "lambda_execution_role",
      "provider": "provider[\"registry.terraform.io/hashicorp/aws\"]",
      "instances": [
        {
          "schema_version": 0,
          "attributes": {
            "arn": "arn:aws:iam::686255952373:role/test1-provisioner",
            "assume_role_policy": "{\"Statement\":[{\"Action\":\"sts:AssumeRole\",\"Effect\":\"Allow\",\"Principal\":{\"Service\":\"lambda.amazonaws.com\"},\"Sid\":\"\"}],\"Version\":\"2012-10-17\"}",
            "create_date": "2025-03-25T19:22:34Z",
            "description": "",
            "force_detach_policies": false,
            "id": "test1-provisioner",
            "inline_policy": [],
            "managed_policy_arns": [
              "arn:aws:iam::aws:policy/AmazonEC2FullAccess",
              "arn:aws:iam::aws:policy/AmazonS3FullAccess",
              "arn:aws:iam::aws:policy/AmazonSSMFullAccess",
              "arn:aws:iam::aws:policy/CloudWatchLogsFullAccess",
              "arn:aws:iam::aws:policy/IAMFullAccess",
              "arn:aws:iam::aws:policy/SecretsManagerReadWrite",
              "arn:aws:iam::aws:policy/service-role/AWSLambdaBasicExecutionRole"
            ],
            "max_session_duration": 3600,
            "name": "test1-provisioner",
            "name_prefix": "",
            "path": "/",
            "permissions_boundary": "",
            "tags": {},
            "tags_all": {},
            "unique_id": "AROAZ7SAK2H2TQRN4O3C4"
          },
          "sensitive_attributes": [],
          "private": "bnVsbA=="
        }
      ]
    },
    {
      "module": "module.provisioner",
      "mode": "managed",
      "type": "aws_iam_role_policy_attachment",
      "name": "lambda_cloudwatch_access",
      "provider": "provider[\"registry.terraform.io/hashicorp/aws\"]",
      "instances": [
        {
          "schema_version": 0,
          "attributes": {
            "id": "test1-provisioner-20250325192239209500000005",
            "policy_arn": "arn:aws:iam::aws:policy/CloudWatchLogsFullAccess",
            "role": "test1-provisioner"
          },
          "sensitive_attributes": [],
          "private": "bnVsbA==",
          "dependencies": [
            "module.provisioner.aws_iam_role.lambda_execution_role"
          ]
        }
      ]
    },
    {
      "module": "module.provisioner",
      "mode": "managed",
      "type": "aws_iam_role_policy_attachment",
      "name": "lambda_ec2_access",
      "provider": "provider[\"registry.terraform.io/hashicorp/aws\"]",
      "instances": [
        {
          "schema_version": 0,
          "attributes": {
            "id": "test1-provisioner-20250325192239185000000004",
            "policy_arn": "arn:aws:iam::aws:policy/AmazonEC2FullAccess",
            "role": "test1-provisioner"
          },
          "sensitive_attributes": [],
          "private": "bnVsbA==",
          "dependencies": [
            "module.provisioner.aws_iam_role.lambda_execution_role"
          ]
        }
      ]
    },
    {
      "module": "module.provisioner",
      "mode": "managed",
      "type": "aws_iam_role_policy_attachment",
      "name": "lambda_iam_access",
      "provider": "provider[\"registry.terraform.io/hashicorp/aws\"]",
      "instances": [
        {
          "schema_version": 0,
          "attributes": {
            "id": "test1-provisioner-20250325192239412900000007",
            "policy_arn": "arn:aws:iam::aws:policy/IAMFullAccess",
            "role": "test1-provisioner"
          },
          "sensitive_attributes": [],
          "private": "bnVsbA==",
          "dependencies": [
            "module.provisioner.aws_iam_role.lambda_execution_role"
          ]
        }
      ]
    },
    {
      "module": "module.provisioner",
      "mode": "managed",
      "type": "aws_iam_role_policy_attachment",
      "name": "lambda_logs",
      "provider": "provider[\"registry.terraform.io/hashicorp/aws\"]",
      "instances": [
        {
          "schema_version": 0,
          "attributes": {
            "id": "test1-provisioner-20250325192239119400000003",
            "policy_arn": "arn:aws:iam::aws:policy/service-role/AWSLambdaBasicExecutionRole",
            "role": "test1-provisioner"
          },
          "sensitive_attributes": [],
          "private": "bnVsbA==",
          "dependencies": [
            "module.provisioner.aws_iam_role.lambda_execution_role"
          ]
        }
      ]
    },
    {
      "module": "module.provisioner",
      "mode": "managed",
      "type": "aws_iam_role_policy_attachment",
      "name": "lambda_s3_access",
      "provider": "provider[\"registry.terraform.io/hashicorp/aws\"]",
      "instances": [
        {
          "schema_version": 0,
          "attributes": {
            "id": "test1-provisioner-20250325192239547000000008",
            "policy_arn": "arn:aws:iam::aws:policy/AmazonS3FullAccess",
            "role": "test1-provisioner"
          },
          "sensitive_attributes": [],
          "private": "bnVsbA==",
          "dependencies": [
            "module.provisioner.aws_iam_role.lambda_execution_role"
          ]
        }
      ]
    },
    {
      "module": "module.provisioner",
      "mode": "managed",
      "type": "aws_iam_role_policy_attachment",
      "name": "lambda_secrets_access",
      "provider": "provider[\"registry.terraform.io/hashicorp/aws\"]",
      "instances": [
        {
          "schema_version": 0,
          "attributes": {
            "id": "test1-provisioner-20250325192238996200000002",
            "policy_arn": "arn:aws:iam::aws:policy/SecretsManagerReadWrite",
            "role": "test1-provisioner"
          },
          "sensitive_attributes": [],
          "private": "bnVsbA==",
          "dependencies": [
            "module.provisioner.aws_iam_role.lambda_execution_role"
          ]
        }
      ]
    },
    {
      "module": "module.provisioner",
      "mode": "managed",
      "type": "aws_iam_role_policy_attachment",
      "name": "lambda_ssm_access",
      "provider": "provider[\"registry.terraform.io/hashicorp/aws\"]",
      "instances": [
        {
          "schema_version": 0,
          "attributes": {
            "id": "test1-provisioner-20250325192239409600000006",
            "policy_arn": "arn:aws:iam::aws:policy/AmazonSSMFullAccess",
            "role": "test1-provisioner"
          },
          "sensitive_attributes": [],
          "private": "bnVsbA==",
          "dependencies": [
            "module.provisioner.aws_iam_role.lambda_execution_role"
          ]
        }
      ]
    },
    {
      "module": "module.provisioner",
      "mode": "managed",
      "type": "aws_lambda_function",
      "name": "instance_provisioner",
      "provider": "provider[\"registry.terraform.io/hashicorp/aws\"]",
      "instances": [
        {
          "schema_version": 0,
          "attributes": {
            "architectures": [
              "x86_64"
            ],
            "arn": "arn:aws:lambda:eu-central-1:686255952373:function:test1-provisioner",
            "code_sha256": "CNChzNvSb1mpWnjsbtzDc2D2ZPxjysk+L6mGVhzyYOU=",
            "code_signing_config_arn": "",
            "dead_letter_config": [],
            "description": "",
            "environment": [
              {
                "variables": {
                  "ENVIROMENT": "test1"
                }
              }
            ],
            "ephemeral_storage": [
              {
                "size": 512
              }
            ],
            "file_system_config": [],
            "filename": "builds/573260e43658746279eea8ac1d60eedcd4e8116fd26ba2947fb04c4692f37714.zip",
            "function_name": "test1-provisioner",
            "handler": "main.lambda_handler",
            "id": "test1-provisioner",
            "image_config": [],
            "image_uri": "",
            "invoke_arn": "arn:aws:apigateway:eu-central-1:lambda:path/2015-03-31/functions/arn:aws:lambda:eu-central-1:686255952373:function:test1-provisioner/invocations",
            "kms_key_arn": "",
            "last_modified": "2025-03-26T21:35:30.000+0000",
            "layers": [],
            "logging_config": [
              {
                "application_log_level": "",
                "log_format": "Text",
                "log_group": "/aws/lambda/test1-provisioner",
                "system_log_level": ""
              }
            ],
            "memory_size": 128,
            "package_type": "Zip",
            "publish": false,
            "qualified_arn": "arn:aws:lambda:eu-central-1:686255952373:function:test1-provisioner:$LATEST",
            "qualified_invoke_arn": "arn:aws:apigateway:eu-central-1:lambda:path/2015-03-31/functions/arn:aws:lambda:eu-central-1:686255952373:function:test1-provisioner:$LATEST/invocations",
            "replace_security_groups_on_destroy": null,
            "replacement_security_group_ids": null,
            "reserved_concurrent_executions": -1,
            "role": "arn:aws:iam::686255952373:role/test1-provisioner",
            "runtime": "python3.12",
            "s3_bucket": null,
            "s3_key": null,
            "s3_object_version": null,
            "signing_job_arn": "",
            "signing_profile_version_arn": "",
            "skip_destroy": false,
            "snap_start": [],
            "source_code_hash": "CNChzNvSb1mpWnjsbtzDc2D2ZPxjysk+L6mGVhzyYOU=",
            "source_code_size": 14686704,
            "tags": {},
            "tags_all": {},
            "timeout": 30,
            "timeouts": null,
            "tracing_config": [
              {
                "mode": "PassThrough"
              }
            ],
            "version": "$LATEST",
            "vpc_config": [
              {
                "ipv6_allowed_for_dual_stack": false,
                "security_group_ids": [
                  "sg-06a01942b8cd95177",
                  "sg-0b27416ac6b1ca02e",
                  "sg-0c13822af8f48362c"
                ],
                "subnet_ids": [
                  "subnet-0342b782d95110948",
                  "subnet-0d10b5de63c6535de",
                  "subnet-0e4e9254340aa8c7d"
                ],
                "vpc_id": "vpc-065f7e7917bcc93d2"
              }
            ]
          },
          "sensitive_attributes": [],
          "private": "eyJlMmJmYjczMC1lY2FhLTExZTYtOGY4OC0zNDM2M2JjN2M0YzAiOnsiY3JlYXRlIjo2MDAwMDAwMDAwMDAsImRlbGV0ZSI6NjAwMDAwMDAwMDAwLCJ1cGRhdGUiOjYwMDAwMDAwMDAwMH19",
          "dependencies": [
            "module.provisioner.aws_iam_role.lambda_execution_role",
            "module.provisioner.data.external.archive_prepare",
            "module.provisioner.local_file.archive_plan",
            "module.provisioner.null_resource.archive",
            "module.security.aws_security_group.consul",
            "module.security.aws_security_group.endpoint_sg",
            "module.security.aws_security_group.nomad",
            "module.vpc.data.aws_availability_zones.available",
            "module.vpc.module.vpc.aws_subnet.private",
            "module.vpc.module.vpc.aws_vpc.this",
            "module.vpc.module.vpc.aws_vpc_ipv4_cidr_block_association.this"
          ]
        }
      ]
    },
    {
      "module": "module.provisioner",
      "mode": "managed",
      "type": "aws_lambda_permission",
      "name": "apigw_invoke",
      "provider": "provider[\"registry.terraform.io/hashicorp/aws\"]",
      "instances": [
        {
          "schema_version": 0,
          "attributes": {
            "action": "lambda:InvokeFunction",
            "event_source_token": null,
            "function_name": "test1-provisioner",
            "function_url_auth_type": null,
            "id": "AllowAPIGatewayInvoke",
            "principal": "apigateway.amazonaws.com",
            "principal_org_id": null,
            "qualifier": "",
            "source_account": null,
            "source_arn": "arn:aws:execute-api:eu-central-1:686255952373:2oe4ujffki/*/*",
            "statement_id": "AllowAPIGatewayInvoke",
            "statement_id_prefix": ""
          },
          "sensitive_attributes": [],
          "private": "bnVsbA==",
          "dependencies": [
            "module.provisioner.aws_apigatewayv2_api.provisioner",
            "module.provisioner.aws_iam_role.lambda_execution_role",
            "module.provisioner.aws_lambda_function.instance_provisioner",
            "module.provisioner.data.external.archive_prepare",
            "module.provisioner.local_file.archive_plan",
            "module.provisioner.null_resource.archive",
            "module.security.aws_security_group.consul",
            "module.security.aws_security_group.endpoint_sg",
            "module.security.aws_security_group.nomad",
            "module.vpc.data.aws_availability_zones.available",
            "module.vpc.module.vpc.aws_subnet.private",
            "module.vpc.module.vpc.aws_vpc.this",
            "module.vpc.module.vpc.aws_vpc_ipv4_cidr_block_association.this"
          ]
        }
      ]
    },
    {
      "module": "module.provisioner",
      "mode": "managed",
      "type": "local_file",
      "name": "archive_plan",
      "provider": "provider[\"registry.terraform.io/hashicorp/local\"]",
      "instances": [
        {
          "index_key": 0,
          "schema_version": 0,
          "attributes": {
            "content": "{\"filename\": \"builds/573260e43658746279eea8ac1d60eedcd4e8116fd26ba2947fb04c4692f37714.zip\", \"runtime\": \"python3.12\", \"artifacts_dir\": \"builds\", \"build_plan\": [[\"pip\", \"python3.12\", \"../src/provisioner/requirements.txt\", null, null], [\"zip\", \"../src/provisioner\", null]]}",
            "content_base64": null,
            "content_base64sha256": "Pmq8mO4WBDfSGPmr1czh2b1QT2aXR/wXhh7ZVCPB3R4=",
            "content_base64sha512": "Npoxjels0jIPHfcNM23BbycKCWvzjiBx6YEJhw9XQwXmG3xfNOHUdv6T3cD9LUS5yIKQl2tQt/pZoc/cKFgHeg==",
            "content_md5": "13b396e5abb224044059ea766518fd80",
            "content_sha1": "b5905df03dbe001a2fdd765c59c13a9b20497817",
            "content_sha256": "3e6abc98ee160437d218f9abd5cce1d9bd504f669747fc17861ed95423c1dd1e",
            "content_sha512": "369a318de96cd2320f1df70d336dc16f270a096bf38e2071e98109870f574305e61b7c5f34e1d476fe93ddc0fd2d44b9c88290976b50b7fa59a1cfdc2858077a",
            "directory_permission": "0755",
            "file_permission": "0644",
            "filename": "builds/573260e43658746279eea8ac1d60eedcd4e8116fd26ba2947fb04c4692f37714.plan.json",
            "id": "b5905df03dbe001a2fdd765c59c13a9b20497817",
            "sensitive_content": null,
            "source": null
          },
          "sensitive_attributes": [
            [
              {
                "type": "get_attr",
                "value": "sensitive_content"
              }
            ]
          ],
          "dependencies": [
            "module.provisioner.data.external.archive_prepare"
          ]
        }
      ]
    },
    {
      "module": "module.provisioner",
      "mode": "managed",
      "type": "null_resource",
      "name": "archive",
      "provider": "provider[\"registry.terraform.io/hashicorp/null\"]",
      "instances": [
        {
          "index_key": 0,
          "schema_version": 0,
          "attributes": {
            "id": "4903621744359625875",
            "triggers": {
              "filename": "builds/573260e43658746279eea8ac1d60eedcd4e8116fd26ba2947fb04c4692f37714.zip",
              "timestamp": null
            }
          },
          "sensitive_attributes": [],
          "dependencies": [
            "module.provisioner.data.external.archive_prepare",
            "module.provisioner.local_file.archive_plan"
          ]
        }
      ]
    },
    {
      "module": "module.rds_postgres",
      "mode": "managed",
      "type": "aws_db_instance",
      "name": "rds_db",
      "provider": "provider[\"registry.terraform.io/hashicorp/aws\"]",
      "instances": [
        {
          "schema_version": 2,
          "attributes": {
            "address": "test1-eliza.chkiw8u0opep.eu-central-1.rds.amazonaws.com",
            "allocated_storage": 40,
            "allow_major_version_upgrade": null,
            "apply_immediately": false,
            "arn": "arn:aws:rds:eu-central-1:686255952373:db:test1-eliza",
            "auto_minor_version_upgrade": true,
            "availability_zone": "eu-central-1b",
            "backup_retention_period": 7,
            "backup_target": "region",
            "backup_window": "09:35-10:05",
            "blue_green_update": [],
            "ca_cert_identifier": "rds-ca-rsa2048-g1",
            "character_set_name": "",
            "copy_tags_to_snapshot": true,
            "custom_iam_instance_profile": "",
            "customer_owned_ip_enabled": false,
            "db_name": "",
            "db_subnet_group_name": "test1-eliza-subnet-group",
            "dedicated_log_volume": false,
            "delete_automated_backups": false,
            "deletion_protection": false,
            "domain": "",
            "domain_auth_secret_arn": "",
            "domain_dns_ips": [],
            "domain_fqdn": "",
            "domain_iam_role_name": "",
            "domain_ou": "",
            "enabled_cloudwatch_logs_exports": [],
            "endpoint": "test1-eliza.chkiw8u0opep.eu-central-1.rds.amazonaws.com:5432",
            "engine": "postgres",
            "engine_lifecycle_support": "open-source-rds-extended-support",
            "engine_version": "16.8",
            "engine_version_actual": "16.8",
            "final_snapshot_identifier": "test1-eliza-final-20250325072326",
            "hosted_zone_id": "Z1RLNUO7B9Q6NB",
            "iam_database_authentication_enabled": false,
            "id": "db-RG5C4P7HCPI6EHCVVKBAMARSZM",
            "identifier": "test1-eliza",
            "identifier_prefix": "",
            "instance_class": "db.t3.micro",
            "iops": 0,
            "kms_key_id": "arn:aws:kms:eu-central-1:686255952373:key/d519776b-2eba-474d-b632-aca698f1ea00",
            "latest_restorable_time": "2025-03-26T21:29:36Z",
            "license_model": "postgresql-license",
            "listener_endpoint": [],
            "maintenance_window": "sat:17:00-sat:17:30",
            "manage_master_user_password": null,
            "master_user_secret": [],
            "master_user_secret_kms_key_id": null,
            "max_allocated_storage": 0,
            "monitoring_interval": 0,
            "monitoring_role_arn": "",
            "multi_az": false,
            "nchar_character_set_name": "",
            "network_type": "IPV4",
            "option_group_name": "default:postgres-16",
            "parameter_group_name": "default.postgres16",
            "password": "El1z4Pr0xy!",
            "performance_insights_enabled": false,
            "performance_insights_kms_key_id": "",
            "performance_insights_retention_period": 0,
            "port": 5432,
            "publicly_accessible": false,
            "replica_mode": "",
            "replicas": [],
            "replicate_source_db": "",
            "resource_id": "db-RG5C4P7HCPI6EHCVVKBAMARSZM",
            "restore_to_point_in_time": [],
            "s3_import": [],
            "skip_final_snapshot": false,
            "snapshot_identifier": null,
            "status": "available",
            "storage_encrypted": true,
            "storage_throughput": 0,
            "storage_type": "gp2",
            "tags": {
              "Name": "test1-eliza"
            },
            "tags_all": {
              "Name": "test1-eliza"
            },
            "timeouts": null,
            "timezone": "",
            "upgrade_storage_config": null,
            "username": "eliza",
            "vpc_security_group_ids": [
              "sg-0014d34bb25e856fd"
            ]
          },
          "sensitive_attributes": [
            [
              {
                "type": "get_attr",
                "value": "password"
              }
            ]
          ],
          "private": "eyJlMmJmYjczMC1lY2FhLTExZTYtOGY4OC0zNDM2M2JjN2M0YzAiOnsiY3JlYXRlIjozMDAwMDAwMDAwMDAwLCJkZWxldGUiOjM2MDAwMDAwMDAwMDAsInVwZGF0ZSI6NDgwMDAwMDAwMDAwMH0sInNjaGVtYV92ZXJzaW9uIjoiMiJ9",
          "dependencies": [
            "module.bastion.aws_security_group.bastion",
            "module.rds_postgres.aws_db_subnet_group.rds_private_subnet_group",
            "module.rds_postgres.aws_security_group.rds_db_sg",
            "module.rds_postgres.data.aws_db_snapshot.latest_rds_snapshot",
            "module.security.aws_security_group.nomad",
            "module.vpc.data.aws_availability_zones.available",
            "module.vpc.module.vpc.aws_subnet.private",
            "module.vpc.module.vpc.aws_vpc.this",
            "module.vpc.module.vpc.aws_vpc_ipv4_cidr_block_association.this"
          ],
          "create_before_destroy": true
        }
      ]
    },
    {
      "module": "module.rds_postgres",
      "mode": "managed",
      "type": "aws_db_subnet_group",
      "name": "rds_private_subnet_group",
      "provider": "provider[\"registry.terraform.io/hashicorp/aws\"]",
      "instances": [
        {
          "schema_version": 0,
          "attributes": {
            "arn": "arn:aws:rds:eu-central-1:686255952373:subgrp:test1-eliza-subnet-group",
            "description": "Managed by Terraform",
            "id": "test1-eliza-subnet-group",
            "name": "test1-eliza-subnet-group",
            "name_prefix": "",
            "subnet_ids": [
              "subnet-0342b782d95110948",
              "subnet-0d10b5de63c6535de",
              "subnet-0e4e9254340aa8c7d"
            ],
            "supported_network_types": [
              "IPV4"
            ],
            "tags": {
              "Name": "test1-eliza-subnet-group"
            },
            "tags_all": {
              "Name": "test1-eliza-subnet-group"
            },
            "vpc_id": "vpc-065f7e7917bcc93d2"
          },
          "sensitive_attributes": [],
          "private": "bnVsbA==",
          "dependencies": [
            "module.vpc.data.aws_availability_zones.available",
            "module.vpc.module.vpc.aws_subnet.private",
            "module.vpc.module.vpc.aws_vpc.this",
            "module.vpc.module.vpc.aws_vpc_ipv4_cidr_block_association.this"
          ],
          "create_before_destroy": true
        }
      ]
    },
    {
      "module": "module.rds_postgres",
      "mode": "managed",
      "type": "aws_security_group",
      "name": "rds_db_sg",
      "provider": "provider[\"registry.terraform.io/hashicorp/aws\"]",
      "instances": [
        {
          "schema_version": 1,
          "attributes": {
            "arn": "arn:aws:ec2:eu-central-1:686255952373:security-group/sg-0014d34bb25e856fd",
            "description": "Security Group that allows internal aws services to hit RDS",
            "egress": [
              {
                "cidr_blocks": [
                  "0.0.0.0/0"
                ],
                "description": "",
                "from_port": 0,
                "ipv6_cidr_blocks": [],
                "prefix_list_ids": [],
                "protocol": "-1",
                "security_groups": [],
                "self": false,
                "to_port": 0
              }
            ],
            "id": "sg-0014d34bb25e856fd",
            "ingress": [
              {
                "cidr_blocks": [],
                "description": "Allow Bastion to connect to RDS",
                "from_port": 5432,
                "ipv6_cidr_blocks": [],
                "prefix_list_ids": [],
                "protocol": "tcp",
                "security_groups": [
                  "sg-0d401e619b851a01b"
                ],
                "self": false,
                "to_port": 5432
              },
              {
                "cidr_blocks": [],
                "description": "Allow Nomad cluster to connect to RDS",
                "from_port": 5432,
                "ipv6_cidr_blocks": [],
                "prefix_list_ids": [],
                "protocol": "tcp",
                "security_groups": [
                  "sg-0b27416ac6b1ca02e"
                ],
                "self": false,
                "to_port": 5432
              },
              {
                "cidr_blocks": [],
                "description": "Self-referencing",
                "from_port": 0,
                "ipv6_cidr_blocks": [],
                "prefix_list_ids": [],
                "protocol": "tcp",
                "security_groups": [],
                "self": true,
                "to_port": 65535
              }
            ],
            "name": "test1-eliza-sg",
            "name_prefix": "",
            "owner_id": "686255952373",
            "revoke_rules_on_delete": false,
            "tags": {
              "Name": "test1-eliza-sg"
            },
            "tags_all": {
              "Name": "test1-eliza-sg"
            },
            "timeouts": null,
            "vpc_id": "vpc-065f7e7917bcc93d2"
          },
          "sensitive_attributes": [],
          "private": "eyJlMmJmYjczMC1lY2FhLTExZTYtOGY4OC0zNDM2M2JjN2M0YzAiOnsiY3JlYXRlIjo2MDAwMDAwMDAwMDAsImRlbGV0ZSI6OTAwMDAwMDAwMDAwfSwic2NoZW1hX3ZlcnNpb24iOiIxIn0=",
          "dependencies": [
            "module.bastion.aws_security_group.bastion",
            "module.security.aws_security_group.nomad",
            "module.vpc.module.vpc.aws_vpc.this"
          ],
          "create_before_destroy": true
        }
      ]
    },
    {
      "module": "module.security",
      "mode": "data",
      "type": "aws_iam_policy_document",
      "name": "instance_assume_role_policy",
      "provider": "provider[\"registry.terraform.io/hashicorp/aws\"]",
      "instances": [
        {
          "schema_version": 0,
          "attributes": {
            "id": "2851119427",
            "json": "{\n  \"Version\": \"2012-10-17\",\n  \"Statement\": [\n    {\n      \"Effect\": \"Allow\",\n      \"Action\": \"sts:AssumeRole\",\n      \"Principal\": {\n        \"Service\": \"ec2.amazonaws.com\"\n      }\n    }\n  ]\n}",
            "minified_json": "{\"Version\":\"2012-10-17\",\"Statement\":[{\"Effect\":\"Allow\",\"Action\":\"sts:AssumeRole\",\"Principal\":{\"Service\":\"ec2.amazonaws.com\"}}]}",
            "override_json": null,
            "override_policy_documents": null,
            "policy_id": null,
            "source_json": null,
            "source_policy_documents": null,
            "statement": [
              {
                "actions": [
                  "sts:AssumeRole"
                ],
                "condition": [],
                "effect": "Allow",
                "not_actions": [],
                "not_principals": [],
                "not_resources": [],
                "principals": [
                  {
                    "identifiers": [
                      "ec2.amazonaws.com"
                    ],
                    "type": "Service"
                  }
                ],
                "resources": [],
                "sid": ""
              }
            ],
            "version": "2012-10-17"
          },
          "sensitive_attributes": []
        }
      ]
    },
    {
      "module": "module.security",
      "mode": "data",
      "type": "aws_iam_policy_document",
      "name": "kms_bastion",
      "provider": "provider[\"registry.terraform.io/hashicorp/aws\"]",
      "instances": [
        {
          "schema_version": 0,
          "attributes": {
            "id": "1951305601",
            "json": "{\n  \"Version\": \"2012-10-17\",\n  \"Statement\": [\n    {\n      \"Sid\": \"AllowUseOfTheKey\",\n      \"Effect\": \"Allow\",\n      \"Action\": [\n        \"kms:ReEncrypt*\",\n        \"kms:GenerateDataKey*\",\n        \"kms:Encrypt\",\n        \"kms:DescribeKey\",\n        \"kms:Decrypt\"\n      ],\n      \"Resource\": \"arn:aws:kms:eu-central-1:686255952373:key/cfd47456-f8bc-40ee-b911-2c8257578a1e\"\n    },\n    {\n      \"Sid\": \"AllowAttachmentOfPersistentResources\",\n      \"Effect\": \"Allow\",\n      \"Action\": [\n        \"kms:ListGrants\",\n        \"kms:CreateGrant\"\n      ],\n      \"Resource\": \"arn:aws:kms:eu-central-1:686255952373:key/cfd47456-f8bc-40ee-b911-2c8257578a1e\",\n      \"Condition\": {\n        \"Bool\": {\n          \"kms:GrantIsForAWSResource\": \"true\"\n        }\n      }\n    }\n  ]\n}",
            "minified_json": "{\"Version\":\"2012-10-17\",\"Statement\":[{\"Sid\":\"AllowUseOfTheKey\",\"Effect\":\"Allow\",\"Action\":[\"kms:ReEncrypt*\",\"kms:GenerateDataKey*\",\"kms:Encrypt\",\"kms:DescribeKey\",\"kms:Decrypt\"],\"Resource\":\"arn:aws:kms:eu-central-1:686255952373:key/cfd47456-f8bc-40ee-b911-2c8257578a1e\"},{\"Sid\":\"AllowAttachmentOfPersistentResources\",\"Effect\":\"Allow\",\"Action\":[\"kms:ListGrants\",\"kms:CreateGrant\"],\"Resource\":\"arn:aws:kms:eu-central-1:686255952373:key/cfd47456-f8bc-40ee-b911-2c8257578a1e\",\"Condition\":{\"Bool\":{\"kms:GrantIsForAWSResource\":\"true\"}}}]}",
            "override_json": null,
            "override_policy_documents": null,
            "policy_id": null,
            "source_json": null,
            "source_policy_documents": null,
            "statement": [
              {
                "actions": [
                  "kms:Decrypt",
                  "kms:DescribeKey",
                  "kms:Encrypt",
                  "kms:GenerateDataKey*",
                  "kms:ReEncrypt*"
                ],
                "condition": [],
                "effect": "Allow",
                "not_actions": [],
                "not_principals": [],
                "not_resources": [],
                "principals": [],
                "resources": [
                  "arn:aws:kms:eu-central-1:686255952373:key/cfd47456-f8bc-40ee-b911-2c8257578a1e"
                ],
                "sid": "AllowUseOfTheKey"
              },
              {
                "actions": [
                  "kms:CreateGrant",
                  "kms:ListGrants"
                ],
                "condition": [
                  {
                    "test": "Bool",
                    "values": [
                      "true"
                    ],
                    "variable": "kms:GrantIsForAWSResource"
                  }
                ],
                "effect": "Allow",
                "not_actions": [],
                "not_principals": [],
                "not_resources": [],
                "principals": [],
                "resources": [
                  "arn:aws:kms:eu-central-1:686255952373:key/cfd47456-f8bc-40ee-b911-2c8257578a1e"
                ],
                "sid": "AllowAttachmentOfPersistentResources"
              }
            ],
            "version": "2012-10-17"
          },
          "sensitive_attributes": []
        }
      ]
    },
    {
      "module": "module.security",
      "mode": "managed",
      "type": "aws_cloudwatch_log_group",
      "name": "bastion",
      "provider": "provider[\"registry.terraform.io/hashicorp/aws\"]",
      "instances": [
        {
          "schema_version": 0,
          "attributes": {
            "arn": "arn:aws:logs:eu-central-1:686255952373:log-group:test1-bastion",
            "id": "test1-bastion",
            "kms_key_id": "",
            "log_group_class": "STANDARD",
            "name": "test1-bastion",
            "name_prefix": "",
            "retention_in_days": 120,
            "skip_destroy": false,
            "tags": {},
            "tags_all": {}
          },
          "sensitive_attributes": [],
          "private": "bnVsbA=="
        }
      ]
    },
    {
      "module": "module.security",
      "mode": "managed",
      "type": "aws_cloudwatch_log_group",
      "name": "docker",
      "provider": "provider[\"registry.terraform.io/hashicorp/aws\"]",
      "instances": [
        {
          "schema_version": 0,
          "attributes": {
            "arn": "arn:aws:logs:eu-central-1:686255952373:log-group:test1-docker",
            "id": "test1-docker",
            "kms_key_id": "",
            "log_group_class": "STANDARD",
            "name": "test1-docker",
            "name_prefix": "",
            "retention_in_days": 5,
            "skip_destroy": false,
            "tags": {},
            "tags_all": {}
          },
          "sensitive_attributes": [],
          "private": "bnVsbA=="
        }
      ]
    },
    {
      "module": "module.security",
      "mode": "managed",
      "type": "aws_cloudwatch_log_group",
      "name": "eliza",
      "provider": "provider[\"registry.terraform.io/hashicorp/aws\"]",
      "instances": [
        {
          "schema_version": 0,
          "attributes": {
            "arn": "arn:aws:logs:eu-central-1:686255952373:log-group:test1-eliza",
            "id": "test1-eliza",
            "kms_key_id": "",
            "log_group_class": "STANDARD",
            "name": "test1-eliza",
            "name_prefix": "",
            "retention_in_days": 5,
            "skip_destroy": false,
            "tags": {},
            "tags_all": {}
          },
          "sensitive_attributes": [],
          "private": "bnVsbA=="
        }
      ]
    },
    {
      "module": "module.security",
      "mode": "managed",
      "type": "aws_cloudwatch_log_group",
      "name": "nginx",
      "provider": "provider[\"registry.terraform.io/hashicorp/aws\"]",
      "instances": [
        {
          "schema_version": 0,
          "attributes": {
            "arn": "arn:aws:logs:eu-central-1:686255952373:log-group:test1-nginx",
            "id": "test1-nginx",
            "kms_key_id": "",
            "log_group_class": "STANDARD",
            "name": "test1-nginx",
            "name_prefix": "",
            "retention_in_days": 5,
            "skip_destroy": false,
            "tags": {},
            "tags_all": {}
          },
          "sensitive_attributes": [],
          "private": "bnVsbA=="
        }
      ]
    },
    {
      "module": "module.security",
      "mode": "managed",
      "type": "aws_iam_instance_profile",
      "name": "bastion",
      "provider": "provider[\"registry.terraform.io/hashicorp/aws\"]",
      "instances": [
        {
          "schema_version": 0,
          "attributes": {
            "arn": "arn:aws:iam::686255952373:instance-profile/test1-bastion",
            "create_date": "2025-03-25T19:22:40Z",
            "id": "test1-bastion",
            "name": "test1-bastion",
            "name_prefix": "",
            "path": "/",
            "role": "test1-bastion",
            "tags": {},
            "tags_all": {},
            "unique_id": "AIPAZ7SAK2H2TL7AFZFP4"
          },
          "sensitive_attributes": [],
          "private": "bnVsbA==",
          "dependencies": [
            "module.security.aws_iam_role.bastion",
            "module.security.data.aws_iam_policy_document.instance_assume_role_policy"
          ]
        }
      ]
    },
    {
      "module": "module.security",
      "mode": "managed",
      "type": "aws_iam_instance_profile",
      "name": "docker",
      "provider": "provider[\"registry.terraform.io/hashicorp/aws\"]",
      "instances": [
        {
          "schema_version": 0,
          "attributes": {
            "arn": "arn:aws:iam::686255952373:instance-profile/test1-docker",
            "create_date": "2025-03-25T19:22:40Z",
            "id": "test1-docker",
            "name": "test1-docker",
            "name_prefix": "",
            "path": "/",
            "role": "test1-docker",
            "tags": {},
            "tags_all": {},
            "unique_id": "AIPAZ7SAK2H23K42VII67"
          },
          "sensitive_attributes": [],
          "private": "bnVsbA==",
          "dependencies": [
            "module.security.aws_iam_role.docker",
            "module.security.data.aws_iam_policy_document.instance_assume_role_policy"
          ]
        }
      ]
    },
    {
      "module": "module.security",
      "mode": "managed",
      "type": "aws_iam_instance_profile",
      "name": "eliza",
      "provider": "provider[\"registry.terraform.io/hashicorp/aws\"]",
      "instances": [
        {
          "schema_version": 0,
          "attributes": {
            "arn": "arn:aws:iam::686255952373:instance-profile/test1-eliza",
            "create_date": "2025-03-25T19:22:41Z",
            "id": "test1-eliza",
            "name": "test1-eliza",
            "name_prefix": "",
            "path": "/",
            "role": "test1-eliza",
            "tags": {},
            "tags_all": {},
            "unique_id": "AIPAZ7SAK2H2SUPH2CYH2"
          },
          "sensitive_attributes": [],
          "private": "bnVsbA==",
          "dependencies": [
            "module.security.aws_iam_role.eliza",
            "module.security.data.aws_iam_policy_document.instance_assume_role_policy"
          ]
        }
      ]
    },
    {
      "module": "module.security",
      "mode": "managed",
      "type": "aws_iam_instance_profile",
      "name": "nginx",
      "provider": "provider[\"registry.terraform.io/hashicorp/aws\"]",
      "instances": [
        {
          "schema_version": 0,
          "attributes": {
            "arn": "arn:aws:iam::686255952373:instance-profile/test1-nginx",
            "create_date": "2025-03-25T19:22:42Z",
            "id": "test1-nginx",
            "name": "test1-nginx",
            "name_prefix": "",
            "path": "/",
            "role": "test1-nginx",
            "tags": {},
            "tags_all": {},
            "unique_id": "AIPAZ7SAK2H2XWFWWHS7B"
          },
          "sensitive_attributes": [],
          "private": "bnVsbA==",
          "dependencies": [
            "module.security.aws_iam_role.nginx",
            "module.security.data.aws_iam_policy_document.instance_assume_role_policy"
          ],
          "create_before_destroy": true
        }
      ]
    },
    {
      "module": "module.security",
      "mode": "managed",
      "type": "aws_iam_policy",
      "name": "cloudwatch_instance_logging",
      "provider": "provider[\"registry.terraform.io/hashicorp/aws\"]",
      "instances": [
        {
          "schema_version": 0,
          "attributes": {
            "arn": "arn:aws:iam::686255952373:policy/test1-cloudwatch-instance-logging",
            "attachment_count": 4,
            "description": "Allows EC2 instances to write logs to CloudWatch",
            "id": "arn:aws:iam::686255952373:policy/test1-cloudwatch-instance-logging",
            "name": "test1-cloudwatch-instance-logging",
            "name_prefix": "",
            "path": "/",
            "policy": "{\"Statement\":[{\"Action\":[\"logs:CreateLogGroup\",\"logs:CreateLogStream\",\"logs:PutLogEvents\",\"logs:DescribeLogStreams\"],\"Effect\":\"Allow\",\"Resource\":[\"arn:aws:logs:eu-central-1:686255952373:log-group:test1-bastion:*\"]}],\"Version\":\"2012-10-17\"}",
            "policy_id": "ANPAZ7SAK2H22ZXAHQI4F",
            "tags": {},
            "tags_all": {}
          },
          "sensitive_attributes": [],
          "private": "bnVsbA=="
        }
      ]
    },
    {
      "module": "module.security",
      "mode": "managed",
      "type": "aws_iam_policy",
      "name": "ec2_describe_instances",
      "provider": "provider[\"registry.terraform.io/hashicorp/aws\"]",
      "instances": [
        {
          "schema_version": 0,
          "attributes": {
            "arn": "arn:aws:iam::686255952373:policy/test1-ec2-describe-instances",
            "attachment_count": 4,
            "description": "Allows EC2 instances to describe other instances",
            "id": "arn:aws:iam::686255952373:policy/test1-ec2-describe-instances",
            "name": "test1-ec2-describe-instances",
            "name_prefix": "",
            "path": "/",
            "policy": "{\"Statement\":[{\"Action\":[\"ec2:DescribeInstances\",\"ec2:DescribeTags\"],\"Effect\":\"Allow\",\"Resource\":\"*\"}],\"Version\":\"2012-10-17\"}",
            "policy_id": "ANPAZ7SAK2H23TMD5F2OR",
            "tags": {},
            "tags_all": {}
          },
          "sensitive_attributes": [],
          "private": "bnVsbA=="
        }
      ]
    },
    {
      "module": "module.security",
      "mode": "managed",
      "type": "aws_iam_policy",
      "name": "iam_get_roles",
      "provider": "provider[\"registry.terraform.io/hashicorp/aws\"]",
      "instances": [
        {
          "schema_version": 0,
          "attributes": {
            "arn": "arn:aws:iam::686255952373:policy/test1-iam-get-roles",
            "attachment_count": 1,
            "description": "Allows EC2 instances to get IAM roles",
            "id": "arn:aws:iam::686255952373:policy/test1-iam-get-roles",
            "name": "test1-iam-get-roles",
            "name_prefix": "",
            "path": "/",
            "policy": "{\"Statement\":[{\"Action\":[\"iam:GetRole\",\"iam:ListRoles\"],\"Effect\":\"Allow\",\"Resource\":\"*\"}],\"Version\":\"2012-10-17\"}",
            "policy_id": "ANPAZ7SAK2H26Y5PUMNOV",
            "tags": {},
            "tags_all": {}
          },
          "sensitive_attributes": [],
          "private": "bnVsbA=="
        }
      ]
    },
    {
      "module": "module.security",
      "mode": "managed",
      "type": "aws_iam_policy",
      "name": "kms_bastion",
      "provider": "provider[\"registry.terraform.io/hashicorp/aws\"]",
      "instances": [
        {
          "schema_version": 0,
          "attributes": {
            "arn": "arn:aws:iam::686255952373:policy/test1-kms-bastion",
            "attachment_count": 1,
            "description": "Policy for Bastion to use KMS for Vault auto-unseal",
            "id": "arn:aws:iam::686255952373:policy/test1-kms-bastion",
            "name": "test1-kms-bastion",
            "name_prefix": "",
            "path": "/",
            "policy": "{\"Statement\":[{\"Action\":[\"kms:ReEncrypt*\",\"kms:GenerateDataKey*\",\"kms:Encrypt\",\"kms:DescribeKey\",\"kms:Decrypt\"],\"Effect\":\"Allow\",\"Resource\":\"arn:aws:kms:eu-central-1:686255952373:key/cfd47456-f8bc-40ee-b911-2c8257578a1e\",\"Sid\":\"AllowUseOfTheKey\"},{\"Action\":[\"kms:ListGrants\",\"kms:CreateGrant\"],\"Condition\":{\"Bool\":{\"kms:GrantIsForAWSResource\":\"true\"}},\"Effect\":\"Allow\",\"Resource\":\"arn:aws:kms:eu-central-1:686255952373:key/cfd47456-f8bc-40ee-b911-2c8257578a1e\",\"Sid\":\"AllowAttachmentOfPersistentResources\"}],\"Version\":\"2012-10-17\"}",
            "policy_id": "ANPAZ7SAK2H2RBFEJ3QW3",
            "tags": {},
            "tags_all": {}
          },
          "sensitive_attributes": [],
          "private": "bnVsbA==",
          "dependencies": [
            "module.security.aws_kms_key.vault",
            "module.security.data.aws_iam_policy_document.kms_bastion"
          ]
        }
      ]
    },
    {
      "module": "module.security",
      "mode": "managed",
      "type": "aws_iam_policy",
      "name": "node_registration",
      "provider": "provider[\"registry.terraform.io/hashicorp/aws\"]",
      "instances": [
        {
          "schema_version": 0,
          "attributes": {
            "arn": "arn:aws:iam::686255952373:policy/test1-node-registration",
            "attachment_count": 2,
            "description": "Allows instances to read node registration secrets",
            "id": "arn:aws:iam::686255952373:policy/test1-node-registration",
            "name": "test1-node-registration",
            "name_prefix": "",
            "path": "/",
            "policy": "{\"Statement\":[{\"Action\":[\"secretsmanager:GetSecretValue\",\"secretsmanager:DescribeSecret\"],\"Effect\":\"Allow\",\"Resource\":[\"arn:aws:secretsmanager:eu-central-1:686255952373:secret:/test1/consul/node_registration*\",\"arn:aws:secretsmanager:eu-central-1:686255952373:secret:/test1/consul/nomad_agents*\",\"arn:aws:secretsmanager:eu-central-1:686255952373:secret:/test1/consul/vault_server_registration*\",\"arn:aws:secretsmanager:eu-central-1:686255952373:secret:/test1/nomad/client_token*\"]}],\"Version\":\"2012-10-17\"}",
            "policy_id": "ANPAZ7SAK2H27DW4LVKUE",
            "tags": {},
            "tags_all": {}
          },
          "sensitive_attributes": [],
          "private": "bnVsbA=="
        }
      ]
    },
    {
      "module": "module.security",
      "mode": "managed",
      "type": "aws_iam_policy",
      "name": "secretsmanager_bastion",
      "provider": "provider[\"registry.terraform.io/hashicorp/aws\"]",
      "instances": [
        {
          "schema_version": 0,
          "attributes": {
            "arn": "arn:aws:iam::686255952373:policy/test1-secretsmanager-bastion",
            "attachment_count": 1,
            "description": "Allows bastion instances to manage secrets in Secrets Manager for their own environment",
            "id": "arn:aws:iam::686255952373:policy/test1-secretsmanager-bastion",
            "name": "test1-secretsmanager-bastion",
            "name_prefix": "",
            "path": "/",
            "policy": "{\"Statement\":[{\"Action\":[\"secretsmanager:GetSecretValue\",\"secretsmanager:DescribeSecret\",\"secretsmanager:PutSecretValue\",\"secretsmanager:UpdateSecret\",\"secretsmanager:CreateSecret\",\"secretsmanager:DeleteSecret\",\"secretsmanager:GetResourcePolicy\"],\"Effect\":\"Allow\",\"Resource\":\"arn:aws:secretsmanager:eu-central-1:686255952373:secret:/test1/*\"}],\"Version\":\"2012-10-17\"}",
            "policy_id": "ANPAZ7SAK2H222HGZHSDS",
            "tags": {},
            "tags_all": {}
          },
          "sensitive_attributes": [],
          "private": "bnVsbA=="
        }
      ]
    },
    {
      "module": "module.security",
      "mode": "managed",
      "type": "aws_iam_role",
      "name": "bastion",
      "provider": "provider[\"registry.terraform.io/hashicorp/aws\"]",
      "instances": [
        {
          "schema_version": 0,
          "attributes": {
            "arn": "arn:aws:iam::686255952373:role/test1-bastion",
            "assume_role_policy": "{\"Statement\":[{\"Action\":\"sts:AssumeRole\",\"Effect\":\"Allow\",\"Principal\":{\"Service\":\"ec2.amazonaws.com\"}}],\"Version\":\"2012-10-17\"}",
            "create_date": "2025-03-25T19:22:38Z",
            "description": "",
            "force_detach_policies": false,
            "id": "test1-bastion",
            "inline_policy": [],
            "managed_policy_arns": [
              "arn:aws:iam::686255952373:policy/test1-cloudwatch-instance-logging",
              "arn:aws:iam::686255952373:policy/test1-ec2-describe-instances",
              "arn:aws:iam::686255952373:policy/test1-iam-get-roles",
              "arn:aws:iam::686255952373:policy/test1-kms-bastion",
              "arn:aws:iam::686255952373:policy/test1-secretsmanager-bastion",
              "arn:aws:iam::aws:policy/AmazonSSMManagedInstanceCore",
              "arn:aws:iam::aws:policy/CloudWatchAgentServerPolicy"
            ],
            "max_session_duration": 3600,
            "name": "test1-bastion",
            "name_prefix": "",
            "path": "/",
            "permissions_boundary": "",
            "tags": {},
            "tags_all": {},
            "unique_id": "AROAZ7SAK2H22C5YAY4GO"
          },
          "sensitive_attributes": [],
          "private": "bnVsbA==",
          "dependencies": [
            "module.security.data.aws_iam_policy_document.instance_assume_role_policy"
          ]
        }
      ]
    },
    {
      "module": "module.security",
      "mode": "managed",
      "type": "aws_iam_role",
      "name": "docker",
      "provider": "provider[\"registry.terraform.io/hashicorp/aws\"]",
      "instances": [
        {
          "schema_version": 0,
          "attributes": {
            "arn": "arn:aws:iam::686255952373:role/test1-docker",
            "assume_role_policy": "{\"Statement\":[{\"Action\":\"sts:AssumeRole\",\"Effect\":\"Allow\",\"Principal\":{\"Service\":\"ec2.amazonaws.com\"}}],\"Version\":\"2012-10-17\"}",
            "create_date": "2025-03-25T19:22:37Z",
            "description": "",
            "force_detach_policies": false,
            "id": "test1-docker",
            "inline_policy": [],
            "managed_policy_arns": [
              "arn:aws:iam::686255952373:policy/test1-cloudwatch-instance-logging",
              "arn:aws:iam::686255952373:policy/test1-ec2-describe-instances",
              "arn:aws:iam::aws:policy/AmazonDynamoDBFullAccess",
              "arn:aws:iam::aws:policy/AmazonEC2ContainerRegistryReadOnly",
              "arn:aws:iam::aws:policy/AmazonSSMManagedInstanceCore",
              "arn:aws:iam::aws:policy/CloudWatchAgentServerPolicy"
            ],
            "max_session_duration": 3600,
            "name": "test1-docker",
            "name_prefix": "",
            "path": "/",
            "permissions_boundary": "",
            "tags": {},
            "tags_all": {},
            "unique_id": "AROAZ7SAK2H2UIN7ZD636"
          },
          "sensitive_attributes": [],
          "private": "bnVsbA==",
          "dependencies": [
            "module.security.data.aws_iam_policy_document.instance_assume_role_policy"
          ]
        }
      ]
    },
    {
      "module": "module.security",
      "mode": "managed",
      "type": "aws_iam_role",
      "name": "eliza",
      "provider": "provider[\"registry.terraform.io/hashicorp/aws\"]",
      "instances": [
        {
          "schema_version": 0,
          "attributes": {
            "arn": "arn:aws:iam::686255952373:role/test1-eliza",
            "assume_role_policy": "{\"Statement\":[{\"Action\":\"sts:AssumeRole\",\"Effect\":\"Allow\",\"Principal\":{\"Service\":\"ec2.amazonaws.com\"}}],\"Version\":\"2012-10-17\"}",
            "create_date": "2025-03-25T19:22:38Z",
            "description": "",
            "force_detach_policies": false,
            "id": "test1-eliza",
            "inline_policy": [],
            "managed_policy_arns": [
              "arn:aws:iam::686255952373:policy/test1-cloudwatch-instance-logging",
              "arn:aws:iam::686255952373:policy/test1-ec2-describe-instances",
              "arn:aws:iam::686255952373:policy/test1-node-registration",
              "arn:aws:iam::aws:policy/AmazonSSMManagedInstanceCore",
              "arn:aws:iam::aws:policy/CloudWatchAgentServerPolicy"
            ],
            "max_session_duration": 3600,
            "name": "test1-eliza",
            "name_prefix": "",
            "path": "/",
            "permissions_boundary": "",
            "tags": {},
            "tags_all": {},
            "unique_id": "AROAZ7SAK2H2YINYJTXAP"
          },
          "sensitive_attributes": [],
          "private": "bnVsbA==",
          "dependencies": [
            "module.security.data.aws_iam_policy_document.instance_assume_role_policy"
          ]
        }
      ]
    },
    {
      "module": "module.security",
      "mode": "managed",
      "type": "aws_iam_role",
      "name": "nginx",
      "provider": "provider[\"registry.terraform.io/hashicorp/aws\"]",
      "instances": [
        {
          "schema_version": 0,
          "attributes": {
            "arn": "arn:aws:iam::686255952373:role/test1-nginx",
            "assume_role_policy": "{\"Statement\":[{\"Action\":\"sts:AssumeRole\",\"Effect\":\"Allow\",\"Principal\":{\"Service\":\"ec2.amazonaws.com\"}}],\"Version\":\"2012-10-17\"}",
            "create_date": "2025-03-25T19:22:38Z",
            "description": "",
            "force_detach_policies": false,
            "id": "test1-nginx",
            "inline_policy": [],
            "managed_policy_arns": [
              "arn:aws:iam::686255952373:policy/test1-cloudwatch-instance-logging",
              "arn:aws:iam::686255952373:policy/test1-ec2-describe-instances",
              "arn:aws:iam::686255952373:policy/test1-node-registration",
              "arn:aws:iam::aws:policy/AmazonDynamoDBFullAccess",
              "arn:aws:iam::aws:policy/AmazonEC2ContainerRegistryReadOnly",
              "arn:aws:iam::aws:policy/AmazonSSMManagedInstanceCore",
              "arn:aws:iam::aws:policy/CloudWatchAgentServerPolicy"
            ],
            "max_session_duration": 3600,
            "name": "test1-nginx",
            "name_prefix": "",
            "path": "/",
            "permissions_boundary": "",
            "tags": {},
            "tags_all": {},
            "unique_id": "AROAZ7SAK2H2RDKNP55KI"
          },
          "sensitive_attributes": [],
          "private": "bnVsbA==",
          "dependencies": [
            "module.security.data.aws_iam_policy_document.instance_assume_role_policy"
          ],
          "create_before_destroy": true
        }
      ]
    },
    {
      "module": "module.security",
      "mode": "managed",
      "type": "aws_iam_role_policy_attachment",
      "name": "ec2_cloudwatch_agent_bastion",
      "provider": "provider[\"registry.terraform.io/hashicorp/aws\"]",
      "instances": [
        {
          "schema_version": 0,
          "attributes": {
            "id": "test1-bastion-2025032519224186080000001d",
            "policy_arn": "arn:aws:iam::aws:policy/CloudWatchAgentServerPolicy",
            "role": "test1-bastion"
          },
          "sensitive_attributes": [],
          "private": "bnVsbA==",
          "dependencies": [
            "module.security.aws_iam_role.bastion",
            "module.security.data.aws_iam_policy_document.instance_assume_role_policy"
          ]
        }
      ]
    },
    {
      "module": "module.security",
      "mode": "managed",
      "type": "aws_iam_role_policy_attachment",
      "name": "ec2_cloudwatch_agent_docker",
      "provider": "provider[\"registry.terraform.io/hashicorp/aws\"]",
      "instances": [
        {
          "schema_version": 0,
          "attributes": {
            "id": "test1-docker-2025032519224018300000000b",
            "policy_arn": "arn:aws:iam::aws:policy/CloudWatchAgentServerPolicy",
            "role": "test1-docker"
          },
          "sensitive_attributes": [],
          "private": "bnVsbA==",
          "dependencies": [
            "module.security.aws_iam_role.docker",
            "module.security.data.aws_iam_policy_document.instance_assume_role_policy"
          ]
        }
      ]
    },
    {
      "module": "module.security",
      "mode": "managed",
      "type": "aws_iam_role_policy_attachment",
      "name": "ec2_cloudwatch_agent_eliza",
      "provider": "provider[\"registry.terraform.io/hashicorp/aws\"]",
      "instances": [
        {
          "schema_version": 0,
          "attributes": {
            "id": "test1-eliza-20250325192241036100000016",
            "policy_arn": "arn:aws:iam::aws:policy/CloudWatchAgentServerPolicy",
            "role": "test1-eliza"
          },
          "sensitive_attributes": [],
          "private": "bnVsbA==",
          "dependencies": [
            "module.security.aws_iam_role.eliza",
            "module.security.data.aws_iam_policy_document.instance_assume_role_policy"
          ]
        }
      ]
    },
    {
      "module": "module.security",
      "mode": "managed",
      "type": "aws_iam_role_policy_attachment",
      "name": "ec2_cloudwatch_agent_nginx",
      "provider": "provider[\"registry.terraform.io/hashicorp/aws\"]",
      "instances": [
        {
          "schema_version": 0,
          "attributes": {
            "id": "test1-nginx-20250325192241047300000017",
            "policy_arn": "arn:aws:iam::aws:policy/CloudWatchAgentServerPolicy",
            "role": "test1-nginx"
          },
          "sensitive_attributes": [],
          "private": "bnVsbA==",
          "dependencies": [
            "module.security.aws_iam_role.nginx",
            "module.security.data.aws_iam_policy_document.instance_assume_role_policy"
          ]
        }
      ]
    },
    {
      "module": "module.security",
      "mode": "managed",
      "type": "aws_iam_role_policy_attachment",
      "name": "ec2_cloudwatch_logging_bastion",
      "provider": "provider[\"registry.terraform.io/hashicorp/aws\"]",
      "instances": [
        {
          "schema_version": 0,
          "attributes": {
            "id": "test1-bastion-20250325192240610700000011",
            "policy_arn": "arn:aws:iam::686255952373:policy/test1-cloudwatch-instance-logging",
            "role": "test1-bastion"
          },
          "sensitive_attributes": [],
          "private": "bnVsbA==",
          "dependencies": [
            "module.security.aws_iam_policy.cloudwatch_instance_logging",
            "module.security.aws_iam_role.bastion",
            "module.security.data.aws_iam_policy_document.instance_assume_role_policy"
          ]
        }
      ]
    },
    {
      "module": "module.security",
      "mode": "managed",
      "type": "aws_iam_role_policy_attachment",
      "name": "ec2_cloudwatch_logging_docker",
      "provider": "provider[\"registry.terraform.io/hashicorp/aws\"]",
      "instances": [
        {
          "schema_version": 0,
          "attributes": {
            "id": "test1-docker-2025032519224019190000000c",
            "policy_arn": "arn:aws:iam::686255952373:policy/test1-cloudwatch-instance-logging",
            "role": "test1-docker"
          },
          "sensitive_attributes": [],
          "private": "bnVsbA==",
          "dependencies": [
            "module.security.aws_iam_policy.cloudwatch_instance_logging",
            "module.security.aws_iam_role.docker",
            "module.security.data.aws_iam_policy_document.instance_assume_role_policy"
          ]
        }
      ]
    },
    {
      "module": "module.security",
      "mode": "managed",
      "type": "aws_iam_role_policy_attachment",
      "name": "ec2_cloudwatch_logging_eliza",
      "provider": "provider[\"registry.terraform.io/hashicorp/aws\"]",
      "instances": [
        {
          "schema_version": 0,
          "attributes": {
            "id": "test1-eliza-20250325192240917900000013",
            "policy_arn": "arn:aws:iam::686255952373:policy/test1-cloudwatch-instance-logging",
            "role": "test1-eliza"
          },
          "sensitive_attributes": [],
          "private": "bnVsbA==",
          "dependencies": [
            "module.security.aws_iam_policy.cloudwatch_instance_logging",
            "module.security.aws_iam_role.eliza",
            "module.security.data.aws_iam_policy_document.instance_assume_role_policy"
          ]
        }
      ]
    },
    {
      "module": "module.security",
      "mode": "managed",
      "type": "aws_iam_role_policy_attachment",
      "name": "ec2_cloudwatch_logging_nginx",
      "provider": "provider[\"registry.terraform.io/hashicorp/aws\"]",
      "instances": [
        {
          "schema_version": 0,
          "attributes": {
            "id": "test1-nginx-2025032519224186230000001f",
            "policy_arn": "arn:aws:iam::686255952373:policy/test1-cloudwatch-instance-logging",
            "role": "test1-nginx"
          },
          "sensitive_attributes": [],
          "private": "bnVsbA==",
          "dependencies": [
            "module.security.aws_iam_policy.cloudwatch_instance_logging",
            "module.security.aws_iam_role.nginx",
            "module.security.data.aws_iam_policy_document.instance_assume_role_policy"
          ]
        }
      ]
    },
    {
      "module": "module.security",
      "mode": "managed",
      "type": "aws_iam_role_policy_attachment",
      "name": "ec2_describe_instances_bastion",
      "provider": "provider[\"registry.terraform.io/hashicorp/aws\"]",
      "instances": [
        {
          "schema_version": 0,
          "attributes": {
            "id": "test1-bastion-20250325192240922600000014",
            "policy_arn": "arn:aws:iam::686255952373:policy/test1-ec2-describe-instances",
            "role": "test1-bastion"
          },
          "sensitive_attributes": [],
          "private": "bnVsbA==",
          "dependencies": [
            "module.security.aws_iam_policy.ec2_describe_instances",
            "module.security.aws_iam_role.bastion",
            "module.security.data.aws_iam_policy_document.instance_assume_role_policy"
          ]
        }
      ]
    },
    {
      "module": "module.security",
      "mode": "managed",
      "type": "aws_iam_role_policy_attachment",
      "name": "ec2_describe_instances_docker",
      "provider": "provider[\"registry.terraform.io/hashicorp/aws\"]",
      "instances": [
        {
          "schema_version": 0,
          "attributes": {
            "id": "test1-docker-2025032519224047790000000e",
            "policy_arn": "arn:aws:iam::686255952373:policy/test1-ec2-describe-instances",
            "role": "test1-docker"
          },
          "sensitive_attributes": [],
          "private": "bnVsbA==",
          "dependencies": [
            "module.security.aws_iam_policy.ec2_describe_instances",
            "module.security.aws_iam_role.docker",
            "module.security.data.aws_iam_policy_document.instance_assume_role_policy"
          ]
        }
      ]
    },
    {
      "module": "module.security",
      "mode": "managed",
      "type": "aws_iam_role_policy_attachment",
      "name": "ec2_describe_instances_eliza",
      "provider": "provider[\"registry.terraform.io/hashicorp/aws\"]",
      "instances": [
        {
          "schema_version": 0,
          "attributes": {
            "id": "test1-eliza-20250325192241349800000018",
            "policy_arn": "arn:aws:iam::686255952373:policy/test1-ec2-describe-instances",
            "role": "test1-eliza"
          },
          "sensitive_attributes": [],
          "private": "bnVsbA==",
          "dependencies": [
            "module.security.aws_iam_policy.ec2_describe_instances",
            "module.security.aws_iam_role.eliza",
            "module.security.data.aws_iam_policy_document.instance_assume_role_policy"
          ]
        }
      ]
    },
    {
      "module": "module.security",
      "mode": "managed",
      "type": "aws_iam_role_policy_attachment",
      "name": "ec2_describe_instances_nginx",
      "provider": "provider[\"registry.terraform.io/hashicorp/aws\"]",
      "instances": [
        {
          "schema_version": 0,
          "attributes": {
            "id": "test1-nginx-2025032519224145360000001b",
            "policy_arn": "arn:aws:iam::686255952373:policy/test1-ec2-describe-instances",
            "role": "test1-nginx"
          },
          "sensitive_attributes": [],
          "private": "bnVsbA==",
          "dependencies": [
            "module.security.aws_iam_policy.ec2_describe_instances",
            "module.security.aws_iam_role.nginx",
            "module.security.data.aws_iam_policy_document.instance_assume_role_policy"
          ]
        }
      ]
    },
    {
      "module": "module.security",
      "mode": "managed",
      "type": "aws_iam_role_policy_attachment",
      "name": "ec2_dynamodb_full_access_docker",
      "provider": "provider[\"registry.terraform.io/hashicorp/aws\"]",
      "instances": [
        {
          "schema_version": 0,
          "attributes": {
            "id": "test1-docker-2025032519224024510000000d",
            "policy_arn": "arn:aws:iam::aws:policy/AmazonDynamoDBFullAccess",
            "role": "test1-docker"
          },
          "sensitive_attributes": [],
          "private": "bnVsbA==",
          "dependencies": [
            "module.security.aws_iam_role.docker",
            "module.security.data.aws_iam_policy_document.instance_assume_role_policy"
          ]
        }
      ]
    },
    {
      "module": "module.security",
      "mode": "managed",
      "type": "aws_iam_role_policy_attachment",
      "name": "ec2_dynamodb_full_access_nginx",
      "provider": "provider[\"registry.terraform.io/hashicorp/aws\"]",
      "instances": [
        {
          "schema_version": 0,
          "attributes": {
            "id": "test1-nginx-20250325192241374900000019",
            "policy_arn": "arn:aws:iam::aws:policy/AmazonDynamoDBFullAccess",
            "role": "test1-nginx"
          },
          "sensitive_attributes": [],
          "private": "bnVsbA==",
          "dependencies": [
            "module.security.aws_iam_role.nginx",
            "module.security.data.aws_iam_policy_document.instance_assume_role_policy"
          ]
        }
      ]
    },
    {
      "module": "module.security",
      "mode": "managed",
      "type": "aws_iam_role_policy_attachment",
      "name": "ec2_ecr_read_docker",
      "provider": "provider[\"registry.terraform.io/hashicorp/aws\"]",
      "instances": [
        {
          "schema_version": 0,
          "attributes": {
            "id": "test1-docker-2025032519224048490000000f",
            "policy_arn": "arn:aws:iam::aws:policy/AmazonEC2ContainerRegistryReadOnly",
            "role": "test1-docker"
          },
          "sensitive_attributes": [],
          "private": "bnVsbA==",
          "dependencies": [
            "module.security.aws_iam_role.docker",
            "module.security.data.aws_iam_policy_document.instance_assume_role_policy"
          ]
        }
      ]
    },
    {
      "module": "module.security",
      "mode": "managed",
      "type": "aws_iam_role_policy_attachment",
      "name": "ec2_ecr_read_nginx",
      "provider": "provider[\"registry.terraform.io/hashicorp/aws\"]",
      "instances": [
        {
          "schema_version": 0,
          "attributes": {
            "id": "test1-nginx-20250325192242306800000020",
            "policy_arn": "arn:aws:iam::aws:policy/AmazonEC2ContainerRegistryReadOnly",
            "role": "test1-nginx"
          },
          "sensitive_attributes": [],
          "private": "bnVsbA==",
          "dependencies": [
            "module.security.aws_iam_role.nginx",
            "module.security.data.aws_iam_policy_document.instance_assume_role_policy"
          ]
        }
      ]
    },
    {
      "module": "module.security",
      "mode": "managed",
      "type": "aws_iam_role_policy_attachment",
      "name": "ec2_ssm_managed_bastion",
      "provider": "provider[\"registry.terraform.io/hashicorp/aws\"]",
      "instances": [
        {
          "schema_version": 0,
          "attributes": {
            "id": "test1-bastion-20250325192240626900000012",
            "policy_arn": "arn:aws:iam::aws:policy/AmazonSSMManagedInstanceCore",
            "role": "test1-bastion"
          },
          "sensitive_attributes": [],
          "private": "bnVsbA==",
          "dependencies": [
            "module.security.aws_iam_role.bastion",
            "module.security.data.aws_iam_policy_document.instance_assume_role_policy"
          ]
        }
      ]
    },
    {
      "module": "module.security",
      "mode": "managed",
      "type": "aws_iam_role_policy_attachment",
      "name": "ec2_ssm_managed_docker",
      "provider": "provider[\"registry.terraform.io/hashicorp/aws\"]",
      "instances": [
        {
          "schema_version": 0,
          "attributes": {
            "id": "test1-docker-20250325192240506200000010",
            "policy_arn": "arn:aws:iam::aws:policy/AmazonSSMManagedInstanceCore",
            "role": "test1-docker"
          },
          "sensitive_attributes": [],
          "private": "bnVsbA==",
          "dependencies": [
            "module.security.aws_iam_role.docker",
            "module.security.data.aws_iam_policy_document.instance_assume_role_policy"
          ]
        }
      ]
    },
    {
      "module": "module.security",
      "mode": "managed",
      "type": "aws_iam_role_policy_attachment",
      "name": "ec2_ssm_managed_eliza",
      "provider": "provider[\"registry.terraform.io/hashicorp/aws\"]",
      "instances": [
        {
          "schema_version": 0,
          "attributes": {
            "id": "test1-eliza-2025032519224137800000001a",
            "policy_arn": "arn:aws:iam::aws:policy/AmazonSSMManagedInstanceCore",
            "role": "test1-eliza"
          },
          "sensitive_attributes": [],
          "private": "bnVsbA==",
          "dependencies": [
            "module.security.aws_iam_role.eliza",
            "module.security.data.aws_iam_policy_document.instance_assume_role_policy"
          ]
        }
      ]
    },
    {
      "module": "module.security",
      "mode": "managed",
      "type": "aws_iam_role_policy_attachment",
      "name": "ec2_ssm_managed_nginx",
      "provider": "provider[\"registry.terraform.io/hashicorp/aws\"]",
      "instances": [
        {
          "schema_version": 0,
          "attributes": {
            "id": "test1-nginx-20250325192242339400000022",
            "policy_arn": "arn:aws:iam::aws:policy/AmazonSSMManagedInstanceCore",
            "role": "test1-nginx"
          },
          "sensitive_attributes": [],
          "private": "bnVsbA==",
          "dependencies": [
            "module.security.aws_iam_role.nginx",
            "module.security.data.aws_iam_policy_document.instance_assume_role_policy"
          ]
        }
      ]
    },
    {
      "module": "module.security",
      "mode": "managed",
      "type": "aws_iam_role_policy_attachment",
      "name": "eliza_node_registration",
      "provider": "provider[\"registry.terraform.io/hashicorp/aws\"]",
      "instances": [
        {
          "schema_version": 0,
          "attributes": {
            "id": "test1-eliza-2025032519224186060000001c",
            "policy_arn": "arn:aws:iam::686255952373:policy/test1-node-registration",
            "role": "test1-eliza"
          },
          "sensitive_attributes": [],
          "private": "bnVsbA==",
          "dependencies": [
            "module.security.aws_iam_policy.node_registration",
            "module.security.aws_iam_role.eliza",
            "module.security.data.aws_iam_policy_document.instance_assume_role_policy"
          ]
        }
      ]
    },
    {
      "module": "module.security",
      "mode": "managed",
      "type": "aws_iam_role_policy_attachment",
      "name": "iam_get_roles_bastion",
      "provider": "provider[\"registry.terraform.io/hashicorp/aws\"]",
      "instances": [
        {
          "schema_version": 0,
          "attributes": {
            "id": "test1-bastion-20250325192240928800000015",
            "policy_arn": "arn:aws:iam::686255952373:policy/test1-iam-get-roles",
            "role": "test1-bastion"
          },
          "sensitive_attributes": [],
          "private": "bnVsbA==",
          "dependencies": [
            "module.security.aws_iam_policy.iam_get_roles",
            "module.security.aws_iam_role.bastion",
            "module.security.data.aws_iam_policy_document.instance_assume_role_policy"
          ]
        }
      ]
    },
    {
      "module": "module.security",
      "mode": "managed",
      "type": "aws_iam_role_policy_attachment",
      "name": "kms_bastion",
      "provider": "provider[\"registry.terraform.io/hashicorp/aws\"]",
      "instances": [
        {
          "schema_version": 0,
          "attributes": {
            "id": "test1-bastion-20250325192243527500000023",
            "policy_arn": "arn:aws:iam::686255952373:policy/test1-kms-bastion",
            "role": "test1-bastion"
          },
          "sensitive_attributes": [],
          "private": "bnVsbA==",
          "dependencies": [
            "module.security.aws_iam_policy.kms_bastion",
            "module.security.aws_iam_role.bastion",
            "module.security.aws_kms_key.vault",
            "module.security.data.aws_iam_policy_document.instance_assume_role_policy",
            "module.security.data.aws_iam_policy_document.kms_bastion"
          ]
        }
      ]
    },
    {
      "module": "module.security",
      "mode": "managed",
      "type": "aws_iam_role_policy_attachment",
      "name": "nginx_node_registration",
      "provider": "provider[\"registry.terraform.io/hashicorp/aws\"]",
      "instances": [
        {
          "schema_version": 0,
          "attributes": {
            "id": "test1-nginx-20250325192242312400000021",
            "policy_arn": "arn:aws:iam::686255952373:policy/test1-node-registration",
            "role": "test1-nginx"
          },
          "sensitive_attributes": [],
          "private": "bnVsbA==",
          "dependencies": [
            "module.security.aws_iam_policy.node_registration",
            "module.security.aws_iam_role.nginx",
            "module.security.data.aws_iam_policy_document.instance_assume_role_policy"
          ]
        }
      ]
    },
    {
      "module": "module.security",
      "mode": "managed",
      "type": "aws_iam_role_policy_attachment",
      "name": "secretsmanager_bastion",
      "provider": "provider[\"registry.terraform.io/hashicorp/aws\"]",
      "instances": [
        {
          "schema_version": 0,
          "attributes": {
            "id": "test1-bastion-2025032519224186100000001e",
            "policy_arn": "arn:aws:iam::686255952373:policy/test1-secretsmanager-bastion",
            "role": "test1-bastion"
          },
          "sensitive_attributes": [],
          "private": "bnVsbA==",
          "dependencies": [
            "module.security.aws_iam_policy.secretsmanager_bastion",
            "module.security.aws_iam_role.bastion",
            "module.security.data.aws_iam_policy_document.instance_assume_role_policy"
          ]
        }
      ]
    },
    {
      "module": "module.security",
      "mode": "managed",
      "type": "aws_key_pair",
      "name": "env_ssh",
      "provider": "provider[\"registry.terraform.io/hashicorp/aws\"]",
      "instances": [
        {
          "schema_version": 1,
          "attributes": {
            "arn": "arn:aws:ec2:eu-central-1:686255952373:key-pair/test1-prism1-eliza-20250127",
            "fingerprint": "BDoa2NpDs6V3Nwv+LgpEDbLqCpTLFomUb3LdRyLp2No=",
            "id": "test1-prism1-eliza-20250127",
            "key_name": "test1-prism1-eliza-20250127",
            "key_name_prefix": "",
            "key_pair_id": "key-077f599c861467716",
            "key_type": "ed25519",
            "public_key": "ssh-ed25519 AAAAC3NzaC1lZDI1NTE5AAAAIOWt0CrD3AM8QOV79AxUKkqF0mC0F+KCF09XZEu/qkvZ conrado@clappy",
            "tags": {},
            "tags_all": {}
          },
          "sensitive_attributes": [],
          "private": "eyJzY2hlbWFfdmVyc2lvbiI6IjEifQ==",
          "create_before_destroy": true
        }
      ]
    },
    {
      "module": "module.security",
      "mode": "managed",
      "type": "aws_kms_alias",
      "name": "vault",
      "provider": "provider[\"registry.terraform.io/hashicorp/aws\"]",
      "instances": [
        {
          "schema_version": 0,
          "attributes": {
            "arn": "arn:aws:kms:eu-central-1:686255952373:alias/vault-test1",
            "id": "alias/vault-test1",
            "name": "alias/vault-test1",
            "name_prefix": "",
            "target_key_arn": "arn:aws:kms:eu-central-1:686255952373:key/cfd47456-f8bc-40ee-b911-2c8257578a1e",
            "target_key_id": "cfd47456-f8bc-40ee-b911-2c8257578a1e"
          },
          "sensitive_attributes": [],
          "private": "bnVsbA==",
          "dependencies": [
            "module.security.aws_kms_key.vault"
          ]
        }
      ]
    },
    {
      "module": "module.security",
      "mode": "managed",
      "type": "aws_kms_key",
      "name": "vault",
      "provider": "provider[\"registry.terraform.io/hashicorp/aws\"]",
      "instances": [
        {
          "schema_version": 0,
          "attributes": {
            "arn": "arn:aws:kms:eu-central-1:686255952373:key/cfd47456-f8bc-40ee-b911-2c8257578a1e",
            "bypass_policy_lockout_safety_check": false,
            "custom_key_store_id": "",
            "customer_master_key_spec": "SYMMETRIC_DEFAULT",
            "deletion_window_in_days": 7,
            "description": "KMS key for Vault auto-unseal",
            "enable_key_rotation": false,
            "id": "cfd47456-f8bc-40ee-b911-2c8257578a1e",
            "is_enabled": true,
            "key_id": "cfd47456-f8bc-40ee-b911-2c8257578a1e",
            "key_usage": "ENCRYPT_DECRYPT",
            "multi_region": false,
            "policy": "{\"Id\":\"key-default-1\",\"Statement\":[{\"Action\":\"kms:*\",\"Effect\":\"Allow\",\"Principal\":{\"AWS\":\"arn:aws:iam::686255952373:root\"},\"Resource\":\"*\",\"Sid\":\"Enable IAM User Permissions\"}],\"Version\":\"2012-10-17\"}",
            "rotation_period_in_days": 0,
            "tags": {},
            "tags_all": {},
            "timeouts": null,
            "xks_key_id": ""
          },
          "sensitive_attributes": [],
          "private": "eyJlMmJmYjczMC1lY2FhLTExZTYtOGY4OC0zNDM2M2JjN2M0YzAiOnsiY3JlYXRlIjoxMjAwMDAwMDAwMDB9fQ=="
        }
      ]
    },
    {
      "module": "module.security",
      "mode": "managed",
      "type": "aws_security_group",
      "name": "consul",
      "provider": "provider[\"registry.terraform.io/hashicorp/aws\"]",
      "instances": [
        {
          "schema_version": 1,
          "attributes": {
            "arn": "arn:aws:ec2:eu-central-1:686255952373:security-group/sg-0c13822af8f48362c",
            "description": "All required ports for Consul are allowed for members of the security group",
            "egress": [],
            "id": "sg-0c13822af8f48362c",
            "ingress": [
              {
                "cidr_blocks": [
                  "0.0.0.0/0"
                ],
                "description": "",
                "from_port": 8300,
                "ipv6_cidr_blocks": [],
                "prefix_list_ids": [],
                "protocol": "tcp",
                "security_groups": [],
                "self": false,
                "to_port": 8300
              },
              {
                "cidr_blocks": [],
                "description": "",
                "from_port": 21000,
                "ipv6_cidr_blocks": [],
                "prefix_list_ids": [],
                "protocol": "tcp",
                "security_groups": [],
                "self": true,
                "to_port": 21255
              },
              {
                "cidr_blocks": [],
                "description": "",
                "from_port": 8300,
                "ipv6_cidr_blocks": [],
                "prefix_list_ids": [],
                "protocol": "tcp",
                "security_groups": [],
                "self": true,
                "to_port": 8302
              },
              {
                "cidr_blocks": [],
                "description": "",
                "from_port": 8301,
                "ipv6_cidr_blocks": [],
                "prefix_list_ids": [],
                "protocol": "udp",
                "security_groups": [],
                "self": true,
                "to_port": 8302
              },
              {
                "cidr_blocks": [],
                "description": "",
                "from_port": 8500,
                "ipv6_cidr_blocks": [],
                "prefix_list_ids": [],
                "protocol": "tcp",
                "security_groups": [],
                "self": true,
                "to_port": 8500
              },
              {
                "cidr_blocks": [],
                "description": "",
                "from_port": 8600,
                "ipv6_cidr_blocks": [],
                "prefix_list_ids": [],
                "protocol": "tcp",
                "security_groups": [],
                "self": true,
                "to_port": 8600
              },
              {
                "cidr_blocks": [],
                "description": "",
                "from_port": 8600,
                "ipv6_cidr_blocks": [],
                "prefix_list_ids": [],
                "protocol": "udp",
                "security_groups": [],
                "self": true,
                "to_port": 8600
              }
            ],
            "name": "test1-consul",
            "name_prefix": "",
            "owner_id": "686255952373",
            "revoke_rules_on_delete": false,
            "tags": {},
            "tags_all": {},
            "timeouts": null,
            "vpc_id": "vpc-065f7e7917bcc93d2"
          },
          "sensitive_attributes": [],
          "private": "eyJlMmJmYjczMC1lY2FhLTExZTYtOGY4OC0zNDM2M2JjN2M0YzAiOnsiY3JlYXRlIjo2MDAwMDAwMDAwMDAsImRlbGV0ZSI6OTAwMDAwMDAwMDAwfSwic2NoZW1hX3ZlcnNpb24iOiIxIn0=",
          "dependencies": [
            "module.vpc.module.vpc.aws_vpc.this"
          ],
          "create_before_destroy": true
        }
      ]
    },
    {
      "module": "module.security",
      "mode": "managed",
      "type": "aws_security_group",
      "name": "endpoint_sg",
      "provider": "provider[\"registry.terraform.io/hashicorp/aws\"]",
      "instances": [
        {
          "schema_version": 1,
          "attributes": {
            "arn": "arn:aws:ec2:eu-central-1:686255952373:security-group/sg-06a01942b8cd95177",
            "description": "Allow inbound traffic to self referencign group",
            "egress": [],
            "id": "sg-06a01942b8cd95177",
            "ingress": [
              {
                "cidr_blocks": [],
                "description": "",
                "from_port": 0,
                "ipv6_cidr_blocks": [],
                "prefix_list_ids": [],
                "protocol": "-1",
                "security_groups": [],
                "self": true,
                "to_port": 0
              }
            ],
            "name": "test1-endpoint",
            "name_prefix": "",
            "owner_id": "686255952373",
            "revoke_rules_on_delete": false,
            "tags": {
              "Environment": "test1",
              "Name": "test1-endpoint",
              "Terraform": "UsePrism/eliza-infra"
            },
            "tags_all": {
              "Environment": "test1",
              "Name": "test1-endpoint",
              "Terraform": "UsePrism/eliza-infra"
            },
            "timeouts": null,
            "vpc_id": "vpc-065f7e7917bcc93d2"
          },
          "sensitive_attributes": [],
          "private": "eyJlMmJmYjczMC1lY2FhLTExZTYtOGY4OC0zNDM2M2JjN2M0YzAiOnsiY3JlYXRlIjo2MDAwMDAwMDAwMDAsImRlbGV0ZSI6OTAwMDAwMDAwMDAwfSwic2NoZW1hX3ZlcnNpb24iOiIxIn0=",
          "dependencies": [
            "module.vpc.module.vpc.aws_vpc.this"
          ],
          "create_before_destroy": true
        }
      ]
    },
    {
      "module": "module.security",
      "mode": "managed",
      "type": "aws_security_group",
      "name": "nomad",
      "provider": "provider[\"registry.terraform.io/hashicorp/aws\"]",
      "instances": [
        {
          "schema_version": 1,
          "attributes": {
            "arn": "arn:aws:ec2:eu-central-1:686255952373:security-group/sg-0b27416ac6b1ca02e",
            "description": "All required ports for nomad are allowed for members of the security group",
            "egress": [],
            "id": "sg-0b27416ac6b1ca02e",
            "ingress": [
              {
                "cidr_blocks": [],
                "description": "",
                "from_port": 20000,
                "ipv6_cidr_blocks": [],
                "prefix_list_ids": [],
                "protocol": "tcp",
                "security_groups": [],
                "self": true,
                "to_port": 32000
              },
              {
                "cidr_blocks": [],
                "description": "",
                "from_port": 20000,
                "ipv6_cidr_blocks": [],
                "prefix_list_ids": [],
                "protocol": "udp",
                "security_groups": [],
                "self": true,
                "to_port": 32000
              },
              {
                "cidr_blocks": [],
                "description": "",
                "from_port": 4646,
                "ipv6_cidr_blocks": [],
                "prefix_list_ids": [],
                "protocol": "tcp",
                "security_groups": [],
                "self": true,
                "to_port": 4646
              },
              {
                "cidr_blocks": [],
                "description": "",
                "from_port": 4647,
                "ipv6_cidr_blocks": [],
                "prefix_list_ids": [],
                "protocol": "tcp",
                "security_groups": [],
                "self": true,
                "to_port": 4647
              },
              {
                "cidr_blocks": [],
                "description": "",
                "from_port": 4648,
                "ipv6_cidr_blocks": [],
                "prefix_list_ids": [],
                "protocol": "tcp",
                "security_groups": [],
                "self": true,
                "to_port": 4648
              },
              {
                "cidr_blocks": [],
                "description": "",
                "from_port": 4648,
                "ipv6_cidr_blocks": [],
                "prefix_list_ids": [],
                "protocol": "udp",
                "security_groups": [],
                "self": true,
                "to_port": 4648
              }
            ],
            "name": "test1-nomad",
            "name_prefix": "",
            "owner_id": "686255952373",
            "revoke_rules_on_delete": false,
            "tags": {},
            "tags_all": {},
            "timeouts": null,
            "vpc_id": "vpc-065f7e7917bcc93d2"
          },
          "sensitive_attributes": [],
          "private": "eyJlMmJmYjczMC1lY2FhLTExZTYtOGY4OC0zNDM2M2JjN2M0YzAiOnsiY3JlYXRlIjo2MDAwMDAwMDAwMDAsImRlbGV0ZSI6OTAwMDAwMDAwMDAwfSwic2NoZW1hX3ZlcnNpb24iOiIxIn0=",
          "dependencies": [
            "module.vpc.module.vpc.aws_vpc.this"
          ],
          "create_before_destroy": true
        }
      ]
    },
    {
      "module": "module.security",
      "mode": "managed",
      "type": "aws_security_group",
      "name": "vault",
      "provider": "provider[\"registry.terraform.io/hashicorp/aws\"]",
      "instances": [
        {
          "schema_version": 1,
          "attributes": {
            "arn": "arn:aws:ec2:eu-central-1:686255952373:security-group/sg-0b9f9807f633ffd0a",
            "description": "All required ports for vault are allowed for members of the security group",
            "egress": [],
            "id": "sg-0b9f9807f633ffd0a",
            "ingress": [
              {
                "cidr_blocks": [
                  "0.0.0.0/0"
                ],
                "description": "",
                "from_port": 8200,
                "ipv6_cidr_blocks": [],
                "prefix_list_ids": [],
                "protocol": "tcp",
                "security_groups": [],
                "self": false,
                "to_port": 8200
              },
              {
                "cidr_blocks": [],
                "description": "",
                "from_port": 8201,
                "ipv6_cidr_blocks": [],
                "prefix_list_ids": [],
                "protocol": "tcp",
                "security_groups": [],
                "self": true,
                "to_port": 8201
              }
            ],
            "name": "test1-vault",
            "name_prefix": "",
            "owner_id": "686255952373",
            "revoke_rules_on_delete": false,
            "tags": {},
            "tags_all": {},
            "timeouts": null,
            "vpc_id": "vpc-065f7e7917bcc93d2"
          },
          "sensitive_attributes": [],
          "private": "eyJlMmJmYjczMC1lY2FhLTExZTYtOGY4OC0zNDM2M2JjN2M0YzAiOnsiY3JlYXRlIjo2MDAwMDAwMDAwMDAsImRlbGV0ZSI6OTAwMDAwMDAwMDAwfSwic2NoZW1hX3ZlcnNpb24iOiIxIn0=",
          "dependencies": [
            "module.vpc.module.vpc.aws_vpc.this"
          ]
        }
      ]
    },
    {
      "module": "module.security",
      "mode": "managed",
      "type": "aws_security_group_rule",
      "name": "consul_dns_tcp",
      "provider": "provider[\"registry.terraform.io/hashicorp/aws\"]",
      "instances": [
        {
          "schema_version": 2,
          "attributes": {
            "cidr_blocks": null,
            "description": null,
            "from_port": 8600,
            "id": "sgrule-2455364703",
            "ipv6_cidr_blocks": null,
            "prefix_list_ids": null,
            "protocol": "tcp",
            "security_group_id": "sg-0c13822af8f48362c",
            "security_group_rule_id": "sgr-0ab74be0766688707",
            "self": true,
            "source_security_group_id": null,
            "timeouts": null,
            "to_port": 8600,
            "type": "ingress"
          },
          "sensitive_attributes": [],
          "private": "eyJlMmJmYjczMC1lY2FhLTExZTYtOGY4OC0zNDM2M2JjN2M0YzAiOnsiY3JlYXRlIjozMDAwMDAwMDAwMDB9LCJzY2hlbWFfdmVyc2lvbiI6IjIifQ==",
          "dependencies": [
            "module.security.aws_security_group.consul",
            "module.vpc.module.vpc.aws_vpc.this"
          ]
        }
      ]
    },
    {
      "module": "module.security",
      "mode": "managed",
      "type": "aws_security_group_rule",
      "name": "consul_dns_udp",
      "provider": "provider[\"registry.terraform.io/hashicorp/aws\"]",
      "instances": [
        {
          "schema_version": 2,
          "attributes": {
            "cidr_blocks": null,
            "description": null,
            "from_port": 8600,
            "id": "sgrule-906381232",
            "ipv6_cidr_blocks": null,
            "prefix_list_ids": null,
            "protocol": "udp",
            "security_group_id": "sg-0c13822af8f48362c",
            "security_group_rule_id": "sgr-036e571bc488a9fec",
            "self": true,
            "source_security_group_id": null,
            "timeouts": null,
            "to_port": 8600,
            "type": "ingress"
          },
          "sensitive_attributes": [],
          "private": "eyJlMmJmYjczMC1lY2FhLTExZTYtOGY4OC0zNDM2M2JjN2M0YzAiOnsiY3JlYXRlIjozMDAwMDAwMDAwMDB9LCJzY2hlbWFfdmVyc2lvbiI6IjIifQ==",
          "dependencies": [
            "module.security.aws_security_group.consul",
            "module.vpc.module.vpc.aws_vpc.this"
          ]
        }
      ]
    },
    {
      "module": "module.security",
      "mode": "managed",
      "type": "aws_security_group_rule",
      "name": "consul_http_api",
      "provider": "provider[\"registry.terraform.io/hashicorp/aws\"]",
      "instances": [
        {
          "schema_version": 2,
          "attributes": {
            "cidr_blocks": null,
            "description": null,
            "from_port": 8500,
            "id": "sgrule-377880373",
            "ipv6_cidr_blocks": null,
            "prefix_list_ids": null,
            "protocol": "tcp",
            "security_group_id": "sg-0c13822af8f48362c",
            "security_group_rule_id": "sgr-0f00f25ac10e243cf",
            "self": true,
            "source_security_group_id": null,
            "timeouts": null,
            "to_port": 8500,
            "type": "ingress"
          },
          "sensitive_attributes": [],
          "private": "eyJlMmJmYjczMC1lY2FhLTExZTYtOGY4OC0zNDM2M2JjN2M0YzAiOnsiY3JlYXRlIjozMDAwMDAwMDAwMDB9LCJzY2hlbWFfdmVyc2lvbiI6IjIifQ==",
          "dependencies": [
            "module.security.aws_security_group.consul",
            "module.vpc.module.vpc.aws_vpc.this"
          ]
        }
      ]
    },
    {
      "module": "module.security",
      "mode": "managed",
      "type": "aws_security_group_rule",
      "name": "consul_rpc_tcp",
      "provider": "provider[\"registry.terraform.io/hashicorp/aws\"]",
      "instances": [
        {
          "schema_version": 2,
          "attributes": {
            "cidr_blocks": [
              "0.0.0.0/0"
            ],
            "description": null,
            "from_port": 8300,
            "id": "sgrule-2158961845",
            "ipv6_cidr_blocks": null,
            "prefix_list_ids": null,
            "protocol": "tcp",
            "security_group_id": "sg-0c13822af8f48362c",
            "security_group_rule_id": "sgr-0e5f0ef37cc0cf9a4",
            "self": false,
            "source_security_group_id": null,
            "timeouts": null,
            "to_port": 8300,
            "type": "ingress"
          },
          "sensitive_attributes": [],
          "private": "eyJlMmJmYjczMC1lY2FhLTExZTYtOGY4OC0zNDM2M2JjN2M0YzAiOnsiY3JlYXRlIjozMDAwMDAwMDAwMDB9LCJzY2hlbWFfdmVyc2lvbiI6IjIifQ==",
          "dependencies": [
            "module.security.aws_security_group.consul",
            "module.vpc.module.vpc.aws_vpc.this"
          ]
        }
      ]
    },
    {
      "module": "module.security",
      "mode": "managed",
      "type": "aws_security_group_rule",
      "name": "consul_serf_tcp",
      "provider": "provider[\"registry.terraform.io/hashicorp/aws\"]",
      "instances": [
        {
          "schema_version": 2,
          "attributes": {
            "cidr_blocks": null,
            "description": null,
            "from_port": 8300,
            "id": "sgrule-903635147",
            "ipv6_cidr_blocks": null,
            "prefix_list_ids": null,
            "protocol": "tcp",
            "security_group_id": "sg-0c13822af8f48362c",
            "security_group_rule_id": "sgr-0939c803c823831df",
            "self": true,
            "source_security_group_id": null,
            "timeouts": null,
            "to_port": 8302,
            "type": "ingress"
          },
          "sensitive_attributes": [],
          "private": "eyJlMmJmYjczMC1lY2FhLTExZTYtOGY4OC0zNDM2M2JjN2M0YzAiOnsiY3JlYXRlIjozMDAwMDAwMDAwMDB9LCJzY2hlbWFfdmVyc2lvbiI6IjIifQ==",
          "dependencies": [
            "module.security.aws_security_group.consul",
            "module.vpc.module.vpc.aws_vpc.this"
          ]
        }
      ]
    },
    {
      "module": "module.security",
      "mode": "managed",
      "type": "aws_security_group_rule",
      "name": "consul_serf_udp",
      "provider": "provider[\"registry.terraform.io/hashicorp/aws\"]",
      "instances": [
        {
          "schema_version": 2,
          "attributes": {
            "cidr_blocks": null,
            "description": null,
            "from_port": 8301,
            "id": "sgrule-2039763845",
            "ipv6_cidr_blocks": null,
            "prefix_list_ids": null,
            "protocol": "udp",
            "security_group_id": "sg-0c13822af8f48362c",
            "security_group_rule_id": "sgr-041e0b4f007c5e98f",
            "self": true,
            "source_security_group_id": null,
            "timeouts": null,
            "to_port": 8302,
            "type": "ingress"
          },
          "sensitive_attributes": [],
          "private": "eyJlMmJmYjczMC1lY2FhLTExZTYtOGY4OC0zNDM2M2JjN2M0YzAiOnsiY3JlYXRlIjozMDAwMDAwMDAwMDB9LCJzY2hlbWFfdmVyc2lvbiI6IjIifQ==",
          "dependencies": [
            "module.security.aws_security_group.consul",
            "module.vpc.module.vpc.aws_vpc.this"
          ]
        }
      ]
    },
    {
      "module": "module.security",
      "mode": "managed",
      "type": "aws_security_group_rule",
      "name": "consul_sidecar_tcp",
      "provider": "provider[\"registry.terraform.io/hashicorp/aws\"]",
      "instances": [
        {
          "schema_version": 2,
          "attributes": {
            "cidr_blocks": null,
            "description": null,
            "from_port": 21000,
            "id": "sgrule-1324959791",
            "ipv6_cidr_blocks": null,
            "prefix_list_ids": null,
            "protocol": "tcp",
            "security_group_id": "sg-0c13822af8f48362c",
            "security_group_rule_id": "sgr-0501d9ff66ebbc432",
            "self": true,
            "source_security_group_id": null,
            "timeouts": null,
            "to_port": 21255,
            "type": "ingress"
          },
          "sensitive_attributes": [],
          "private": "eyJlMmJmYjczMC1lY2FhLTExZTYtOGY4OC0zNDM2M2JjN2M0YzAiOnsiY3JlYXRlIjozMDAwMDAwMDAwMDB9LCJzY2hlbWFfdmVyc2lvbiI6IjIifQ==",
          "dependencies": [
            "module.security.aws_security_group.consul",
            "module.vpc.module.vpc.aws_vpc.this"
          ]
        }
      ]
    },
    {
      "module": "module.security",
      "mode": "managed",
      "type": "aws_security_group_rule",
      "name": "nomad_dynamic_ports_tcp",
      "provider": "provider[\"registry.terraform.io/hashicorp/aws\"]",
      "instances": [
        {
          "schema_version": 2,
          "attributes": {
            "cidr_blocks": null,
            "description": null,
            "from_port": 20000,
            "id": "sgrule-2192242546",
            "ipv6_cidr_blocks": null,
            "prefix_list_ids": null,
            "protocol": "tcp",
            "security_group_id": "sg-0b27416ac6b1ca02e",
            "security_group_rule_id": "sgr-06801bc9afdd6af17",
            "self": true,
            "source_security_group_id": null,
            "timeouts": null,
            "to_port": 32000,
            "type": "ingress"
          },
          "sensitive_attributes": [],
          "private": "eyJlMmJmYjczMC1lY2FhLTExZTYtOGY4OC0zNDM2M2JjN2M0YzAiOnsiY3JlYXRlIjozMDAwMDAwMDAwMDB9LCJzY2hlbWFfdmVyc2lvbiI6IjIifQ==",
          "dependencies": [
            "module.security.aws_security_group.nomad",
            "module.vpc.module.vpc.aws_vpc.this"
          ]
        }
      ]
    },
    {
      "module": "module.security",
      "mode": "managed",
      "type": "aws_security_group_rule",
      "name": "nomad_dynamic_ports_udp",
      "provider": "provider[\"registry.terraform.io/hashicorp/aws\"]",
      "instances": [
        {
          "schema_version": 2,
          "attributes": {
            "cidr_blocks": null,
            "description": null,
            "from_port": 20000,
            "id": "sgrule-653612189",
            "ipv6_cidr_blocks": null,
            "prefix_list_ids": null,
            "protocol": "udp",
            "security_group_id": "sg-0b27416ac6b1ca02e",
            "security_group_rule_id": "sgr-0986f61e7c44e1bef",
            "self": true,
            "source_security_group_id": null,
            "timeouts": null,
            "to_port": 32000,
            "type": "ingress"
          },
          "sensitive_attributes": [],
          "private": "eyJlMmJmYjczMC1lY2FhLTExZTYtOGY4OC0zNDM2M2JjN2M0YzAiOnsiY3JlYXRlIjozMDAwMDAwMDAwMDB9LCJzY2hlbWFfdmVyc2lvbiI6IjIifQ==",
          "dependencies": [
            "module.security.aws_security_group.nomad",
            "module.vpc.module.vpc.aws_vpc.this"
          ]
        }
      ]
    },
    {
      "module": "module.security",
      "mode": "managed",
      "type": "aws_security_group_rule",
      "name": "nomad_http_api",
      "provider": "provider[\"registry.terraform.io/hashicorp/aws\"]",
      "instances": [
        {
          "schema_version": 2,
          "attributes": {
            "cidr_blocks": null,
            "description": null,
            "from_port": 4646,
            "id": "sgrule-2232119256",
            "ipv6_cidr_blocks": null,
            "prefix_list_ids": null,
            "protocol": "tcp",
            "security_group_id": "sg-0b27416ac6b1ca02e",
            "security_group_rule_id": "sgr-00e90678a73c4bf9a",
            "self": true,
            "source_security_group_id": null,
            "timeouts": null,
            "to_port": 4646,
            "type": "ingress"
          },
          "sensitive_attributes": [],
          "private": "eyJlMmJmYjczMC1lY2FhLTExZTYtOGY4OC0zNDM2M2JjN2M0YzAiOnsiY3JlYXRlIjozMDAwMDAwMDAwMDB9LCJzY2hlbWFfdmVyc2lvbiI6IjIifQ==",
          "dependencies": [
            "module.security.aws_security_group.nomad",
            "module.vpc.module.vpc.aws_vpc.this"
          ]
        }
      ]
    },
    {
      "module": "module.security",
      "mode": "managed",
      "type": "aws_security_group_rule",
      "name": "nomad_rpc_tcp",
      "provider": "provider[\"registry.terraform.io/hashicorp/aws\"]",
      "instances": [
        {
          "schema_version": 2,
          "attributes": {
            "cidr_blocks": null,
            "description": null,
            "from_port": 4647,
            "id": "sgrule-4167838700",
            "ipv6_cidr_blocks": null,
            "prefix_list_ids": null,
            "protocol": "tcp",
            "security_group_id": "sg-0b27416ac6b1ca02e",
            "security_group_rule_id": "sgr-0b2df5dd44585c3f7",
            "self": true,
            "source_security_group_id": null,
            "timeouts": null,
            "to_port": 4647,
            "type": "ingress"
          },
          "sensitive_attributes": [],
          "private": "eyJlMmJmYjczMC1lY2FhLTExZTYtOGY4OC0zNDM2M2JjN2M0YzAiOnsiY3JlYXRlIjozMDAwMDAwMDAwMDB9LCJzY2hlbWFfdmVyc2lvbiI6IjIifQ==",
          "dependencies": [
            "module.security.aws_security_group.nomad",
            "module.vpc.module.vpc.aws_vpc.this"
          ]
        }
      ]
    },
    {
      "module": "module.security",
      "mode": "managed",
      "type": "aws_security_group_rule",
      "name": "nomad_serf_tcp",
      "provider": "provider[\"registry.terraform.io/hashicorp/aws\"]",
      "instances": [
        {
          "schema_version": 2,
          "attributes": {
            "cidr_blocks": null,
            "description": null,
            "from_port": 4648,
            "id": "sgrule-217177091",
            "ipv6_cidr_blocks": null,
            "prefix_list_ids": null,
            "protocol": "tcp",
            "security_group_id": "sg-0b27416ac6b1ca02e",
            "security_group_rule_id": "sgr-0bfa50fd1cc2f9942",
            "self": true,
            "source_security_group_id": null,
            "timeouts": null,
            "to_port": 4648,
            "type": "ingress"
          },
          "sensitive_attributes": [],
          "private": "eyJlMmJmYjczMC1lY2FhLTExZTYtOGY4OC0zNDM2M2JjN2M0YzAiOnsiY3JlYXRlIjozMDAwMDAwMDAwMDB9LCJzY2hlbWFfdmVyc2lvbiI6IjIifQ==",
          "dependencies": [
            "module.security.aws_security_group.nomad",
            "module.vpc.module.vpc.aws_vpc.this"
          ]
        }
      ]
    },
    {
      "module": "module.security",
      "mode": "managed",
      "type": "aws_security_group_rule",
      "name": "nomad_serf_udp",
      "provider": "provider[\"registry.terraform.io/hashicorp/aws\"]",
      "instances": [
        {
          "schema_version": 2,
          "attributes": {
            "cidr_blocks": null,
            "description": null,
            "from_port": 4648,
            "id": "sgrule-2830008300",
            "ipv6_cidr_blocks": null,
            "prefix_list_ids": null,
            "protocol": "udp",
            "security_group_id": "sg-0b27416ac6b1ca02e",
            "security_group_rule_id": "sgr-0bb4bc324406d7ecc",
            "self": true,
            "source_security_group_id": null,
            "timeouts": null,
            "to_port": 4648,
            "type": "ingress"
          },
          "sensitive_attributes": [],
          "private": "eyJlMmJmYjczMC1lY2FhLTExZTYtOGY4OC0zNDM2M2JjN2M0YzAiOnsiY3JlYXRlIjozMDAwMDAwMDAwMDB9LCJzY2hlbWFfdmVyc2lvbiI6IjIifQ==",
          "dependencies": [
            "module.security.aws_security_group.nomad",
            "module.vpc.module.vpc.aws_vpc.this"
          ]
        }
      ]
    },
    {
      "module": "module.security",
      "mode": "managed",
      "type": "aws_security_group_rule",
      "name": "vault_client_tcp",
      "provider": "provider[\"registry.terraform.io/hashicorp/aws\"]",
      "instances": [
        {
          "schema_version": 2,
          "attributes": {
            "cidr_blocks": [
              "0.0.0.0/0"
            ],
            "description": null,
            "from_port": 8200,
            "id": "sgrule-3494590582",
            "ipv6_cidr_blocks": null,
            "prefix_list_ids": null,
            "protocol": "tcp",
            "security_group_id": "sg-0b9f9807f633ffd0a",
            "security_group_rule_id": "sgr-05dd6ed7bd1d920df",
            "self": false,
            "source_security_group_id": null,
            "timeouts": null,
            "to_port": 8200,
            "type": "ingress"
          },
          "sensitive_attributes": [],
          "private": "eyJlMmJmYjczMC1lY2FhLTExZTYtOGY4OC0zNDM2M2JjN2M0YzAiOnsiY3JlYXRlIjozMDAwMDAwMDAwMDB9LCJzY2hlbWFfdmVyc2lvbiI6IjIifQ==",
          "dependencies": [
            "module.security.aws_security_group.vault",
            "module.vpc.module.vpc.aws_vpc.this"
          ]
        }
      ]
    },
    {
      "module": "module.security",
      "mode": "managed",
      "type": "aws_security_group_rule",
      "name": "vault_server_tcp",
      "provider": "provider[\"registry.terraform.io/hashicorp/aws\"]",
      "instances": [
        {
          "schema_version": 2,
          "attributes": {
            "cidr_blocks": null,
            "description": null,
            "from_port": 8201,
            "id": "sgrule-4245433007",
            "ipv6_cidr_blocks": null,
            "prefix_list_ids": null,
            "protocol": "tcp",
            "security_group_id": "sg-0b9f9807f633ffd0a",
            "security_group_rule_id": "sgr-03d40122c3a2c0e00",
            "self": true,
            "source_security_group_id": null,
            "timeouts": null,
            "to_port": 8201,
            "type": "ingress"
          },
          "sensitive_attributes": [],
          "private": "eyJlMmJmYjczMC1lY2FhLTExZTYtOGY4OC0zNDM2M2JjN2M0YzAiOnsiY3JlYXRlIjozMDAwMDAwMDAwMDB9LCJzY2hlbWFfdmVyc2lvbiI6IjIifQ==",
          "dependencies": [
            "module.security.aws_security_group.vault",
            "module.vpc.module.vpc.aws_vpc.this"
          ]
        }
      ]
    },
    {
      "module": "module.vpc",
      "mode": "data",
      "type": "aws_availability_zones",
      "name": "available",
      "provider": "provider[\"registry.terraform.io/hashicorp/aws\"]",
      "instances": [
        {
          "schema_version": 0,
          "attributes": {
            "all_availability_zones": null,
            "exclude_names": null,
            "exclude_zone_ids": null,
            "filter": null,
            "group_names": [
              "eu-central-1-zg-1"
            ],
            "id": "eu-central-1",
            "names": [
              "eu-central-1a",
              "eu-central-1b",
              "eu-central-1c"
            ],
            "state": "available",
            "timeouts": null,
            "zone_ids": [
              "euc1-az2",
              "euc1-az3",
              "euc1-az1"
            ]
          },
          "sensitive_attributes": []
        }
      ]
    },
    {
      "module": "module.vpc",
      "mode": "managed",
      "type": "aws_eip",
      "name": "nat",
      "provider": "provider[\"registry.terraform.io/hashicorp/aws\"]",
      "instances": [
        {
          "index_key": 0,
          "schema_version": 0,
          "attributes": {
            "address": null,
            "allocation_id": "eipalloc-053c85fe7c8d79b63",
            "arn": "arn:aws:ec2:eu-central-1:686255952373:elastic-ip/eipalloc-053c85fe7c8d79b63",
            "associate_with_private_ip": null,
            "association_id": "eipassoc-07220eb975ef611ca",
            "carrier_ip": "",
            "customer_owned_ip": "",
            "customer_owned_ipv4_pool": "",
            "domain": "vpc",
            "id": "eipalloc-053c85fe7c8d79b63",
            "instance": "",
            "ipam_pool_id": null,
            "network_border_group": "eu-central-1",
            "network_interface": "eni-0382555e0c3d6b529",
            "private_dns": "ip-10-0-132-251.eu-central-1.compute.internal",
            "private_ip": "10.0.132.251",
            "ptr_record": "",
            "public_dns": "ec2-35-156-44-1.eu-central-1.compute.amazonaws.com",
            "public_ip": "35.156.44.1",
            "public_ipv4_pool": "amazon",
            "tags": {},
            "tags_all": {},
            "timeouts": null,
            "vpc": true
          },
          "sensitive_attributes": [],
          "private": "eyJlMmJmYjczMC1lY2FhLTExZTYtOGY4OC0zNDM2M2JjN2M0YzAiOnsiZGVsZXRlIjoxODAwMDAwMDAwMDAsInJlYWQiOjkwMDAwMDAwMDAwMCwidXBkYXRlIjozMDAwMDAwMDAwMDB9fQ=="
        }
      ]
    },
    {
      "module": "module.vpc.module.vpc",
      "mode": "managed",
      "type": "aws_default_network_acl",
      "name": "this",
      "provider": "provider[\"registry.terraform.io/hashicorp/aws\"]",
      "instances": [
        {
          "index_key": 0,
          "schema_version": 0,
          "attributes": {
            "arn": "arn:aws:ec2:eu-central-1:686255952373:network-acl/acl-05aae244fdcde8a48",
            "default_network_acl_id": "acl-05aae244fdcde8a48",
            "egress": [
              {
                "action": "allow",
                "cidr_block": "",
                "from_port": 0,
                "icmp_code": 0,
                "icmp_type": 0,
                "ipv6_cidr_block": "::/0",
                "protocol": "-1",
                "rule_no": 101,
                "to_port": 0
              },
              {
                "action": "allow",
                "cidr_block": "0.0.0.0/0",
                "from_port": 0,
                "icmp_code": 0,
                "icmp_type": 0,
                "ipv6_cidr_block": "",
                "protocol": "-1",
                "rule_no": 100,
                "to_port": 0
              }
            ],
            "id": "acl-05aae244fdcde8a48",
            "ingress": [
              {
                "action": "allow",
                "cidr_block": "",
                "from_port": 0,
                "icmp_code": 0,
                "icmp_type": 0,
                "ipv6_cidr_block": "::/0",
                "protocol": "-1",
                "rule_no": 101,
                "to_port": 0
              },
              {
                "action": "allow",
                "cidr_block": "0.0.0.0/0",
                "from_port": 0,
                "icmp_code": 0,
                "icmp_type": 0,
                "ipv6_cidr_block": "",
                "protocol": "-1",
                "rule_no": 100,
                "to_port": 0
              }
            ],
            "owner_id": "686255952373",
            "subnet_ids": [
              "subnet-007bcfab934725437",
              "subnet-0342b782d95110948",
              "subnet-04dc8365965c8f6dc",
              "subnet-0bb2eacb1fb4d3c62",
              "subnet-0d10b5de63c6535de",
              "subnet-0e4e9254340aa8c7d"
            ],
            "tags": {
              "Environment": "test1",
              "Name": "prism1-test1",
              "Terraform": "true"
            },
            "tags_all": {
              "Environment": "test1",
              "Name": "prism1-test1",
              "Terraform": "true"
            },
            "vpc_id": "vpc-065f7e7917bcc93d2"
          },
          "sensitive_attributes": [],
          "private": "bnVsbA==",
          "dependencies": [
            "module.vpc.module.vpc.aws_vpc.this"
          ]
        }
      ]
    },
    {
      "module": "module.vpc.module.vpc",
      "mode": "managed",
      "type": "aws_default_route_table",
      "name": "default",
      "provider": "provider[\"registry.terraform.io/hashicorp/aws\"]",
      "instances": [
        {
          "index_key": 0,
          "schema_version": 0,
          "attributes": {
            "arn": "arn:aws:ec2:eu-central-1:686255952373:route-table/rtb-036c87c11c6ba50d5",
            "default_route_table_id": "rtb-036c87c11c6ba50d5",
            "id": "rtb-036c87c11c6ba50d5",
            "owner_id": "686255952373",
            "propagating_vgws": [],
            "route": [],
            "tags": {
              "Environment": "test1",
              "Name": "prism1-test1",
              "Terraform": "true"
            },
            "tags_all": {
              "Environment": "test1",
              "Name": "prism1-test1",
              "Terraform": "true"
            },
            "timeouts": {
              "create": "5m",
              "update": "5m"
            },
            "vpc_id": "vpc-065f7e7917bcc93d2"
          },
          "sensitive_attributes": [],
          "private": "eyJlMmJmYjczMC1lY2FhLTExZTYtOGY4OC0zNDM2M2JjN2M0YzAiOnsiY3JlYXRlIjozMDAwMDAwMDAwMDAsInVwZGF0ZSI6MzAwMDAwMDAwMDAwfX0=",
          "dependencies": [
            "module.vpc.module.vpc.aws_vpc.this"
          ]
        }
      ]
    },
    {
      "module": "module.vpc.module.vpc",
      "mode": "managed",
      "type": "aws_default_security_group",
      "name": "this",
      "provider": "provider[\"registry.terraform.io/hashicorp/aws\"]",
      "instances": [
        {
          "index_key": 0,
          "schema_version": 1,
          "attributes": {
            "arn": "arn:aws:ec2:eu-central-1:686255952373:security-group/sg-0e299145c30a5efd6",
            "description": "default VPC security group",
            "egress": [],
            "id": "sg-0e299145c30a5efd6",
            "ingress": [],
            "name": "default",
            "name_prefix": "",
            "owner_id": "686255952373",
            "revoke_rules_on_delete": false,
            "tags": {
              "Environment": "test1",
              "Name": "prism1-test1",
              "Terraform": "true"
            },
            "tags_all": {
              "Environment": "test1",
              "Name": "prism1-test1",
              "Terraform": "true"
            },
            "vpc_id": "vpc-065f7e7917bcc93d2"
          },
          "sensitive_attributes": [],
          "private": "eyJzY2hlbWFfdmVyc2lvbiI6IjEifQ==",
          "dependencies": [
            "module.vpc.module.vpc.aws_vpc.this"
          ]
        }
      ]
    },
    {
      "module": "module.vpc.module.vpc",
      "mode": "managed",
      "type": "aws_internet_gateway",
      "name": "this",
      "provider": "provider[\"registry.terraform.io/hashicorp/aws\"]",
      "instances": [
        {
          "index_key": 0,
          "schema_version": 0,
          "attributes": {
            "arn": "arn:aws:ec2:eu-central-1:686255952373:internet-gateway/igw-0fa0c278e5a2e37d2",
            "id": "igw-0fa0c278e5a2e37d2",
            "owner_id": "686255952373",
            "tags": {
              "Environment": "test1",
              "Name": "prism1-test1",
              "Terraform": "true"
            },
            "tags_all": {
              "Environment": "test1",
              "Name": "prism1-test1",
              "Terraform": "true"
            },
            "timeouts": null,
            "vpc_id": "vpc-065f7e7917bcc93d2"
          },
          "sensitive_attributes": [],
          "private": "eyJlMmJmYjczMC1lY2FhLTExZTYtOGY4OC0zNDM2M2JjN2M0YzAiOnsiY3JlYXRlIjoxMjAwMDAwMDAwMDAwLCJkZWxldGUiOjEyMDAwMDAwMDAwMDAsInVwZGF0ZSI6MTIwMDAwMDAwMDAwMH19",
          "dependencies": [
            "module.vpc.module.vpc.aws_vpc.this",
            "module.vpc.module.vpc.aws_vpc_ipv4_cidr_block_association.this"
          ]
        }
      ]
    },
    {
      "module": "module.vpc.module.vpc",
      "mode": "managed",
      "type": "aws_nat_gateway",
      "name": "this",
      "provider": "provider[\"registry.terraform.io/hashicorp/aws\"]",
      "instances": [
        {
          "index_key": 0,
          "schema_version": 0,
          "attributes": {
            "allocation_id": "eipalloc-053c85fe7c8d79b63",
            "association_id": "eipassoc-07220eb975ef611ca",
            "connectivity_type": "public",
            "id": "nat-025453c70652a5c66",
            "network_interface_id": "eni-0382555e0c3d6b529",
            "private_ip": "10.0.132.251",
            "public_ip": "35.156.44.1",
            "secondary_allocation_ids": [],
            "secondary_private_ip_address_count": 0,
            "secondary_private_ip_addresses": [],
            "subnet_id": "subnet-04dc8365965c8f6dc",
            "tags": {
              "Environment": "test1",
              "Name": "prism1-test1",
              "Terraform": "true"
            },
            "tags_all": {
              "Environment": "test1",
              "Name": "prism1-test1",
              "Terraform": "true"
            },
            "timeouts": null
          },
          "sensitive_attributes": [],
          "private": "eyJlMmJmYjczMC1lY2FhLTExZTYtOGY4OC0zNDM2M2JjN2M0YzAiOnsiY3JlYXRlIjo2MDAwMDAwMDAwMDAsImRlbGV0ZSI6MTgwMDAwMDAwMDAwMCwidXBkYXRlIjo2MDAwMDAwMDAwMDB9fQ==",
          "dependencies": [
            "module.vpc.aws_eip.nat",
            "module.vpc.data.aws_availability_zones.available",
            "module.vpc.module.vpc.aws_eip.nat",
            "module.vpc.module.vpc.aws_internet_gateway.this",
            "module.vpc.module.vpc.aws_subnet.public",
            "module.vpc.module.vpc.aws_vpc.this",
            "module.vpc.module.vpc.aws_vpc_ipv4_cidr_block_association.this"
          ]
        }
      ]
    },
    {
      "module": "module.vpc.module.vpc",
      "mode": "managed",
      "type": "aws_route",
      "name": "private_nat_gateway",
      "provider": "provider[\"registry.terraform.io/hashicorp/aws\"]",
      "instances": [
        {
          "index_key": 0,
          "schema_version": 0,
          "attributes": {
            "carrier_gateway_id": "",
            "core_network_arn": "",
            "destination_cidr_block": "0.0.0.0/0",
            "destination_ipv6_cidr_block": "",
            "destination_prefix_list_id": "",
            "egress_only_gateway_id": "",
            "gateway_id": "",
            "id": "r-rtb-0c637c420508182431080289494",
            "instance_id": "",
            "instance_owner_id": "",
            "local_gateway_id": "",
            "nat_gateway_id": "nat-025453c70652a5c66",
            "network_interface_id": "",
            "origin": "CreateRoute",
            "route_table_id": "rtb-0c637c42050818243",
            "state": "active",
            "timeouts": {
              "create": "5m",
              "delete": null,
              "update": null
            },
            "transit_gateway_id": "",
            "vpc_endpoint_id": "",
            "vpc_peering_connection_id": ""
          },
          "sensitive_attributes": [],
          "private": "eyJlMmJmYjczMC1lY2FhLTExZTYtOGY4OC0zNDM2M2JjN2M0YzAiOnsiY3JlYXRlIjozMDAwMDAwMDAwMDAsImRlbGV0ZSI6MzAwMDAwMDAwMDAwLCJ1cGRhdGUiOjEyMDAwMDAwMDAwMH19",
          "dependencies": [
            "module.vpc.aws_eip.nat",
            "module.vpc.data.aws_availability_zones.available",
            "module.vpc.module.vpc.aws_eip.nat",
            "module.vpc.module.vpc.aws_internet_gateway.this",
            "module.vpc.module.vpc.aws_nat_gateway.this",
            "module.vpc.module.vpc.aws_route_table.private",
            "module.vpc.module.vpc.aws_subnet.public",
            "module.vpc.module.vpc.aws_vpc.this",
            "module.vpc.module.vpc.aws_vpc_ipv4_cidr_block_association.this"
          ]
        }
      ]
    },
    {
      "module": "module.vpc.module.vpc",
      "mode": "managed",
      "type": "aws_route",
      "name": "public_internet_gateway",
      "provider": "provider[\"registry.terraform.io/hashicorp/aws\"]",
      "instances": [
        {
          "index_key": 0,
          "schema_version": 0,
          "attributes": {
            "carrier_gateway_id": "",
            "core_network_arn": "",
            "destination_cidr_block": "0.0.0.0/0",
            "destination_ipv6_cidr_block": "",
            "destination_prefix_list_id": "",
            "egress_only_gateway_id": "",
            "gateway_id": "igw-0fa0c278e5a2e37d2",
            "id": "r-rtb-0d6b04977f388e0c21080289494",
            "instance_id": "",
            "instance_owner_id": "",
            "local_gateway_id": "",
            "nat_gateway_id": "",
            "network_interface_id": "",
            "origin": "CreateRoute",
            "route_table_id": "rtb-0d6b04977f388e0c2",
            "state": "active",
            "timeouts": {
              "create": "5m",
              "delete": null,
              "update": null
            },
            "transit_gateway_id": "",
            "vpc_endpoint_id": "",
            "vpc_peering_connection_id": ""
          },
          "sensitive_attributes": [],
          "private": "eyJlMmJmYjczMC1lY2FhLTExZTYtOGY4OC0zNDM2M2JjN2M0YzAiOnsiY3JlYXRlIjozMDAwMDAwMDAwMDAsImRlbGV0ZSI6MzAwMDAwMDAwMDAwLCJ1cGRhdGUiOjEyMDAwMDAwMDAwMH19",
          "dependencies": [
            "module.vpc.module.vpc.aws_internet_gateway.this",
            "module.vpc.module.vpc.aws_route_table.public",
            "module.vpc.module.vpc.aws_vpc.this",
            "module.vpc.module.vpc.aws_vpc_ipv4_cidr_block_association.this"
          ]
        }
      ]
    },
    {
      "module": "module.vpc.module.vpc",
      "mode": "managed",
      "type": "aws_route_table",
      "name": "private",
      "provider": "provider[\"registry.terraform.io/hashicorp/aws\"]",
      "instances": [
        {
          "index_key": 0,
          "schema_version": 0,
          "attributes": {
            "arn": "arn:aws:ec2:eu-central-1:686255952373:route-table/rtb-0c637c42050818243",
            "id": "rtb-0c637c42050818243",
            "owner_id": "686255952373",
            "propagating_vgws": [],
            "route": [
              {
                "carrier_gateway_id": "",
                "cidr_block": "0.0.0.0/0",
                "core_network_arn": "",
                "destination_prefix_list_id": "",
                "egress_only_gateway_id": "",
                "gateway_id": "",
                "ipv6_cidr_block": "",
                "local_gateway_id": "",
                "nat_gateway_id": "nat-025453c70652a5c66",
                "network_interface_id": "",
                "transit_gateway_id": "",
                "vpc_endpoint_id": "",
                "vpc_peering_connection_id": ""
              }
            ],
            "tags": {
              "Environment": "test1",
              "Name": "prism1-test1",
              "Terraform": "true"
            },
            "tags_all": {
              "Environment": "test1",
              "Name": "prism1-test1",
              "Terraform": "true"
            },
            "timeouts": null,
            "vpc_id": "vpc-065f7e7917bcc93d2"
          },
          "sensitive_attributes": [],
          "private": "eyJlMmJmYjczMC1lY2FhLTExZTYtOGY4OC0zNDM2M2JjN2M0YzAiOnsiY3JlYXRlIjozMDAwMDAwMDAwMDAsImRlbGV0ZSI6MzAwMDAwMDAwMDAwLCJ1cGRhdGUiOjEyMDAwMDAwMDAwMH19",
          "dependencies": [
            "module.vpc.data.aws_availability_zones.available",
            "module.vpc.module.vpc.aws_vpc.this",
            "module.vpc.module.vpc.aws_vpc_ipv4_cidr_block_association.this"
          ]
        }
      ]
    },
    {
      "module": "module.vpc.module.vpc",
      "mode": "managed",
      "type": "aws_route_table",
      "name": "public",
      "provider": "provider[\"registry.terraform.io/hashicorp/aws\"]",
      "instances": [
        {
          "index_key": 0,
          "schema_version": 0,
          "attributes": {
            "arn": "arn:aws:ec2:eu-central-1:686255952373:route-table/rtb-0d6b04977f388e0c2",
            "id": "rtb-0d6b04977f388e0c2",
            "owner_id": "686255952373",
            "propagating_vgws": [],
            "route": [
              {
                "carrier_gateway_id": "",
                "cidr_block": "0.0.0.0/0",
                "core_network_arn": "",
                "destination_prefix_list_id": "",
                "egress_only_gateway_id": "",
                "gateway_id": "igw-0fa0c278e5a2e37d2",
                "ipv6_cidr_block": "",
                "local_gateway_id": "",
                "nat_gateway_id": "",
                "network_interface_id": "",
                "transit_gateway_id": "",
                "vpc_endpoint_id": "",
                "vpc_peering_connection_id": ""
              }
            ],
            "tags": {
              "Environment": "test1",
              "Name": "prism1-test1",
              "Terraform": "true"
            },
            "tags_all": {
              "Environment": "test1",
              "Name": "prism1-test1",
              "Terraform": "true"
            },
            "timeouts": null,
            "vpc_id": "vpc-065f7e7917bcc93d2"
          },
          "sensitive_attributes": [],
          "private": "eyJlMmJmYjczMC1lY2FhLTExZTYtOGY4OC0zNDM2M2JjN2M0YzAiOnsiY3JlYXRlIjozMDAwMDAwMDAwMDAsImRlbGV0ZSI6MzAwMDAwMDAwMDAwLCJ1cGRhdGUiOjEyMDAwMDAwMDAwMH19",
          "dependencies": [
            "module.vpc.module.vpc.aws_vpc.this",
            "module.vpc.module.vpc.aws_vpc_ipv4_cidr_block_association.this"
          ]
        }
      ]
    },
    {
      "module": "module.vpc.module.vpc",
      "mode": "managed",
      "type": "aws_route_table_association",
      "name": "private",
      "provider": "provider[\"registry.terraform.io/hashicorp/aws\"]",
      "instances": [
        {
          "index_key": 0,
          "schema_version": 0,
          "attributes": {
            "gateway_id": "",
            "id": "rtbassoc-0a946a6b7e562088c",
            "route_table_id": "rtb-0c637c42050818243",
            "subnet_id": "subnet-0e4e9254340aa8c7d",
            "timeouts": null
          },
          "sensitive_attributes": [],
          "private": "eyJlMmJmYjczMC1lY2FhLTExZTYtOGY4OC0zNDM2M2JjN2M0YzAiOnsiY3JlYXRlIjozMDAwMDAwMDAwMDAsImRlbGV0ZSI6MzAwMDAwMDAwMDAwLCJ1cGRhdGUiOjEyMDAwMDAwMDAwMH19",
          "dependencies": [
            "module.vpc.data.aws_availability_zones.available",
            "module.vpc.module.vpc.aws_route_table.private",
            "module.vpc.module.vpc.aws_subnet.private",
            "module.vpc.module.vpc.aws_vpc.this",
            "module.vpc.module.vpc.aws_vpc_ipv4_cidr_block_association.this"
          ]
        },
        {
          "index_key": 1,
          "schema_version": 0,
          "attributes": {
            "gateway_id": "",
            "id": "rtbassoc-00eeafa726cb30bad",
            "route_table_id": "rtb-0c637c42050818243",
            "subnet_id": "subnet-0342b782d95110948",
            "timeouts": null
          },
          "sensitive_attributes": [],
          "private": "eyJlMmJmYjczMC1lY2FhLTExZTYtOGY4OC0zNDM2M2JjN2M0YzAiOnsiY3JlYXRlIjozMDAwMDAwMDAwMDAsImRlbGV0ZSI6MzAwMDAwMDAwMDAwLCJ1cGRhdGUiOjEyMDAwMDAwMDAwMH19",
          "dependencies": [
            "module.vpc.data.aws_availability_zones.available",
            "module.vpc.module.vpc.aws_route_table.private",
            "module.vpc.module.vpc.aws_subnet.private",
            "module.vpc.module.vpc.aws_vpc.this",
            "module.vpc.module.vpc.aws_vpc_ipv4_cidr_block_association.this"
          ]
        },
        {
          "index_key": 2,
          "schema_version": 0,
          "attributes": {
            "gateway_id": "",
            "id": "rtbassoc-06bf83f38993df5ca",
            "route_table_id": "rtb-0c637c42050818243",
            "subnet_id": "subnet-0d10b5de63c6535de",
            "timeouts": null
          },
          "sensitive_attributes": [],
          "private": "eyJlMmJmYjczMC1lY2FhLTExZTYtOGY4OC0zNDM2M2JjN2M0YzAiOnsiY3JlYXRlIjozMDAwMDAwMDAwMDAsImRlbGV0ZSI6MzAwMDAwMDAwMDAwLCJ1cGRhdGUiOjEyMDAwMDAwMDAwMH19",
          "dependencies": [
            "module.vpc.data.aws_availability_zones.available",
            "module.vpc.module.vpc.aws_route_table.private",
            "module.vpc.module.vpc.aws_subnet.private",
            "module.vpc.module.vpc.aws_vpc.this",
            "module.vpc.module.vpc.aws_vpc_ipv4_cidr_block_association.this"
          ]
        }
      ]
    },
    {
      "module": "module.vpc.module.vpc",
      "mode": "managed",
      "type": "aws_route_table_association",
      "name": "public",
      "provider": "provider[\"registry.terraform.io/hashicorp/aws\"]",
      "instances": [
        {
          "index_key": 0,
          "schema_version": 0,
          "attributes": {
            "gateway_id": "",
            "id": "rtbassoc-02f7a959bafbe06fc",
            "route_table_id": "rtb-0d6b04977f388e0c2",
            "subnet_id": "subnet-04dc8365965c8f6dc",
            "timeouts": null
          },
          "sensitive_attributes": [],
          "private": "eyJlMmJmYjczMC1lY2FhLTExZTYtOGY4OC0zNDM2M2JjN2M0YzAiOnsiY3JlYXRlIjozMDAwMDAwMDAwMDAsImRlbGV0ZSI6MzAwMDAwMDAwMDAwLCJ1cGRhdGUiOjEyMDAwMDAwMDAwMH19",
          "dependencies": [
            "module.vpc.data.aws_availability_zones.available",
            "module.vpc.module.vpc.aws_route_table.public",
            "module.vpc.module.vpc.aws_subnet.public",
            "module.vpc.module.vpc.aws_vpc.this",
            "module.vpc.module.vpc.aws_vpc_ipv4_cidr_block_association.this"
          ]
        },
        {
          "index_key": 1,
          "schema_version": 0,
          "attributes": {
            "gateway_id": "",
            "id": "rtbassoc-0ad3042cbe51c806c",
            "route_table_id": "rtb-0d6b04977f388e0c2",
            "subnet_id": "subnet-0bb2eacb1fb4d3c62",
            "timeouts": null
          },
          "sensitive_attributes": [],
          "private": "eyJlMmJmYjczMC1lY2FhLTExZTYtOGY4OC0zNDM2M2JjN2M0YzAiOnsiY3JlYXRlIjozMDAwMDAwMDAwMDAsImRlbGV0ZSI6MzAwMDAwMDAwMDAwLCJ1cGRhdGUiOjEyMDAwMDAwMDAwMH19",
          "dependencies": [
            "module.vpc.data.aws_availability_zones.available",
            "module.vpc.module.vpc.aws_route_table.public",
            "module.vpc.module.vpc.aws_subnet.public",
            "module.vpc.module.vpc.aws_vpc.this",
            "module.vpc.module.vpc.aws_vpc_ipv4_cidr_block_association.this"
          ]
        },
        {
          "index_key": 2,
          "schema_version": 0,
          "attributes": {
            "gateway_id": "",
            "id": "rtbassoc-08cba427902842b1a",
            "route_table_id": "rtb-0d6b04977f388e0c2",
            "subnet_id": "subnet-007bcfab934725437",
            "timeouts": null
          },
          "sensitive_attributes": [],
          "private": "eyJlMmJmYjczMC1lY2FhLTExZTYtOGY4OC0zNDM2M2JjN2M0YzAiOnsiY3JlYXRlIjozMDAwMDAwMDAwMDAsImRlbGV0ZSI6MzAwMDAwMDAwMDAwLCJ1cGRhdGUiOjEyMDAwMDAwMDAwMH19",
          "dependencies": [
            "module.vpc.data.aws_availability_zones.available",
            "module.vpc.module.vpc.aws_route_table.public",
            "module.vpc.module.vpc.aws_subnet.public",
            "module.vpc.module.vpc.aws_vpc.this",
            "module.vpc.module.vpc.aws_vpc_ipv4_cidr_block_association.this"
          ]
        }
      ]
    },
    {
      "module": "module.vpc.module.vpc",
      "mode": "managed",
      "type": "aws_subnet",
      "name": "private",
      "provider": "provider[\"registry.terraform.io/hashicorp/aws\"]",
      "instances": [
        {
          "index_key": 0,
          "schema_version": 1,
          "attributes": {
            "arn": "arn:aws:ec2:eu-central-1:686255952373:subnet/subnet-0e4e9254340aa8c7d",
            "assign_ipv6_address_on_creation": false,
            "availability_zone": "eu-central-1a",
            "availability_zone_id": "euc1-az2",
            "cidr_block": "10.0.0.0/19",
            "customer_owned_ipv4_pool": "",
            "enable_dns64": false,
            "enable_lni_at_device_index": 0,
            "enable_resource_name_dns_a_record_on_launch": false,
            "enable_resource_name_dns_aaaa_record_on_launch": false,
            "id": "subnet-0e4e9254340aa8c7d",
            "ipv6_cidr_block": "",
            "ipv6_cidr_block_association_id": "",
            "ipv6_native": false,
            "map_customer_owned_ip_on_launch": false,
            "map_public_ip_on_launch": false,
            "outpost_arn": "",
            "owner_id": "686255952373",
            "private_dns_hostname_type_on_launch": "ip-name",
            "tags": {
              "Environment": "test1",
              "Name": "prism1-test1-private",
              "Terraform": "true"
            },
            "tags_all": {
              "Environment": "test1",
              "Name": "prism1-test1-private",
              "Terraform": "true"
            },
            "timeouts": null,
            "vpc_id": "vpc-065f7e7917bcc93d2"
          },
          "sensitive_attributes": [],
          "private": "eyJlMmJmYjczMC1lY2FhLTExZTYtOGY4OC0zNDM2M2JjN2M0YzAiOnsiY3JlYXRlIjo2MDAwMDAwMDAwMDAsImRlbGV0ZSI6MTIwMDAwMDAwMDAwMH0sInNjaGVtYV92ZXJzaW9uIjoiMSJ9",
          "dependencies": [
            "module.vpc.data.aws_availability_zones.available",
            "module.vpc.module.vpc.aws_vpc.this",
            "module.vpc.module.vpc.aws_vpc_ipv4_cidr_block_association.this"
          ],
          "create_before_destroy": true
        },
        {
          "index_key": 1,
          "schema_version": 1,
          "attributes": {
            "arn": "arn:aws:ec2:eu-central-1:686255952373:subnet/subnet-0342b782d95110948",
            "assign_ipv6_address_on_creation": false,
            "availability_zone": "eu-central-1b",
            "availability_zone_id": "euc1-az3",
            "cidr_block": "10.0.32.0/19",
            "customer_owned_ipv4_pool": "",
            "enable_dns64": false,
            "enable_lni_at_device_index": 0,
            "enable_resource_name_dns_a_record_on_launch": false,
            "enable_resource_name_dns_aaaa_record_on_launch": false,
            "id": "subnet-0342b782d95110948",
            "ipv6_cidr_block": "",
            "ipv6_cidr_block_association_id": "",
            "ipv6_native": false,
            "map_customer_owned_ip_on_launch": false,
            "map_public_ip_on_launch": false,
            "outpost_arn": "",
            "owner_id": "686255952373",
            "private_dns_hostname_type_on_launch": "ip-name",
            "tags": {
              "Environment": "test1",
              "Name": "prism1-test1-private",
              "Terraform": "true"
            },
            "tags_all": {
              "Environment": "test1",
              "Name": "prism1-test1-private",
              "Terraform": "true"
            },
            "timeouts": null,
            "vpc_id": "vpc-065f7e7917bcc93d2"
          },
          "sensitive_attributes": [],
          "private": "eyJlMmJmYjczMC1lY2FhLTExZTYtOGY4OC0zNDM2M2JjN2M0YzAiOnsiY3JlYXRlIjo2MDAwMDAwMDAwMDAsImRlbGV0ZSI6MTIwMDAwMDAwMDAwMH0sInNjaGVtYV92ZXJzaW9uIjoiMSJ9",
          "dependencies": [
            "module.vpc.data.aws_availability_zones.available",
            "module.vpc.module.vpc.aws_vpc.this",
            "module.vpc.module.vpc.aws_vpc_ipv4_cidr_block_association.this"
          ],
          "create_before_destroy": true
        },
        {
          "index_key": 2,
          "schema_version": 1,
          "attributes": {
            "arn": "arn:aws:ec2:eu-central-1:686255952373:subnet/subnet-0d10b5de63c6535de",
            "assign_ipv6_address_on_creation": false,
            "availability_zone": "eu-central-1c",
            "availability_zone_id": "euc1-az1",
            "cidr_block": "10.0.64.0/19",
            "customer_owned_ipv4_pool": "",
            "enable_dns64": false,
            "enable_lni_at_device_index": 0,
            "enable_resource_name_dns_a_record_on_launch": false,
            "enable_resource_name_dns_aaaa_record_on_launch": false,
            "id": "subnet-0d10b5de63c6535de",
            "ipv6_cidr_block": "",
            "ipv6_cidr_block_association_id": "",
            "ipv6_native": false,
            "map_customer_owned_ip_on_launch": false,
            "map_public_ip_on_launch": false,
            "outpost_arn": "",
            "owner_id": "686255952373",
            "private_dns_hostname_type_on_launch": "ip-name",
            "tags": {
              "Environment": "test1",
              "Name": "prism1-test1-private",
              "Terraform": "true"
            },
            "tags_all": {
              "Environment": "test1",
              "Name": "prism1-test1-private",
              "Terraform": "true"
            },
            "timeouts": null,
            "vpc_id": "vpc-065f7e7917bcc93d2"
          },
          "sensitive_attributes": [],
          "private": "eyJlMmJmYjczMC1lY2FhLTExZTYtOGY4OC0zNDM2M2JjN2M0YzAiOnsiY3JlYXRlIjo2MDAwMDAwMDAwMDAsImRlbGV0ZSI6MTIwMDAwMDAwMDAwMH0sInNjaGVtYV92ZXJzaW9uIjoiMSJ9",
          "dependencies": [
            "module.vpc.data.aws_availability_zones.available",
            "module.vpc.module.vpc.aws_vpc.this",
            "module.vpc.module.vpc.aws_vpc_ipv4_cidr_block_association.this"
          ],
          "create_before_destroy": true
        }
      ]
    },
    {
      "module": "module.vpc.module.vpc",
      "mode": "managed",
      "type": "aws_subnet",
      "name": "public",
      "provider": "provider[\"registry.terraform.io/hashicorp/aws\"]",
      "instances": [
        {
          "index_key": 0,
          "schema_version": 1,
          "attributes": {
            "arn": "arn:aws:ec2:eu-central-1:686255952373:subnet/subnet-04dc8365965c8f6dc",
            "assign_ipv6_address_on_creation": false,
            "availability_zone": "eu-central-1a",
            "availability_zone_id": "euc1-az2",
            "cidr_block": "10.0.128.0/20",
            "customer_owned_ipv4_pool": "",
            "enable_dns64": false,
            "enable_lni_at_device_index": 0,
            "enable_resource_name_dns_a_record_on_launch": false,
            "enable_resource_name_dns_aaaa_record_on_launch": false,
            "id": "subnet-04dc8365965c8f6dc",
            "ipv6_cidr_block": "",
            "ipv6_cidr_block_association_id": "",
            "ipv6_native": false,
            "map_customer_owned_ip_on_launch": false,
            "map_public_ip_on_launch": false,
            "outpost_arn": "",
            "owner_id": "686255952373",
            "private_dns_hostname_type_on_launch": "ip-name",
            "tags": {
              "Environment": "test1",
              "Name": "prism1-test1-public",
              "Terraform": "true"
            },
            "tags_all": {
              "Environment": "test1",
              "Name": "prism1-test1-public",
              "Terraform": "true"
            },
            "timeouts": null,
            "vpc_id": "vpc-065f7e7917bcc93d2"
          },
          "sensitive_attributes": [],
          "private": "eyJlMmJmYjczMC1lY2FhLTExZTYtOGY4OC0zNDM2M2JjN2M0YzAiOnsiY3JlYXRlIjo2MDAwMDAwMDAwMDAsImRlbGV0ZSI6MTIwMDAwMDAwMDAwMH0sInNjaGVtYV92ZXJzaW9uIjoiMSJ9",
          "dependencies": [
            "module.vpc.data.aws_availability_zones.available",
            "module.vpc.module.vpc.aws_vpc.this",
            "module.vpc.module.vpc.aws_vpc_ipv4_cidr_block_association.this"
          ]
        },
        {
          "index_key": 1,
          "schema_version": 1,
          "attributes": {
            "arn": "arn:aws:ec2:eu-central-1:686255952373:subnet/subnet-0bb2eacb1fb4d3c62",
            "assign_ipv6_address_on_creation": false,
            "availability_zone": "eu-central-1b",
            "availability_zone_id": "euc1-az3",
            "cidr_block": "10.0.144.0/20",
            "customer_owned_ipv4_pool": "",
            "enable_dns64": false,
            "enable_lni_at_device_index": 0,
            "enable_resource_name_dns_a_record_on_launch": false,
            "enable_resource_name_dns_aaaa_record_on_launch": false,
            "id": "subnet-0bb2eacb1fb4d3c62",
            "ipv6_cidr_block": "",
            "ipv6_cidr_block_association_id": "",
            "ipv6_native": false,
            "map_customer_owned_ip_on_launch": false,
            "map_public_ip_on_launch": false,
            "outpost_arn": "",
            "owner_id": "686255952373",
            "private_dns_hostname_type_on_launch": "ip-name",
            "tags": {
              "Environment": "test1",
              "Name": "prism1-test1-public",
              "Terraform": "true"
            },
            "tags_all": {
              "Environment": "test1",
              "Name": "prism1-test1-public",
              "Terraform": "true"
            },
            "timeouts": null,
            "vpc_id": "vpc-065f7e7917bcc93d2"
          },
          "sensitive_attributes": [],
          "private": "eyJlMmJmYjczMC1lY2FhLTExZTYtOGY4OC0zNDM2M2JjN2M0YzAiOnsiY3JlYXRlIjo2MDAwMDAwMDAwMDAsImRlbGV0ZSI6MTIwMDAwMDAwMDAwMH0sInNjaGVtYV92ZXJzaW9uIjoiMSJ9",
          "dependencies": [
            "module.vpc.data.aws_availability_zones.available",
            "module.vpc.module.vpc.aws_vpc.this",
            "module.vpc.module.vpc.aws_vpc_ipv4_cidr_block_association.this"
          ]
        },
        {
          "index_key": 2,
          "schema_version": 1,
          "attributes": {
            "arn": "arn:aws:ec2:eu-central-1:686255952373:subnet/subnet-007bcfab934725437",
            "assign_ipv6_address_on_creation": false,
            "availability_zone": "eu-central-1c",
            "availability_zone_id": "euc1-az1",
            "cidr_block": "10.0.160.0/20",
            "customer_owned_ipv4_pool": "",
            "enable_dns64": false,
            "enable_lni_at_device_index": 0,
            "enable_resource_name_dns_a_record_on_launch": false,
            "enable_resource_name_dns_aaaa_record_on_launch": false,
            "id": "subnet-007bcfab934725437",
            "ipv6_cidr_block": "",
            "ipv6_cidr_block_association_id": "",
            "ipv6_native": false,
            "map_customer_owned_ip_on_launch": false,
            "map_public_ip_on_launch": false,
            "outpost_arn": "",
            "owner_id": "686255952373",
            "private_dns_hostname_type_on_launch": "ip-name",
            "tags": {
              "Environment": "test1",
              "Name": "prism1-test1-public",
              "Terraform": "true"
            },
            "tags_all": {
              "Environment": "test1",
              "Name": "prism1-test1-public",
              "Terraform": "true"
            },
            "timeouts": null,
            "vpc_id": "vpc-065f7e7917bcc93d2"
          },
          "sensitive_attributes": [],
          "private": "eyJlMmJmYjczMC1lY2FhLTExZTYtOGY4OC0zNDM2M2JjN2M0YzAiOnsiY3JlYXRlIjo2MDAwMDAwMDAwMDAsImRlbGV0ZSI6MTIwMDAwMDAwMDAwMH0sInNjaGVtYV92ZXJzaW9uIjoiMSJ9",
          "dependencies": [
            "module.vpc.data.aws_availability_zones.available",
            "module.vpc.module.vpc.aws_vpc.this",
            "module.vpc.module.vpc.aws_vpc_ipv4_cidr_block_association.this"
          ]
        }
      ]
    },
    {
      "module": "module.vpc.module.vpc",
      "mode": "managed",
      "type": "aws_vpc",
      "name": "this",
      "provider": "provider[\"registry.terraform.io/hashicorp/aws\"]",
      "instances": [
        {
          "index_key": 0,
          "schema_version": 1,
          "attributes": {
            "arn": "arn:aws:ec2:eu-central-1:686255952373:vpc/vpc-065f7e7917bcc93d2",
            "assign_generated_ipv6_cidr_block": false,
            "cidr_block": "10.0.0.0/16",
            "default_network_acl_id": "acl-05aae244fdcde8a48",
            "default_route_table_id": "rtb-036c87c11c6ba50d5",
            "default_security_group_id": "sg-0e299145c30a5efd6",
            "dhcp_options_id": "dopt-066be658a1e9b06d7",
            "enable_dns_hostnames": true,
            "enable_dns_support": true,
            "enable_network_address_usage_metrics": false,
            "id": "vpc-065f7e7917bcc93d2",
            "instance_tenancy": "default",
            "ipv4_ipam_pool_id": null,
            "ipv4_netmask_length": null,
            "ipv6_association_id": "",
            "ipv6_cidr_block": "",
            "ipv6_cidr_block_network_border_group": "",
            "ipv6_ipam_pool_id": "",
            "ipv6_netmask_length": 0,
            "main_route_table_id": "rtb-036c87c11c6ba50d5",
            "owner_id": "686255952373",
            "tags": {
              "Environment": "test1",
              "Name": "prism1-test1",
              "Terraform": "true"
            },
            "tags_all": {
              "Environment": "test1",
              "Name": "prism1-test1",
              "Terraform": "true"
            }
          },
          "sensitive_attributes": [],
          "private": "eyJzY2hlbWFfdmVyc2lvbiI6IjEifQ==",
          "create_before_destroy": true
        }
      ]
    },
    {
      "module": "module.vpc.module.vpc",
      "mode": "managed",
      "type": "aws_vpc_dhcp_options",
      "name": "this",
      "provider": "provider[\"registry.terraform.io/hashicorp/aws\"]",
      "instances": [
        {
          "index_key": 0,
          "schema_version": 0,
          "attributes": {
            "arn": "arn:aws:ec2:eu-central-1:686255952373:dhcp-options/dopt-066be658a1e9b06d7",
            "domain_name": "node.consul",
            "domain_name_servers": [
              "AmazonProvidedDNS"
            ],
            "id": "dopt-066be658a1e9b06d7",
            "ipv6_address_preferred_lease_time": "",
            "netbios_name_servers": [],
            "netbios_node_type": "",
            "ntp_servers": [],
            "owner_id": "686255952373",
            "tags": {
              "Environment": "test1",
              "Name": "prism1-test1",
              "Terraform": "true"
            },
            "tags_all": {
              "Environment": "test1",
              "Name": "prism1-test1",
              "Terraform": "true"
            }
          },
          "sensitive_attributes": [],
          "private": "bnVsbA=="
        }
      ]
    },
    {
      "module": "module.vpc.module.vpc",
      "mode": "managed",
      "type": "aws_vpc_dhcp_options_association",
      "name": "this",
      "provider": "provider[\"registry.terraform.io/hashicorp/aws\"]",
      "instances": [
        {
          "index_key": 0,
          "schema_version": 0,
          "attributes": {
            "dhcp_options_id": "dopt-066be658a1e9b06d7",
            "id": "dopt-066be658a1e9b06d7-vpc-065f7e7917bcc93d2",
            "vpc_id": "vpc-065f7e7917bcc93d2"
          },
          "sensitive_attributes": [],
          "private": "bnVsbA==",
          "dependencies": [
            "module.vpc.module.vpc.aws_vpc.this",
            "module.vpc.module.vpc.aws_vpc_dhcp_options.this",
            "module.vpc.module.vpc.aws_vpc_ipv4_cidr_block_association.this"
          ]
        }
      ]
    }
  ],
  "check_results": [
    {
      "object_kind": "var",
      "config_addr": "module.nginx.module.acm.var.validation_method",
      "status": "unknown",
      "objects": [
        {
          "object_addr": "module.nginx.module.acm.var.validation_method",
          "status": "unknown"
        }
      ]
    }
  ]
}
